{
    "version": 3,
    "terraform_version": "0.11.11",
    "serial": 126,
    "lineage": "360374f8-49ee-fa94-3478-68322ba98934",
    "modules": [
        {
            "path": [
                "root"
            ],
            "outputs": {
                "alb_ucp-dns_name": {
                    "sensitive": false,
                    "type": "string",
                    "value": "internal-elbucp-1976707446.eu-central-1.elb.amazonaws.com"
                },
                "app_private_rt": {
                    "sensitive": false,
                    "type": "string",
                    "value": "rtb-03bc5dbb1f00414ab"
                },
                "app_public_rt": {
                    "sensitive": false,
                    "type": "string",
                    "value": "rtb-0ce5563a22306e71f"
                },
                "elb_ucp-zone_id": {
                    "sensitive": false,
                    "type": "string",
                    "value": "Z215JYRZR1TBD5"
                },
                "prod_private_rt": {
                    "sensitive": false,
                    "type": "string",
                    "value": "rtb-0140e7833a4272d77"
                },
                "prod_public_rt": {
                    "sensitive": false,
                    "type": "string",
                    "value": "rtb-0395e2f1cdc60db4b"
                },
                "subnet_privDMZ_ids": {
                    "sensitive": false,
                    "type": "string",
                    "value": "subnet-0e5149adaa9d99092"
                },
                "subnet_pub1_ids": {
                    "sensitive": false,
                    "type": "string",
                    "value": "subnet-092056f3a6102402e"
                },
                "vpc_app_id": {
                    "sensitive": false,
                    "type": "string",
                    "value": "vpc-026e34ccdaf816095"
                },
                "vpc_id": {
                    "sensitive": false,
                    "type": "string",
                    "value": "vpc-09866d60923cd66be"
                },
                "vpc_peer_app_id": {
                    "sensitive": false,
                    "type": "string",
                    "value": "pcx-0a05f34f7ccdbc05c"
                },
                "vpc_peer_prod_id": {
                    "sensitive": false,
                    "type": "string",
                    "value": "pcx-01660c9c65b3f0ebf"
                },
                "vpc_prod_id": {
                    "sensitive": false,
                    "type": "string",
                    "value": "vpc-030c989ddd2278061"
                },
                "zone_id": {
                    "sensitive": false,
                    "type": "string",
                    "value": "ZR8G0Q4SD8ERP"
                }
            },
            "resources": {
                "aws_default_route_table.dmz_private_rt": {
                    "type": "aws_default_route_table",
                    "depends_on": [
                        "aws_nat_gateway.nat",
                        "aws_vpc.dmz_vpc",
                        "module.peer-vpc-app"
                    ],
                    "primary": {
                        "id": "rtb-064c4ea205e810b63",
                        "attributes": {
                            "default_route_table_id": "rtb-064c4ea205e810b63",
                            "id": "rtb-064c4ea205e810b63",
                            "owner_id": "364050630688",
                            "propagating_vgws.#": "1",
                            "propagating_vgws.1563410739": "vgw-0b823046bd444cd7d",
                            "route.#": "2",
                            "route.1740197328.cidr_block": "10.233.105.0/24",
                            "route.1740197328.egress_only_gateway_id": "",
                            "route.1740197328.gateway_id": "",
                            "route.1740197328.instance_id": "",
                            "route.1740197328.ipv6_cidr_block": "",
                            "route.1740197328.nat_gateway_id": "",
                            "route.1740197328.network_interface_id": "",
                            "route.1740197328.transit_gateway_id": "",
                            "route.1740197328.vpc_peering_connection_id": "pcx-0a05f34f7ccdbc05c",
                            "route.2482052294.cidr_block": "0.0.0.0/0",
                            "route.2482052294.egress_only_gateway_id": "",
                            "route.2482052294.gateway_id": "",
                            "route.2482052294.instance_id": "",
                            "route.2482052294.ipv6_cidr_block": "",
                            "route.2482052294.nat_gateway_id": "nat-0bb786c4c602aaf5d",
                            "route.2482052294.network_interface_id": "",
                            "route.2482052294.transit_gateway_id": "",
                            "route.2482052294.vpc_peering_connection_id": "",
                            "tags.%": "1",
                            "tags.Name": "dmz_private",
                            "vpc_id": "vpc-09866d60923cd66be"
                        },
                        "meta": {},
                        "tainted": false
                    },
                    "deposed": [],
                    "provider": "provider.aws"
                },
                "aws_eip.dmz_nat_eip": {
                    "type": "aws_eip",
                    "depends_on": [],
                    "primary": {
                        "id": "eipalloc-09cc70fedae5df70b",
                        "attributes": {
                            "association_id": "eipassoc-20a779fa",
                            "domain": "vpc",
                            "id": "eipalloc-09cc70fedae5df70b",
                            "instance": "",
                            "network_interface": "eni-0f10005766d27a927",
                            "private_ip": "10.233.104.29",
                            "public_ip": "3.122.203.5",
                            "public_ipv4_pool": "amazon",
                            "tags.%": "0",
                            "vpc": "true"
                        },
                        "meta": {
                            "e2bfb730-ecaa-11e6-8f88-34363bc7c4c0": {
                                "delete": 180000000000,
                                "read": 900000000000,
                                "update": 300000000000
                            }
                        },
                        "tainted": false
                    },
                    "deposed": [],
                    "provider": "provider.aws"
                },
                "aws_internet_gateway.dmz_internet_gateway": {
                    "type": "aws_internet_gateway",
                    "depends_on": [
                        "aws_vpc.dmz_vpc"
                    ],
                    "primary": {
                        "id": "igw-0a91dd0e2a764a1fb",
                        "attributes": {
                            "id": "igw-0a91dd0e2a764a1fb",
                            "owner_id": "364050630688",
                            "tags.%": "1",
                            "tags.Name": "dmz_igw",
                            "vpc_id": "vpc-09866d60923cd66be"
                        },
                        "meta": {},
                        "tainted": false
                    },
                    "deposed": [],
                    "provider": "provider.aws"
                },
                "aws_nat_gateway.nat": {
                    "type": "aws_nat_gateway",
                    "depends_on": [
                        "aws_eip.dmz_nat_eip",
                        "aws_subnet.dmz_public1_subnet"
                    ],
                    "primary": {
                        "id": "nat-0bb786c4c602aaf5d",
                        "attributes": {
                            "allocation_id": "eipalloc-09cc70fedae5df70b",
                            "id": "nat-0bb786c4c602aaf5d",
                            "network_interface_id": "eni-0f10005766d27a927",
                            "private_ip": "10.233.104.29",
                            "public_ip": "3.122.203.5",
                            "subnet_id": "subnet-092056f3a6102402e",
                            "tags.%": "0"
                        },
                        "meta": {},
                        "tainted": false
                    },
                    "deposed": [],
                    "provider": "provider.aws"
                },
                "aws_route_table.dmz_priv_rt": {
                    "type": "aws_route_table",
                    "depends_on": [
                        "aws_nat_gateway.nat",
                        "aws_vpc.dmz_vpc",
                        "module.peer-vpc-app",
                        "module.peer-vpc-prod"
                    ],
                    "primary": {
                        "id": "rtb-066bbfe7be4ba2ea2",
                        "attributes": {
                            "id": "rtb-066bbfe7be4ba2ea2",
                            "owner_id": "364050630688",
                            "propagating_vgws.#": "1",
                            "propagating_vgws.1563410739": "vgw-0b823046bd444cd7d",
                            "route.#": "3",
                            "route.1106549802.cidr_block": "10.233.106.0/24",
                            "route.1106549802.egress_only_gateway_id": "",
                            "route.1106549802.gateway_id": "",
                            "route.1106549802.instance_id": "",
                            "route.1106549802.ipv6_cidr_block": "",
                            "route.1106549802.nat_gateway_id": "",
                            "route.1106549802.network_interface_id": "",
                            "route.1106549802.transit_gateway_id": "",
                            "route.1106549802.vpc_peering_connection_id": "pcx-01660c9c65b3f0ebf",
                            "route.1740197328.cidr_block": "10.233.105.0/24",
                            "route.1740197328.egress_only_gateway_id": "",
                            "route.1740197328.gateway_id": "",
                            "route.1740197328.instance_id": "",
                            "route.1740197328.ipv6_cidr_block": "",
                            "route.1740197328.nat_gateway_id": "",
                            "route.1740197328.network_interface_id": "",
                            "route.1740197328.transit_gateway_id": "",
                            "route.1740197328.vpc_peering_connection_id": "pcx-0a05f34f7ccdbc05c",
                            "route.2482052294.cidr_block": "0.0.0.0/0",
                            "route.2482052294.egress_only_gateway_id": "",
                            "route.2482052294.gateway_id": "",
                            "route.2482052294.instance_id": "",
                            "route.2482052294.ipv6_cidr_block": "",
                            "route.2482052294.nat_gateway_id": "nat-0bb786c4c602aaf5d",
                            "route.2482052294.network_interface_id": "",
                            "route.2482052294.transit_gateway_id": "",
                            "route.2482052294.vpc_peering_connection_id": "",
                            "tags.%": "1",
                            "tags.Name": "dmz_private2",
                            "vpc_id": "vpc-09866d60923cd66be"
                        },
                        "meta": {},
                        "tainted": false
                    },
                    "deposed": [],
                    "provider": "provider.aws"
                },
                "aws_route_table.dmz_public_rt": {
                    "type": "aws_route_table",
                    "depends_on": [
                        "aws_internet_gateway.dmz_internet_gateway",
                        "aws_vpc.dmz_vpc"
                    ],
                    "primary": {
                        "id": "rtb-0516cb3d827b82a38",
                        "attributes": {
                            "id": "rtb-0516cb3d827b82a38",
                            "owner_id": "364050630688",
                            "propagating_vgws.#": "0",
                            "route.#": "1",
                            "route.851976518.cidr_block": "0.0.0.0/0",
                            "route.851976518.egress_only_gateway_id": "",
                            "route.851976518.gateway_id": "igw-0a91dd0e2a764a1fb",
                            "route.851976518.instance_id": "",
                            "route.851976518.ipv6_cidr_block": "",
                            "route.851976518.nat_gateway_id": "",
                            "route.851976518.network_interface_id": "",
                            "route.851976518.transit_gateway_id": "",
                            "route.851976518.vpc_peering_connection_id": "",
                            "tags.%": "1",
                            "tags.Name": "dmz_public",
                            "vpc_id": "vpc-09866d60923cd66be"
                        },
                        "meta": {},
                        "tainted": false
                    },
                    "deposed": [],
                    "provider": "provider.aws"
                },
                "aws_route_table_association.private_assoc": {
                    "type": "aws_route_table_association",
                    "depends_on": [
                        "aws_default_route_table.dmz_private_rt",
                        "aws_subnet.priv_master1_subnet"
                    ],
                    "primary": {
                        "id": "rtbassoc-0ade1f998619ac6a3",
                        "attributes": {
                            "id": "rtbassoc-0ade1f998619ac6a3",
                            "route_table_id": "rtb-064c4ea205e810b63",
                            "subnet_id": "subnet-0ea0ea5bea7cfb2a3"
                        },
                        "meta": {},
                        "tainted": false
                    },
                    "deposed": [],
                    "provider": "provider.aws"
                },
                "aws_route_table_association.privdmz_assoc": {
                    "type": "aws_route_table_association",
                    "depends_on": [
                        "aws_route_table.dmz_priv_rt",
                        "aws_subnet.dmz_privDMZ_subnet"
                    ],
                    "primary": {
                        "id": "rtbassoc-02228f446f4dc2a1e",
                        "attributes": {
                            "id": "rtbassoc-02228f446f4dc2a1e",
                            "route_table_id": "rtb-066bbfe7be4ba2ea2",
                            "subnet_id": "subnet-0e5149adaa9d99092"
                        },
                        "meta": {},
                        "tainted": false
                    },
                    "deposed": [],
                    "provider": "provider.aws"
                },
                "aws_route_table_association.public1_assoc": {
                    "type": "aws_route_table_association",
                    "depends_on": [
                        "aws_route_table.dmz_public_rt",
                        "aws_subnet.dmz_public1_subnet"
                    ],
                    "primary": {
                        "id": "rtbassoc-0044a8a6b42170a87",
                        "attributes": {
                            "id": "rtbassoc-0044a8a6b42170a87",
                            "route_table_id": "rtb-0516cb3d827b82a38",
                            "subnet_id": "subnet-092056f3a6102402e"
                        },
                        "meta": {},
                        "tainted": false
                    },
                    "deposed": [],
                    "provider": "provider.aws"
                },
                "aws_security_group.dmz_bastion_sg": {
                    "type": "aws_security_group",
                    "depends_on": [
                        "aws_vpc.dmz_vpc"
                    ],
                    "primary": {
                        "id": "sg-0f000b484e6955f04",
                        "attributes": {
                            "arn": "arn:aws:ec2:eu-central-1:364050630688:security-group/sg-0f000b484e6955f04",
                            "description": "Used forBastion",
                            "egress.#": "1",
                            "egress.482069346.cidr_blocks.#": "1",
                            "egress.482069346.cidr_blocks.0": "0.0.0.0/0",
                            "egress.482069346.description": "",
                            "egress.482069346.from_port": "0",
                            "egress.482069346.ipv6_cidr_blocks.#": "0",
                            "egress.482069346.prefix_list_ids.#": "0",
                            "egress.482069346.protocol": "-1",
                            "egress.482069346.security_groups.#": "0",
                            "egress.482069346.self": "false",
                            "egress.482069346.to_port": "0",
                            "id": "sg-0f000b484e6955f04",
                            "ingress.#": "1",
                            "ingress.2996269034.cidr_blocks.#": "6",
                            "ingress.2996269034.cidr_blocks.0": "213.30.18.1/32",
                            "ingress.2996269034.cidr_blocks.1": "85.246.181.205/32",
                            "ingress.2996269034.cidr_blocks.2": "10.20.32.0/19",
                            "ingress.2996269034.cidr_blocks.3": "88.157.199.114/32",
                            "ingress.2996269034.cidr_blocks.4": "192.168.90.169/32",
                            "ingress.2996269034.cidr_blocks.5": "172.16.0.0/22",
                            "ingress.2996269034.description": "",
                            "ingress.2996269034.from_port": "22",
                            "ingress.2996269034.ipv6_cidr_blocks.#": "0",
                            "ingress.2996269034.prefix_list_ids.#": "0",
                            "ingress.2996269034.protocol": "tcp",
                            "ingress.2996269034.security_groups.#": "0",
                            "ingress.2996269034.self": "false",
                            "ingress.2996269034.to_port": "22",
                            "name": "dmz_bastion_sg",
                            "owner_id": "364050630688",
                            "revoke_rules_on_delete": "false",
                            "tags.%": "1",
                            "tags.Name": "Bastion SG T",
                            "vpc_id": "vpc-09866d60923cd66be"
                        },
                        "meta": {
                            "e2bfb730-ecaa-11e6-8f88-34363bc7c4c0": {
                                "create": 600000000000,
                                "delete": 600000000000
                            },
                            "schema_version": "1"
                        },
                        "tainted": false
                    },
                    "deposed": [],
                    "provider": "provider.aws"
                },
                "aws_security_group.dmz_cluster_sg": {
                    "type": "aws_security_group",
                    "depends_on": [
                        "aws_vpc.dmz_vpc"
                    ],
                    "primary": {
                        "id": "sg-029d63e44875d5513",
                        "attributes": {
                            "arn": "arn:aws:ec2:eu-central-1:364050630688:security-group/sg-029d63e44875d5513",
                            "description": "utilizado para o cluster",
                            "egress.#": "1",
                            "egress.482069346.cidr_blocks.#": "1",
                            "egress.482069346.cidr_blocks.0": "0.0.0.0/0",
                            "egress.482069346.description": "",
                            "egress.482069346.from_port": "0",
                            "egress.482069346.ipv6_cidr_blocks.#": "0",
                            "egress.482069346.prefix_list_ids.#": "0",
                            "egress.482069346.protocol": "-1",
                            "egress.482069346.security_groups.#": "0",
                            "egress.482069346.self": "false",
                            "egress.482069346.to_port": "0",
                            "id": "sg-029d63e44875d5513",
                            "ingress.#": "1",
                            "ingress.3861124268.cidr_blocks.#": "3",
                            "ingress.3861124268.cidr_blocks.0": "10.233.104.0/26",
                            "ingress.3861124268.cidr_blocks.1": "192.168.90.169/32",
                            "ingress.3861124268.cidr_blocks.2": "172.16.0.0/22",
                            "ingress.3861124268.description": "",
                            "ingress.3861124268.from_port": "0",
                            "ingress.3861124268.ipv6_cidr_blocks.#": "0",
                            "ingress.3861124268.prefix_list_ids.#": "0",
                            "ingress.3861124268.protocol": "-1",
                            "ingress.3861124268.security_groups.#": "0",
                            "ingress.3861124268.self": "false",
                            "ingress.3861124268.to_port": "0",
                            "name": "dmz_cluster_sg",
                            "owner_id": "364050630688",
                            "revoke_rules_on_delete": "false",
                            "tags.%": "1",
                            "tags.Name": "Cluster SG T",
                            "vpc_id": "vpc-09866d60923cd66be"
                        },
                        "meta": {
                            "e2bfb730-ecaa-11e6-8f88-34363bc7c4c0": {
                                "create": 600000000000,
                                "delete": 600000000000
                            },
                            "schema_version": "1"
                        },
                        "tainted": false
                    },
                    "deposed": [],
                    "provider": "provider.aws"
                },
                "aws_security_group.dmz_elb1_sg": {
                    "type": "aws_security_group",
                    "depends_on": [
                        "aws_vpc.dmz_vpc"
                    ],
                    "primary": {
                        "id": "sg-095c251d538d47647",
                        "attributes": {
                            "arn": "arn:aws:ec2:eu-central-1:364050630688:security-group/sg-095c251d538d47647",
                            "description": "Used for public ELB1",
                            "egress.#": "1",
                            "egress.482069346.cidr_blocks.#": "1",
                            "egress.482069346.cidr_blocks.0": "0.0.0.0/0",
                            "egress.482069346.description": "",
                            "egress.482069346.from_port": "0",
                            "egress.482069346.ipv6_cidr_blocks.#": "0",
                            "egress.482069346.prefix_list_ids.#": "0",
                            "egress.482069346.protocol": "-1",
                            "egress.482069346.security_groups.#": "0",
                            "egress.482069346.self": "false",
                            "egress.482069346.to_port": "0",
                            "id": "sg-095c251d538d47647",
                            "ingress.#": "2",
                            "ingress.2214680975.cidr_blocks.#": "1",
                            "ingress.2214680975.cidr_blocks.0": "0.0.0.0/0",
                            "ingress.2214680975.description": "",
                            "ingress.2214680975.from_port": "80",
                            "ingress.2214680975.ipv6_cidr_blocks.#": "0",
                            "ingress.2214680975.prefix_list_ids.#": "0",
                            "ingress.2214680975.protocol": "tcp",
                            "ingress.2214680975.security_groups.#": "0",
                            "ingress.2214680975.self": "false",
                            "ingress.2214680975.to_port": "80",
                            "ingress.516175195.cidr_blocks.#": "1",
                            "ingress.516175195.cidr_blocks.0": "0.0.0.0/0",
                            "ingress.516175195.description": "",
                            "ingress.516175195.from_port": "8080",
                            "ingress.516175195.ipv6_cidr_blocks.#": "0",
                            "ingress.516175195.prefix_list_ids.#": "0",
                            "ingress.516175195.protocol": "tcp",
                            "ingress.516175195.security_groups.#": "0",
                            "ingress.516175195.self": "false",
                            "ingress.516175195.to_port": "8080",
                            "name": "dmz_elb1_sg",
                            "owner_id": "364050630688",
                            "revoke_rules_on_delete": "false",
                            "tags.%": "1",
                            "tags.Name": "ELB1 SG T",
                            "vpc_id": "vpc-09866d60923cd66be"
                        },
                        "meta": {
                            "e2bfb730-ecaa-11e6-8f88-34363bc7c4c0": {
                                "create": 600000000000,
                                "delete": 600000000000
                            },
                            "schema_version": "1"
                        },
                        "tainted": false
                    },
                    "deposed": [],
                    "provider": "provider.aws"
                },
                "aws_security_group.dmz_master_sg": {
                    "type": "aws_security_group",
                    "depends_on": [
                        "aws_vpc.dmz_vpc"
                    ],
                    "primary": {
                        "id": "sg-0b47a772174aba0af",
                        "attributes": {
                            "arn": "arn:aws:ec2:eu-central-1:364050630688:security-group/sg-0b47a772174aba0af",
                            "description": "Utilizado para o Master",
                            "egress.#": "1",
                            "egress.482069346.cidr_blocks.#": "1",
                            "egress.482069346.cidr_blocks.0": "0.0.0.0/0",
                            "egress.482069346.description": "",
                            "egress.482069346.from_port": "0",
                            "egress.482069346.ipv6_cidr_blocks.#": "0",
                            "egress.482069346.prefix_list_ids.#": "0",
                            "egress.482069346.protocol": "-1",
                            "egress.482069346.security_groups.#": "0",
                            "egress.482069346.self": "false",
                            "egress.482069346.to_port": "0",
                            "id": "sg-0b47a772174aba0af",
                            "ingress.#": "1",
                            "ingress.3861124268.cidr_blocks.#": "3",
                            "ingress.3861124268.cidr_blocks.0": "10.233.104.0/26",
                            "ingress.3861124268.cidr_blocks.1": "192.168.90.169/32",
                            "ingress.3861124268.cidr_blocks.2": "172.16.0.0/22",
                            "ingress.3861124268.description": "",
                            "ingress.3861124268.from_port": "0",
                            "ingress.3861124268.ipv6_cidr_blocks.#": "0",
                            "ingress.3861124268.prefix_list_ids.#": "0",
                            "ingress.3861124268.protocol": "-1",
                            "ingress.3861124268.security_groups.#": "0",
                            "ingress.3861124268.self": "false",
                            "ingress.3861124268.to_port": "0",
                            "name": "dmz_master_sg",
                            "owner_id": "364050630688",
                            "revoke_rules_on_delete": "false",
                            "tags.%": "1",
                            "tags.Name": "Master SG T",
                            "vpc_id": "vpc-09866d60923cd66be"
                        },
                        "meta": {
                            "e2bfb730-ecaa-11e6-8f88-34363bc7c4c0": {
                                "create": 600000000000,
                                "delete": 600000000000
                            },
                            "schema_version": "1"
                        },
                        "tainted": false
                    },
                    "deposed": [],
                    "provider": "provider.aws"
                },
                "aws_subnet.dmz_privDMZ_subnet": {
                    "type": "aws_subnet",
                    "depends_on": [
                        "aws_vpc.dmz_vpc",
                        "data.aws_availability_zones.available"
                    ],
                    "primary": {
                        "id": "subnet-0e5149adaa9d99092",
                        "attributes": {
                            "arn": "arn:aws:ec2:eu-central-1:364050630688:subnet/subnet-0e5149adaa9d99092",
                            "assign_ipv6_address_on_creation": "false",
                            "availability_zone": "eu-central-1a",
                            "availability_zone_id": "euc1-az2",
                            "cidr_block": "10.233.104.0/28",
                            "id": "subnet-0e5149adaa9d99092",
                            "ipv6_cidr_block": "",
                            "ipv6_cidr_block_association_id": "",
                            "map_public_ip_on_launch": "true",
                            "owner_id": "364050630688",
                            "tags.%": "1",
                            "tags.Name": "dmz_public2",
                            "vpc_id": "vpc-09866d60923cd66be"
                        },
                        "meta": {
                            "e2bfb730-ecaa-11e6-8f88-34363bc7c4c0": {
                                "create": 600000000000,
                                "delete": 600000000000
                            },
                            "schema_version": "1"
                        },
                        "tainted": false
                    },
                    "deposed": [],
                    "provider": "provider.aws"
                },
                "aws_subnet.dmz_public1_subnet": {
                    "type": "aws_subnet",
                    "depends_on": [
                        "aws_vpc.dmz_vpc",
                        "data.aws_availability_zones.available"
                    ],
                    "primary": {
                        "id": "subnet-092056f3a6102402e",
                        "attributes": {
                            "arn": "arn:aws:ec2:eu-central-1:364050630688:subnet/subnet-092056f3a6102402e",
                            "assign_ipv6_address_on_creation": "false",
                            "availability_zone": "eu-central-1b",
                            "availability_zone_id": "euc1-az3",
                            "cidr_block": "10.233.104.16/28",
                            "id": "subnet-092056f3a6102402e",
                            "ipv6_cidr_block": "",
                            "ipv6_cidr_block_association_id": "",
                            "map_public_ip_on_launch": "true",
                            "owner_id": "364050630688",
                            "tags.%": "1",
                            "tags.Name": "dmz_public1",
                            "vpc_id": "vpc-09866d60923cd66be"
                        },
                        "meta": {
                            "e2bfb730-ecaa-11e6-8f88-34363bc7c4c0": {
                                "create": 600000000000,
                                "delete": 600000000000
                            },
                            "schema_version": "1"
                        },
                        "tainted": false
                    },
                    "deposed": [],
                    "provider": "provider.aws"
                },
                "aws_subnet.priv_master1_subnet": {
                    "type": "aws_subnet",
                    "depends_on": [
                        "aws_vpc.dmz_vpc",
                        "data.aws_availability_zones.available"
                    ],
                    "primary": {
                        "id": "subnet-0ea0ea5bea7cfb2a3",
                        "attributes": {
                            "arn": "arn:aws:ec2:eu-central-1:364050630688:subnet/subnet-0ea0ea5bea7cfb2a3",
                            "assign_ipv6_address_on_creation": "false",
                            "availability_zone": "eu-central-1a",
                            "availability_zone_id": "euc1-az2",
                            "cidr_block": "10.233.104.32/28",
                            "id": "subnet-0ea0ea5bea7cfb2a3",
                            "ipv6_cidr_block": "",
                            "ipv6_cidr_block_association_id": "",
                            "map_public_ip_on_launch": "false",
                            "owner_id": "364050630688",
                            "tags.%": "1",
                            "tags.Name": "priv_master1",
                            "vpc_id": "vpc-09866d60923cd66be"
                        },
                        "meta": {
                            "e2bfb730-ecaa-11e6-8f88-34363bc7c4c0": {
                                "create": 600000000000,
                                "delete": 600000000000
                            },
                            "schema_version": "1"
                        },
                        "tainted": false
                    },
                    "deposed": [],
                    "provider": "provider.aws"
                },
                "aws_subnet.priv_master2_subnet": {
                    "type": "aws_subnet",
                    "depends_on": [
                        "aws_vpc.dmz_vpc",
                        "data.aws_availability_zones.available"
                    ],
                    "primary": {
                        "id": "subnet-0784b7f6afd1cf36c",
                        "attributes": {
                            "arn": "arn:aws:ec2:eu-central-1:364050630688:subnet/subnet-0784b7f6afd1cf36c",
                            "assign_ipv6_address_on_creation": "false",
                            "availability_zone": "eu-central-1b",
                            "availability_zone_id": "euc1-az3",
                            "cidr_block": "10.233.104.48/28",
                            "id": "subnet-0784b7f6afd1cf36c",
                            "ipv6_cidr_block": "",
                            "ipv6_cidr_block_association_id": "",
                            "map_public_ip_on_launch": "false",
                            "owner_id": "364050630688",
                            "tags.%": "1",
                            "tags.Name": "priv_master2",
                            "vpc_id": "vpc-09866d60923cd66be"
                        },
                        "meta": {
                            "e2bfb730-ecaa-11e6-8f88-34363bc7c4c0": {
                                "create": 600000000000,
                                "delete": 600000000000
                            },
                            "schema_version": "1"
                        },
                        "tainted": false
                    },
                    "deposed": [],
                    "provider": "provider.aws"
                },
                "aws_subnet.priv_master3_subnet": {
                    "type": "aws_subnet",
                    "depends_on": [
                        "aws_vpc.dmz_vpc",
                        "data.aws_availability_zones.available"
                    ],
                    "primary": {
                        "id": "subnet-04b9cc93e653bc51d",
                        "attributes": {
                            "arn": "arn:aws:ec2:eu-central-1:364050630688:subnet/subnet-04b9cc93e653bc51d",
                            "assign_ipv6_address_on_creation": "false",
                            "availability_zone": "eu-central-1c",
                            "availability_zone_id": "euc1-az1",
                            "cidr_block": "10.233.104.64/28",
                            "id": "subnet-04b9cc93e653bc51d",
                            "ipv6_cidr_block": "",
                            "ipv6_cidr_block_association_id": "",
                            "map_public_ip_on_launch": "false",
                            "owner_id": "364050630688",
                            "tags.%": "1",
                            "tags.Name": "priv_master3",
                            "vpc_id": "vpc-09866d60923cd66be"
                        },
                        "meta": {
                            "e2bfb730-ecaa-11e6-8f88-34363bc7c4c0": {
                                "create": 600000000000,
                                "delete": 600000000000
                            },
                            "schema_version": "1"
                        },
                        "tainted": false
                    },
                    "deposed": [],
                    "provider": "provider.aws"
                },
                "aws_subnet.priv_worker1_subnet": {
                    "type": "aws_subnet",
                    "depends_on": [
                        "aws_vpc.dmz_vpc",
                        "data.aws_availability_zones.available"
                    ],
                    "primary": {
                        "id": "subnet-05626a5ccb2204a8f",
                        "attributes": {
                            "arn": "arn:aws:ec2:eu-central-1:364050630688:subnet/subnet-05626a5ccb2204a8f",
                            "assign_ipv6_address_on_creation": "false",
                            "availability_zone": "eu-central-1a",
                            "availability_zone_id": "euc1-az2",
                            "cidr_block": "10.233.104.80/28",
                            "id": "subnet-05626a5ccb2204a8f",
                            "ipv6_cidr_block": "",
                            "ipv6_cidr_block_association_id": "",
                            "map_public_ip_on_launch": "false",
                            "owner_id": "364050630688",
                            "tags.%": "1",
                            "tags.Name": "priv_worker1",
                            "vpc_id": "vpc-09866d60923cd66be"
                        },
                        "meta": {
                            "e2bfb730-ecaa-11e6-8f88-34363bc7c4c0": {
                                "create": 600000000000,
                                "delete": 600000000000
                            },
                            "schema_version": "1"
                        },
                        "tainted": false
                    },
                    "deposed": [],
                    "provider": "provider.aws"
                },
                "aws_subnet.priv_worker2_subnet": {
                    "type": "aws_subnet",
                    "depends_on": [
                        "aws_vpc.dmz_vpc",
                        "data.aws_availability_zones.available"
                    ],
                    "primary": {
                        "id": "subnet-0421d386d30ac2461",
                        "attributes": {
                            "arn": "arn:aws:ec2:eu-central-1:364050630688:subnet/subnet-0421d386d30ac2461",
                            "assign_ipv6_address_on_creation": "false",
                            "availability_zone": "eu-central-1b",
                            "availability_zone_id": "euc1-az3",
                            "cidr_block": "10.233.104.96/28",
                            "id": "subnet-0421d386d30ac2461",
                            "ipv6_cidr_block": "",
                            "ipv6_cidr_block_association_id": "",
                            "map_public_ip_on_launch": "false",
                            "owner_id": "364050630688",
                            "tags.%": "1",
                            "tags.Name": "priv_worker2",
                            "vpc_id": "vpc-09866d60923cd66be"
                        },
                        "meta": {
                            "e2bfb730-ecaa-11e6-8f88-34363bc7c4c0": {
                                "create": 600000000000,
                                "delete": 600000000000
                            },
                            "schema_version": "1"
                        },
                        "tainted": false
                    },
                    "deposed": [],
                    "provider": "provider.aws"
                },
                "aws_subnet.priv_worker3_subnet": {
                    "type": "aws_subnet",
                    "depends_on": [
                        "aws_vpc.dmz_vpc",
                        "data.aws_availability_zones.available"
                    ],
                    "primary": {
                        "id": "subnet-0be01534434522666",
                        "attributes": {
                            "arn": "arn:aws:ec2:eu-central-1:364050630688:subnet/subnet-0be01534434522666",
                            "assign_ipv6_address_on_creation": "false",
                            "availability_zone": "eu-central-1c",
                            "availability_zone_id": "euc1-az1",
                            "cidr_block": "10.233.104.112/28",
                            "id": "subnet-0be01534434522666",
                            "ipv6_cidr_block": "",
                            "ipv6_cidr_block_association_id": "",
                            "map_public_ip_on_launch": "false",
                            "owner_id": "364050630688",
                            "tags.%": "1",
                            "tags.Name": "priv_worker3",
                            "vpc_id": "vpc-09866d60923cd66be"
                        },
                        "meta": {
                            "e2bfb730-ecaa-11e6-8f88-34363bc7c4c0": {
                                "create": 600000000000,
                                "delete": 600000000000
                            },
                            "schema_version": "1"
                        },
                        "tainted": false
                    },
                    "deposed": [],
                    "provider": "provider.aws"
                },
                "aws_subnet.priv_worker4_subnet": {
                    "type": "aws_subnet",
                    "depends_on": [
                        "aws_vpc.dmz_vpc",
                        "data.aws_availability_zones.available"
                    ],
                    "primary": {
                        "id": "subnet-05f5da0b0e26dc54b",
                        "attributes": {
                            "arn": "arn:aws:ec2:eu-central-1:364050630688:subnet/subnet-05f5da0b0e26dc54b",
                            "assign_ipv6_address_on_creation": "false",
                            "availability_zone": "eu-central-1a",
                            "availability_zone_id": "euc1-az2",
                            "cidr_block": "10.233.104.128/28",
                            "id": "subnet-05f5da0b0e26dc54b",
                            "ipv6_cidr_block": "",
                            "ipv6_cidr_block_association_id": "",
                            "map_public_ip_on_launch": "false",
                            "owner_id": "364050630688",
                            "tags.%": "1",
                            "tags.Name": "priv_worker4",
                            "vpc_id": "vpc-09866d60923cd66be"
                        },
                        "meta": {
                            "e2bfb730-ecaa-11e6-8f88-34363bc7c4c0": {
                                "create": 600000000000,
                                "delete": 600000000000
                            },
                            "schema_version": "1"
                        },
                        "tainted": false
                    },
                    "deposed": [],
                    "provider": "provider.aws"
                },
                "aws_subnet.priv_worker5_subnet": {
                    "type": "aws_subnet",
                    "depends_on": [
                        "aws_vpc.dmz_vpc",
                        "data.aws_availability_zones.available"
                    ],
                    "primary": {
                        "id": "subnet-0e37a4612c00d7868",
                        "attributes": {
                            "arn": "arn:aws:ec2:eu-central-1:364050630688:subnet/subnet-0e37a4612c00d7868",
                            "assign_ipv6_address_on_creation": "false",
                            "availability_zone": "eu-central-1b",
                            "availability_zone_id": "euc1-az3",
                            "cidr_block": "10.233.104.144/28",
                            "id": "subnet-0e37a4612c00d7868",
                            "ipv6_cidr_block": "",
                            "ipv6_cidr_block_association_id": "",
                            "map_public_ip_on_launch": "false",
                            "owner_id": "364050630688",
                            "tags.%": "1",
                            "tags.Name": "priv_worker5",
                            "vpc_id": "vpc-09866d60923cd66be"
                        },
                        "meta": {
                            "e2bfb730-ecaa-11e6-8f88-34363bc7c4c0": {
                                "create": 600000000000,
                                "delete": 600000000000
                            },
                            "schema_version": "1"
                        },
                        "tainted": false
                    },
                    "deposed": [],
                    "provider": "provider.aws"
                },
                "aws_subnet.priv_worker6_subnet": {
                    "type": "aws_subnet",
                    "depends_on": [
                        "aws_vpc.dmz_vpc",
                        "data.aws_availability_zones.available"
                    ],
                    "primary": {
                        "id": "subnet-0270192e1855a7419",
                        "attributes": {
                            "arn": "arn:aws:ec2:eu-central-1:364050630688:subnet/subnet-0270192e1855a7419",
                            "assign_ipv6_address_on_creation": "false",
                            "availability_zone": "eu-central-1a",
                            "availability_zone_id": "euc1-az2",
                            "cidr_block": "10.233.104.160/28",
                            "id": "subnet-0270192e1855a7419",
                            "ipv6_cidr_block": "",
                            "ipv6_cidr_block_association_id": "",
                            "map_public_ip_on_launch": "false",
                            "owner_id": "364050630688",
                            "tags.%": "1",
                            "tags.Name": "priv_worker6",
                            "vpc_id": "vpc-09866d60923cd66be"
                        },
                        "meta": {
                            "e2bfb730-ecaa-11e6-8f88-34363bc7c4c0": {
                                "create": 600000000000,
                                "delete": 600000000000
                            },
                            "schema_version": "1"
                        },
                        "tainted": false
                    },
                    "deposed": [],
                    "provider": "provider.aws"
                },
                "aws_subnet.priv_worker7_subnet": {
                    "type": "aws_subnet",
                    "depends_on": [
                        "aws_vpc.dmz_vpc",
                        "data.aws_availability_zones.available"
                    ],
                    "primary": {
                        "id": "subnet-077472bf8f9aecdbc",
                        "attributes": {
                            "arn": "arn:aws:ec2:eu-central-1:364050630688:subnet/subnet-077472bf8f9aecdbc",
                            "assign_ipv6_address_on_creation": "false",
                            "availability_zone": "eu-central-1b",
                            "availability_zone_id": "euc1-az3",
                            "cidr_block": "10.233.104.176/28",
                            "id": "subnet-077472bf8f9aecdbc",
                            "ipv6_cidr_block": "",
                            "ipv6_cidr_block_association_id": "",
                            "map_public_ip_on_launch": "false",
                            "owner_id": "364050630688",
                            "tags.%": "1",
                            "tags.Name": "priv_worker7",
                            "vpc_id": "vpc-09866d60923cd66be"
                        },
                        "meta": {
                            "e2bfb730-ecaa-11e6-8f88-34363bc7c4c0": {
                                "create": 600000000000,
                                "delete": 600000000000
                            },
                            "schema_version": "1"
                        },
                        "tainted": false
                    },
                    "deposed": [],
                    "provider": "provider.aws"
                },
                "aws_vpc.dmz_vpc": {
                    "type": "aws_vpc",
                    "depends_on": [],
                    "primary": {
                        "id": "vpc-09866d60923cd66be",
                        "attributes": {
                            "arn": "arn:aws:ec2:eu-central-1:364050630688:vpc/vpc-09866d60923cd66be",
                            "assign_generated_ipv6_cidr_block": "false",
                            "cidr_block": "10.233.104.0/24",
                            "default_network_acl_id": "acl-085d7afe2f0ee5558",
                            "default_route_table_id": "rtb-064c4ea205e810b63",
                            "default_security_group_id": "sg-07d06a6b0ec2727e8",
                            "dhcp_options_id": "dopt-94a0ebff",
                            "enable_dns_hostnames": "true",
                            "enable_dns_support": "true",
                            "id": "vpc-09866d60923cd66be",
                            "instance_tenancy": "default",
                            "ipv6_association_id": "",
                            "ipv6_cidr_block": "",
                            "main_route_table_id": "rtb-064c4ea205e810b63",
                            "owner_id": "364050630688",
                            "tags.%": "1",
                            "tags.Name": "dmz_vpc"
                        },
                        "meta": {
                            "schema_version": "1"
                        },
                        "tainted": false
                    },
                    "deposed": [],
                    "provider": "provider.aws"
                },
                "aws_vpn_gateway_attachment.vpn_attachment": {
                    "type": "aws_vpn_gateway_attachment",
                    "depends_on": [
                        "aws_vpc.dmz_vpc"
                    ],
                    "primary": {
                        "id": "vpn-attachment-623ec1b2",
                        "attributes": {
                            "id": "vpn-attachment-623ec1b2",
                            "vpc_id": "vpc-09866d60923cd66be",
                            "vpn_gateway_id": "vgw-0b823046bd444cd7d"
                        },
                        "meta": {},
                        "tainted": false
                    },
                    "deposed": [],
                    "provider": "provider.aws"
                },
                "data.aws_availability_zones.available": {
                    "type": "aws_availability_zones",
                    "depends_on": [],
                    "primary": {
                        "id": "2019-01-18 17:34:48.4105621 +0000 UTC",
                        "attributes": {
                            "id": "2019-01-18 17:34:48.4105621 +0000 UTC",
                            "names.#": "3",
                            "names.0": "eu-central-1a",
                            "names.1": "eu-central-1b",
                            "names.2": "eu-central-1c",
                            "zone_ids.#": "3",
                            "zone_ids.0": "euc1-az2",
                            "zone_ids.1": "euc1-az3",
                            "zone_ids.2": "euc1-az1"
                        },
                        "meta": {},
                        "tainted": false
                    },
                    "deposed": [],
                    "provider": "provider.aws"
                },
                "data.aws_caller_identity.app": {
                    "type": "aws_caller_identity",
                    "depends_on": [],
                    "primary": {
                        "id": "2019-01-18 17:34:53.8778462 +0000 UTC",
                        "attributes": {
                            "account_id": "364050630688",
                            "arn": "arn:aws:iam::364050630688:user/Auto_CelFocus",
                            "id": "2019-01-18 17:34:53.8778462 +0000 UTC",
                            "user_id": "AIDAJ7B4SVYLSUAMV7POY"
                        },
                        "meta": {},
                        "tainted": false
                    },
                    "deposed": [],
                    "provider": "provider.aws"
                },
                "data.aws_caller_identity.prod": {
                    "type": "aws_caller_identity",
                    "depends_on": [],
                    "primary": {
                        "id": "2019-01-18 17:34:43.3530601 +0000 UTC",
                        "attributes": {
                            "account_id": "161646829058",
                            "arn": "arn:aws:iam::161646829058:user/Auto_Celfocus_prod",
                            "id": "2019-01-18 17:34:43.3530601 +0000 UTC",
                            "user_id": "AIDAJ4MSOSCRJIGFMF45Y"
                        },
                        "meta": {},
                        "tainted": false
                    },
                    "deposed": [],
                    "provider": "provider.aws.accepter"
                }
            },
            "depends_on": []
        },
        {
            "path": [
                "root",
                "AUTOMATION"
            ],
            "outputs": {},
            "resources": {
                "aws_instance.instance": {
                    "type": "aws_instance",
                    "depends_on": [],
                    "primary": {
                        "id": "i-0d7f88fbc158d4a97",
                        "attributes": {
                            "ami": "ami-034fffcc6a0063961",
                            "arn": "arn:aws:ec2:eu-central-1:364050630688:instance/i-0d7f88fbc158d4a97",
                            "associate_public_ip_address": "false",
                            "availability_zone": "eu-central-1a",
                            "cpu_core_count": "1",
                            "cpu_threads_per_core": "1",
                            "credit_specification.#": "1",
                            "credit_specification.0.cpu_credits": "standard",
                            "disable_api_termination": "false",
                            "ebs_block_device.#": "0",
                            "ebs_optimized": "false",
                            "ephemeral_block_device.#": "0",
                            "get_password_data": "false",
                            "iam_instance_profile": "",
                            "id": "i-0d7f88fbc158d4a97",
                            "instance_state": "running",
                            "instance_type": "t2.micro",
                            "ipv6_addresses.#": "0",
                            "key_name": "VDF-DE-TEST",
                            "monitoring": "false",
                            "network_interface.#": "0",
                            "network_interface_id": "eni-059734d804b10878e",
                            "password_data": "",
                            "placement_group": "",
                            "primary_network_interface_id": "eni-059734d804b10878e",
                            "private_dns": "ip-10-233-104-8.eu-central-1.compute.internal",
                            "private_ip": "10.233.104.8",
                            "public_dns": "",
                            "public_ip": "",
                            "root_block_device.#": "1",
                            "root_block_device.0.delete_on_termination": "true",
                            "root_block_device.0.iops": "100",
                            "root_block_device.0.volume_id": "vol-0a88235892148b029",
                            "root_block_device.0.volume_size": "8",
                            "root_block_device.0.volume_type": "gp2",
                            "security_groups.#": "0",
                            "source_dest_check": "true",
                            "subnet_id": "subnet-0e5149adaa9d99092",
                            "tags.%": "2",
                            "tags.Env": "tool",
                            "tags.Name": "automation",
                            "tenancy": "default",
                            "user_data": "239b656b5e4694814cf59a92e1f99eed215111f5",
                            "volume_tags.%": "0",
                            "vpc_security_group_ids.#": "1",
                            "vpc_security_group_ids.2218987175": "sg-0b47a772174aba0af"
                        },
                        "meta": {
                            "e2bfb730-ecaa-11e6-8f88-34363bc7c4c0": {
                                "create": 600000000000,
                                "delete": 1200000000000,
                                "update": 600000000000
                            },
                            "schema_version": "1"
                        },
                        "tainted": false
                    },
                    "deposed": [],
                    "provider": "provider.aws"
                }
            },
            "depends_on": []
        },
        {
            "path": [
                "root",
                "app-vpc"
            ],
            "outputs": {
                "app_private_rt": {
                    "sensitive": false,
                    "type": "string",
                    "value": "rtb-03bc5dbb1f00414ab"
                },
                "app_public_rt": {
                    "sensitive": false,
                    "type": "string",
                    "value": "rtb-0ce5563a22306e71f"
                },
                "subnet_pub1_ids": {
                    "sensitive": false,
                    "type": "string",
                    "value": "subnet-0f6eaba021c27380d"
                },
                "subnet_pub2_ids": {
                    "sensitive": false,
                    "type": "string",
                    "value": "subnet-0c13f2d5c966f1a32"
                },
                "vpc_app_id": {
                    "sensitive": false,
                    "type": "string",
                    "value": "vpc-026e34ccdaf816095"
                }
            },
            "resources": {
                "aws_default_route_table.app_private_rt": {
                    "type": "aws_default_route_table",
                    "depends_on": [
                        "aws_nat_gateway.nat",
                        "aws_vpc.app_vpc"
                    ],
                    "primary": {
                        "id": "rtb-03bc5dbb1f00414ab",
                        "attributes": {
                            "default_route_table_id": "rtb-03bc5dbb1f00414ab",
                            "id": "rtb-03bc5dbb1f00414ab",
                            "owner_id": "364050630688",
                            "propagating_vgws.#": "0",
                            "route.#": "1",
                            "route.4233689565.cidr_block": "0.0.0.0/0",
                            "route.4233689565.egress_only_gateway_id": "",
                            "route.4233689565.gateway_id": "",
                            "route.4233689565.instance_id": "",
                            "route.4233689565.ipv6_cidr_block": "",
                            "route.4233689565.nat_gateway_id": "nat-0badf771a1ce69f37",
                            "route.4233689565.network_interface_id": "",
                            "route.4233689565.transit_gateway_id": "",
                            "route.4233689565.vpc_peering_connection_id": "",
                            "tags.%": "1",
                            "tags.Name": "app_private",
                            "vpc_id": "vpc-026e34ccdaf816095"
                        },
                        "meta": {},
                        "tainted": false
                    },
                    "deposed": [],
                    "provider": "provider.aws"
                },
                "aws_eip.app_nat_eip": {
                    "type": "aws_eip",
                    "depends_on": [],
                    "primary": {
                        "id": "eipalloc-05e6b7c6bae2a04db",
                        "attributes": {
                            "association_id": "eipassoc-70a876aa",
                            "domain": "vpc",
                            "id": "eipalloc-05e6b7c6bae2a04db",
                            "instance": "",
                            "network_interface": "eni-0882237f9c30eb041",
                            "private_ip": "10.233.105.119",
                            "public_ip": "3.121.89.7",
                            "public_ipv4_pool": "amazon",
                            "tags.%": "0",
                            "vpc": "true"
                        },
                        "meta": {
                            "e2bfb730-ecaa-11e6-8f88-34363bc7c4c0": {
                                "delete": 180000000000,
                                "read": 900000000000,
                                "update": 300000000000
                            }
                        },
                        "tainted": false
                    },
                    "deposed": [],
                    "provider": "provider.aws"
                },
                "aws_internet_gateway.app_internet_gateway": {
                    "type": "aws_internet_gateway",
                    "depends_on": [
                        "aws_vpc.app_vpc"
                    ],
                    "primary": {
                        "id": "igw-093917619514cdc71",
                        "attributes": {
                            "id": "igw-093917619514cdc71",
                            "owner_id": "364050630688",
                            "tags.%": "1",
                            "tags.Name": "app_igw",
                            "vpc_id": "vpc-026e34ccdaf816095"
                        },
                        "meta": {},
                        "tainted": false
                    },
                    "deposed": [],
                    "provider": "provider.aws"
                },
                "aws_nat_gateway.nat": {
                    "type": "aws_nat_gateway",
                    "depends_on": [
                        "aws_eip.app_nat_eip",
                        "aws_subnet.app_public2_subnet"
                    ],
                    "primary": {
                        "id": "nat-0badf771a1ce69f37",
                        "attributes": {
                            "allocation_id": "eipalloc-05e6b7c6bae2a04db",
                            "id": "nat-0badf771a1ce69f37",
                            "network_interface_id": "eni-0882237f9c30eb041",
                            "private_ip": "10.233.105.119",
                            "public_ip": "3.121.89.7",
                            "subnet_id": "subnet-0c13f2d5c966f1a32",
                            "tags.%": "0"
                        },
                        "meta": {},
                        "tainted": false
                    },
                    "deposed": [],
                    "provider": "provider.aws"
                },
                "aws_route_table.app_public_rt": {
                    "type": "aws_route_table",
                    "depends_on": [
                        "aws_internet_gateway.app_internet_gateway",
                        "aws_vpc.app_vpc"
                    ],
                    "primary": {
                        "id": "rtb-0ce5563a22306e71f",
                        "attributes": {
                            "id": "rtb-0ce5563a22306e71f",
                            "owner_id": "364050630688",
                            "propagating_vgws.#": "0",
                            "route.#": "1",
                            "route.1284917819.cidr_block": "0.0.0.0/0",
                            "route.1284917819.egress_only_gateway_id": "",
                            "route.1284917819.gateway_id": "igw-093917619514cdc71",
                            "route.1284917819.instance_id": "",
                            "route.1284917819.ipv6_cidr_block": "",
                            "route.1284917819.nat_gateway_id": "",
                            "route.1284917819.network_interface_id": "",
                            "route.1284917819.transit_gateway_id": "",
                            "route.1284917819.vpc_peering_connection_id": "",
                            "tags.%": "1",
                            "tags.Name": "app_public",
                            "vpc_id": "vpc-026e34ccdaf816095"
                        },
                        "meta": {},
                        "tainted": false
                    },
                    "deposed": [],
                    "provider": "provider.aws"
                },
                "aws_route_table_association.private_assoc": {
                    "type": "aws_route_table_association",
                    "depends_on": [
                        "aws_default_route_table.app_private_rt",
                        "aws_subnet.priv_worker1_subnet"
                    ],
                    "primary": {
                        "id": "rtbassoc-09d9e13e5c301dcfc",
                        "attributes": {
                            "id": "rtbassoc-09d9e13e5c301dcfc",
                            "route_table_id": "rtb-03bc5dbb1f00414ab",
                            "subnet_id": "subnet-057f7349c4d717785"
                        },
                        "meta": {},
                        "tainted": false
                    },
                    "deposed": [],
                    "provider": "provider.aws"
                },
                "aws_route_table_association.public1_assoc": {
                    "type": "aws_route_table_association",
                    "depends_on": [
                        "aws_route_table.app_public_rt",
                        "aws_subnet.app_public1_subnet"
                    ],
                    "primary": {
                        "id": "rtbassoc-05770a87a763a121b",
                        "attributes": {
                            "id": "rtbassoc-05770a87a763a121b",
                            "route_table_id": "rtb-0ce5563a22306e71f",
                            "subnet_id": "subnet-0f6eaba021c27380d"
                        },
                        "meta": {},
                        "tainted": false
                    },
                    "deposed": [],
                    "provider": "provider.aws"
                },
                "aws_route_table_association.public2_assoc": {
                    "type": "aws_route_table_association",
                    "depends_on": [
                        "aws_route_table.app_public_rt",
                        "aws_subnet.app_public2_subnet"
                    ],
                    "primary": {
                        "id": "rtbassoc-0673901380e8fa0e2",
                        "attributes": {
                            "id": "rtbassoc-0673901380e8fa0e2",
                            "route_table_id": "rtb-0ce5563a22306e71f",
                            "subnet_id": "subnet-0c13f2d5c966f1a32"
                        },
                        "meta": {},
                        "tainted": false
                    },
                    "deposed": [],
                    "provider": "provider.aws"
                },
                "aws_security_group.app_cluster_sg": {
                    "type": "aws_security_group",
                    "depends_on": [
                        "aws_vpc.app_vpc"
                    ],
                    "primary": {
                        "id": "sg-0f857dd83a69f803c",
                        "attributes": {
                            "arn": "arn:aws:ec2:eu-central-1:364050630688:security-group/sg-0f857dd83a69f803c",
                            "description": "utilizado para o cluster",
                            "egress.#": "1",
                            "egress.482069346.cidr_blocks.#": "1",
                            "egress.482069346.cidr_blocks.0": "0.0.0.0/0",
                            "egress.482069346.description": "",
                            "egress.482069346.from_port": "0",
                            "egress.482069346.ipv6_cidr_blocks.#": "0",
                            "egress.482069346.prefix_list_ids.#": "0",
                            "egress.482069346.protocol": "-1",
                            "egress.482069346.security_groups.#": "0",
                            "egress.482069346.self": "false",
                            "egress.482069346.to_port": "0",
                            "id": "sg-0f857dd83a69f803c",
                            "ingress.#": "1",
                            "ingress.2829917957.cidr_blocks.#": "3",
                            "ingress.2829917957.cidr_blocks.0": "10.233.105.0/26",
                            "ingress.2829917957.cidr_blocks.1": "192.168.90.169/32",
                            "ingress.2829917957.cidr_blocks.2": "172.16.0.0/22",
                            "ingress.2829917957.description": "",
                            "ingress.2829917957.from_port": "0",
                            "ingress.2829917957.ipv6_cidr_blocks.#": "0",
                            "ingress.2829917957.prefix_list_ids.#": "0",
                            "ingress.2829917957.protocol": "-1",
                            "ingress.2829917957.security_groups.#": "0",
                            "ingress.2829917957.self": "false",
                            "ingress.2829917957.to_port": "0",
                            "name": "app_cluster_sg",
                            "owner_id": "364050630688",
                            "revoke_rules_on_delete": "false",
                            "tags.%": "1",
                            "tags.Name": "Cluster SG T",
                            "vpc_id": "vpc-026e34ccdaf816095"
                        },
                        "meta": {
                            "e2bfb730-ecaa-11e6-8f88-34363bc7c4c0": {
                                "create": 600000000000,
                                "delete": 600000000000
                            },
                            "schema_version": "1"
                        },
                        "tainted": false
                    },
                    "deposed": [],
                    "provider": "provider.aws"
                },
                "aws_security_group.app_elb1_sg": {
                    "type": "aws_security_group",
                    "depends_on": [
                        "aws_vpc.app_vpc"
                    ],
                    "primary": {
                        "id": "sg-0def5da517258f264",
                        "attributes": {
                            "arn": "arn:aws:ec2:eu-central-1:364050630688:security-group/sg-0def5da517258f264",
                            "description": "Used for public ELB1",
                            "egress.#": "1",
                            "egress.482069346.cidr_blocks.#": "1",
                            "egress.482069346.cidr_blocks.0": "0.0.0.0/0",
                            "egress.482069346.description": "",
                            "egress.482069346.from_port": "0",
                            "egress.482069346.ipv6_cidr_blocks.#": "0",
                            "egress.482069346.prefix_list_ids.#": "0",
                            "egress.482069346.protocol": "-1",
                            "egress.482069346.security_groups.#": "0",
                            "egress.482069346.self": "false",
                            "egress.482069346.to_port": "0",
                            "id": "sg-0def5da517258f264",
                            "ingress.#": "2",
                            "ingress.2214680975.cidr_blocks.#": "1",
                            "ingress.2214680975.cidr_blocks.0": "0.0.0.0/0",
                            "ingress.2214680975.description": "",
                            "ingress.2214680975.from_port": "80",
                            "ingress.2214680975.ipv6_cidr_blocks.#": "0",
                            "ingress.2214680975.prefix_list_ids.#": "0",
                            "ingress.2214680975.protocol": "tcp",
                            "ingress.2214680975.security_groups.#": "0",
                            "ingress.2214680975.self": "false",
                            "ingress.2214680975.to_port": "80",
                            "ingress.516175195.cidr_blocks.#": "1",
                            "ingress.516175195.cidr_blocks.0": "0.0.0.0/0",
                            "ingress.516175195.description": "",
                            "ingress.516175195.from_port": "8080",
                            "ingress.516175195.ipv6_cidr_blocks.#": "0",
                            "ingress.516175195.prefix_list_ids.#": "0",
                            "ingress.516175195.protocol": "tcp",
                            "ingress.516175195.security_groups.#": "0",
                            "ingress.516175195.self": "false",
                            "ingress.516175195.to_port": "8080",
                            "name": "app_elb1_sg",
                            "owner_id": "364050630688",
                            "revoke_rules_on_delete": "false",
                            "tags.%": "1",
                            "tags.Name": "ELB1 SG T",
                            "vpc_id": "vpc-026e34ccdaf816095"
                        },
                        "meta": {
                            "e2bfb730-ecaa-11e6-8f88-34363bc7c4c0": {
                                "create": 600000000000,
                                "delete": 600000000000
                            },
                            "schema_version": "1"
                        },
                        "tainted": false
                    },
                    "deposed": [],
                    "provider": "provider.aws"
                },
                "aws_subnet.app_public1_subnet": {
                    "type": "aws_subnet",
                    "depends_on": [
                        "aws_vpc.app_vpc",
                        "data.aws_availability_zones.available"
                    ],
                    "primary": {
                        "id": "subnet-0f6eaba021c27380d",
                        "attributes": {
                            "arn": "arn:aws:ec2:eu-central-1:364050630688:subnet/subnet-0f6eaba021c27380d",
                            "assign_ipv6_address_on_creation": "false",
                            "availability_zone": "eu-central-1a",
                            "availability_zone_id": "euc1-az2",
                            "cidr_block": "10.233.105.0/28",
                            "id": "subnet-0f6eaba021c27380d",
                            "ipv6_cidr_block": "",
                            "ipv6_cidr_block_association_id": "",
                            "map_public_ip_on_launch": "true",
                            "owner_id": "364050630688",
                            "tags.%": "1",
                            "tags.Name": "app_public1",
                            "vpc_id": "vpc-026e34ccdaf816095"
                        },
                        "meta": {
                            "e2bfb730-ecaa-11e6-8f88-34363bc7c4c0": {
                                "create": 600000000000,
                                "delete": 600000000000
                            },
                            "schema_version": "1"
                        },
                        "tainted": false
                    },
                    "deposed": [],
                    "provider": "provider.aws"
                },
                "aws_subnet.app_public2_subnet": {
                    "type": "aws_subnet",
                    "depends_on": [
                        "aws_vpc.app_vpc",
                        "data.aws_availability_zones.available"
                    ],
                    "primary": {
                        "id": "subnet-0c13f2d5c966f1a32",
                        "attributes": {
                            "arn": "arn:aws:ec2:eu-central-1:364050630688:subnet/subnet-0c13f2d5c966f1a32",
                            "assign_ipv6_address_on_creation": "false",
                            "availability_zone": "eu-central-1b",
                            "availability_zone_id": "euc1-az3",
                            "cidr_block": "10.233.105.112/28",
                            "id": "subnet-0c13f2d5c966f1a32",
                            "ipv6_cidr_block": "",
                            "ipv6_cidr_block_association_id": "",
                            "map_public_ip_on_launch": "true",
                            "owner_id": "364050630688",
                            "tags.%": "1",
                            "tags.Name": "app_public2",
                            "vpc_id": "vpc-026e34ccdaf816095"
                        },
                        "meta": {
                            "e2bfb730-ecaa-11e6-8f88-34363bc7c4c0": {
                                "create": 600000000000,
                                "delete": 600000000000
                            },
                            "schema_version": "1"
                        },
                        "tainted": false
                    },
                    "deposed": [],
                    "provider": "provider.aws"
                },
                "aws_subnet.priv_worker1_subnet": {
                    "type": "aws_subnet",
                    "depends_on": [
                        "aws_vpc.app_vpc",
                        "data.aws_availability_zones.available"
                    ],
                    "primary": {
                        "id": "subnet-057f7349c4d717785",
                        "attributes": {
                            "arn": "arn:aws:ec2:eu-central-1:364050630688:subnet/subnet-057f7349c4d717785",
                            "assign_ipv6_address_on_creation": "false",
                            "availability_zone": "eu-central-1a",
                            "availability_zone_id": "euc1-az2",
                            "cidr_block": "10.233.105.64/28",
                            "id": "subnet-057f7349c4d717785",
                            "ipv6_cidr_block": "",
                            "ipv6_cidr_block_association_id": "",
                            "map_public_ip_on_launch": "false",
                            "owner_id": "364050630688",
                            "tags.%": "1",
                            "tags.Name": "priv_worker1",
                            "vpc_id": "vpc-026e34ccdaf816095"
                        },
                        "meta": {
                            "e2bfb730-ecaa-11e6-8f88-34363bc7c4c0": {
                                "create": 600000000000,
                                "delete": 600000000000
                            },
                            "schema_version": "1"
                        },
                        "tainted": false
                    },
                    "deposed": [],
                    "provider": "provider.aws"
                },
                "aws_subnet.priv_worker2_subnet": {
                    "type": "aws_subnet",
                    "depends_on": [
                        "aws_vpc.app_vpc",
                        "data.aws_availability_zones.available"
                    ],
                    "primary": {
                        "id": "subnet-0b32b61c6023e34a4",
                        "attributes": {
                            "arn": "arn:aws:ec2:eu-central-1:364050630688:subnet/subnet-0b32b61c6023e34a4",
                            "assign_ipv6_address_on_creation": "false",
                            "availability_zone": "eu-central-1b",
                            "availability_zone_id": "euc1-az3",
                            "cidr_block": "10.233.105.80/28",
                            "id": "subnet-0b32b61c6023e34a4",
                            "ipv6_cidr_block": "",
                            "ipv6_cidr_block_association_id": "",
                            "map_public_ip_on_launch": "false",
                            "owner_id": "364050630688",
                            "tags.%": "1",
                            "tags.Name": "priv_worker2",
                            "vpc_id": "vpc-026e34ccdaf816095"
                        },
                        "meta": {
                            "e2bfb730-ecaa-11e6-8f88-34363bc7c4c0": {
                                "create": 600000000000,
                                "delete": 600000000000
                            },
                            "schema_version": "1"
                        },
                        "tainted": false
                    },
                    "deposed": [],
                    "provider": "provider.aws"
                },
                "aws_vpc.app_vpc": {
                    "type": "aws_vpc",
                    "depends_on": [],
                    "primary": {
                        "id": "vpc-026e34ccdaf816095",
                        "attributes": {
                            "arn": "arn:aws:ec2:eu-central-1:364050630688:vpc/vpc-026e34ccdaf816095",
                            "assign_generated_ipv6_cidr_block": "false",
                            "cidr_block": "10.233.105.0/24",
                            "default_network_acl_id": "acl-0d892fbaf57d8ddc8",
                            "default_route_table_id": "rtb-03bc5dbb1f00414ab",
                            "default_security_group_id": "sg-084727ed180bc264b",
                            "dhcp_options_id": "dopt-94a0ebff",
                            "enable_dns_hostnames": "true",
                            "enable_dns_support": "true",
                            "id": "vpc-026e34ccdaf816095",
                            "instance_tenancy": "default",
                            "ipv6_association_id": "",
                            "ipv6_cidr_block": "",
                            "main_route_table_id": "rtb-03bc5dbb1f00414ab",
                            "owner_id": "364050630688",
                            "tags.%": "1",
                            "tags.Name": "app_vpc"
                        },
                        "meta": {
                            "schema_version": "1"
                        },
                        "tainted": false
                    },
                    "deposed": [],
                    "provider": "provider.aws"
                },
                "data.aws_availability_zones.available": {
                    "type": "aws_availability_zones",
                    "depends_on": [],
                    "primary": {
                        "id": "2019-01-18 17:34:37.8903645 +0000 UTC",
                        "attributes": {
                            "id": "2019-01-18 17:34:37.8903645 +0000 UTC",
                            "names.#": "3",
                            "names.0": "eu-central-1a",
                            "names.1": "eu-central-1b",
                            "names.2": "eu-central-1c",
                            "zone_ids.#": "3",
                            "zone_ids.0": "euc1-az2",
                            "zone_ids.1": "euc1-az3",
                            "zone_ids.2": "euc1-az1"
                        },
                        "meta": {},
                        "tainted": false
                    },
                    "deposed": [],
                    "provider": "provider.aws"
                }
            },
            "depends_on": []
        },
        {
            "path": [
                "root",
                "bastion_dmz"
            ],
            "outputs": {},
            "resources": {
                "aws_instance.instance": {
                    "type": "aws_instance",
                    "depends_on": [],
                    "primary": {
                        "id": "i-0809e4fd8eefb1cdb",
                        "attributes": {
                            "ami": "ami-034fffcc6a0063961",
                            "arn": "arn:aws:ec2:eu-central-1:364050630688:instance/i-0809e4fd8eefb1cdb",
                            "associate_public_ip_address": "false",
                            "availability_zone": "eu-central-1a",
                            "cpu_core_count": "1",
                            "cpu_threads_per_core": "1",
                            "credit_specification.#": "1",
                            "credit_specification.0.cpu_credits": "standard",
                            "disable_api_termination": "false",
                            "ebs_block_device.#": "0",
                            "ebs_optimized": "false",
                            "ephemeral_block_device.#": "0",
                            "get_password_data": "false",
                            "iam_instance_profile": "",
                            "id": "i-0809e4fd8eefb1cdb",
                            "instance_state": "running",
                            "instance_type": "t2.micro",
                            "ipv6_addresses.#": "0",
                            "key_name": "VDF-DE-TEST",
                            "monitoring": "false",
                            "network_interface.#": "0",
                            "network_interface_id": "eni-0c8a47e5a02d280c1",
                            "password_data": "",
                            "placement_group": "",
                            "primary_network_interface_id": "eni-0c8a47e5a02d280c1",
                            "private_dns": "ip-10-233-104-6.eu-central-1.compute.internal",
                            "private_ip": "10.233.104.6",
                            "public_dns": "",
                            "public_ip": "",
                            "root_block_device.#": "1",
                            "root_block_device.0.delete_on_termination": "true",
                            "root_block_device.0.iops": "100",
                            "root_block_device.0.volume_id": "vol-016cf85dd4a7a5549",
                            "root_block_device.0.volume_size": "8",
                            "root_block_device.0.volume_type": "gp2",
                            "security_groups.#": "0",
                            "source_dest_check": "true",
                            "subnet_id": "subnet-0e5149adaa9d99092",
                            "tags.%": "2",
                            "tags.Env": "test",
                            "tags.Name": "bastion_dmz",
                            "tenancy": "default",
                            "user_data": "dcb7595f0d9984f94998eaafa704c03e3b75ced7",
                            "volume_tags.%": "0",
                            "vpc_security_group_ids.#": "1",
                            "vpc_security_group_ids.3954775813": "sg-0f000b484e6955f04"
                        },
                        "meta": {
                            "e2bfb730-ecaa-11e6-8f88-34363bc7c4c0": {
                                "create": 600000000000,
                                "delete": 1200000000000,
                                "update": 600000000000
                            },
                            "schema_version": "1"
                        },
                        "tainted": false
                    },
                    "deposed": [],
                    "provider": "provider.aws"
                }
            },
            "depends_on": []
        },
        {
            "path": [
                "root",
                "bastion_prod"
            ],
            "outputs": {},
            "resources": {
                "aws_instance.instance": {
                    "type": "aws_instance",
                    "depends_on": [],
                    "primary": {
                        "id": "i-0d037b5f956bd9822",
                        "attributes": {
                            "ami": "ami-034fffcc6a0063961",
                            "arn": "arn:aws:ec2:eu-central-1:364050630688:instance/i-0d037b5f956bd9822",
                            "associate_public_ip_address": "false",
                            "availability_zone": "eu-central-1a",
                            "cpu_core_count": "1",
                            "cpu_threads_per_core": "1",
                            "credit_specification.#": "1",
                            "credit_specification.0.cpu_credits": "standard",
                            "disable_api_termination": "false",
                            "ebs_block_device.#": "0",
                            "ebs_optimized": "false",
                            "ephemeral_block_device.#": "0",
                            "get_password_data": "false",
                            "iam_instance_profile": "",
                            "id": "i-0d037b5f956bd9822",
                            "instance_state": "running",
                            "instance_type": "t2.micro",
                            "ipv6_addresses.#": "0",
                            "key_name": "VDF-DE-TEST",
                            "monitoring": "false",
                            "network_interface.#": "0",
                            "network_interface_id": "eni-0e2eb17a574ebadcb",
                            "password_data": "",
                            "placement_group": "",
                            "primary_network_interface_id": "eni-0e2eb17a574ebadcb",
                            "private_dns": "ip-10-233-104-7.eu-central-1.compute.internal",
                            "private_ip": "10.233.104.7",
                            "public_dns": "",
                            "public_ip": "",
                            "root_block_device.#": "1",
                            "root_block_device.0.delete_on_termination": "true",
                            "root_block_device.0.iops": "100",
                            "root_block_device.0.volume_id": "vol-05772595623ae3707",
                            "root_block_device.0.volume_size": "8",
                            "root_block_device.0.volume_type": "gp2",
                            "security_groups.#": "0",
                            "source_dest_check": "true",
                            "subnet_id": "subnet-0e5149adaa9d99092",
                            "tags.%": "2",
                            "tags.Env": "prod",
                            "tags.Name": "bastion_prod",
                            "tenancy": "default",
                            "user_data": "dcb7595f0d9984f94998eaafa704c03e3b75ced7",
                            "volume_tags.%": "0",
                            "vpc_security_group_ids.#": "1",
                            "vpc_security_group_ids.3954775813": "sg-0f000b484e6955f04"
                        },
                        "meta": {
                            "e2bfb730-ecaa-11e6-8f88-34363bc7c4c0": {
                                "create": 600000000000,
                                "delete": 1200000000000,
                                "update": 600000000000
                            },
                            "schema_version": "1"
                        },
                        "tainted": false
                    },
                    "deposed": [],
                    "provider": "provider.aws"
                }
            },
            "depends_on": []
        },
        {
            "path": [
                "root",
                "dtr01"
            ],
            "outputs": {
                "id": {
                    "sensitive": false,
                    "type": "string",
                    "value": "$aws.instance_compute.id"
                }
            },
            "resources": {
                "aws_instance.compute": {
                    "type": "aws_instance",
                    "depends_on": [
                        "data.aws_ami.rhe7_5"
                    ],
                    "primary": {
                        "id": "i-0f78999b46bd17ed1",
                        "attributes": {
                            "ami": "ami-0e258161",
                            "arn": "arn:aws:ec2:eu-central-1:364050630688:instance/i-0f78999b46bd17ed1",
                            "associate_public_ip_address": "false",
                            "availability_zone": "eu-central-1a",
                            "cpu_core_count": "2",
                            "cpu_threads_per_core": "1",
                            "credit_specification.#": "1",
                            "credit_specification.0.cpu_credits": "standard",
                            "disable_api_termination": "false",
                            "ebs_block_device.#": "1",
                            "ebs_block_device.2671853018.delete_on_termination": "true",
                            "ebs_block_device.2671853018.device_name": "/dev/sdg",
                            "ebs_block_device.2671853018.encrypted": "false",
                            "ebs_block_device.2671853018.iops": "600",
                            "ebs_block_device.2671853018.snapshot_id": "",
                            "ebs_block_device.2671853018.volume_id": "vol-0af182969fc4be2d3",
                            "ebs_block_device.2671853018.volume_size": "200",
                            "ebs_block_device.2671853018.volume_type": "gp2",
                            "ebs_optimized": "false",
                            "ephemeral_block_device.#": "0",
                            "get_password_data": "false",
                            "iam_instance_profile": "",
                            "id": "i-0f78999b46bd17ed1",
                            "instance_state": "running",
                            "instance_type": "t2.large",
                            "ipv6_addresses.#": "0",
                            "key_name": "VDF-DE-TEST",
                            "monitoring": "false",
                            "network_interface.#": "0",
                            "network_interface_id": "eni-090afebce6cde1d9b",
                            "password_data": "",
                            "placement_group": "",
                            "primary_network_interface_id": "eni-090afebce6cde1d9b",
                            "private_dns": "ip-10-233-104-38.eu-central-1.compute.internal",
                            "private_ip": "10.233.104.38",
                            "public_dns": "",
                            "public_ip": "",
                            "root_block_device.#": "1",
                            "root_block_device.0.delete_on_termination": "true",
                            "root_block_device.0.iops": "105",
                            "root_block_device.0.volume_id": "vol-0e2d55afd233b041b",
                            "root_block_device.0.volume_size": "35",
                            "root_block_device.0.volume_type": "gp2",
                            "security_groups.#": "0",
                            "source_dest_check": "true",
                            "subnet_id": "subnet-0ea0ea5bea7cfb2a3",
                            "tags.%": "2",
                            "tags.Env": "dmz",
                            "tags.Name": "dtr01",
                            "tenancy": "default",
                            "user_data": "116a731df15fa16a67a18c9f7de12d2f12bcd36c",
                            "volume_tags.%": "0",
                            "vpc_security_group_ids.#": "1",
                            "vpc_security_group_ids.2218987175": "sg-0b47a772174aba0af"
                        },
                        "meta": {
                            "e2bfb730-ecaa-11e6-8f88-34363bc7c4c0": {
                                "create": 600000000000,
                                "delete": 1200000000000,
                                "update": 600000000000
                            },
                            "schema_version": "1"
                        },
                        "tainted": false
                    },
                    "deposed": [],
                    "provider": "provider.aws"
                },
                "data.aws_ami.rhe7_5": {
                    "type": "aws_ami",
                    "depends_on": [],
                    "primary": {
                        "id": "ami-0e258161",
                        "attributes": {
                            "architecture": "x86_64",
                            "block_device_mappings.#": "1",
                            "block_device_mappings.309099847.device_name": "/dev/sda1",
                            "block_device_mappings.309099847.ebs.%": "6",
                            "block_device_mappings.309099847.ebs.delete_on_termination": "true",
                            "block_device_mappings.309099847.ebs.encrypted": "false",
                            "block_device_mappings.309099847.ebs.iops": "0",
                            "block_device_mappings.309099847.ebs.snapshot_id": "snap-0ee6629e3f7784ca8",
                            "block_device_mappings.309099847.ebs.volume_size": "10",
                            "block_device_mappings.309099847.ebs.volume_type": "gp2",
                            "block_device_mappings.309099847.no_device": "",
                            "block_device_mappings.309099847.virtual_name": "",
                            "creation_date": "2017-06-14T21:07:02.000Z",
                            "description": "Provided by Red Hat, Inc.",
                            "filter.#": "3",
                            "filter.1281954306.name": "root-device-type",
                            "filter.1281954306.values.#": "1",
                            "filter.1281954306.values.0": "ebs",
                            "filter.3386043752.name": "architecture",
                            "filter.3386043752.values.#": "1",
                            "filter.3386043752.values.0": "x86_64",
                            "filter.3878650734.name": "name",
                            "filter.3878650734.values.#": "1",
                            "filter.3878650734.values.0": "RHEL-7.3_HVM-*",
                            "hypervisor": "xen",
                            "id": "ami-0e258161",
                            "image_id": "ami-0e258161",
                            "image_location": "309956199498/RHEL-7.3_HVM-20170613-x86_64-4-Hourly2-GP2",
                            "image_type": "machine",
                            "most_recent": "true",
                            "name": "RHEL-7.3_HVM-20170613-x86_64-4-Hourly2-GP2",
                            "owner_id": "309956199498",
                            "owners.#": "1",
                            "owners.0": "309956199498",
                            "product_codes.#": "0",
                            "public": "true",
                            "root_device_name": "/dev/sda1",
                            "root_device_type": "ebs",
                            "root_snapshot_id": "snap-0ee6629e3f7784ca8",
                            "sriov_net_support": "simple",
                            "state": "available",
                            "state_reason.%": "2",
                            "state_reason.code": "UNSET",
                            "state_reason.message": "UNSET",
                            "tags.%": "0",
                            "virtualization_type": "hvm"
                        },
                        "meta": {},
                        "tainted": false
                    },
                    "deposed": [],
                    "provider": "provider.aws"
                }
            },
            "depends_on": []
        },
        {
            "path": [
                "root",
                "dtr02"
            ],
            "outputs": {
                "id": {
                    "sensitive": false,
                    "type": "string",
                    "value": "$aws.instance_compute.id"
                }
            },
            "resources": {
                "aws_instance.compute": {
                    "type": "aws_instance",
                    "depends_on": [
                        "data.aws_ami.rhe7_5"
                    ],
                    "primary": {
                        "id": "i-05eeffdaf6e97d186",
                        "attributes": {
                            "ami": "ami-0e258161",
                            "arn": "arn:aws:ec2:eu-central-1:364050630688:instance/i-05eeffdaf6e97d186",
                            "associate_public_ip_address": "false",
                            "availability_zone": "eu-central-1b",
                            "cpu_core_count": "2",
                            "cpu_threads_per_core": "1",
                            "credit_specification.#": "1",
                            "credit_specification.0.cpu_credits": "standard",
                            "disable_api_termination": "false",
                            "ebs_block_device.#": "1",
                            "ebs_block_device.2671853018.delete_on_termination": "true",
                            "ebs_block_device.2671853018.device_name": "/dev/sdg",
                            "ebs_block_device.2671853018.encrypted": "false",
                            "ebs_block_device.2671853018.iops": "600",
                            "ebs_block_device.2671853018.snapshot_id": "",
                            "ebs_block_device.2671853018.volume_id": "vol-00385d64c6ece2548",
                            "ebs_block_device.2671853018.volume_size": "200",
                            "ebs_block_device.2671853018.volume_type": "gp2",
                            "ebs_optimized": "false",
                            "ephemeral_block_device.#": "0",
                            "get_password_data": "false",
                            "iam_instance_profile": "",
                            "id": "i-05eeffdaf6e97d186",
                            "instance_state": "running",
                            "instance_type": "t2.large",
                            "ipv6_addresses.#": "0",
                            "key_name": "VDF-DE-TEST",
                            "monitoring": "false",
                            "network_interface.#": "0",
                            "network_interface_id": "eni-0d14dd99f0635dfb4",
                            "password_data": "",
                            "placement_group": "",
                            "primary_network_interface_id": "eni-0d14dd99f0635dfb4",
                            "private_dns": "ip-10-233-104-53.eu-central-1.compute.internal",
                            "private_ip": "10.233.104.53",
                            "public_dns": "",
                            "public_ip": "",
                            "root_block_device.#": "1",
                            "root_block_device.0.delete_on_termination": "true",
                            "root_block_device.0.iops": "105",
                            "root_block_device.0.volume_id": "vol-0b0dff4232132b95b",
                            "root_block_device.0.volume_size": "35",
                            "root_block_device.0.volume_type": "gp2",
                            "security_groups.#": "0",
                            "source_dest_check": "true",
                            "subnet_id": "subnet-0784b7f6afd1cf36c",
                            "tags.%": "2",
                            "tags.Env": "tool",
                            "tags.Name": "dtr02",
                            "tenancy": "default",
                            "user_data": "116a731df15fa16a67a18c9f7de12d2f12bcd36c",
                            "volume_tags.%": "0",
                            "vpc_security_group_ids.#": "1",
                            "vpc_security_group_ids.2218987175": "sg-0b47a772174aba0af"
                        },
                        "meta": {
                            "e2bfb730-ecaa-11e6-8f88-34363bc7c4c0": {
                                "create": 600000000000,
                                "delete": 1200000000000,
                                "update": 600000000000
                            },
                            "schema_version": "1"
                        },
                        "tainted": false
                    },
                    "deposed": [],
                    "provider": "provider.aws"
                },
                "data.aws_ami.rhe7_5": {
                    "type": "aws_ami",
                    "depends_on": [],
                    "primary": {
                        "id": "ami-0e258161",
                        "attributes": {
                            "architecture": "x86_64",
                            "block_device_mappings.#": "1",
                            "block_device_mappings.309099847.device_name": "/dev/sda1",
                            "block_device_mappings.309099847.ebs.%": "6",
                            "block_device_mappings.309099847.ebs.delete_on_termination": "true",
                            "block_device_mappings.309099847.ebs.encrypted": "false",
                            "block_device_mappings.309099847.ebs.iops": "0",
                            "block_device_mappings.309099847.ebs.snapshot_id": "snap-0ee6629e3f7784ca8",
                            "block_device_mappings.309099847.ebs.volume_size": "10",
                            "block_device_mappings.309099847.ebs.volume_type": "gp2",
                            "block_device_mappings.309099847.no_device": "",
                            "block_device_mappings.309099847.virtual_name": "",
                            "creation_date": "2017-06-14T21:07:02.000Z",
                            "description": "Provided by Red Hat, Inc.",
                            "filter.#": "3",
                            "filter.1281954306.name": "root-device-type",
                            "filter.1281954306.values.#": "1",
                            "filter.1281954306.values.0": "ebs",
                            "filter.3386043752.name": "architecture",
                            "filter.3386043752.values.#": "1",
                            "filter.3386043752.values.0": "x86_64",
                            "filter.3878650734.name": "name",
                            "filter.3878650734.values.#": "1",
                            "filter.3878650734.values.0": "RHEL-7.3_HVM-*",
                            "hypervisor": "xen",
                            "id": "ami-0e258161",
                            "image_id": "ami-0e258161",
                            "image_location": "309956199498/RHEL-7.3_HVM-20170613-x86_64-4-Hourly2-GP2",
                            "image_type": "machine",
                            "most_recent": "true",
                            "name": "RHEL-7.3_HVM-20170613-x86_64-4-Hourly2-GP2",
                            "owner_id": "309956199498",
                            "owners.#": "1",
                            "owners.0": "309956199498",
                            "product_codes.#": "0",
                            "public": "true",
                            "root_device_name": "/dev/sda1",
                            "root_device_type": "ebs",
                            "root_snapshot_id": "snap-0ee6629e3f7784ca8",
                            "sriov_net_support": "simple",
                            "state": "available",
                            "state_reason.%": "2",
                            "state_reason.code": "UNSET",
                            "state_reason.message": "UNSET",
                            "tags.%": "0",
                            "virtualization_type": "hvm"
                        },
                        "meta": {},
                        "tainted": false
                    },
                    "deposed": [],
                    "provider": "provider.aws"
                }
            },
            "depends_on": []
        },
        {
            "path": [
                "root",
                "dtr03"
            ],
            "outputs": {
                "id": {
                    "sensitive": false,
                    "type": "string",
                    "value": "$aws.instance_compute.id"
                }
            },
            "resources": {
                "aws_instance.compute": {
                    "type": "aws_instance",
                    "depends_on": [
                        "data.aws_ami.rhe7_5"
                    ],
                    "primary": {
                        "id": "i-0ea051e858199c985",
                        "attributes": {
                            "ami": "ami-0e258161",
                            "arn": "arn:aws:ec2:eu-central-1:364050630688:instance/i-0ea051e858199c985",
                            "associate_public_ip_address": "false",
                            "availability_zone": "eu-central-1c",
                            "cpu_core_count": "2",
                            "cpu_threads_per_core": "1",
                            "credit_specification.#": "1",
                            "credit_specification.0.cpu_credits": "standard",
                            "disable_api_termination": "false",
                            "ebs_block_device.#": "1",
                            "ebs_block_device.2671853018.delete_on_termination": "true",
                            "ebs_block_device.2671853018.device_name": "/dev/sdg",
                            "ebs_block_device.2671853018.encrypted": "false",
                            "ebs_block_device.2671853018.iops": "600",
                            "ebs_block_device.2671853018.snapshot_id": "",
                            "ebs_block_device.2671853018.volume_id": "vol-03309503e2ac286ec",
                            "ebs_block_device.2671853018.volume_size": "200",
                            "ebs_block_device.2671853018.volume_type": "gp2",
                            "ebs_optimized": "false",
                            "ephemeral_block_device.#": "0",
                            "get_password_data": "false",
                            "iam_instance_profile": "",
                            "id": "i-0ea051e858199c985",
                            "instance_state": "running",
                            "instance_type": "t2.large",
                            "ipv6_addresses.#": "0",
                            "key_name": "VDF-DE-TEST",
                            "monitoring": "false",
                            "network_interface.#": "0",
                            "network_interface_id": "eni-05c2a0b29b9b47251",
                            "password_data": "",
                            "placement_group": "",
                            "primary_network_interface_id": "eni-05c2a0b29b9b47251",
                            "private_dns": "ip-10-233-104-69.eu-central-1.compute.internal",
                            "private_ip": "10.233.104.69",
                            "public_dns": "",
                            "public_ip": "",
                            "root_block_device.#": "1",
                            "root_block_device.0.delete_on_termination": "true",
                            "root_block_device.0.iops": "105",
                            "root_block_device.0.volume_id": "vol-07f13b51e8d13efa8",
                            "root_block_device.0.volume_size": "35",
                            "root_block_device.0.volume_type": "gp2",
                            "security_groups.#": "0",
                            "source_dest_check": "true",
                            "subnet_id": "subnet-04b9cc93e653bc51d",
                            "tags.%": "2",
                            "tags.Env": "tool",
                            "tags.Name": "dtr03",
                            "tenancy": "default",
                            "user_data": "116a731df15fa16a67a18c9f7de12d2f12bcd36c",
                            "volume_tags.%": "0",
                            "vpc_security_group_ids.#": "1",
                            "vpc_security_group_ids.2218987175": "sg-0b47a772174aba0af"
                        },
                        "meta": {
                            "e2bfb730-ecaa-11e6-8f88-34363bc7c4c0": {
                                "create": 600000000000,
                                "delete": 1200000000000,
                                "update": 600000000000
                            },
                            "schema_version": "1"
                        },
                        "tainted": false
                    },
                    "deposed": [],
                    "provider": "provider.aws"
                },
                "data.aws_ami.rhe7_5": {
                    "type": "aws_ami",
                    "depends_on": [],
                    "primary": {
                        "id": "ami-0e258161",
                        "attributes": {
                            "architecture": "x86_64",
                            "block_device_mappings.#": "1",
                            "block_device_mappings.309099847.device_name": "/dev/sda1",
                            "block_device_mappings.309099847.ebs.%": "6",
                            "block_device_mappings.309099847.ebs.delete_on_termination": "true",
                            "block_device_mappings.309099847.ebs.encrypted": "false",
                            "block_device_mappings.309099847.ebs.iops": "0",
                            "block_device_mappings.309099847.ebs.snapshot_id": "snap-0ee6629e3f7784ca8",
                            "block_device_mappings.309099847.ebs.volume_size": "10",
                            "block_device_mappings.309099847.ebs.volume_type": "gp2",
                            "block_device_mappings.309099847.no_device": "",
                            "block_device_mappings.309099847.virtual_name": "",
                            "creation_date": "2017-06-14T21:07:02.000Z",
                            "description": "Provided by Red Hat, Inc.",
                            "filter.#": "3",
                            "filter.1281954306.name": "root-device-type",
                            "filter.1281954306.values.#": "1",
                            "filter.1281954306.values.0": "ebs",
                            "filter.3386043752.name": "architecture",
                            "filter.3386043752.values.#": "1",
                            "filter.3386043752.values.0": "x86_64",
                            "filter.3878650734.name": "name",
                            "filter.3878650734.values.#": "1",
                            "filter.3878650734.values.0": "RHEL-7.3_HVM-*",
                            "hypervisor": "xen",
                            "id": "ami-0e258161",
                            "image_id": "ami-0e258161",
                            "image_location": "309956199498/RHEL-7.3_HVM-20170613-x86_64-4-Hourly2-GP2",
                            "image_type": "machine",
                            "most_recent": "true",
                            "name": "RHEL-7.3_HVM-20170613-x86_64-4-Hourly2-GP2",
                            "owner_id": "309956199498",
                            "owners.#": "1",
                            "owners.0": "309956199498",
                            "product_codes.#": "0",
                            "public": "true",
                            "root_device_name": "/dev/sda1",
                            "root_device_type": "ebs",
                            "root_snapshot_id": "snap-0ee6629e3f7784ca8",
                            "sriov_net_support": "simple",
                            "state": "available",
                            "state_reason.%": "2",
                            "state_reason.code": "UNSET",
                            "state_reason.message": "UNSET",
                            "tags.%": "0",
                            "virtualization_type": "hvm"
                        },
                        "meta": {},
                        "tainted": false
                    },
                    "deposed": [],
                    "provider": "provider.aws"
                }
            },
            "depends_on": []
        },
        {
            "path": [
                "root",
                "elb_ucp"
            ],
            "outputs": {
                "alb_ucp-dns_name": {
                    "sensitive": false,
                    "type": "string",
                    "value": "internal-elbucp-1976707446.eu-central-1.elb.amazonaws.com"
                },
                "elb_ucp": {
                    "sensitive": false,
                    "type": "string",
                    "value": "arn:aws:elasticloadbalancing:eu-central-1:364050630688:loadbalancer/app/elbucp/1e9a902cb8cb6f13"
                },
                "elb_ucp-zone_id": {
                    "sensitive": false,
                    "type": "string",
                    "value": "Z215JYRZR1TBD5"
                }
            },
            "resources": {
                "aws_alb.elb_ucp": {
                    "type": "aws_alb",
                    "depends_on": [],
                    "primary": {
                        "id": "arn:aws:elasticloadbalancing:eu-central-1:364050630688:loadbalancer/app/elbucp/1e9a902cb8cb6f13",
                        "attributes": {
                            "access_logs.#": "0",
                            "arn": "arn:aws:elasticloadbalancing:eu-central-1:364050630688:loadbalancer/app/elbucp/1e9a902cb8cb6f13",
                            "arn_suffix": "app/elbucp/1e9a902cb8cb6f13",
                            "dns_name": "internal-elbucp-1976707446.eu-central-1.elb.amazonaws.com",
                            "enable_deletion_protection": "false",
                            "enable_http2": "true",
                            "id": "arn:aws:elasticloadbalancing:eu-central-1:364050630688:loadbalancer/app/elbucp/1e9a902cb8cb6f13",
                            "idle_timeout": "60",
                            "internal": "true",
                            "ip_address_type": "ipv4",
                            "load_balancer_type": "application",
                            "name": "elbucp",
                            "security_groups.#": "1",
                            "security_groups.1569386905": "sg-095c251d538d47647",
                            "subnet_mapping.#": "0",
                            "subnets.#": "3",
                            "subnets.2688226889": "subnet-04b9cc93e653bc51d",
                            "subnets.2852538708": "subnet-0ea0ea5bea7cfb2a3",
                            "subnets.665671170": "subnet-0784b7f6afd1cf36c",
                            "tags.%": "0",
                            "vpc_id": "vpc-09866d60923cd66be",
                            "zone_id": "Z215JYRZR1TBD5"
                        },
                        "meta": {
                            "e2bfb730-ecaa-11e6-8f88-34363bc7c4c0": {
                                "create": 600000000000,
                                "delete": 600000000000,
                                "update": 600000000000
                            }
                        },
                        "tainted": false
                    },
                    "deposed": [],
                    "provider": "provider.aws"
                },
                "aws_alb_listener.alb_front_https": {
                    "type": "aws_alb_listener",
                    "depends_on": [
                        "aws_alb.elb_ucp",
                        "aws_alb_target_group.alb_ucp_master"
                    ],
                    "primary": {
                        "id": "arn:aws:elasticloadbalancing:eu-central-1:364050630688:listener/app/elbucp/1e9a902cb8cb6f13/993ea8ec5b413ce2",
                        "attributes": {
                            "arn": "arn:aws:elasticloadbalancing:eu-central-1:364050630688:listener/app/elbucp/1e9a902cb8cb6f13/993ea8ec5b413ce2",
                            "default_action.#": "1",
                            "default_action.0.authenticate_cognito.#": "0",
                            "default_action.0.authenticate_oidc.#": "0",
                            "default_action.0.fixed_response.#": "0",
                            "default_action.0.order": "1",
                            "default_action.0.redirect.#": "0",
                            "default_action.0.target_group_arn": "arn:aws:elasticloadbalancing:eu-central-1:364050630688:targetgroup/albucpmaster/ca6470addf39607d",
                            "default_action.0.type": "forward",
                            "id": "arn:aws:elasticloadbalancing:eu-central-1:364050630688:listener/app/elbucp/1e9a902cb8cb6f13/993ea8ec5b413ce2",
                            "load_balancer_arn": "arn:aws:elasticloadbalancing:eu-central-1:364050630688:loadbalancer/app/elbucp/1e9a902cb8cb6f13",
                            "port": "80",
                            "protocol": "HTTP",
                            "ssl_policy": ""
                        },
                        "meta": {
                            "e2bfb730-ecaa-11e6-8f88-34363bc7c4c0": {
                                "read": 600000000000
                            }
                        },
                        "tainted": false
                    },
                    "deposed": [],
                    "provider": "provider.aws"
                },
                "aws_alb_target_group.alb_ucp_master": {
                    "type": "aws_alb_target_group",
                    "depends_on": [],
                    "primary": {
                        "id": "arn:aws:elasticloadbalancing:eu-central-1:364050630688:targetgroup/albucpmaster/ca6470addf39607d",
                        "attributes": {
                            "arn": "arn:aws:elasticloadbalancing:eu-central-1:364050630688:targetgroup/albucpmaster/ca6470addf39607d",
                            "arn_suffix": "targetgroup/albucpmaster/ca6470addf39607d",
                            "deregistration_delay": "300",
                            "health_check.#": "1",
                            "health_check.0.healthy_threshold": "2",
                            "health_check.0.interval": "5",
                            "health_check.0.matcher": "200-308",
                            "health_check.0.path": "/",
                            "health_check.0.port": "443",
                            "health_check.0.protocol": "HTTPS",
                            "health_check.0.timeout": "4",
                            "health_check.0.unhealthy_threshold": "2",
                            "id": "arn:aws:elasticloadbalancing:eu-central-1:364050630688:targetgroup/albucpmaster/ca6470addf39607d",
                            "name": "albucpmaster",
                            "port": "443",
                            "protocol": "HTTPS",
                            "proxy_protocol_v2": "false",
                            "slow_start": "0",
                            "stickiness.#": "1",
                            "stickiness.0.cookie_duration": "86400",
                            "stickiness.0.enabled": "false",
                            "stickiness.0.type": "lb_cookie",
                            "tags.%": "0",
                            "target_type": "ip",
                            "vpc_id": "vpc-09866d60923cd66be"
                        },
                        "meta": {},
                        "tainted": false
                    },
                    "deposed": [],
                    "provider": "provider.aws"
                },
                "aws_alb_target_group_attachment.alb_backend-01_http": {
                    "type": "aws_alb_target_group_attachment",
                    "depends_on": [],
                    "primary": {
                        "id": "arn:aws:elasticloadbalancing:eu-central-1:364050630688:targetgroup/albucpmaster/ca6470addf39607d-20190118171242823800000001",
                        "attributes": {
                            "id": "arn:aws:elasticloadbalancing:eu-central-1:364050630688:targetgroup/albucpmaster/ca6470addf39607d-20190118171242823800000001",
                            "port": "443",
                            "target_group_arn": "arn:aws:elasticloadbalancing:eu-central-1:364050630688:targetgroup/albucpmaster/ca6470addf39607d",
                            "target_id": "10.233.104.39"
                        },
                        "meta": {},
                        "tainted": false
                    },
                    "deposed": [],
                    "provider": "provider.aws"
                },
                "aws_alb_target_group_attachment.alb_backend-02_http": {
                    "type": "aws_alb_target_group_attachment",
                    "depends_on": [
                        "aws_alb_target_group.alb_ucp_master"
                    ],
                    "primary": {
                        "id": "arn:aws:elasticloadbalancing:eu-central-1:364050630688:targetgroup/albucpmaster/ca6470addf39607d-20190118171253465400000002",
                        "attributes": {
                            "id": "arn:aws:elasticloadbalancing:eu-central-1:364050630688:targetgroup/albucpmaster/ca6470addf39607d-20190118171253465400000002",
                            "port": "443",
                            "target_group_arn": "arn:aws:elasticloadbalancing:eu-central-1:364050630688:targetgroup/albucpmaster/ca6470addf39607d",
                            "target_id": "10.233.104.54"
                        },
                        "meta": {},
                        "tainted": false
                    },
                    "deposed": [],
                    "provider": "provider.aws"
                },
                "aws_alb_target_group_attachment.alb_backend-03_http": {
                    "type": "aws_alb_target_group_attachment",
                    "depends_on": [
                        "aws_alb_target_group.alb_ucp_master"
                    ],
                    "primary": {
                        "id": "arn:aws:elasticloadbalancing:eu-central-1:364050630688:targetgroup/albucpmaster/ca6470addf39607d-20190118165220521300000002",
                        "attributes": {
                            "id": "arn:aws:elasticloadbalancing:eu-central-1:364050630688:targetgroup/albucpmaster/ca6470addf39607d-20190118165220521300000002",
                            "port": "443",
                            "target_group_arn": "arn:aws:elasticloadbalancing:eu-central-1:364050630688:targetgroup/albucpmaster/ca6470addf39607d",
                            "target_id": "10.233.104.70"
                        },
                        "meta": {},
                        "tainted": false
                    },
                    "deposed": [],
                    "provider": "provider.aws"
                }
            },
            "depends_on": []
        },
        {
            "path": [
                "root",
                "master01"
            ],
            "outputs": {
                "id": {
                    "sensitive": false,
                    "type": "string",
                    "value": "$aws.instance_compute.id"
                }
            },
            "resources": {
                "aws_instance.compute": {
                    "type": "aws_instance",
                    "depends_on": [
                        "data.aws_ami.rhe7_5"
                    ],
                    "primary": {
                        "id": "i-03b2486530e21300c",
                        "attributes": {
                            "ami": "ami-0e258161",
                            "arn": "arn:aws:ec2:eu-central-1:364050630688:instance/i-03b2486530e21300c",
                            "associate_public_ip_address": "false",
                            "availability_zone": "eu-central-1a",
                            "cpu_core_count": "2",
                            "cpu_threads_per_core": "1",
                            "credit_specification.#": "1",
                            "credit_specification.0.cpu_credits": "standard",
                            "disable_api_termination": "false",
                            "ebs_block_device.#": "1",
                            "ebs_block_device.2671853018.delete_on_termination": "true",
                            "ebs_block_device.2671853018.device_name": "/dev/sdg",
                            "ebs_block_device.2671853018.encrypted": "false",
                            "ebs_block_device.2671853018.iops": "600",
                            "ebs_block_device.2671853018.snapshot_id": "",
                            "ebs_block_device.2671853018.volume_id": "vol-06402daf9b6998360",
                            "ebs_block_device.2671853018.volume_size": "200",
                            "ebs_block_device.2671853018.volume_type": "gp2",
                            "ebs_optimized": "false",
                            "ephemeral_block_device.#": "0",
                            "get_password_data": "false",
                            "iam_instance_profile": "",
                            "id": "i-03b2486530e21300c",
                            "instance_state": "running",
                            "instance_type": "t2.large",
                            "ipv6_addresses.#": "0",
                            "key_name": "VDF-DE-TEST",
                            "monitoring": "false",
                            "network_interface.#": "0",
                            "network_interface_id": "eni-076ee3c294e71cbb9",
                            "password_data": "",
                            "placement_group": "",
                            "primary_network_interface_id": "eni-076ee3c294e71cbb9",
                            "private_dns": "ip-10-233-104-39.eu-central-1.compute.internal",
                            "private_ip": "10.233.104.39",
                            "public_dns": "",
                            "public_ip": "",
                            "root_block_device.#": "1",
                            "root_block_device.0.delete_on_termination": "true",
                            "root_block_device.0.iops": "105",
                            "root_block_device.0.volume_id": "vol-0789f077e3a83059b",
                            "root_block_device.0.volume_size": "35",
                            "root_block_device.0.volume_type": "gp2",
                            "security_groups.#": "0",
                            "source_dest_check": "true",
                            "subnet_id": "subnet-0ea0ea5bea7cfb2a3",
                            "tags.%": "2",
                            "tags.Env": "dmz",
                            "tags.Name": "master01",
                            "tenancy": "default",
                            "user_data": "4065b84a098f8f1c2763b8605de5909e6c796443",
                            "volume_tags.%": "0",
                            "vpc_security_group_ids.#": "1",
                            "vpc_security_group_ids.2218987175": "sg-0b47a772174aba0af"
                        },
                        "meta": {
                            "e2bfb730-ecaa-11e6-8f88-34363bc7c4c0": {
                                "create": 600000000000,
                                "delete": 1200000000000,
                                "update": 600000000000
                            },
                            "schema_version": "1"
                        },
                        "tainted": false
                    },
                    "deposed": [],
                    "provider": "provider.aws"
                },
                "data.aws_ami.rhe7_5": {
                    "type": "aws_ami",
                    "depends_on": [],
                    "primary": {
                        "id": "ami-0e258161",
                        "attributes": {
                            "architecture": "x86_64",
                            "block_device_mappings.#": "1",
                            "block_device_mappings.309099847.device_name": "/dev/sda1",
                            "block_device_mappings.309099847.ebs.%": "6",
                            "block_device_mappings.309099847.ebs.delete_on_termination": "true",
                            "block_device_mappings.309099847.ebs.encrypted": "false",
                            "block_device_mappings.309099847.ebs.iops": "0",
                            "block_device_mappings.309099847.ebs.snapshot_id": "snap-0ee6629e3f7784ca8",
                            "block_device_mappings.309099847.ebs.volume_size": "10",
                            "block_device_mappings.309099847.ebs.volume_type": "gp2",
                            "block_device_mappings.309099847.no_device": "",
                            "block_device_mappings.309099847.virtual_name": "",
                            "creation_date": "2017-06-14T21:07:02.000Z",
                            "description": "Provided by Red Hat, Inc.",
                            "filter.#": "3",
                            "filter.1281954306.name": "root-device-type",
                            "filter.1281954306.values.#": "1",
                            "filter.1281954306.values.0": "ebs",
                            "filter.3386043752.name": "architecture",
                            "filter.3386043752.values.#": "1",
                            "filter.3386043752.values.0": "x86_64",
                            "filter.3878650734.name": "name",
                            "filter.3878650734.values.#": "1",
                            "filter.3878650734.values.0": "RHEL-7.3_HVM-*",
                            "hypervisor": "xen",
                            "id": "ami-0e258161",
                            "image_id": "ami-0e258161",
                            "image_location": "309956199498/RHEL-7.3_HVM-20170613-x86_64-4-Hourly2-GP2",
                            "image_type": "machine",
                            "most_recent": "true",
                            "name": "RHEL-7.3_HVM-20170613-x86_64-4-Hourly2-GP2",
                            "owner_id": "309956199498",
                            "owners.#": "1",
                            "owners.0": "309956199498",
                            "product_codes.#": "0",
                            "public": "true",
                            "root_device_name": "/dev/sda1",
                            "root_device_type": "ebs",
                            "root_snapshot_id": "snap-0ee6629e3f7784ca8",
                            "sriov_net_support": "simple",
                            "state": "available",
                            "state_reason.%": "2",
                            "state_reason.code": "UNSET",
                            "state_reason.message": "UNSET",
                            "tags.%": "0",
                            "virtualization_type": "hvm"
                        },
                        "meta": {},
                        "tainted": false
                    },
                    "deposed": [],
                    "provider": "provider.aws"
                }
            },
            "depends_on": []
        },
        {
            "path": [
                "root",
                "master02"
            ],
            "outputs": {
                "id": {
                    "sensitive": false,
                    "type": "string",
                    "value": "$aws.instance_compute.id"
                }
            },
            "resources": {
                "aws_instance.compute": {
                    "type": "aws_instance",
                    "depends_on": [
                        "data.aws_ami.rhe7_5"
                    ],
                    "primary": {
                        "id": "i-0627ab08aa58095db",
                        "attributes": {
                            "ami": "ami-0e258161",
                            "arn": "arn:aws:ec2:eu-central-1:364050630688:instance/i-0627ab08aa58095db",
                            "associate_public_ip_address": "false",
                            "availability_zone": "eu-central-1b",
                            "cpu_core_count": "2",
                            "cpu_threads_per_core": "1",
                            "credit_specification.#": "1",
                            "credit_specification.0.cpu_credits": "standard",
                            "disable_api_termination": "false",
                            "ebs_block_device.#": "1",
                            "ebs_block_device.2671853018.delete_on_termination": "true",
                            "ebs_block_device.2671853018.device_name": "/dev/sdg",
                            "ebs_block_device.2671853018.encrypted": "false",
                            "ebs_block_device.2671853018.iops": "600",
                            "ebs_block_device.2671853018.snapshot_id": "",
                            "ebs_block_device.2671853018.volume_id": "vol-001e4ea9642b4cf59",
                            "ebs_block_device.2671853018.volume_size": "200",
                            "ebs_block_device.2671853018.volume_type": "gp2",
                            "ebs_optimized": "false",
                            "ephemeral_block_device.#": "0",
                            "get_password_data": "false",
                            "iam_instance_profile": "",
                            "id": "i-0627ab08aa58095db",
                            "instance_state": "running",
                            "instance_type": "t2.large",
                            "ipv6_addresses.#": "0",
                            "key_name": "VDF-DE-TEST",
                            "monitoring": "false",
                            "network_interface.#": "0",
                            "network_interface_id": "eni-08598a41b7fb2097d",
                            "password_data": "",
                            "placement_group": "",
                            "primary_network_interface_id": "eni-08598a41b7fb2097d",
                            "private_dns": "ip-10-233-104-54.eu-central-1.compute.internal",
                            "private_ip": "10.233.104.54",
                            "public_dns": "",
                            "public_ip": "",
                            "root_block_device.#": "1",
                            "root_block_device.0.delete_on_termination": "true",
                            "root_block_device.0.iops": "105",
                            "root_block_device.0.volume_id": "vol-076ba57e473f9133b",
                            "root_block_device.0.volume_size": "35",
                            "root_block_device.0.volume_type": "gp2",
                            "security_groups.#": "0",
                            "source_dest_check": "true",
                            "subnet_id": "subnet-0784b7f6afd1cf36c",
                            "tags.%": "2",
                            "tags.Env": "tool",
                            "tags.Name": "master02",
                            "tenancy": "default",
                            "user_data": "116a731df15fa16a67a18c9f7de12d2f12bcd36c",
                            "volume_tags.%": "0",
                            "vpc_security_group_ids.#": "1",
                            "vpc_security_group_ids.2218987175": "sg-0b47a772174aba0af"
                        },
                        "meta": {
                            "e2bfb730-ecaa-11e6-8f88-34363bc7c4c0": {
                                "create": 600000000000,
                                "delete": 1200000000000,
                                "update": 600000000000
                            },
                            "schema_version": "1"
                        },
                        "tainted": false
                    },
                    "deposed": [],
                    "provider": "provider.aws"
                },
                "data.aws_ami.rhe7_5": {
                    "type": "aws_ami",
                    "depends_on": [],
                    "primary": {
                        "id": "ami-0e258161",
                        "attributes": {
                            "architecture": "x86_64",
                            "block_device_mappings.#": "1",
                            "block_device_mappings.309099847.device_name": "/dev/sda1",
                            "block_device_mappings.309099847.ebs.%": "6",
                            "block_device_mappings.309099847.ebs.delete_on_termination": "true",
                            "block_device_mappings.309099847.ebs.encrypted": "false",
                            "block_device_mappings.309099847.ebs.iops": "0",
                            "block_device_mappings.309099847.ebs.snapshot_id": "snap-0ee6629e3f7784ca8",
                            "block_device_mappings.309099847.ebs.volume_size": "10",
                            "block_device_mappings.309099847.ebs.volume_type": "gp2",
                            "block_device_mappings.309099847.no_device": "",
                            "block_device_mappings.309099847.virtual_name": "",
                            "creation_date": "2017-06-14T21:07:02.000Z",
                            "description": "Provided by Red Hat, Inc.",
                            "filter.#": "3",
                            "filter.1281954306.name": "root-device-type",
                            "filter.1281954306.values.#": "1",
                            "filter.1281954306.values.0": "ebs",
                            "filter.3386043752.name": "architecture",
                            "filter.3386043752.values.#": "1",
                            "filter.3386043752.values.0": "x86_64",
                            "filter.3878650734.name": "name",
                            "filter.3878650734.values.#": "1",
                            "filter.3878650734.values.0": "RHEL-7.3_HVM-*",
                            "hypervisor": "xen",
                            "id": "ami-0e258161",
                            "image_id": "ami-0e258161",
                            "image_location": "309956199498/RHEL-7.3_HVM-20170613-x86_64-4-Hourly2-GP2",
                            "image_type": "machine",
                            "most_recent": "true",
                            "name": "RHEL-7.3_HVM-20170613-x86_64-4-Hourly2-GP2",
                            "owner_id": "309956199498",
                            "owners.#": "1",
                            "owners.0": "309956199498",
                            "product_codes.#": "0",
                            "public": "true",
                            "root_device_name": "/dev/sda1",
                            "root_device_type": "ebs",
                            "root_snapshot_id": "snap-0ee6629e3f7784ca8",
                            "sriov_net_support": "simple",
                            "state": "available",
                            "state_reason.%": "2",
                            "state_reason.code": "UNSET",
                            "state_reason.message": "UNSET",
                            "tags.%": "0",
                            "virtualization_type": "hvm"
                        },
                        "meta": {},
                        "tainted": false
                    },
                    "deposed": [],
                    "provider": "provider.aws"
                }
            },
            "depends_on": []
        },
        {
            "path": [
                "root",
                "master03"
            ],
            "outputs": {
                "id": {
                    "sensitive": false,
                    "type": "string",
                    "value": "$aws.instance_compute.id"
                }
            },
            "resources": {
                "aws_instance.compute": {
                    "type": "aws_instance",
                    "depends_on": [
                        "data.aws_ami.rhe7_5"
                    ],
                    "primary": {
                        "id": "i-09dcc14ed0a6dfc19",
                        "attributes": {
                            "ami": "ami-0e258161",
                            "arn": "arn:aws:ec2:eu-central-1:364050630688:instance/i-09dcc14ed0a6dfc19",
                            "associate_public_ip_address": "false",
                            "availability_zone": "eu-central-1c",
                            "cpu_core_count": "2",
                            "cpu_threads_per_core": "1",
                            "credit_specification.#": "1",
                            "credit_specification.0.cpu_credits": "standard",
                            "disable_api_termination": "false",
                            "ebs_block_device.#": "1",
                            "ebs_block_device.2671853018.delete_on_termination": "true",
                            "ebs_block_device.2671853018.device_name": "/dev/sdg",
                            "ebs_block_device.2671853018.encrypted": "false",
                            "ebs_block_device.2671853018.iops": "600",
                            "ebs_block_device.2671853018.snapshot_id": "",
                            "ebs_block_device.2671853018.volume_id": "vol-08e2f54f0622b1921",
                            "ebs_block_device.2671853018.volume_size": "200",
                            "ebs_block_device.2671853018.volume_type": "gp2",
                            "ebs_optimized": "false",
                            "ephemeral_block_device.#": "0",
                            "get_password_data": "false",
                            "iam_instance_profile": "",
                            "id": "i-09dcc14ed0a6dfc19",
                            "instance_state": "running",
                            "instance_type": "t2.large",
                            "ipv6_addresses.#": "0",
                            "key_name": "VDF-DE-TEST",
                            "monitoring": "false",
                            "network_interface.#": "0",
                            "network_interface_id": "eni-0b89ac4c75c5a7881",
                            "password_data": "",
                            "placement_group": "",
                            "primary_network_interface_id": "eni-0b89ac4c75c5a7881",
                            "private_dns": "ip-10-233-104-70.eu-central-1.compute.internal",
                            "private_ip": "10.233.104.70",
                            "public_dns": "",
                            "public_ip": "",
                            "root_block_device.#": "1",
                            "root_block_device.0.delete_on_termination": "true",
                            "root_block_device.0.iops": "105",
                            "root_block_device.0.volume_id": "vol-08efe7528ae5e2aea",
                            "root_block_device.0.volume_size": "35",
                            "root_block_device.0.volume_type": "gp2",
                            "security_groups.#": "0",
                            "source_dest_check": "true",
                            "subnet_id": "subnet-04b9cc93e653bc51d",
                            "tags.%": "2",
                            "tags.Env": "tool",
                            "tags.Name": "master03",
                            "tenancy": "default",
                            "user_data": "116a731df15fa16a67a18c9f7de12d2f12bcd36c",
                            "volume_tags.%": "0",
                            "vpc_security_group_ids.#": "1",
                            "vpc_security_group_ids.2218987175": "sg-0b47a772174aba0af"
                        },
                        "meta": {
                            "e2bfb730-ecaa-11e6-8f88-34363bc7c4c0": {
                                "create": 600000000000,
                                "delete": 1200000000000,
                                "update": 600000000000
                            },
                            "schema_version": "1"
                        },
                        "tainted": false
                    },
                    "deposed": [],
                    "provider": "provider.aws"
                },
                "data.aws_ami.rhe7_5": {
                    "type": "aws_ami",
                    "depends_on": [],
                    "primary": {
                        "id": "ami-0e258161",
                        "attributes": {
                            "architecture": "x86_64",
                            "block_device_mappings.#": "1",
                            "block_device_mappings.309099847.device_name": "/dev/sda1",
                            "block_device_mappings.309099847.ebs.%": "6",
                            "block_device_mappings.309099847.ebs.delete_on_termination": "true",
                            "block_device_mappings.309099847.ebs.encrypted": "false",
                            "block_device_mappings.309099847.ebs.iops": "0",
                            "block_device_mappings.309099847.ebs.snapshot_id": "snap-0ee6629e3f7784ca8",
                            "block_device_mappings.309099847.ebs.volume_size": "10",
                            "block_device_mappings.309099847.ebs.volume_type": "gp2",
                            "block_device_mappings.309099847.no_device": "",
                            "block_device_mappings.309099847.virtual_name": "",
                            "creation_date": "2017-06-14T21:07:02.000Z",
                            "description": "Provided by Red Hat, Inc.",
                            "filter.#": "3",
                            "filter.1281954306.name": "root-device-type",
                            "filter.1281954306.values.#": "1",
                            "filter.1281954306.values.0": "ebs",
                            "filter.3386043752.name": "architecture",
                            "filter.3386043752.values.#": "1",
                            "filter.3386043752.values.0": "x86_64",
                            "filter.3878650734.name": "name",
                            "filter.3878650734.values.#": "1",
                            "filter.3878650734.values.0": "RHEL-7.3_HVM-*",
                            "hypervisor": "xen",
                            "id": "ami-0e258161",
                            "image_id": "ami-0e258161",
                            "image_location": "309956199498/RHEL-7.3_HVM-20170613-x86_64-4-Hourly2-GP2",
                            "image_type": "machine",
                            "most_recent": "true",
                            "name": "RHEL-7.3_HVM-20170613-x86_64-4-Hourly2-GP2",
                            "owner_id": "309956199498",
                            "owners.#": "1",
                            "owners.0": "309956199498",
                            "product_codes.#": "0",
                            "public": "true",
                            "root_device_name": "/dev/sda1",
                            "root_device_type": "ebs",
                            "root_snapshot_id": "snap-0ee6629e3f7784ca8",
                            "sriov_net_support": "simple",
                            "state": "available",
                            "state_reason.%": "2",
                            "state_reason.code": "UNSET",
                            "state_reason.message": "UNSET",
                            "tags.%": "0",
                            "virtualization_type": "hvm"
                        },
                        "meta": {},
                        "tainted": false
                    },
                    "deposed": [],
                    "provider": "provider.aws"
                }
            },
            "depends_on": []
        },
        {
            "path": [
                "root",
                "peer-vpc-app"
            ],
            "outputs": {
                "vpc_peer": {
                    "sensitive": false,
                    "type": "string",
                    "value": "pcx-0a05f34f7ccdbc05c"
                }
            },
            "resources": {
                "aws_vpc_peering_connection.peer": {
                    "type": "aws_vpc_peering_connection",
                    "depends_on": [],
                    "primary": {
                        "id": "pcx-0a05f34f7ccdbc05c",
                        "attributes": {
                            "accept_status": "active",
                            "accepter.#": "1",
                            "accepter.3244290774.allow_classic_link_to_remote_vpc": "false",
                            "accepter.3244290774.allow_remote_vpc_dns_resolution": "false",
                            "accepter.3244290774.allow_vpc_to_remote_classic_link": "false",
                            "auto_accept": "true",
                            "id": "pcx-0a05f34f7ccdbc05c",
                            "peer_owner_id": "364050630688",
                            "peer_region": "eu-central-1",
                            "peer_vpc_id": "vpc-026e34ccdaf816095",
                            "requester.#": "1",
                            "requester.1102046665.allow_classic_link_to_remote_vpc": "false",
                            "requester.1102046665.allow_remote_vpc_dns_resolution": "true",
                            "requester.1102046665.allow_vpc_to_remote_classic_link": "false",
                            "tags.%": "1",
                            "tags.SideR": "Requester",
                            "vpc_id": "vpc-09866d60923cd66be"
                        },
                        "meta": {
                            "e2bfb730-ecaa-11e6-8f88-34363bc7c4c0": {
                                "create": 60000000000,
                                "delete": 60000000000,
                                "update": 60000000000
                            }
                        },
                        "tainted": false
                    },
                    "deposed": [],
                    "provider": "provider.aws"
                },
                "aws_vpc_peering_connection_accepter.peer": {
                    "type": "aws_vpc_peering_connection_accepter",
                    "depends_on": [
                        "aws_vpc_peering_connection.peer"
                    ],
                    "primary": {
                        "id": "pcx-0a05f34f7ccdbc05c",
                        "attributes": {
                            "accept_status": "active",
                            "accepter.#": "1",
                            "accepter.3244290774.allow_classic_link_to_remote_vpc": "false",
                            "accepter.3244290774.allow_remote_vpc_dns_resolution": "false",
                            "accepter.3244290774.allow_vpc_to_remote_classic_link": "false",
                            "auto_accept": "true",
                            "id": "pcx-0a05f34f7ccdbc05c",
                            "peer_owner_id": "364050630688",
                            "peer_region": "eu-central-1",
                            "peer_vpc_id": "vpc-026e34ccdaf816095",
                            "requester.#": "1",
                            "requester.1102046665.allow_classic_link_to_remote_vpc": "false",
                            "requester.1102046665.allow_remote_vpc_dns_resolution": "true",
                            "requester.1102046665.allow_vpc_to_remote_classic_link": "false",
                            "tags.%": "2",
                            "tags.SideA": "Accepter",
                            "tags.SideR": "Requester",
                            "vpc_id": "vpc-09866d60923cd66be",
                            "vpc_peering_connection_id": "pcx-0a05f34f7ccdbc05c"
                        },
                        "meta": {},
                        "tainted": false
                    },
                    "deposed": [],
                    "provider": "provider.aws"
                },
                "aws_vpc_peering_connection_options.requester": {
                    "type": "aws_vpc_peering_connection_options",
                    "depends_on": [
                        "aws_vpc_peering_connection_accepter.peer"
                    ],
                    "primary": {
                        "id": "pcx-0a05f34f7ccdbc05c",
                        "attributes": {
                            "accepter.#": "1",
                            "accepter.3244290774.allow_classic_link_to_remote_vpc": "false",
                            "accepter.3244290774.allow_remote_vpc_dns_resolution": "false",
                            "accepter.3244290774.allow_vpc_to_remote_classic_link": "false",
                            "id": "pcx-0a05f34f7ccdbc05c",
                            "requester.#": "1",
                            "requester.1102046665.allow_classic_link_to_remote_vpc": "false",
                            "requester.1102046665.allow_remote_vpc_dns_resolution": "true",
                            "requester.1102046665.allow_vpc_to_remote_classic_link": "false",
                            "vpc_peering_connection_id": "pcx-0a05f34f7ccdbc05c"
                        },
                        "meta": {},
                        "tainted": false
                    },
                    "deposed": [],
                    "provider": "provider.aws"
                }
            },
            "depends_on": []
        },
        {
            "path": [
                "root",
                "peer-vpc-prod"
            ],
            "outputs": {
                "vpc_peer": {
                    "sensitive": false,
                    "type": "string",
                    "value": "pcx-01660c9c65b3f0ebf"
                }
            },
            "resources": {
                "aws_vpc_peering_connection.peer": {
                    "type": "aws_vpc_peering_connection",
                    "depends_on": [],
                    "primary": {
                        "id": "pcx-01660c9c65b3f0ebf",
                        "attributes": {
                            "accept_status": "active",
                            "accepter.#": "0",
                            "auto_accept": "false",
                            "id": "pcx-01660c9c65b3f0ebf",
                            "peer_owner_id": "161646829058",
                            "peer_region": "eu-central-1",
                            "peer_vpc_id": "vpc-030c989ddd2278061",
                            "requester.#": "1",
                            "requester.1102046665.allow_classic_link_to_remote_vpc": "false",
                            "requester.1102046665.allow_remote_vpc_dns_resolution": "true",
                            "requester.1102046665.allow_vpc_to_remote_classic_link": "false",
                            "tags.%": "1",
                            "tags.SideR": "Requester",
                            "vpc_id": "vpc-09866d60923cd66be"
                        },
                        "meta": {
                            "e2bfb730-ecaa-11e6-8f88-34363bc7c4c0": {
                                "create": 60000000000,
                                "delete": 60000000000,
                                "update": 60000000000
                            }
                        },
                        "tainted": false
                    },
                    "deposed": [],
                    "provider": "provider.aws"
                },
                "aws_vpc_peering_connection_accepter.peer": {
                    "type": "aws_vpc_peering_connection_accepter",
                    "depends_on": [
                        "aws_vpc_peering_connection.peer"
                    ],
                    "primary": {
                        "id": "pcx-01660c9c65b3f0ebf",
                        "attributes": {
                            "accept_status": "active",
                            "accepter.#": "1",
                            "accepter.1102046665.allow_classic_link_to_remote_vpc": "false",
                            "accepter.1102046665.allow_remote_vpc_dns_resolution": "true",
                            "accepter.1102046665.allow_vpc_to_remote_classic_link": "false",
                            "auto_accept": "true",
                            "id": "pcx-01660c9c65b3f0ebf",
                            "peer_owner_id": "364050630688",
                            "peer_region": "eu-central-1",
                            "peer_vpc_id": "vpc-09866d60923cd66be",
                            "requester.#": "0",
                            "tags.%": "1",
                            "tags.SideA": "Accepter",
                            "vpc_id": "vpc-030c989ddd2278061",
                            "vpc_peering_connection_id": "pcx-01660c9c65b3f0ebf"
                        },
                        "meta": {},
                        "tainted": false
                    },
                    "deposed": [],
                    "provider": "provider.aws.accepter"
                },
                "aws_vpc_peering_connection_options.accepter": {
                    "type": "aws_vpc_peering_connection_options",
                    "depends_on": [
                        "aws_vpc_peering_connection_accepter.peer"
                    ],
                    "primary": {
                        "id": "pcx-01660c9c65b3f0ebf",
                        "attributes": {
                            "accepter.#": "1",
                            "accepter.1102046665.allow_classic_link_to_remote_vpc": "false",
                            "accepter.1102046665.allow_remote_vpc_dns_resolution": "true",
                            "accepter.1102046665.allow_vpc_to_remote_classic_link": "false",
                            "id": "pcx-01660c9c65b3f0ebf",
                            "requester.#": "0",
                            "vpc_peering_connection_id": "pcx-01660c9c65b3f0ebf"
                        },
                        "meta": {},
                        "tainted": false
                    },
                    "deposed": [],
                    "provider": "provider.aws.accepter"
                },
                "aws_vpc_peering_connection_options.requester": {
                    "type": "aws_vpc_peering_connection_options",
                    "depends_on": [
                        "aws_vpc_peering_connection_accepter.peer"
                    ],
                    "primary": {
                        "id": "pcx-01660c9c65b3f0ebf",
                        "attributes": {
                            "accepter.#": "0",
                            "id": "pcx-01660c9c65b3f0ebf",
                            "requester.#": "1",
                            "requester.1102046665.allow_classic_link_to_remote_vpc": "false",
                            "requester.1102046665.allow_remote_vpc_dns_resolution": "true",
                            "requester.1102046665.allow_vpc_to_remote_classic_link": "false",
                            "vpc_peering_connection_id": "pcx-01660c9c65b3f0ebf"
                        },
                        "meta": {},
                        "tainted": false
                    },
                    "deposed": [],
                    "provider": "provider.aws"
                }
            },
            "depends_on": []
        },
        {
            "path": [
                "root",
                "prod-vpc"
            ],
            "outputs": {
                "prod_private_rt": {
                    "sensitive": false,
                    "type": "string",
                    "value": "rtb-0140e7833a4272d77"
                },
                "prod_public_rt": {
                    "sensitive": false,
                    "type": "string",
                    "value": "rtb-0395e2f1cdc60db4b"
                },
                "subnet_pub1_ids": {
                    "sensitive": false,
                    "type": "string",
                    "value": "subnet-03957cfe0e3d34ac2"
                },
                "subnet_pub2_ids": {
                    "sensitive": false,
                    "type": "string",
                    "value": "subnet-00063183a9606a863"
                },
                "vpc_prod_id": {
                    "sensitive": false,
                    "type": "string",
                    "value": "vpc-030c989ddd2278061"
                }
            },
            "resources": {
                "aws_default_route_table.prod_private_rt": {
                    "type": "aws_default_route_table",
                    "depends_on": [
                        "aws_nat_gateway.nat",
                        "aws_vpc.prod_vpc"
                    ],
                    "primary": {
                        "id": "rtb-0140e7833a4272d77",
                        "attributes": {
                            "default_route_table_id": "rtb-0140e7833a4272d77",
                            "id": "rtb-0140e7833a4272d77",
                            "owner_id": "161646829058",
                            "propagating_vgws.#": "0",
                            "route.#": "1",
                            "route.1425029079.cidr_block": "0.0.0.0/0",
                            "route.1425029079.egress_only_gateway_id": "",
                            "route.1425029079.gateway_id": "",
                            "route.1425029079.instance_id": "",
                            "route.1425029079.ipv6_cidr_block": "",
                            "route.1425029079.nat_gateway_id": "nat-06621efbe11fadb5f",
                            "route.1425029079.network_interface_id": "",
                            "route.1425029079.transit_gateway_id": "",
                            "route.1425029079.vpc_peering_connection_id": "",
                            "tags.%": "1",
                            "tags.Name": "prod_private",
                            "vpc_id": "vpc-030c989ddd2278061"
                        },
                        "meta": {},
                        "tainted": false
                    },
                    "deposed": [],
                    "provider": "provider.aws.accepter"
                },
                "aws_eip.prod_nat_eip": {
                    "type": "aws_eip",
                    "depends_on": [],
                    "primary": {
                        "id": "eipalloc-0ba34e8762c4cd48a",
                        "attributes": {
                            "association_id": "eipassoc-a5a27c7f",
                            "domain": "vpc",
                            "id": "eipalloc-0ba34e8762c4cd48a",
                            "instance": "",
                            "network_interface": "eni-094ce7bc7b33a8712",
                            "private_ip": "10.233.106.118",
                            "public_ip": "3.122.200.24",
                            "public_ipv4_pool": "amazon",
                            "tags.%": "0",
                            "vpc": "true"
                        },
                        "meta": {
                            "e2bfb730-ecaa-11e6-8f88-34363bc7c4c0": {
                                "delete": 180000000000,
                                "read": 900000000000,
                                "update": 300000000000
                            }
                        },
                        "tainted": false
                    },
                    "deposed": [],
                    "provider": "provider.aws.accepter"
                },
                "aws_internet_gateway.prod_internet_gateway": {
                    "type": "aws_internet_gateway",
                    "depends_on": [
                        "aws_vpc.prod_vpc"
                    ],
                    "primary": {
                        "id": "igw-0cf27925bcdc287c7",
                        "attributes": {
                            "id": "igw-0cf27925bcdc287c7",
                            "owner_id": "161646829058",
                            "tags.%": "1",
                            "tags.Name": "prod_igw",
                            "vpc_id": "vpc-030c989ddd2278061"
                        },
                        "meta": {},
                        "tainted": false
                    },
                    "deposed": [],
                    "provider": "provider.aws.accepter"
                },
                "aws_nat_gateway.nat": {
                    "type": "aws_nat_gateway",
                    "depends_on": [
                        "aws_eip.prod_nat_eip",
                        "aws_subnet.prod_public2_subnet"
                    ],
                    "primary": {
                        "id": "nat-06621efbe11fadb5f",
                        "attributes": {
                            "allocation_id": "eipalloc-0ba34e8762c4cd48a",
                            "id": "nat-06621efbe11fadb5f",
                            "network_interface_id": "eni-094ce7bc7b33a8712",
                            "private_ip": "10.233.106.118",
                            "public_ip": "3.122.200.24",
                            "subnet_id": "subnet-00063183a9606a863",
                            "tags.%": "0"
                        },
                        "meta": {},
                        "tainted": false
                    },
                    "deposed": [],
                    "provider": "provider.aws.accepter"
                },
                "aws_route_table.prod_public_rt": {
                    "type": "aws_route_table",
                    "depends_on": [
                        "aws_internet_gateway.prod_internet_gateway",
                        "aws_vpc.prod_vpc"
                    ],
                    "primary": {
                        "id": "rtb-0395e2f1cdc60db4b",
                        "attributes": {
                            "id": "rtb-0395e2f1cdc60db4b",
                            "owner_id": "161646829058",
                            "propagating_vgws.#": "0",
                            "route.#": "1",
                            "route.3737586270.cidr_block": "0.0.0.0/0",
                            "route.3737586270.egress_only_gateway_id": "",
                            "route.3737586270.gateway_id": "igw-0cf27925bcdc287c7",
                            "route.3737586270.instance_id": "",
                            "route.3737586270.ipv6_cidr_block": "",
                            "route.3737586270.nat_gateway_id": "",
                            "route.3737586270.network_interface_id": "",
                            "route.3737586270.transit_gateway_id": "",
                            "route.3737586270.vpc_peering_connection_id": "",
                            "tags.%": "1",
                            "tags.Name": "prod_public",
                            "vpc_id": "vpc-030c989ddd2278061"
                        },
                        "meta": {},
                        "tainted": false
                    },
                    "deposed": [],
                    "provider": "provider.aws.accepter"
                },
                "aws_route_table_association.private_assoc": {
                    "type": "aws_route_table_association",
                    "depends_on": [
                        "aws_default_route_table.prod_private_rt",
                        "aws_subnet.priv_worker1_subnet"
                    ],
                    "primary": {
                        "id": "rtbassoc-03b8bab3564ed0ce9",
                        "attributes": {
                            "id": "rtbassoc-03b8bab3564ed0ce9",
                            "route_table_id": "rtb-0140e7833a4272d77",
                            "subnet_id": "subnet-038c3f0f41f500d52"
                        },
                        "meta": {},
                        "tainted": false
                    },
                    "deposed": [],
                    "provider": "provider.aws.accepter"
                },
                "aws_route_table_association.public1_assoc": {
                    "type": "aws_route_table_association",
                    "depends_on": [
                        "aws_route_table.prod_public_rt",
                        "aws_subnet.prod_public1_subnet"
                    ],
                    "primary": {
                        "id": "rtbassoc-0a5201f0d1ab8417b",
                        "attributes": {
                            "id": "rtbassoc-0a5201f0d1ab8417b",
                            "route_table_id": "rtb-0395e2f1cdc60db4b",
                            "subnet_id": "subnet-03957cfe0e3d34ac2"
                        },
                        "meta": {},
                        "tainted": false
                    },
                    "deposed": [],
                    "provider": "provider.aws.accepter"
                },
                "aws_route_table_association.public2_assoc": {
                    "type": "aws_route_table_association",
                    "depends_on": [
                        "aws_route_table.prod_public_rt",
                        "aws_subnet.prod_public2_subnet"
                    ],
                    "primary": {
                        "id": "rtbassoc-061d898f946d7dae9",
                        "attributes": {
                            "id": "rtbassoc-061d898f946d7dae9",
                            "route_table_id": "rtb-0395e2f1cdc60db4b",
                            "subnet_id": "subnet-00063183a9606a863"
                        },
                        "meta": {},
                        "tainted": false
                    },
                    "deposed": [],
                    "provider": "provider.aws.accepter"
                },
                "aws_security_group.prod_cluster_sg": {
                    "type": "aws_security_group",
                    "depends_on": [
                        "aws_vpc.prod_vpc"
                    ],
                    "primary": {
                        "id": "sg-0f175f35658b01c58",
                        "attributes": {
                            "arn": "arn:aws:ec2:eu-central-1:161646829058:security-group/sg-0f175f35658b01c58",
                            "description": "utilizado para o cluster",
                            "egress.#": "1",
                            "egress.482069346.cidr_blocks.#": "1",
                            "egress.482069346.cidr_blocks.0": "0.0.0.0/0",
                            "egress.482069346.description": "",
                            "egress.482069346.from_port": "0",
                            "egress.482069346.ipv6_cidr_blocks.#": "0",
                            "egress.482069346.prefix_list_ids.#": "0",
                            "egress.482069346.protocol": "-1",
                            "egress.482069346.security_groups.#": "0",
                            "egress.482069346.self": "false",
                            "egress.482069346.to_port": "0",
                            "id": "sg-0f175f35658b01c58",
                            "ingress.#": "1",
                            "ingress.2829917957.cidr_blocks.#": "3",
                            "ingress.2829917957.cidr_blocks.0": "10.233.105.0/26",
                            "ingress.2829917957.cidr_blocks.1": "192.168.90.169/32",
                            "ingress.2829917957.cidr_blocks.2": "172.16.0.0/22",
                            "ingress.2829917957.description": "",
                            "ingress.2829917957.from_port": "0",
                            "ingress.2829917957.ipv6_cidr_blocks.#": "0",
                            "ingress.2829917957.prefix_list_ids.#": "0",
                            "ingress.2829917957.protocol": "-1",
                            "ingress.2829917957.security_groups.#": "0",
                            "ingress.2829917957.self": "false",
                            "ingress.2829917957.to_port": "0",
                            "name": "prod_cluster_sg",
                            "owner_id": "161646829058",
                            "revoke_rules_on_delete": "false",
                            "tags.%": "1",
                            "tags.Name": "Cluster SG T",
                            "vpc_id": "vpc-030c989ddd2278061"
                        },
                        "meta": {
                            "e2bfb730-ecaa-11e6-8f88-34363bc7c4c0": {
                                "create": 600000000000,
                                "delete": 600000000000
                            },
                            "schema_version": "1"
                        },
                        "tainted": false
                    },
                    "deposed": [],
                    "provider": "provider.aws.accepter"
                },
                "aws_security_group.prod_elb1_sg": {
                    "type": "aws_security_group",
                    "depends_on": [
                        "aws_vpc.prod_vpc"
                    ],
                    "primary": {
                        "id": "sg-0794d8aaf82f9c256",
                        "attributes": {
                            "arn": "arn:aws:ec2:eu-central-1:161646829058:security-group/sg-0794d8aaf82f9c256",
                            "description": "Used for public ELB1",
                            "egress.#": "1",
                            "egress.482069346.cidr_blocks.#": "1",
                            "egress.482069346.cidr_blocks.0": "0.0.0.0/0",
                            "egress.482069346.description": "",
                            "egress.482069346.from_port": "0",
                            "egress.482069346.ipv6_cidr_blocks.#": "0",
                            "egress.482069346.prefix_list_ids.#": "0",
                            "egress.482069346.protocol": "-1",
                            "egress.482069346.security_groups.#": "0",
                            "egress.482069346.self": "false",
                            "egress.482069346.to_port": "0",
                            "id": "sg-0794d8aaf82f9c256",
                            "ingress.#": "2",
                            "ingress.2214680975.cidr_blocks.#": "1",
                            "ingress.2214680975.cidr_blocks.0": "0.0.0.0/0",
                            "ingress.2214680975.description": "",
                            "ingress.2214680975.from_port": "80",
                            "ingress.2214680975.ipv6_cidr_blocks.#": "0",
                            "ingress.2214680975.prefix_list_ids.#": "0",
                            "ingress.2214680975.protocol": "tcp",
                            "ingress.2214680975.security_groups.#": "0",
                            "ingress.2214680975.self": "false",
                            "ingress.2214680975.to_port": "80",
                            "ingress.516175195.cidr_blocks.#": "1",
                            "ingress.516175195.cidr_blocks.0": "0.0.0.0/0",
                            "ingress.516175195.description": "",
                            "ingress.516175195.from_port": "8080",
                            "ingress.516175195.ipv6_cidr_blocks.#": "0",
                            "ingress.516175195.prefix_list_ids.#": "0",
                            "ingress.516175195.protocol": "tcp",
                            "ingress.516175195.security_groups.#": "0",
                            "ingress.516175195.self": "false",
                            "ingress.516175195.to_port": "8080",
                            "name": "prod_elb1_sg",
                            "owner_id": "161646829058",
                            "revoke_rules_on_delete": "false",
                            "tags.%": "1",
                            "tags.Name": "ELB1 SG T",
                            "vpc_id": "vpc-030c989ddd2278061"
                        },
                        "meta": {
                            "e2bfb730-ecaa-11e6-8f88-34363bc7c4c0": {
                                "create": 600000000000,
                                "delete": 600000000000
                            },
                            "schema_version": "1"
                        },
                        "tainted": false
                    },
                    "deposed": [],
                    "provider": "provider.aws.accepter"
                },
                "aws_subnet.priv_worker1_subnet": {
                    "type": "aws_subnet",
                    "depends_on": [
                        "aws_vpc.prod_vpc",
                        "data.aws_availability_zones.available"
                    ],
                    "primary": {
                        "id": "subnet-038c3f0f41f500d52",
                        "attributes": {
                            "arn": "arn:aws:ec2:eu-central-1:161646829058:subnet/subnet-038c3f0f41f500d52",
                            "assign_ipv6_address_on_creation": "false",
                            "availability_zone": "eu-central-1a",
                            "availability_zone_id": "euc1-az2",
                            "cidr_block": "10.233.106.64/28",
                            "id": "subnet-038c3f0f41f500d52",
                            "ipv6_cidr_block": "",
                            "ipv6_cidr_block_association_id": "",
                            "map_public_ip_on_launch": "false",
                            "owner_id": "161646829058",
                            "tags.%": "1",
                            "tags.Name": "priv_worker1",
                            "vpc_id": "vpc-030c989ddd2278061"
                        },
                        "meta": {
                            "e2bfb730-ecaa-11e6-8f88-34363bc7c4c0": {
                                "create": 600000000000,
                                "delete": 600000000000
                            },
                            "schema_version": "1"
                        },
                        "tainted": false
                    },
                    "deposed": [],
                    "provider": "provider.aws.accepter"
                },
                "aws_subnet.priv_worker2_subnet": {
                    "type": "aws_subnet",
                    "depends_on": [
                        "aws_vpc.prod_vpc",
                        "data.aws_availability_zones.available"
                    ],
                    "primary": {
                        "id": "subnet-01d8786007084974c",
                        "attributes": {
                            "arn": "arn:aws:ec2:eu-central-1:161646829058:subnet/subnet-01d8786007084974c",
                            "assign_ipv6_address_on_creation": "false",
                            "availability_zone": "eu-central-1b",
                            "availability_zone_id": "euc1-az3",
                            "cidr_block": "10.233.106.80/28",
                            "id": "subnet-01d8786007084974c",
                            "ipv6_cidr_block": "",
                            "ipv6_cidr_block_association_id": "",
                            "map_public_ip_on_launch": "false",
                            "owner_id": "161646829058",
                            "tags.%": "1",
                            "tags.Name": "priv_worker2",
                            "vpc_id": "vpc-030c989ddd2278061"
                        },
                        "meta": {
                            "e2bfb730-ecaa-11e6-8f88-34363bc7c4c0": {
                                "create": 600000000000,
                                "delete": 600000000000
                            },
                            "schema_version": "1"
                        },
                        "tainted": false
                    },
                    "deposed": [],
                    "provider": "provider.aws.accepter"
                },
                "aws_subnet.priv_worker3_subnet": {
                    "type": "aws_subnet",
                    "depends_on": [
                        "aws_vpc.prod_vpc",
                        "data.aws_availability_zones.available"
                    ],
                    "primary": {
                        "id": "subnet-0015bf87a33554218",
                        "attributes": {
                            "arn": "arn:aws:ec2:eu-central-1:161646829058:subnet/subnet-0015bf87a33554218",
                            "assign_ipv6_address_on_creation": "false",
                            "availability_zone": "eu-central-1c",
                            "availability_zone_id": "euc1-az1",
                            "cidr_block": "10.233.106.96/28",
                            "id": "subnet-0015bf87a33554218",
                            "ipv6_cidr_block": "",
                            "ipv6_cidr_block_association_id": "",
                            "map_public_ip_on_launch": "false",
                            "owner_id": "161646829058",
                            "tags.%": "1",
                            "tags.Name": "priv_worker3",
                            "vpc_id": "vpc-030c989ddd2278061"
                        },
                        "meta": {
                            "e2bfb730-ecaa-11e6-8f88-34363bc7c4c0": {
                                "create": 600000000000,
                                "delete": 600000000000
                            },
                            "schema_version": "1"
                        },
                        "tainted": false
                    },
                    "deposed": [],
                    "provider": "provider.aws.accepter"
                },
                "aws_subnet.prod_public1_subnet": {
                    "type": "aws_subnet",
                    "depends_on": [
                        "aws_vpc.prod_vpc",
                        "data.aws_availability_zones.available"
                    ],
                    "primary": {
                        "id": "subnet-03957cfe0e3d34ac2",
                        "attributes": {
                            "arn": "arn:aws:ec2:eu-central-1:161646829058:subnet/subnet-03957cfe0e3d34ac2",
                            "assign_ipv6_address_on_creation": "false",
                            "availability_zone": "eu-central-1a",
                            "availability_zone_id": "euc1-az2",
                            "cidr_block": "10.233.106.0/28",
                            "id": "subnet-03957cfe0e3d34ac2",
                            "ipv6_cidr_block": "",
                            "ipv6_cidr_block_association_id": "",
                            "map_public_ip_on_launch": "true",
                            "owner_id": "161646829058",
                            "tags.%": "1",
                            "tags.Name": "prod_public1",
                            "vpc_id": "vpc-030c989ddd2278061"
                        },
                        "meta": {
                            "e2bfb730-ecaa-11e6-8f88-34363bc7c4c0": {
                                "create": 600000000000,
                                "delete": 600000000000
                            },
                            "schema_version": "1"
                        },
                        "tainted": false
                    },
                    "deposed": [],
                    "provider": "provider.aws.accepter"
                },
                "aws_subnet.prod_public2_subnet": {
                    "type": "aws_subnet",
                    "depends_on": [
                        "aws_vpc.prod_vpc",
                        "data.aws_availability_zones.available"
                    ],
                    "primary": {
                        "id": "subnet-00063183a9606a863",
                        "attributes": {
                            "arn": "arn:aws:ec2:eu-central-1:161646829058:subnet/subnet-00063183a9606a863",
                            "assign_ipv6_address_on_creation": "false",
                            "availability_zone": "eu-central-1b",
                            "availability_zone_id": "euc1-az3",
                            "cidr_block": "10.233.106.112/28",
                            "id": "subnet-00063183a9606a863",
                            "ipv6_cidr_block": "",
                            "ipv6_cidr_block_association_id": "",
                            "map_public_ip_on_launch": "true",
                            "owner_id": "161646829058",
                            "tags.%": "1",
                            "tags.Name": "prod_public2",
                            "vpc_id": "vpc-030c989ddd2278061"
                        },
                        "meta": {
                            "e2bfb730-ecaa-11e6-8f88-34363bc7c4c0": {
                                "create": 600000000000,
                                "delete": 600000000000
                            },
                            "schema_version": "1"
                        },
                        "tainted": false
                    },
                    "deposed": [],
                    "provider": "provider.aws.accepter"
                },
                "aws_vpc.prod_vpc": {
                    "type": "aws_vpc",
                    "depends_on": [],
                    "primary": {
                        "id": "vpc-030c989ddd2278061",
                        "attributes": {
                            "arn": "arn:aws:ec2:eu-central-1:161646829058:vpc/vpc-030c989ddd2278061",
                            "assign_generated_ipv6_cidr_block": "false",
                            "cidr_block": "10.233.106.0/24",
                            "default_network_acl_id": "acl-0eb8c1995849ec2b7",
                            "default_route_table_id": "rtb-0140e7833a4272d77",
                            "default_security_group_id": "sg-04c24e54d26ceec25",
                            "dhcp_options_id": "dopt-7c1d5217",
                            "enable_dns_hostnames": "true",
                            "enable_dns_support": "true",
                            "id": "vpc-030c989ddd2278061",
                            "instance_tenancy": "default",
                            "ipv6_association_id": "",
                            "ipv6_cidr_block": "",
                            "main_route_table_id": "rtb-0140e7833a4272d77",
                            "owner_id": "161646829058",
                            "tags.%": "1",
                            "tags.Name": "prod_vpc"
                        },
                        "meta": {
                            "schema_version": "1"
                        },
                        "tainted": false
                    },
                    "deposed": [],
                    "provider": "provider.aws.accepter"
                },
                "data.aws_availability_zones.available": {
                    "type": "aws_availability_zones",
                    "depends_on": [],
                    "primary": {
                        "id": "2019-01-18 17:34:43.1777168 +0000 UTC",
                        "attributes": {
                            "id": "2019-01-18 17:34:43.1777168 +0000 UTC",
                            "names.#": "3",
                            "names.0": "eu-central-1a",
                            "names.1": "eu-central-1b",
                            "names.2": "eu-central-1c",
                            "zone_ids.#": "3",
                            "zone_ids.0": "euc1-az2",
                            "zone_ids.1": "euc1-az3",
                            "zone_ids.2": "euc1-az1"
                        },
                        "meta": {},
                        "tainted": false
                    },
                    "deposed": [],
                    "provider": "provider.aws.accepter"
                }
            },
            "depends_on": []
        },
        {
            "path": [
                "root",
                "route53"
            ],
            "outputs": {
                "zone_id": {
                    "sensitive": false,
                    "type": "string",
                    "value": "ZR8G0Q4SD8ERP"
                }
            },
            "resources": {
                "aws_route53_record.UCP": {
                    "type": "aws_route53_record",
                    "depends_on": [
                        "aws_route53_zone.tooling"
                    ],
                    "primary": {
                        "id": "ZR8G0Q4SD8ERP_www.ucp_A",
                        "attributes": {
                            "alias.#": "1",
                            "alias.3941194827.evaluate_target_health": "true",
                            "alias.3941194827.name": "internal-elbucp-1976707446.eu-central-1.elb.amazonaws.com",
                            "alias.3941194827.zone_id": "Z215JYRZR1TBD5",
                            "allow_overwrite": "true",
                            "fqdn": "www.ucp.tooling.com",
                            "health_check_id": "",
                            "id": "ZR8G0Q4SD8ERP_www.ucp_A",
                            "name": "www.ucp",
                            "records.#": "0",
                            "set_identifier": "",
                            "ttl": "0",
                            "type": "A",
                            "zone_id": "ZR8G0Q4SD8ERP"
                        },
                        "meta": {
                            "schema_version": "2"
                        },
                        "tainted": false
                    },
                    "deposed": [],
                    "provider": "provider.aws"
                },
                "aws_route53_zone.tooling": {
                    "type": "aws_route53_zone",
                    "depends_on": [
                        "local.description"
                    ],
                    "primary": {
                        "id": "ZR8G0Q4SD8ERP",
                        "attributes": {
                            "comment": "Private zone for tooling.com",
                            "delegation_set_id": "",
                            "force_destroy": "false",
                            "id": "ZR8G0Q4SD8ERP",
                            "name": "tooling.com.",
                            "name_servers.#": "4",
                            "name_servers.0": "ns-0.awsdns-00.com.",
                            "name_servers.1": "ns-1024.awsdns-00.org.",
                            "name_servers.2": "ns-1536.awsdns-00.co.uk.",
                            "name_servers.3": "ns-512.awsdns-00.net.",
                            "tags.%": "4",
                            "tags.Environment": "tool",
                            "tags.ManagedBy": "Terraform",
                            "tags.Name": "tooling.com",
                            "tags.ProductDomain": "de",
                            "vpc.#": "1",
                            "vpc.3667462749.vpc_id": "vpc-09866d60923cd66be",
                            "vpc.3667462749.vpc_region": "eu-central-1",
                            "vpc_id": "vpc-09866d60923cd66be",
                            "vpc_region": "eu-central-1",
                            "zone_id": "ZR8G0Q4SD8ERP"
                        },
                        "meta": {},
                        "tainted": false
                    },
                    "deposed": [],
                    "provider": "provider.aws"
                }
            },
            "depends_on": []
        },
        {
            "path": [
                "root",
                "worker01"
            ],
            "outputs": {
                "id": {
                    "sensitive": false,
                    "type": "string",
                    "value": "$aws.instance_compute.id"
                }
            },
            "resources": {
                "aws_instance.compute": {
                    "type": "aws_instance",
                    "depends_on": [
                        "data.aws_ami.rhe7_5"
                    ],
                    "primary": {
                        "id": "i-0b0574dd68ce1da9a",
                        "attributes": {
                            "ami": "ami-0e258161",
                            "arn": "arn:aws:ec2:eu-central-1:364050630688:instance/i-0b0574dd68ce1da9a",
                            "associate_public_ip_address": "false",
                            "availability_zone": "eu-central-1a",
                            "cpu_core_count": "8",
                            "cpu_threads_per_core": "1",
                            "credit_specification.#": "1",
                            "credit_specification.0.cpu_credits": "standard",
                            "disable_api_termination": "false",
                            "ebs_block_device.#": "1",
                            "ebs_block_device.2671853018.delete_on_termination": "true",
                            "ebs_block_device.2671853018.device_name": "/dev/sdg",
                            "ebs_block_device.2671853018.encrypted": "false",
                            "ebs_block_device.2671853018.iops": "600",
                            "ebs_block_device.2671853018.snapshot_id": "",
                            "ebs_block_device.2671853018.volume_id": "vol-09e33ee4078e48141",
                            "ebs_block_device.2671853018.volume_size": "200",
                            "ebs_block_device.2671853018.volume_type": "gp2",
                            "ebs_optimized": "false",
                            "ephemeral_block_device.#": "0",
                            "get_password_data": "false",
                            "iam_instance_profile": "",
                            "id": "i-0b0574dd68ce1da9a",
                            "instance_state": "running",
                            "instance_type": "t2.2xlarge",
                            "ipv6_addresses.#": "0",
                            "key_name": "VDF-DE-TEST",
                            "monitoring": "false",
                            "network_interface.#": "0",
                            "network_interface_id": "eni-09d96d22cf12e70a3",
                            "password_data": "",
                            "placement_group": "",
                            "primary_network_interface_id": "eni-09d96d22cf12e70a3",
                            "private_dns": "ip-10-233-104-86.eu-central-1.compute.internal",
                            "private_ip": "10.233.104.86",
                            "public_dns": "",
                            "public_ip": "",
                            "root_block_device.#": "1",
                            "root_block_device.0.delete_on_termination": "true",
                            "root_block_device.0.iops": "105",
                            "root_block_device.0.volume_id": "vol-0b69caa4cd10a2335",
                            "root_block_device.0.volume_size": "35",
                            "root_block_device.0.volume_type": "gp2",
                            "security_groups.#": "0",
                            "source_dest_check": "true",
                            "subnet_id": "subnet-05626a5ccb2204a8f",
                            "tags.%": "2",
                            "tags.Env": "tool",
                            "tags.Name": "worker01",
                            "tenancy": "default",
                            "user_data": "0aae5a6c71b6eb38be40bab44cc2a3464b858ecd",
                            "volume_tags.%": "0",
                            "vpc_security_group_ids.#": "1",
                            "vpc_security_group_ids.3897758835": "sg-029d63e44875d5513"
                        },
                        "meta": {
                            "e2bfb730-ecaa-11e6-8f88-34363bc7c4c0": {
                                "create": 600000000000,
                                "delete": 1200000000000,
                                "update": 600000000000
                            },
                            "schema_version": "1"
                        },
                        "tainted": false
                    },
                    "deposed": [],
                    "provider": "provider.aws"
                },
                "data.aws_ami.rhe7_5": {
                    "type": "aws_ami",
                    "depends_on": [],
                    "primary": {
                        "id": "ami-0e258161",
                        "attributes": {
                            "architecture": "x86_64",
                            "block_device_mappings.#": "1",
                            "block_device_mappings.309099847.device_name": "/dev/sda1",
                            "block_device_mappings.309099847.ebs.%": "6",
                            "block_device_mappings.309099847.ebs.delete_on_termination": "true",
                            "block_device_mappings.309099847.ebs.encrypted": "false",
                            "block_device_mappings.309099847.ebs.iops": "0",
                            "block_device_mappings.309099847.ebs.snapshot_id": "snap-0ee6629e3f7784ca8",
                            "block_device_mappings.309099847.ebs.volume_size": "10",
                            "block_device_mappings.309099847.ebs.volume_type": "gp2",
                            "block_device_mappings.309099847.no_device": "",
                            "block_device_mappings.309099847.virtual_name": "",
                            "creation_date": "2017-06-14T21:07:02.000Z",
                            "description": "Provided by Red Hat, Inc.",
                            "filter.#": "3",
                            "filter.1281954306.name": "root-device-type",
                            "filter.1281954306.values.#": "1",
                            "filter.1281954306.values.0": "ebs",
                            "filter.3386043752.name": "architecture",
                            "filter.3386043752.values.#": "1",
                            "filter.3386043752.values.0": "x86_64",
                            "filter.3878650734.name": "name",
                            "filter.3878650734.values.#": "1",
                            "filter.3878650734.values.0": "RHEL-7.3_HVM-*",
                            "hypervisor": "xen",
                            "id": "ami-0e258161",
                            "image_id": "ami-0e258161",
                            "image_location": "309956199498/RHEL-7.3_HVM-20170613-x86_64-4-Hourly2-GP2",
                            "image_type": "machine",
                            "most_recent": "true",
                            "name": "RHEL-7.3_HVM-20170613-x86_64-4-Hourly2-GP2",
                            "owner_id": "309956199498",
                            "owners.#": "1",
                            "owners.0": "309956199498",
                            "product_codes.#": "0",
                            "public": "true",
                            "root_device_name": "/dev/sda1",
                            "root_device_type": "ebs",
                            "root_snapshot_id": "snap-0ee6629e3f7784ca8",
                            "sriov_net_support": "simple",
                            "state": "available",
                            "state_reason.%": "2",
                            "state_reason.code": "UNSET",
                            "state_reason.message": "UNSET",
                            "tags.%": "0",
                            "virtualization_type": "hvm"
                        },
                        "meta": {},
                        "tainted": false
                    },
                    "deposed": [],
                    "provider": "provider.aws"
                }
            },
            "depends_on": []
        },
        {
            "path": [
                "root",
                "worker02"
            ],
            "outputs": {
                "id": {
                    "sensitive": false,
                    "type": "string",
                    "value": "$aws.instance_compute.id"
                }
            },
            "resources": {
                "aws_instance.compute": {
                    "type": "aws_instance",
                    "depends_on": [
                        "data.aws_ami.rhe7_5"
                    ],
                    "primary": {
                        "id": "i-0767f78b9c1f9666e",
                        "attributes": {
                            "ami": "ami-0e258161",
                            "arn": "arn:aws:ec2:eu-central-1:364050630688:instance/i-0767f78b9c1f9666e",
                            "associate_public_ip_address": "false",
                            "availability_zone": "eu-central-1b",
                            "cpu_core_count": "8",
                            "cpu_threads_per_core": "1",
                            "credit_specification.#": "1",
                            "credit_specification.0.cpu_credits": "standard",
                            "disable_api_termination": "false",
                            "ebs_block_device.#": "1",
                            "ebs_block_device.2671853018.delete_on_termination": "true",
                            "ebs_block_device.2671853018.device_name": "/dev/sdg",
                            "ebs_block_device.2671853018.encrypted": "false",
                            "ebs_block_device.2671853018.iops": "600",
                            "ebs_block_device.2671853018.snapshot_id": "",
                            "ebs_block_device.2671853018.volume_id": "vol-00ea7df5ecc5f52f3",
                            "ebs_block_device.2671853018.volume_size": "200",
                            "ebs_block_device.2671853018.volume_type": "gp2",
                            "ebs_optimized": "false",
                            "ephemeral_block_device.#": "0",
                            "get_password_data": "false",
                            "iam_instance_profile": "",
                            "id": "i-0767f78b9c1f9666e",
                            "instance_state": "running",
                            "instance_type": "t2.2xlarge",
                            "ipv6_addresses.#": "0",
                            "key_name": "VDF-DE-TEST",
                            "monitoring": "false",
                            "network_interface.#": "0",
                            "network_interface_id": "eni-0de477f28fd071731",
                            "password_data": "",
                            "placement_group": "",
                            "primary_network_interface_id": "eni-0de477f28fd071731",
                            "private_dns": "ip-10-233-104-101.eu-central-1.compute.internal",
                            "private_ip": "10.233.104.101",
                            "public_dns": "",
                            "public_ip": "",
                            "root_block_device.#": "1",
                            "root_block_device.0.delete_on_termination": "true",
                            "root_block_device.0.iops": "105",
                            "root_block_device.0.volume_id": "vol-09c99b62f4e1854f7",
                            "root_block_device.0.volume_size": "35",
                            "root_block_device.0.volume_type": "gp2",
                            "security_groups.#": "0",
                            "source_dest_check": "true",
                            "subnet_id": "subnet-0421d386d30ac2461",
                            "tags.%": "2",
                            "tags.Env": "tool",
                            "tags.Name": "worker02",
                            "tenancy": "default",
                            "user_data": "0aae5a6c71b6eb38be40bab44cc2a3464b858ecd",
                            "volume_tags.%": "0",
                            "vpc_security_group_ids.#": "1",
                            "vpc_security_group_ids.3897758835": "sg-029d63e44875d5513"
                        },
                        "meta": {
                            "e2bfb730-ecaa-11e6-8f88-34363bc7c4c0": {
                                "create": 600000000000,
                                "delete": 1200000000000,
                                "update": 600000000000
                            },
                            "schema_version": "1"
                        },
                        "tainted": false
                    },
                    "deposed": [],
                    "provider": "provider.aws"
                },
                "data.aws_ami.rhe7_5": {
                    "type": "aws_ami",
                    "depends_on": [],
                    "primary": {
                        "id": "ami-0e258161",
                        "attributes": {
                            "architecture": "x86_64",
                            "block_device_mappings.#": "1",
                            "block_device_mappings.309099847.device_name": "/dev/sda1",
                            "block_device_mappings.309099847.ebs.%": "6",
                            "block_device_mappings.309099847.ebs.delete_on_termination": "true",
                            "block_device_mappings.309099847.ebs.encrypted": "false",
                            "block_device_mappings.309099847.ebs.iops": "0",
                            "block_device_mappings.309099847.ebs.snapshot_id": "snap-0ee6629e3f7784ca8",
                            "block_device_mappings.309099847.ebs.volume_size": "10",
                            "block_device_mappings.309099847.ebs.volume_type": "gp2",
                            "block_device_mappings.309099847.no_device": "",
                            "block_device_mappings.309099847.virtual_name": "",
                            "creation_date": "2017-06-14T21:07:02.000Z",
                            "description": "Provided by Red Hat, Inc.",
                            "filter.#": "3",
                            "filter.1281954306.name": "root-device-type",
                            "filter.1281954306.values.#": "1",
                            "filter.1281954306.values.0": "ebs",
                            "filter.3386043752.name": "architecture",
                            "filter.3386043752.values.#": "1",
                            "filter.3386043752.values.0": "x86_64",
                            "filter.3878650734.name": "name",
                            "filter.3878650734.values.#": "1",
                            "filter.3878650734.values.0": "RHEL-7.3_HVM-*",
                            "hypervisor": "xen",
                            "id": "ami-0e258161",
                            "image_id": "ami-0e258161",
                            "image_location": "309956199498/RHEL-7.3_HVM-20170613-x86_64-4-Hourly2-GP2",
                            "image_type": "machine",
                            "most_recent": "true",
                            "name": "RHEL-7.3_HVM-20170613-x86_64-4-Hourly2-GP2",
                            "owner_id": "309956199498",
                            "owners.#": "1",
                            "owners.0": "309956199498",
                            "product_codes.#": "0",
                            "public": "true",
                            "root_device_name": "/dev/sda1",
                            "root_device_type": "ebs",
                            "root_snapshot_id": "snap-0ee6629e3f7784ca8",
                            "sriov_net_support": "simple",
                            "state": "available",
                            "state_reason.%": "2",
                            "state_reason.code": "UNSET",
                            "state_reason.message": "UNSET",
                            "tags.%": "0",
                            "virtualization_type": "hvm"
                        },
                        "meta": {},
                        "tainted": false
                    },
                    "deposed": [],
                    "provider": "provider.aws"
                }
            },
            "depends_on": []
        },
        {
            "path": [
                "root",
                "worker03"
            ],
            "outputs": {
                "id": {
                    "sensitive": false,
                    "type": "string",
                    "value": "$aws.instance_compute.id"
                }
            },
            "resources": {
                "aws_instance.compute": {
                    "type": "aws_instance",
                    "depends_on": [
                        "data.aws_ami.rhe7_5"
                    ],
                    "primary": {
                        "id": "i-0844cee4ad755afdf",
                        "attributes": {
                            "ami": "ami-0e258161",
                            "arn": "arn:aws:ec2:eu-central-1:364050630688:instance/i-0844cee4ad755afdf",
                            "associate_public_ip_address": "false",
                            "availability_zone": "eu-central-1c",
                            "cpu_core_count": "8",
                            "cpu_threads_per_core": "1",
                            "credit_specification.#": "1",
                            "credit_specification.0.cpu_credits": "standard",
                            "disable_api_termination": "false",
                            "ebs_block_device.#": "1",
                            "ebs_block_device.2671853018.delete_on_termination": "true",
                            "ebs_block_device.2671853018.device_name": "/dev/sdg",
                            "ebs_block_device.2671853018.encrypted": "false",
                            "ebs_block_device.2671853018.iops": "600",
                            "ebs_block_device.2671853018.snapshot_id": "",
                            "ebs_block_device.2671853018.volume_id": "vol-0f7ba9f7a689a552b",
                            "ebs_block_device.2671853018.volume_size": "200",
                            "ebs_block_device.2671853018.volume_type": "gp2",
                            "ebs_optimized": "false",
                            "ephemeral_block_device.#": "0",
                            "get_password_data": "false",
                            "iam_instance_profile": "",
                            "id": "i-0844cee4ad755afdf",
                            "instance_state": "running",
                            "instance_type": "t2.2xlarge",
                            "ipv6_addresses.#": "0",
                            "key_name": "VDF-DE-TEST",
                            "monitoring": "false",
                            "network_interface.#": "0",
                            "network_interface_id": "eni-0247a8d869d2b294f",
                            "password_data": "",
                            "placement_group": "",
                            "primary_network_interface_id": "eni-0247a8d869d2b294f",
                            "private_dns": "ip-10-233-104-117.eu-central-1.compute.internal",
                            "private_ip": "10.233.104.117",
                            "public_dns": "",
                            "public_ip": "",
                            "root_block_device.#": "1",
                            "root_block_device.0.delete_on_termination": "true",
                            "root_block_device.0.iops": "105",
                            "root_block_device.0.volume_id": "vol-0640999a0fe769d19",
                            "root_block_device.0.volume_size": "35",
                            "root_block_device.0.volume_type": "gp2",
                            "security_groups.#": "0",
                            "source_dest_check": "true",
                            "subnet_id": "subnet-0be01534434522666",
                            "tags.%": "2",
                            "tags.Env": "tool",
                            "tags.Name": "worker03",
                            "tenancy": "default",
                            "user_data": "0aae5a6c71b6eb38be40bab44cc2a3464b858ecd",
                            "volume_tags.%": "0",
                            "vpc_security_group_ids.#": "1",
                            "vpc_security_group_ids.3897758835": "sg-029d63e44875d5513"
                        },
                        "meta": {
                            "e2bfb730-ecaa-11e6-8f88-34363bc7c4c0": {
                                "create": 600000000000,
                                "delete": 1200000000000,
                                "update": 600000000000
                            },
                            "schema_version": "1"
                        },
                        "tainted": false
                    },
                    "deposed": [],
                    "provider": "provider.aws"
                },
                "data.aws_ami.rhe7_5": {
                    "type": "aws_ami",
                    "depends_on": [],
                    "primary": {
                        "id": "ami-0e258161",
                        "attributes": {
                            "architecture": "x86_64",
                            "block_device_mappings.#": "1",
                            "block_device_mappings.309099847.device_name": "/dev/sda1",
                            "block_device_mappings.309099847.ebs.%": "6",
                            "block_device_mappings.309099847.ebs.delete_on_termination": "true",
                            "block_device_mappings.309099847.ebs.encrypted": "false",
                            "block_device_mappings.309099847.ebs.iops": "0",
                            "block_device_mappings.309099847.ebs.snapshot_id": "snap-0ee6629e3f7784ca8",
                            "block_device_mappings.309099847.ebs.volume_size": "10",
                            "block_device_mappings.309099847.ebs.volume_type": "gp2",
                            "block_device_mappings.309099847.no_device": "",
                            "block_device_mappings.309099847.virtual_name": "",
                            "creation_date": "2017-06-14T21:07:02.000Z",
                            "description": "Provided by Red Hat, Inc.",
                            "filter.#": "3",
                            "filter.1281954306.name": "root-device-type",
                            "filter.1281954306.values.#": "1",
                            "filter.1281954306.values.0": "ebs",
                            "filter.3386043752.name": "architecture",
                            "filter.3386043752.values.#": "1",
                            "filter.3386043752.values.0": "x86_64",
                            "filter.3878650734.name": "name",
                            "filter.3878650734.values.#": "1",
                            "filter.3878650734.values.0": "RHEL-7.3_HVM-*",
                            "hypervisor": "xen",
                            "id": "ami-0e258161",
                            "image_id": "ami-0e258161",
                            "image_location": "309956199498/RHEL-7.3_HVM-20170613-x86_64-4-Hourly2-GP2",
                            "image_type": "machine",
                            "most_recent": "true",
                            "name": "RHEL-7.3_HVM-20170613-x86_64-4-Hourly2-GP2",
                            "owner_id": "309956199498",
                            "owners.#": "1",
                            "owners.0": "309956199498",
                            "product_codes.#": "0",
                            "public": "true",
                            "root_device_name": "/dev/sda1",
                            "root_device_type": "ebs",
                            "root_snapshot_id": "snap-0ee6629e3f7784ca8",
                            "sriov_net_support": "simple",
                            "state": "available",
                            "state_reason.%": "2",
                            "state_reason.code": "UNSET",
                            "state_reason.message": "UNSET",
                            "tags.%": "0",
                            "virtualization_type": "hvm"
                        },
                        "meta": {},
                        "tainted": false
                    },
                    "deposed": [],
                    "provider": "provider.aws"
                }
            },
            "depends_on": []
        },
        {
            "path": [
                "root",
                "worker04"
            ],
            "outputs": {
                "id": {
                    "sensitive": false,
                    "type": "string",
                    "value": "$aws.instance_compute.id"
                }
            },
            "resources": {
                "aws_instance.compute": {
                    "type": "aws_instance",
                    "depends_on": [
                        "data.aws_ami.rhe7_5"
                    ],
                    "primary": {
                        "id": "i-0d9ab2605d5aa4f2b",
                        "attributes": {
                            "ami": "ami-0e258161",
                            "arn": "arn:aws:ec2:eu-central-1:364050630688:instance/i-0d9ab2605d5aa4f2b",
                            "associate_public_ip_address": "false",
                            "availability_zone": "eu-central-1a",
                            "cpu_core_count": "8",
                            "cpu_threads_per_core": "1",
                            "credit_specification.#": "1",
                            "credit_specification.0.cpu_credits": "standard",
                            "disable_api_termination": "false",
                            "ebs_block_device.#": "1",
                            "ebs_block_device.2671853018.delete_on_termination": "true",
                            "ebs_block_device.2671853018.device_name": "/dev/sdg",
                            "ebs_block_device.2671853018.encrypted": "false",
                            "ebs_block_device.2671853018.iops": "600",
                            "ebs_block_device.2671853018.snapshot_id": "",
                            "ebs_block_device.2671853018.volume_id": "vol-0916d6aef3b522595",
                            "ebs_block_device.2671853018.volume_size": "200",
                            "ebs_block_device.2671853018.volume_type": "gp2",
                            "ebs_optimized": "false",
                            "ephemeral_block_device.#": "0",
                            "get_password_data": "false",
                            "iam_instance_profile": "",
                            "id": "i-0d9ab2605d5aa4f2b",
                            "instance_state": "running",
                            "instance_type": "t2.2xlarge",
                            "ipv6_addresses.#": "0",
                            "key_name": "VDF-DE-TEST",
                            "monitoring": "false",
                            "network_interface.#": "0",
                            "network_interface_id": "eni-049675644c50126d4",
                            "password_data": "",
                            "placement_group": "",
                            "primary_network_interface_id": "eni-049675644c50126d4",
                            "private_dns": "ip-10-233-104-134.eu-central-1.compute.internal",
                            "private_ip": "10.233.104.134",
                            "public_dns": "",
                            "public_ip": "",
                            "root_block_device.#": "1",
                            "root_block_device.0.delete_on_termination": "true",
                            "root_block_device.0.iops": "105",
                            "root_block_device.0.volume_id": "vol-0a5224782bc4dd7cf",
                            "root_block_device.0.volume_size": "35",
                            "root_block_device.0.volume_type": "gp2",
                            "security_groups.#": "0",
                            "source_dest_check": "true",
                            "subnet_id": "subnet-05f5da0b0e26dc54b",
                            "tags.%": "2",
                            "tags.Env": "monotoring_dev",
                            "tags.Name": "worker04",
                            "tenancy": "default",
                            "user_data": "0aae5a6c71b6eb38be40bab44cc2a3464b858ecd",
                            "volume_tags.%": "0",
                            "vpc_security_group_ids.#": "1",
                            "vpc_security_group_ids.3897758835": "sg-029d63e44875d5513"
                        },
                        "meta": {
                            "e2bfb730-ecaa-11e6-8f88-34363bc7c4c0": {
                                "create": 600000000000,
                                "delete": 1200000000000,
                                "update": 600000000000
                            },
                            "schema_version": "1"
                        },
                        "tainted": false
                    },
                    "deposed": [],
                    "provider": "provider.aws"
                },
                "data.aws_ami.rhe7_5": {
                    "type": "aws_ami",
                    "depends_on": [],
                    "primary": {
                        "id": "ami-0e258161",
                        "attributes": {
                            "architecture": "x86_64",
                            "block_device_mappings.#": "1",
                            "block_device_mappings.309099847.device_name": "/dev/sda1",
                            "block_device_mappings.309099847.ebs.%": "6",
                            "block_device_mappings.309099847.ebs.delete_on_termination": "true",
                            "block_device_mappings.309099847.ebs.encrypted": "false",
                            "block_device_mappings.309099847.ebs.iops": "0",
                            "block_device_mappings.309099847.ebs.snapshot_id": "snap-0ee6629e3f7784ca8",
                            "block_device_mappings.309099847.ebs.volume_size": "10",
                            "block_device_mappings.309099847.ebs.volume_type": "gp2",
                            "block_device_mappings.309099847.no_device": "",
                            "block_device_mappings.309099847.virtual_name": "",
                            "creation_date": "2017-06-14T21:07:02.000Z",
                            "description": "Provided by Red Hat, Inc.",
                            "filter.#": "3",
                            "filter.1281954306.name": "root-device-type",
                            "filter.1281954306.values.#": "1",
                            "filter.1281954306.values.0": "ebs",
                            "filter.3386043752.name": "architecture",
                            "filter.3386043752.values.#": "1",
                            "filter.3386043752.values.0": "x86_64",
                            "filter.3878650734.name": "name",
                            "filter.3878650734.values.#": "1",
                            "filter.3878650734.values.0": "RHEL-7.3_HVM-*",
                            "hypervisor": "xen",
                            "id": "ami-0e258161",
                            "image_id": "ami-0e258161",
                            "image_location": "309956199498/RHEL-7.3_HVM-20170613-x86_64-4-Hourly2-GP2",
                            "image_type": "machine",
                            "most_recent": "true",
                            "name": "RHEL-7.3_HVM-20170613-x86_64-4-Hourly2-GP2",
                            "owner_id": "309956199498",
                            "owners.#": "1",
                            "owners.0": "309956199498",
                            "product_codes.#": "0",
                            "public": "true",
                            "root_device_name": "/dev/sda1",
                            "root_device_type": "ebs",
                            "root_snapshot_id": "snap-0ee6629e3f7784ca8",
                            "sriov_net_support": "simple",
                            "state": "available",
                            "state_reason.%": "2",
                            "state_reason.code": "UNSET",
                            "state_reason.message": "UNSET",
                            "tags.%": "0",
                            "virtualization_type": "hvm"
                        },
                        "meta": {},
                        "tainted": false
                    },
                    "deposed": [],
                    "provider": "provider.aws"
                }
            },
            "depends_on": []
        },
        {
            "path": [
                "root",
                "worker05"
            ],
            "outputs": {
                "id": {
                    "sensitive": false,
                    "type": "string",
                    "value": "$aws.instance_compute.id"
                }
            },
            "resources": {
                "aws_instance.compute": {
                    "type": "aws_instance",
                    "depends_on": [
                        "data.aws_ami.rhe7_5"
                    ],
                    "primary": {
                        "id": "i-07d8e004f948efaf7",
                        "attributes": {
                            "ami": "ami-0e258161",
                            "arn": "arn:aws:ec2:eu-central-1:364050630688:instance/i-07d8e004f948efaf7",
                            "associate_public_ip_address": "false",
                            "availability_zone": "eu-central-1b",
                            "cpu_core_count": "8",
                            "cpu_threads_per_core": "1",
                            "credit_specification.#": "1",
                            "credit_specification.0.cpu_credits": "standard",
                            "disable_api_termination": "false",
                            "ebs_block_device.#": "1",
                            "ebs_block_device.2671853018.delete_on_termination": "true",
                            "ebs_block_device.2671853018.device_name": "/dev/sdg",
                            "ebs_block_device.2671853018.encrypted": "false",
                            "ebs_block_device.2671853018.iops": "600",
                            "ebs_block_device.2671853018.snapshot_id": "",
                            "ebs_block_device.2671853018.volume_id": "vol-092574225b1a2bca8",
                            "ebs_block_device.2671853018.volume_size": "200",
                            "ebs_block_device.2671853018.volume_type": "gp2",
                            "ebs_optimized": "false",
                            "ephemeral_block_device.#": "0",
                            "get_password_data": "false",
                            "iam_instance_profile": "",
                            "id": "i-07d8e004f948efaf7",
                            "instance_state": "running",
                            "instance_type": "t2.2xlarge",
                            "ipv6_addresses.#": "0",
                            "key_name": "VDF-DE-TEST",
                            "monitoring": "false",
                            "network_interface.#": "0",
                            "network_interface_id": "eni-0f641f48d2dcb781c",
                            "password_data": "",
                            "placement_group": "",
                            "primary_network_interface_id": "eni-0f641f48d2dcb781c",
                            "private_dns": "ip-10-233-104-150.eu-central-1.compute.internal",
                            "private_ip": "10.233.104.150",
                            "public_dns": "",
                            "public_ip": "",
                            "root_block_device.#": "1",
                            "root_block_device.0.delete_on_termination": "true",
                            "root_block_device.0.iops": "105",
                            "root_block_device.0.volume_id": "vol-02f726f540193ff71",
                            "root_block_device.0.volume_size": "35",
                            "root_block_device.0.volume_type": "gp2",
                            "security_groups.#": "0",
                            "source_dest_check": "true",
                            "subnet_id": "subnet-0e37a4612c00d7868",
                            "tags.%": "2",
                            "tags.Env": "monotoring_dev",
                            "tags.Name": "worker05",
                            "tenancy": "default",
                            "user_data": "0aae5a6c71b6eb38be40bab44cc2a3464b858ecd",
                            "volume_tags.%": "0",
                            "vpc_security_group_ids.#": "1",
                            "vpc_security_group_ids.3897758835": "sg-029d63e44875d5513"
                        },
                        "meta": {
                            "e2bfb730-ecaa-11e6-8f88-34363bc7c4c0": {
                                "create": 600000000000,
                                "delete": 1200000000000,
                                "update": 600000000000
                            },
                            "schema_version": "1"
                        },
                        "tainted": false
                    },
                    "deposed": [],
                    "provider": "provider.aws"
                },
                "data.aws_ami.rhe7_5": {
                    "type": "aws_ami",
                    "depends_on": [],
                    "primary": {
                        "id": "ami-0e258161",
                        "attributes": {
                            "architecture": "x86_64",
                            "block_device_mappings.#": "1",
                            "block_device_mappings.309099847.device_name": "/dev/sda1",
                            "block_device_mappings.309099847.ebs.%": "6",
                            "block_device_mappings.309099847.ebs.delete_on_termination": "true",
                            "block_device_mappings.309099847.ebs.encrypted": "false",
                            "block_device_mappings.309099847.ebs.iops": "0",
                            "block_device_mappings.309099847.ebs.snapshot_id": "snap-0ee6629e3f7784ca8",
                            "block_device_mappings.309099847.ebs.volume_size": "10",
                            "block_device_mappings.309099847.ebs.volume_type": "gp2",
                            "block_device_mappings.309099847.no_device": "",
                            "block_device_mappings.309099847.virtual_name": "",
                            "creation_date": "2017-06-14T21:07:02.000Z",
                            "description": "Provided by Red Hat, Inc.",
                            "filter.#": "3",
                            "filter.1281954306.name": "root-device-type",
                            "filter.1281954306.values.#": "1",
                            "filter.1281954306.values.0": "ebs",
                            "filter.3386043752.name": "architecture",
                            "filter.3386043752.values.#": "1",
                            "filter.3386043752.values.0": "x86_64",
                            "filter.3878650734.name": "name",
                            "filter.3878650734.values.#": "1",
                            "filter.3878650734.values.0": "RHEL-7.3_HVM-*",
                            "hypervisor": "xen",
                            "id": "ami-0e258161",
                            "image_id": "ami-0e258161",
                            "image_location": "309956199498/RHEL-7.3_HVM-20170613-x86_64-4-Hourly2-GP2",
                            "image_type": "machine",
                            "most_recent": "true",
                            "name": "RHEL-7.3_HVM-20170613-x86_64-4-Hourly2-GP2",
                            "owner_id": "309956199498",
                            "owners.#": "1",
                            "owners.0": "309956199498",
                            "product_codes.#": "0",
                            "public": "true",
                            "root_device_name": "/dev/sda1",
                            "root_device_type": "ebs",
                            "root_snapshot_id": "snap-0ee6629e3f7784ca8",
                            "sriov_net_support": "simple",
                            "state": "available",
                            "state_reason.%": "2",
                            "state_reason.code": "UNSET",
                            "state_reason.message": "UNSET",
                            "tags.%": "0",
                            "virtualization_type": "hvm"
                        },
                        "meta": {},
                        "tainted": false
                    },
                    "deposed": [],
                    "provider": "provider.aws"
                }
            },
            "depends_on": []
        },
        {
            "path": [
                "root",
                "worker06"
            ],
            "outputs": {
                "id": {
                    "sensitive": false,
                    "type": "string",
                    "value": "$aws.instance_compute.id"
                }
            },
            "resources": {
                "aws_instance.compute": {
                    "type": "aws_instance",
                    "depends_on": [
                        "data.aws_ami.rhe7_5"
                    ],
                    "primary": {
                        "id": "i-0e002ad054241bb24",
                        "attributes": {
                            "ami": "ami-0e258161",
                            "arn": "arn:aws:ec2:eu-central-1:364050630688:instance/i-0e002ad054241bb24",
                            "associate_public_ip_address": "false",
                            "availability_zone": "eu-central-1a",
                            "cpu_core_count": "8",
                            "cpu_threads_per_core": "1",
                            "credit_specification.#": "1",
                            "credit_specification.0.cpu_credits": "standard",
                            "disable_api_termination": "false",
                            "ebs_block_device.#": "1",
                            "ebs_block_device.2671853018.delete_on_termination": "true",
                            "ebs_block_device.2671853018.device_name": "/dev/sdg",
                            "ebs_block_device.2671853018.encrypted": "false",
                            "ebs_block_device.2671853018.iops": "600",
                            "ebs_block_device.2671853018.snapshot_id": "",
                            "ebs_block_device.2671853018.volume_id": "vol-0795b43c200bb73ba",
                            "ebs_block_device.2671853018.volume_size": "200",
                            "ebs_block_device.2671853018.volume_type": "gp2",
                            "ebs_optimized": "false",
                            "ephemeral_block_device.#": "0",
                            "get_password_data": "false",
                            "iam_instance_profile": "",
                            "id": "i-0e002ad054241bb24",
                            "instance_state": "running",
                            "instance_type": "t2.2xlarge",
                            "ipv6_addresses.#": "0",
                            "key_name": "VDF-DE-TEST",
                            "monitoring": "false",
                            "network_interface.#": "0",
                            "network_interface_id": "eni-0c10c26c499607491",
                            "password_data": "",
                            "placement_group": "",
                            "primary_network_interface_id": "eni-0c10c26c499607491",
                            "private_dns": "ip-10-233-104-166.eu-central-1.compute.internal",
                            "private_ip": "10.233.104.166",
                            "public_dns": "",
                            "public_ip": "",
                            "root_block_device.#": "1",
                            "root_block_device.0.delete_on_termination": "true",
                            "root_block_device.0.iops": "105",
                            "root_block_device.0.volume_id": "vol-0eec37f235fce2475",
                            "root_block_device.0.volume_size": "35",
                            "root_block_device.0.volume_type": "gp2",
                            "security_groups.#": "0",
                            "source_dest_check": "true",
                            "subnet_id": "subnet-0270192e1855a7419",
                            "tags.%": "2",
                            "tags.Env": "monotoring_prod",
                            "tags.Name": "worker06",
                            "tenancy": "default",
                            "user_data": "0aae5a6c71b6eb38be40bab44cc2a3464b858ecd",
                            "volume_tags.%": "0",
                            "vpc_security_group_ids.#": "1",
                            "vpc_security_group_ids.3897758835": "sg-029d63e44875d5513"
                        },
                        "meta": {
                            "e2bfb730-ecaa-11e6-8f88-34363bc7c4c0": {
                                "create": 600000000000,
                                "delete": 1200000000000,
                                "update": 600000000000
                            },
                            "schema_version": "1"
                        },
                        "tainted": false
                    },
                    "deposed": [],
                    "provider": "provider.aws"
                },
                "data.aws_ami.rhe7_5": {
                    "type": "aws_ami",
                    "depends_on": [],
                    "primary": {
                        "id": "ami-0e258161",
                        "attributes": {
                            "architecture": "x86_64",
                            "block_device_mappings.#": "1",
                            "block_device_mappings.309099847.device_name": "/dev/sda1",
                            "block_device_mappings.309099847.ebs.%": "6",
                            "block_device_mappings.309099847.ebs.delete_on_termination": "true",
                            "block_device_mappings.309099847.ebs.encrypted": "false",
                            "block_device_mappings.309099847.ebs.iops": "0",
                            "block_device_mappings.309099847.ebs.snapshot_id": "snap-0ee6629e3f7784ca8",
                            "block_device_mappings.309099847.ebs.volume_size": "10",
                            "block_device_mappings.309099847.ebs.volume_type": "gp2",
                            "block_device_mappings.309099847.no_device": "",
                            "block_device_mappings.309099847.virtual_name": "",
                            "creation_date": "2017-06-14T21:07:02.000Z",
                            "description": "Provided by Red Hat, Inc.",
                            "filter.#": "3",
                            "filter.1281954306.name": "root-device-type",
                            "filter.1281954306.values.#": "1",
                            "filter.1281954306.values.0": "ebs",
                            "filter.3386043752.name": "architecture",
                            "filter.3386043752.values.#": "1",
                            "filter.3386043752.values.0": "x86_64",
                            "filter.3878650734.name": "name",
                            "filter.3878650734.values.#": "1",
                            "filter.3878650734.values.0": "RHEL-7.3_HVM-*",
                            "hypervisor": "xen",
                            "id": "ami-0e258161",
                            "image_id": "ami-0e258161",
                            "image_location": "309956199498/RHEL-7.3_HVM-20170613-x86_64-4-Hourly2-GP2",
                            "image_type": "machine",
                            "most_recent": "true",
                            "name": "RHEL-7.3_HVM-20170613-x86_64-4-Hourly2-GP2",
                            "owner_id": "309956199498",
                            "owners.#": "1",
                            "owners.0": "309956199498",
                            "product_codes.#": "0",
                            "public": "true",
                            "root_device_name": "/dev/sda1",
                            "root_device_type": "ebs",
                            "root_snapshot_id": "snap-0ee6629e3f7784ca8",
                            "sriov_net_support": "simple",
                            "state": "available",
                            "state_reason.%": "2",
                            "state_reason.code": "UNSET",
                            "state_reason.message": "UNSET",
                            "tags.%": "0",
                            "virtualization_type": "hvm"
                        },
                        "meta": {},
                        "tainted": false
                    },
                    "deposed": [],
                    "provider": "provider.aws"
                }
            },
            "depends_on": []
        },
        {
            "path": [
                "root",
                "worker07"
            ],
            "outputs": {
                "id": {
                    "sensitive": false,
                    "type": "string",
                    "value": "$aws.instance_compute.id"
                }
            },
            "resources": {
                "aws_instance.compute": {
                    "type": "aws_instance",
                    "depends_on": [
                        "data.aws_ami.rhe7_5"
                    ],
                    "primary": {
                        "id": "i-06c393cd6deb41c90",
                        "attributes": {
                            "ami": "ami-0e258161",
                            "arn": "arn:aws:ec2:eu-central-1:364050630688:instance/i-06c393cd6deb41c90",
                            "associate_public_ip_address": "false",
                            "availability_zone": "eu-central-1b",
                            "cpu_core_count": "8",
                            "cpu_threads_per_core": "1",
                            "credit_specification.#": "1",
                            "credit_specification.0.cpu_credits": "standard",
                            "disable_api_termination": "false",
                            "ebs_block_device.#": "1",
                            "ebs_block_device.2671853018.delete_on_termination": "true",
                            "ebs_block_device.2671853018.device_name": "/dev/sdg",
                            "ebs_block_device.2671853018.encrypted": "false",
                            "ebs_block_device.2671853018.iops": "600",
                            "ebs_block_device.2671853018.snapshot_id": "",
                            "ebs_block_device.2671853018.volume_id": "vol-02efeef52f55d4fdd",
                            "ebs_block_device.2671853018.volume_size": "200",
                            "ebs_block_device.2671853018.volume_type": "gp2",
                            "ebs_optimized": "false",
                            "ephemeral_block_device.#": "0",
                            "get_password_data": "false",
                            "iam_instance_profile": "",
                            "id": "i-06c393cd6deb41c90",
                            "instance_state": "running",
                            "instance_type": "t2.2xlarge",
                            "ipv6_addresses.#": "0",
                            "key_name": "VDF-DE-TEST",
                            "monitoring": "false",
                            "network_interface.#": "0",
                            "network_interface_id": "eni-0f6ea95a76b81cc84",
                            "password_data": "",
                            "placement_group": "",
                            "primary_network_interface_id": "eni-0f6ea95a76b81cc84",
                            "private_dns": "ip-10-233-104-182.eu-central-1.compute.internal",
                            "private_ip": "10.233.104.182",
                            "public_dns": "",
                            "public_ip": "",
                            "root_block_device.#": "1",
                            "root_block_device.0.delete_on_termination": "true",
                            "root_block_device.0.iops": "105",
                            "root_block_device.0.volume_id": "vol-0f1e034a38b937884",
                            "root_block_device.0.volume_size": "35",
                            "root_block_device.0.volume_type": "gp2",
                            "security_groups.#": "0",
                            "source_dest_check": "true",
                            "subnet_id": "subnet-077472bf8f9aecdbc",
                            "tags.%": "2",
                            "tags.Env": "monotoring_prod",
                            "tags.Name": "worker07",
                            "tenancy": "default",
                            "user_data": "0aae5a6c71b6eb38be40bab44cc2a3464b858ecd",
                            "volume_tags.%": "0",
                            "vpc_security_group_ids.#": "1",
                            "vpc_security_group_ids.3897758835": "sg-029d63e44875d5513"
                        },
                        "meta": {
                            "e2bfb730-ecaa-11e6-8f88-34363bc7c4c0": {
                                "create": 600000000000,
                                "delete": 1200000000000,
                                "update": 600000000000
                            },
                            "schema_version": "1"
                        },
                        "tainted": false
                    },
                    "deposed": [],
                    "provider": "provider.aws"
                },
                "data.aws_ami.rhe7_5": {
                    "type": "aws_ami",
                    "depends_on": [],
                    "primary": {
                        "id": "ami-0e258161",
                        "attributes": {
                            "architecture": "x86_64",
                            "block_device_mappings.#": "1",
                            "block_device_mappings.309099847.device_name": "/dev/sda1",
                            "block_device_mappings.309099847.ebs.%": "6",
                            "block_device_mappings.309099847.ebs.delete_on_termination": "true",
                            "block_device_mappings.309099847.ebs.encrypted": "false",
                            "block_device_mappings.309099847.ebs.iops": "0",
                            "block_device_mappings.309099847.ebs.snapshot_id": "snap-0ee6629e3f7784ca8",
                            "block_device_mappings.309099847.ebs.volume_size": "10",
                            "block_device_mappings.309099847.ebs.volume_type": "gp2",
                            "block_device_mappings.309099847.no_device": "",
                            "block_device_mappings.309099847.virtual_name": "",
                            "creation_date": "2017-06-14T21:07:02.000Z",
                            "description": "Provided by Red Hat, Inc.",
                            "filter.#": "3",
                            "filter.1281954306.name": "root-device-type",
                            "filter.1281954306.values.#": "1",
                            "filter.1281954306.values.0": "ebs",
                            "filter.3386043752.name": "architecture",
                            "filter.3386043752.values.#": "1",
                            "filter.3386043752.values.0": "x86_64",
                            "filter.3878650734.name": "name",
                            "filter.3878650734.values.#": "1",
                            "filter.3878650734.values.0": "RHEL-7.3_HVM-*",
                            "hypervisor": "xen",
                            "id": "ami-0e258161",
                            "image_id": "ami-0e258161",
                            "image_location": "309956199498/RHEL-7.3_HVM-20170613-x86_64-4-Hourly2-GP2",
                            "image_type": "machine",
                            "most_recent": "true",
                            "name": "RHEL-7.3_HVM-20170613-x86_64-4-Hourly2-GP2",
                            "owner_id": "309956199498",
                            "owners.#": "1",
                            "owners.0": "309956199498",
                            "product_codes.#": "0",
                            "public": "true",
                            "root_device_name": "/dev/sda1",
                            "root_device_type": "ebs",
                            "root_snapshot_id": "snap-0ee6629e3f7784ca8",
                            "sriov_net_support": "simple",
                            "state": "available",
                            "state_reason.%": "2",
                            "state_reason.code": "UNSET",
                            "state_reason.message": "UNSET",
                            "tags.%": "0",
                            "virtualization_type": "hvm"
                        },
                        "meta": {},
                        "tainted": false
                    },
                    "deposed": [],
                    "provider": "provider.aws"
                }
            },
            "depends_on": []
        },
        {
            "path": [
                "root",
                "app-vpc",
                "worker01"
            ],
            "outputs": {
                "id": {
                    "sensitive": false,
                    "type": "string",
                    "value": "$aws.instance_compute.id"
                }
            },
            "resources": {
                "aws_instance.compute": {
                    "type": "aws_instance",
                    "depends_on": [
                        "data.aws_ami.rhe7_5"
                    ],
                    "primary": {
                        "id": "i-07708049be73ac0c5",
                        "attributes": {
                            "ami": "ami-0e258161",
                            "arn": "arn:aws:ec2:eu-central-1:364050630688:instance/i-07708049be73ac0c5",
                            "associate_public_ip_address": "false",
                            "availability_zone": "eu-central-1a",
                            "cpu_core_count": "2",
                            "cpu_threads_per_core": "1",
                            "credit_specification.#": "1",
                            "credit_specification.0.cpu_credits": "standard",
                            "disable_api_termination": "false",
                            "ebs_block_device.#": "1",
                            "ebs_block_device.2671853018.delete_on_termination": "true",
                            "ebs_block_device.2671853018.device_name": "/dev/sdg",
                            "ebs_block_device.2671853018.encrypted": "false",
                            "ebs_block_device.2671853018.iops": "600",
                            "ebs_block_device.2671853018.snapshot_id": "",
                            "ebs_block_device.2671853018.volume_id": "vol-098c9756778a1aa07",
                            "ebs_block_device.2671853018.volume_size": "200",
                            "ebs_block_device.2671853018.volume_type": "gp2",
                            "ebs_optimized": "false",
                            "ephemeral_block_device.#": "0",
                            "get_password_data": "false",
                            "iam_instance_profile": "",
                            "id": "i-07708049be73ac0c5",
                            "instance_state": "running",
                            "instance_type": "t2.large",
                            "ipv6_addresses.#": "0",
                            "key_name": "VDF-DE-TEST",
                            "monitoring": "false",
                            "network_interface.#": "0",
                            "network_interface_id": "eni-02153bd8b31a307d8",
                            "password_data": "",
                            "placement_group": "",
                            "primary_network_interface_id": "eni-02153bd8b31a307d8",
                            "private_dns": "ip-10-233-105-68.eu-central-1.compute.internal",
                            "private_ip": "10.233.105.68",
                            "public_dns": "",
                            "public_ip": "",
                            "root_block_device.#": "1",
                            "root_block_device.0.delete_on_termination": "true",
                            "root_block_device.0.iops": "105",
                            "root_block_device.0.volume_id": "vol-073873bb8eb14e7d4",
                            "root_block_device.0.volume_size": "35",
                            "root_block_device.0.volume_type": "gp2",
                            "security_groups.#": "0",
                            "source_dest_check": "true",
                            "subnet_id": "subnet-057f7349c4d717785",
                            "tags.%": "2",
                            "tags.Env": "app",
                            "tags.Name": "app_worker01",
                            "tenancy": "default",
                            "user_data": "0aae5a6c71b6eb38be40bab44cc2a3464b858ecd",
                            "volume_tags.%": "0",
                            "vpc_security_group_ids.#": "1",
                            "vpc_security_group_ids.2441216016": "sg-0f857dd83a69f803c"
                        },
                        "meta": {
                            "e2bfb730-ecaa-11e6-8f88-34363bc7c4c0": {
                                "create": 600000000000,
                                "delete": 1200000000000,
                                "update": 600000000000
                            },
                            "schema_version": "1"
                        },
                        "tainted": false
                    },
                    "deposed": [],
                    "provider": "provider.aws"
                },
                "data.aws_ami.rhe7_5": {
                    "type": "aws_ami",
                    "depends_on": [],
                    "primary": {
                        "id": "ami-0e258161",
                        "attributes": {
                            "architecture": "x86_64",
                            "block_device_mappings.#": "1",
                            "block_device_mappings.309099847.device_name": "/dev/sda1",
                            "block_device_mappings.309099847.ebs.%": "6",
                            "block_device_mappings.309099847.ebs.delete_on_termination": "true",
                            "block_device_mappings.309099847.ebs.encrypted": "false",
                            "block_device_mappings.309099847.ebs.iops": "0",
                            "block_device_mappings.309099847.ebs.snapshot_id": "snap-0ee6629e3f7784ca8",
                            "block_device_mappings.309099847.ebs.volume_size": "10",
                            "block_device_mappings.309099847.ebs.volume_type": "gp2",
                            "block_device_mappings.309099847.no_device": "",
                            "block_device_mappings.309099847.virtual_name": "",
                            "creation_date": "2017-06-14T21:07:02.000Z",
                            "description": "Provided by Red Hat, Inc.",
                            "filter.#": "3",
                            "filter.1281954306.name": "root-device-type",
                            "filter.1281954306.values.#": "1",
                            "filter.1281954306.values.0": "ebs",
                            "filter.3386043752.name": "architecture",
                            "filter.3386043752.values.#": "1",
                            "filter.3386043752.values.0": "x86_64",
                            "filter.3878650734.name": "name",
                            "filter.3878650734.values.#": "1",
                            "filter.3878650734.values.0": "RHEL-7.3_HVM-*",
                            "hypervisor": "xen",
                            "id": "ami-0e258161",
                            "image_id": "ami-0e258161",
                            "image_location": "309956199498/RHEL-7.3_HVM-20170613-x86_64-4-Hourly2-GP2",
                            "image_type": "machine",
                            "most_recent": "true",
                            "name": "RHEL-7.3_HVM-20170613-x86_64-4-Hourly2-GP2",
                            "owner_id": "309956199498",
                            "owners.#": "1",
                            "owners.0": "309956199498",
                            "product_codes.#": "0",
                            "public": "true",
                            "root_device_name": "/dev/sda1",
                            "root_device_type": "ebs",
                            "root_snapshot_id": "snap-0ee6629e3f7784ca8",
                            "sriov_net_support": "simple",
                            "state": "available",
                            "state_reason.%": "2",
                            "state_reason.code": "UNSET",
                            "state_reason.message": "UNSET",
                            "tags.%": "0",
                            "virtualization_type": "hvm"
                        },
                        "meta": {},
                        "tainted": false
                    },
                    "deposed": [],
                    "provider": "provider.aws"
                }
            },
            "depends_on": []
        },
        {
            "path": [
                "root",
                "app-vpc",
                "worker02"
            ],
            "outputs": {
                "id": {
                    "sensitive": false,
                    "type": "string",
                    "value": "$aws.instance_compute.id"
                }
            },
            "resources": {
                "aws_instance.compute": {
                    "type": "aws_instance",
                    "depends_on": [
                        "data.aws_ami.rhe7_5"
                    ],
                    "primary": {
                        "id": "i-0fe8f0a77da107030",
                        "attributes": {
                            "ami": "ami-0e258161",
                            "arn": "arn:aws:ec2:eu-central-1:364050630688:instance/i-0fe8f0a77da107030",
                            "associate_public_ip_address": "false",
                            "availability_zone": "eu-central-1b",
                            "cpu_core_count": "2",
                            "cpu_threads_per_core": "1",
                            "credit_specification.#": "1",
                            "credit_specification.0.cpu_credits": "standard",
                            "disable_api_termination": "false",
                            "ebs_block_device.#": "1",
                            "ebs_block_device.2671853018.delete_on_termination": "true",
                            "ebs_block_device.2671853018.device_name": "/dev/sdg",
                            "ebs_block_device.2671853018.encrypted": "false",
                            "ebs_block_device.2671853018.iops": "600",
                            "ebs_block_device.2671853018.snapshot_id": "",
                            "ebs_block_device.2671853018.volume_id": "vol-02d909a1eed1db5e0",
                            "ebs_block_device.2671853018.volume_size": "200",
                            "ebs_block_device.2671853018.volume_type": "gp2",
                            "ebs_optimized": "false",
                            "ephemeral_block_device.#": "0",
                            "get_password_data": "false",
                            "iam_instance_profile": "",
                            "id": "i-0fe8f0a77da107030",
                            "instance_state": "running",
                            "instance_type": "t2.large",
                            "ipv6_addresses.#": "0",
                            "key_name": "VDF-DE-TEST",
                            "monitoring": "false",
                            "network_interface.#": "0",
                            "network_interface_id": "eni-0c162a5190e68f873",
                            "password_data": "",
                            "placement_group": "",
                            "primary_network_interface_id": "eni-0c162a5190e68f873",
                            "private_dns": "ip-10-233-105-85.eu-central-1.compute.internal",
                            "private_ip": "10.233.105.85",
                            "public_dns": "",
                            "public_ip": "",
                            "root_block_device.#": "1",
                            "root_block_device.0.delete_on_termination": "true",
                            "root_block_device.0.iops": "105",
                            "root_block_device.0.volume_id": "vol-03a6d97f1d71b2c54",
                            "root_block_device.0.volume_size": "35",
                            "root_block_device.0.volume_type": "gp2",
                            "security_groups.#": "0",
                            "source_dest_check": "true",
                            "subnet_id": "subnet-0b32b61c6023e34a4",
                            "tags.%": "2",
                            "tags.Env": "tool",
                            "tags.Name": "app_worker02",
                            "tenancy": "default",
                            "user_data": "0aae5a6c71b6eb38be40bab44cc2a3464b858ecd",
                            "volume_tags.%": "0",
                            "vpc_security_group_ids.#": "1",
                            "vpc_security_group_ids.2441216016": "sg-0f857dd83a69f803c"
                        },
                        "meta": {
                            "e2bfb730-ecaa-11e6-8f88-34363bc7c4c0": {
                                "create": 600000000000,
                                "delete": 1200000000000,
                                "update": 600000000000
                            },
                            "schema_version": "1"
                        },
                        "tainted": false
                    },
                    "deposed": [],
                    "provider": "provider.aws"
                },
                "data.aws_ami.rhe7_5": {
                    "type": "aws_ami",
                    "depends_on": [],
                    "primary": {
                        "id": "ami-0e258161",
                        "attributes": {
                            "architecture": "x86_64",
                            "block_device_mappings.#": "1",
                            "block_device_mappings.309099847.device_name": "/dev/sda1",
                            "block_device_mappings.309099847.ebs.%": "6",
                            "block_device_mappings.309099847.ebs.delete_on_termination": "true",
                            "block_device_mappings.309099847.ebs.encrypted": "false",
                            "block_device_mappings.309099847.ebs.iops": "0",
                            "block_device_mappings.309099847.ebs.snapshot_id": "snap-0ee6629e3f7784ca8",
                            "block_device_mappings.309099847.ebs.volume_size": "10",
                            "block_device_mappings.309099847.ebs.volume_type": "gp2",
                            "block_device_mappings.309099847.no_device": "",
                            "block_device_mappings.309099847.virtual_name": "",
                            "creation_date": "2017-06-14T21:07:02.000Z",
                            "description": "Provided by Red Hat, Inc.",
                            "filter.#": "3",
                            "filter.1281954306.name": "root-device-type",
                            "filter.1281954306.values.#": "1",
                            "filter.1281954306.values.0": "ebs",
                            "filter.3386043752.name": "architecture",
                            "filter.3386043752.values.#": "1",
                            "filter.3386043752.values.0": "x86_64",
                            "filter.3878650734.name": "name",
                            "filter.3878650734.values.#": "1",
                            "filter.3878650734.values.0": "RHEL-7.3_HVM-*",
                            "hypervisor": "xen",
                            "id": "ami-0e258161",
                            "image_id": "ami-0e258161",
                            "image_location": "309956199498/RHEL-7.3_HVM-20170613-x86_64-4-Hourly2-GP2",
                            "image_type": "machine",
                            "most_recent": "true",
                            "name": "RHEL-7.3_HVM-20170613-x86_64-4-Hourly2-GP2",
                            "owner_id": "309956199498",
                            "owners.#": "1",
                            "owners.0": "309956199498",
                            "product_codes.#": "0",
                            "public": "true",
                            "root_device_name": "/dev/sda1",
                            "root_device_type": "ebs",
                            "root_snapshot_id": "snap-0ee6629e3f7784ca8",
                            "sriov_net_support": "simple",
                            "state": "available",
                            "state_reason.%": "2",
                            "state_reason.code": "UNSET",
                            "state_reason.message": "UNSET",
                            "tags.%": "0",
                            "virtualization_type": "hvm"
                        },
                        "meta": {},
                        "tainted": false
                    },
                    "deposed": [],
                    "provider": "provider.aws"
                }
            },
            "depends_on": []
        },
        {
            "path": [
                "root",
                "prod-vpc",
                "worker01"
            ],
            "outputs": {
                "id": {
                    "sensitive": false,
                    "type": "string",
                    "value": "$aws.instance_compute.id"
                }
            },
            "resources": {
                "aws_instance.compute": {
                    "type": "aws_instance",
                    "depends_on": [
                        "data.aws_ami.rhe7_5"
                    ],
                    "primary": {
                        "id": "i-0dfe232e4731222fc",
                        "attributes": {
                            "ami": "ami-0e258161",
                            "arn": "arn:aws:ec2:eu-central-1:161646829058:instance/i-0dfe232e4731222fc",
                            "associate_public_ip_address": "false",
                            "availability_zone": "eu-central-1a",
                            "cpu_core_count": "2",
                            "cpu_threads_per_core": "1",
                            "credit_specification.#": "1",
                            "credit_specification.0.cpu_credits": "standard",
                            "disable_api_termination": "false",
                            "ebs_block_device.#": "1",
                            "ebs_block_device.2671853018.delete_on_termination": "true",
                            "ebs_block_device.2671853018.device_name": "/dev/sdg",
                            "ebs_block_device.2671853018.encrypted": "false",
                            "ebs_block_device.2671853018.iops": "600",
                            "ebs_block_device.2671853018.snapshot_id": "",
                            "ebs_block_device.2671853018.volume_id": "vol-0e1c0e6572c8f2ff8",
                            "ebs_block_device.2671853018.volume_size": "200",
                            "ebs_block_device.2671853018.volume_type": "gp2",
                            "ebs_optimized": "false",
                            "ephemeral_block_device.#": "0",
                            "get_password_data": "false",
                            "iam_instance_profile": "",
                            "id": "i-0dfe232e4731222fc",
                            "instance_state": "running",
                            "instance_type": "t2.large",
                            "ipv6_addresses.#": "0",
                            "key_name": "VDF-DE-TEST",
                            "monitoring": "false",
                            "network_interface.#": "0",
                            "network_interface_id": "eni-09f9558814c6604bd",
                            "password_data": "",
                            "placement_group": "",
                            "primary_network_interface_id": "eni-09f9558814c6604bd",
                            "private_dns": "ip-10-233-106-68.eu-central-1.compute.internal",
                            "private_ip": "10.233.106.68",
                            "public_dns": "",
                            "public_ip": "",
                            "root_block_device.#": "1",
                            "root_block_device.0.delete_on_termination": "true",
                            "root_block_device.0.iops": "105",
                            "root_block_device.0.volume_id": "vol-033901c234ea38ecb",
                            "root_block_device.0.volume_size": "35",
                            "root_block_device.0.volume_type": "gp2",
                            "security_groups.#": "0",
                            "source_dest_check": "true",
                            "subnet_id": "subnet-038c3f0f41f500d52",
                            "tags.%": "2",
                            "tags.Env": "prod",
                            "tags.Name": "prod_worker01",
                            "tenancy": "default",
                            "user_data": "0aae5a6c71b6eb38be40bab44cc2a3464b858ecd",
                            "volume_tags.%": "0",
                            "vpc_security_group_ids.#": "1",
                            "vpc_security_group_ids.2370652921": "sg-0f175f35658b01c58"
                        },
                        "meta": {
                            "e2bfb730-ecaa-11e6-8f88-34363bc7c4c0": {
                                "create": 600000000000,
                                "delete": 1200000000000,
                                "update": 600000000000
                            },
                            "schema_version": "1"
                        },
                        "tainted": false
                    },
                    "deposed": [],
                    "provider": "provider.aws.accepter"
                },
                "data.aws_ami.rhe7_5": {
                    "type": "aws_ami",
                    "depends_on": [],
                    "primary": {
                        "id": "ami-0e258161",
                        "attributes": {
                            "architecture": "x86_64",
                            "block_device_mappings.#": "1",
                            "block_device_mappings.309099847.device_name": "/dev/sda1",
                            "block_device_mappings.309099847.ebs.%": "6",
                            "block_device_mappings.309099847.ebs.delete_on_termination": "true",
                            "block_device_mappings.309099847.ebs.encrypted": "false",
                            "block_device_mappings.309099847.ebs.iops": "0",
                            "block_device_mappings.309099847.ebs.snapshot_id": "snap-0ee6629e3f7784ca8",
                            "block_device_mappings.309099847.ebs.volume_size": "10",
                            "block_device_mappings.309099847.ebs.volume_type": "gp2",
                            "block_device_mappings.309099847.no_device": "",
                            "block_device_mappings.309099847.virtual_name": "",
                            "creation_date": "2017-06-14T21:07:02.000Z",
                            "description": "Provided by Red Hat, Inc.",
                            "filter.#": "3",
                            "filter.1281954306.name": "root-device-type",
                            "filter.1281954306.values.#": "1",
                            "filter.1281954306.values.0": "ebs",
                            "filter.3386043752.name": "architecture",
                            "filter.3386043752.values.#": "1",
                            "filter.3386043752.values.0": "x86_64",
                            "filter.3878650734.name": "name",
                            "filter.3878650734.values.#": "1",
                            "filter.3878650734.values.0": "RHEL-7.3_HVM-*",
                            "hypervisor": "xen",
                            "id": "ami-0e258161",
                            "image_id": "ami-0e258161",
                            "image_location": "309956199498/RHEL-7.3_HVM-20170613-x86_64-4-Hourly2-GP2",
                            "image_type": "machine",
                            "most_recent": "true",
                            "name": "RHEL-7.3_HVM-20170613-x86_64-4-Hourly2-GP2",
                            "owner_id": "309956199498",
                            "owners.#": "1",
                            "owners.0": "309956199498",
                            "product_codes.#": "0",
                            "public": "true",
                            "root_device_name": "/dev/sda1",
                            "root_device_type": "ebs",
                            "root_snapshot_id": "snap-0ee6629e3f7784ca8",
                            "sriov_net_support": "simple",
                            "state": "available",
                            "state_reason.%": "2",
                            "state_reason.code": "UNSET",
                            "state_reason.message": "UNSET",
                            "tags.%": "0",
                            "virtualization_type": "hvm"
                        },
                        "meta": {},
                        "tainted": false
                    },
                    "deposed": [],
                    "provider": "provider.aws.accepter"
                }
            },
            "depends_on": []
        },
        {
            "path": [
                "root",
                "prod-vpc",
                "worker02"
            ],
            "outputs": {
                "id": {
                    "sensitive": false,
                    "type": "string",
                    "value": "$aws.instance_compute.id"
                }
            },
            "resources": {
                "aws_instance.compute": {
                    "type": "aws_instance",
                    "depends_on": [
                        "data.aws_ami.rhe7_5"
                    ],
                    "primary": {
                        "id": "i-036e7051f0c21190d",
                        "attributes": {
                            "ami": "ami-0e258161",
                            "arn": "arn:aws:ec2:eu-central-1:161646829058:instance/i-036e7051f0c21190d",
                            "associate_public_ip_address": "false",
                            "availability_zone": "eu-central-1b",
                            "cpu_core_count": "2",
                            "cpu_threads_per_core": "1",
                            "credit_specification.#": "1",
                            "credit_specification.0.cpu_credits": "standard",
                            "disable_api_termination": "false",
                            "ebs_block_device.#": "1",
                            "ebs_block_device.2671853018.delete_on_termination": "true",
                            "ebs_block_device.2671853018.device_name": "/dev/sdg",
                            "ebs_block_device.2671853018.encrypted": "false",
                            "ebs_block_device.2671853018.iops": "600",
                            "ebs_block_device.2671853018.snapshot_id": "",
                            "ebs_block_device.2671853018.volume_id": "vol-0296519a3e5f8062a",
                            "ebs_block_device.2671853018.volume_size": "200",
                            "ebs_block_device.2671853018.volume_type": "gp2",
                            "ebs_optimized": "false",
                            "ephemeral_block_device.#": "0",
                            "get_password_data": "false",
                            "iam_instance_profile": "",
                            "id": "i-036e7051f0c21190d",
                            "instance_state": "running",
                            "instance_type": "t2.large",
                            "ipv6_addresses.#": "0",
                            "key_name": "VDF-DE-TEST",
                            "monitoring": "false",
                            "network_interface.#": "0",
                            "network_interface_id": "eni-0be8f53e2a1fc4e64",
                            "password_data": "",
                            "placement_group": "",
                            "primary_network_interface_id": "eni-0be8f53e2a1fc4e64",
                            "private_dns": "ip-10-233-106-85.eu-central-1.compute.internal",
                            "private_ip": "10.233.106.85",
                            "public_dns": "",
                            "public_ip": "",
                            "root_block_device.#": "1",
                            "root_block_device.0.delete_on_termination": "true",
                            "root_block_device.0.iops": "105",
                            "root_block_device.0.volume_id": "vol-0881d2a72fe06c75a",
                            "root_block_device.0.volume_size": "35",
                            "root_block_device.0.volume_type": "gp2",
                            "security_groups.#": "0",
                            "source_dest_check": "true",
                            "subnet_id": "subnet-01d8786007084974c",
                            "tags.%": "2",
                            "tags.Env": "tool",
                            "tags.Name": "prod_worker02",
                            "tenancy": "default",
                            "user_data": "0aae5a6c71b6eb38be40bab44cc2a3464b858ecd",
                            "volume_tags.%": "0",
                            "vpc_security_group_ids.#": "1",
                            "vpc_security_group_ids.2370652921": "sg-0f175f35658b01c58"
                        },
                        "meta": {
                            "e2bfb730-ecaa-11e6-8f88-34363bc7c4c0": {
                                "create": 600000000000,
                                "delete": 1200000000000,
                                "update": 600000000000
                            },
                            "schema_version": "1"
                        },
                        "tainted": false
                    },
                    "deposed": [],
                    "provider": "provider.aws.accepter"
                },
                "data.aws_ami.rhe7_5": {
                    "type": "aws_ami",
                    "depends_on": [],
                    "primary": {
                        "id": "ami-0e258161",
                        "attributes": {
                            "architecture": "x86_64",
                            "block_device_mappings.#": "1",
                            "block_device_mappings.309099847.device_name": "/dev/sda1",
                            "block_device_mappings.309099847.ebs.%": "6",
                            "block_device_mappings.309099847.ebs.delete_on_termination": "true",
                            "block_device_mappings.309099847.ebs.encrypted": "false",
                            "block_device_mappings.309099847.ebs.iops": "0",
                            "block_device_mappings.309099847.ebs.snapshot_id": "snap-0ee6629e3f7784ca8",
                            "block_device_mappings.309099847.ebs.volume_size": "10",
                            "block_device_mappings.309099847.ebs.volume_type": "gp2",
                            "block_device_mappings.309099847.no_device": "",
                            "block_device_mappings.309099847.virtual_name": "",
                            "creation_date": "2017-06-14T21:07:02.000Z",
                            "description": "Provided by Red Hat, Inc.",
                            "filter.#": "3",
                            "filter.1281954306.name": "root-device-type",
                            "filter.1281954306.values.#": "1",
                            "filter.1281954306.values.0": "ebs",
                            "filter.3386043752.name": "architecture",
                            "filter.3386043752.values.#": "1",
                            "filter.3386043752.values.0": "x86_64",
                            "filter.3878650734.name": "name",
                            "filter.3878650734.values.#": "1",
                            "filter.3878650734.values.0": "RHEL-7.3_HVM-*",
                            "hypervisor": "xen",
                            "id": "ami-0e258161",
                            "image_id": "ami-0e258161",
                            "image_location": "309956199498/RHEL-7.3_HVM-20170613-x86_64-4-Hourly2-GP2",
                            "image_type": "machine",
                            "most_recent": "true",
                            "name": "RHEL-7.3_HVM-20170613-x86_64-4-Hourly2-GP2",
                            "owner_id": "309956199498",
                            "owners.#": "1",
                            "owners.0": "309956199498",
                            "product_codes.#": "0",
                            "public": "true",
                            "root_device_name": "/dev/sda1",
                            "root_device_type": "ebs",
                            "root_snapshot_id": "snap-0ee6629e3f7784ca8",
                            "sriov_net_support": "simple",
                            "state": "available",
                            "state_reason.%": "2",
                            "state_reason.code": "UNSET",
                            "state_reason.message": "UNSET",
                            "tags.%": "0",
                            "virtualization_type": "hvm"
                        },
                        "meta": {},
                        "tainted": false
                    },
                    "deposed": [],
                    "provider": "provider.aws.accepter"
                }
            },
            "depends_on": []
        },
        {
            "path": [
                "root",
                "prod-vpc",
                "worker03"
            ],
            "outputs": {
                "id": {
                    "sensitive": false,
                    "type": "string",
                    "value": "$aws.instance_compute.id"
                }
            },
            "resources": {
                "aws_instance.compute": {
                    "type": "aws_instance",
                    "depends_on": [
                        "data.aws_ami.rhe7_5"
                    ],
                    "primary": {
                        "id": "i-09fa944d616f0352d",
                        "attributes": {
                            "ami": "ami-0e258161",
                            "arn": "arn:aws:ec2:eu-central-1:161646829058:instance/i-09fa944d616f0352d",
                            "associate_public_ip_address": "false",
                            "availability_zone": "eu-central-1c",
                            "cpu_core_count": "2",
                            "cpu_threads_per_core": "1",
                            "credit_specification.#": "1",
                            "credit_specification.0.cpu_credits": "standard",
                            "disable_api_termination": "false",
                            "ebs_block_device.#": "1",
                            "ebs_block_device.2671853018.delete_on_termination": "true",
                            "ebs_block_device.2671853018.device_name": "/dev/sdg",
                            "ebs_block_device.2671853018.encrypted": "false",
                            "ebs_block_device.2671853018.iops": "600",
                            "ebs_block_device.2671853018.snapshot_id": "",
                            "ebs_block_device.2671853018.volume_id": "vol-070319e328d135469",
                            "ebs_block_device.2671853018.volume_size": "200",
                            "ebs_block_device.2671853018.volume_type": "gp2",
                            "ebs_optimized": "false",
                            "ephemeral_block_device.#": "0",
                            "get_password_data": "false",
                            "iam_instance_profile": "",
                            "id": "i-09fa944d616f0352d",
                            "instance_state": "running",
                            "instance_type": "t2.large",
                            "ipv6_addresses.#": "0",
                            "key_name": "VDF-DE-TEST",
                            "monitoring": "false",
                            "network_interface.#": "0",
                            "network_interface_id": "eni-0a8dac92364cbf6cd",
                            "password_data": "",
                            "placement_group": "",
                            "primary_network_interface_id": "eni-0a8dac92364cbf6cd",
                            "private_dns": "ip-10-233-106-101.eu-central-1.compute.internal",
                            "private_ip": "10.233.106.101",
                            "public_dns": "",
                            "public_ip": "",
                            "root_block_device.#": "1",
                            "root_block_device.0.delete_on_termination": "true",
                            "root_block_device.0.iops": "105",
                            "root_block_device.0.volume_id": "vol-092402ec9e322f6a1",
                            "root_block_device.0.volume_size": "35",
                            "root_block_device.0.volume_type": "gp2",
                            "security_groups.#": "0",
                            "source_dest_check": "true",
                            "subnet_id": "subnet-0015bf87a33554218",
                            "tags.%": "2",
                            "tags.Env": "tool",
                            "tags.Name": "prod_worker03",
                            "tenancy": "default",
                            "user_data": "0aae5a6c71b6eb38be40bab44cc2a3464b858ecd",
                            "volume_tags.%": "0",
                            "vpc_security_group_ids.#": "1",
                            "vpc_security_group_ids.2370652921": "sg-0f175f35658b01c58"
                        },
                        "meta": {
                            "e2bfb730-ecaa-11e6-8f88-34363bc7c4c0": {
                                "create": 600000000000,
                                "delete": 1200000000000,
                                "update": 600000000000
                            },
                            "schema_version": "1"
                        },
                        "tainted": false
                    },
                    "deposed": [],
                    "provider": "provider.aws.accepter"
                },
                "data.aws_ami.rhe7_5": {
                    "type": "aws_ami",
                    "depends_on": [],
                    "primary": {
                        "id": "ami-0e258161",
                        "attributes": {
                            "architecture": "x86_64",
                            "block_device_mappings.#": "1",
                            "block_device_mappings.309099847.device_name": "/dev/sda1",
                            "block_device_mappings.309099847.ebs.%": "6",
                            "block_device_mappings.309099847.ebs.delete_on_termination": "true",
                            "block_device_mappings.309099847.ebs.encrypted": "false",
                            "block_device_mappings.309099847.ebs.iops": "0",
                            "block_device_mappings.309099847.ebs.snapshot_id": "snap-0ee6629e3f7784ca8",
                            "block_device_mappings.309099847.ebs.volume_size": "10",
                            "block_device_mappings.309099847.ebs.volume_type": "gp2",
                            "block_device_mappings.309099847.no_device": "",
                            "block_device_mappings.309099847.virtual_name": "",
                            "creation_date": "2017-06-14T21:07:02.000Z",
                            "description": "Provided by Red Hat, Inc.",
                            "filter.#": "3",
                            "filter.1281954306.name": "root-device-type",
                            "filter.1281954306.values.#": "1",
                            "filter.1281954306.values.0": "ebs",
                            "filter.3386043752.name": "architecture",
                            "filter.3386043752.values.#": "1",
                            "filter.3386043752.values.0": "x86_64",
                            "filter.3878650734.name": "name",
                            "filter.3878650734.values.#": "1",
                            "filter.3878650734.values.0": "RHEL-7.3_HVM-*",
                            "hypervisor": "xen",
                            "id": "ami-0e258161",
                            "image_id": "ami-0e258161",
                            "image_location": "309956199498/RHEL-7.3_HVM-20170613-x86_64-4-Hourly2-GP2",
                            "image_type": "machine",
                            "most_recent": "true",
                            "name": "RHEL-7.3_HVM-20170613-x86_64-4-Hourly2-GP2",
                            "owner_id": "309956199498",
                            "owners.#": "1",
                            "owners.0": "309956199498",
                            "product_codes.#": "0",
                            "public": "true",
                            "root_device_name": "/dev/sda1",
                            "root_device_type": "ebs",
                            "root_snapshot_id": "snap-0ee6629e3f7784ca8",
                            "sriov_net_support": "simple",
                            "state": "available",
                            "state_reason.%": "2",
                            "state_reason.code": "UNSET",
                            "state_reason.message": "UNSET",
                            "tags.%": "0",
                            "virtualization_type": "hvm"
                        },
                        "meta": {},
                        "tainted": false
                    },
                    "deposed": [],
                    "provider": "provider.aws.accepter"
                }
            },
            "depends_on": []
        }
    ]
}
