{
    "version": 3,
    "terraform_version": "0.11.11",
    "serial": 111,
    "lineage": "360374f8-49ee-fa94-3478-68322ba98934",
    "modules": [
        {
            "path": [
                "root"
            ],
            "outputs": {
                "alb_ucp-dns_name": {
                    "sensitive": false,
                    "type": "string",
                    "value": "internal-elbucp-1427413207.eu-central-1.elb.amazonaws.com"
                },
                "app_private_rt": {
                    "sensitive": false,
                    "type": "string",
                    "value": "rtb-044555c547b18c21b"
                },
                "app_public_rt": {
                    "sensitive": false,
                    "type": "string",
                    "value": "rtb-0c91a5f587c66803b"
                },
                "elb_ucp-zone_id": {
                    "sensitive": false,
                    "type": "string",
                    "value": "Z215JYRZR1TBD5"
                },
                "prod_private_rt": {
                    "sensitive": false,
                    "type": "string",
                    "value": "rtb-0f336c727fdd2a9f3"
                },
                "prod_public_rt": {
                    "sensitive": false,
                    "type": "string",
                    "value": "rtb-0c73139f98b3f1656"
                },
                "subnet_pub1_ids": {
                    "sensitive": false,
                    "type": "string",
                    "value": "subnet-04d5696bf8040fe83"
                },
                "subnet_pub2_ids": {
                    "sensitive": false,
                    "type": "string",
                    "value": "subnet-09021d3b1aae5b2fa"
                },
                "vpc_app_id": {
                    "sensitive": false,
                    "type": "string",
                    "value": "vpc-0bd933304c28e3a01"
                },
                "vpc_id": {
                    "sensitive": false,
                    "type": "string",
                    "value": "vpc-05366d91597ec4cb4"
                },
                "vpc_peer_app_id": {
                    "sensitive": false,
                    "type": "string",
                    "value": "pcx-0b949f69419263f9d"
                },
                "vpc_peer_prod_id": {
                    "sensitive": false,
                    "type": "string",
                    "value": "pcx-05d4bc202021a121b"
                },
                "vpc_prod_id": {
                    "sensitive": false,
                    "type": "string",
                    "value": "vpc-0d3a493254bc9f89d"
                },
                "zone_id": {
                    "sensitive": false,
                    "type": "string",
                    "value": "Z3ICHOHBXO9172"
                }
            },
            "resources": {
                "aws_default_route_table.dmz_private_rt": {
                    "type": "aws_default_route_table",
                    "depends_on": [
                        "aws_nat_gateway.nat",
                        "aws_vpc.dmz_vpc"
                    ],
                    "primary": {
                        "id": "rtb-07d898ddb11688924",
                        "attributes": {
                            "default_route_table_id": "rtb-07d898ddb11688924",
                            "id": "rtb-07d898ddb11688924",
                            "owner_id": "364050630688",
                            "propagating_vgws.#": "1",
                            "propagating_vgws.1563410739": "vgw-0b823046bd444cd7d",
                            "route.#": "1",
                            "route.501900302.cidr_block": "0.0.0.0/0",
                            "route.501900302.egress_only_gateway_id": "",
                            "route.501900302.gateway_id": "",
                            "route.501900302.instance_id": "",
                            "route.501900302.ipv6_cidr_block": "",
                            "route.501900302.nat_gateway_id": "nat-00c8305d40a324e9d",
                            "route.501900302.network_interface_id": "",
                            "route.501900302.transit_gateway_id": "",
                            "route.501900302.vpc_peering_connection_id": "",
                            "tags.%": "1",
                            "tags.Name": "dmz_private",
                            "vpc_id": "vpc-05366d91597ec4cb4"
                        },
                        "meta": {},
                        "tainted": false
                    },
                    "deposed": [],
                    "provider": "provider.aws"
                },
                "aws_eip.dmz_nat_eip": {
                    "type": "aws_eip",
                    "depends_on": [],
                    "primary": {
                        "id": "eipalloc-0bbbec9e78828a224",
                        "attributes": {
                            "association_id": "eipassoc-1d9648c7",
                            "domain": "vpc",
                            "id": "eipalloc-0bbbec9e78828a224",
                            "instance": "",
                            "network_interface": "eni-02ecf4c3c6ea5c3a6",
                            "private_ip": "10.233.104.123",
                            "public_ip": "52.58.146.132",
                            "public_ipv4_pool": "amazon",
                            "tags.%": "0",
                            "vpc": "true"
                        },
                        "meta": {
                            "e2bfb730-ecaa-11e6-8f88-34363bc7c4c0": {
                                "delete": 180000000000,
                                "read": 900000000000,
                                "update": 300000000000
                            }
                        },
                        "tainted": false
                    },
                    "deposed": [],
                    "provider": "provider.aws"
                },
                "aws_internet_gateway.dmz_internet_gateway": {
                    "type": "aws_internet_gateway",
                    "depends_on": [
                        "aws_vpc.dmz_vpc"
                    ],
                    "primary": {
                        "id": "igw-072bfaea8b2ceefd4",
                        "attributes": {
                            "id": "igw-072bfaea8b2ceefd4",
                            "owner_id": "364050630688",
                            "tags.%": "1",
                            "tags.Name": "dmz_igw",
                            "vpc_id": "vpc-05366d91597ec4cb4"
                        },
                        "meta": {},
                        "tainted": false
                    },
                    "deposed": [],
                    "provider": "provider.aws"
                },
                "aws_nat_gateway.nat": {
                    "type": "aws_nat_gateway",
                    "depends_on": [
                        "aws_eip.dmz_nat_eip",
                        "aws_subnet.dmz_public2_subnet"
                    ],
                    "primary": {
                        "id": "nat-00c8305d40a324e9d",
                        "attributes": {
                            "allocation_id": "eipalloc-0bbbec9e78828a224",
                            "id": "nat-00c8305d40a324e9d",
                            "network_interface_id": "eni-02ecf4c3c6ea5c3a6",
                            "private_ip": "10.233.104.123",
                            "public_ip": "52.58.146.132",
                            "subnet_id": "subnet-09021d3b1aae5b2fa",
                            "tags.%": "0"
                        },
                        "meta": {},
                        "tainted": false
                    },
                    "deposed": [],
                    "provider": "provider.aws"
                },
                "aws_route_table.dmz_public_rt": {
                    "type": "aws_route_table",
                    "depends_on": [
                        "aws_internet_gateway.dmz_internet_gateway",
                        "aws_vpc.dmz_vpc"
                    ],
                    "primary": {
                        "id": "rtb-098dd154f31ff4663",
                        "attributes": {
                            "id": "rtb-098dd154f31ff4663",
                            "owner_id": "364050630688",
                            "propagating_vgws.#": "1",
                            "propagating_vgws.1563410739": "vgw-0b823046bd444cd7d",
                            "route.#": "1",
                            "route.3971619797.cidr_block": "0.0.0.0/0",
                            "route.3971619797.egress_only_gateway_id": "",
                            "route.3971619797.gateway_id": "igw-072bfaea8b2ceefd4",
                            "route.3971619797.instance_id": "",
                            "route.3971619797.ipv6_cidr_block": "",
                            "route.3971619797.nat_gateway_id": "",
                            "route.3971619797.network_interface_id": "",
                            "route.3971619797.transit_gateway_id": "",
                            "route.3971619797.vpc_peering_connection_id": "",
                            "tags.%": "1",
                            "tags.Name": "dmz_public",
                            "vpc_id": "vpc-05366d91597ec4cb4"
                        },
                        "meta": {},
                        "tainted": false
                    },
                    "deposed": [],
                    "provider": "provider.aws"
                },
                "aws_route_table_association.private_assoc": {
                    "type": "aws_route_table_association",
                    "depends_on": [
                        "aws_default_route_table.dmz_private_rt",
                        "aws_subnet.priv_master1_subnet"
                    ],
                    "primary": {
                        "id": "rtbassoc-0103b1c9c7d0485aa",
                        "attributes": {
                            "id": "rtbassoc-0103b1c9c7d0485aa",
                            "route_table_id": "rtb-07d898ddb11688924",
                            "subnet_id": "subnet-0cb2d5a4c2fd4702d"
                        },
                        "meta": {},
                        "tainted": false
                    },
                    "deposed": [],
                    "provider": "provider.aws"
                },
                "aws_route_table_association.public1_assoc": {
                    "type": "aws_route_table_association",
                    "depends_on": [
                        "aws_route_table.dmz_public_rt",
                        "aws_subnet.dmz_public1_subnet"
                    ],
                    "primary": {
                        "id": "rtbassoc-033a71e716fefcdc4",
                        "attributes": {
                            "id": "rtbassoc-033a71e716fefcdc4",
                            "route_table_id": "rtb-098dd154f31ff4663",
                            "subnet_id": "subnet-04d5696bf8040fe83"
                        },
                        "meta": {},
                        "tainted": false
                    },
                    "deposed": [],
                    "provider": "provider.aws"
                },
                "aws_route_table_association.public2_assoc": {
                    "type": "aws_route_table_association",
                    "depends_on": [
                        "aws_route_table.dmz_public_rt",
                        "aws_subnet.dmz_public2_subnet"
                    ],
                    "primary": {
                        "id": "rtbassoc-04a9ff0a021b261b7",
                        "attributes": {
                            "id": "rtbassoc-04a9ff0a021b261b7",
                            "route_table_id": "rtb-098dd154f31ff4663",
                            "subnet_id": "subnet-09021d3b1aae5b2fa"
                        },
                        "meta": {},
                        "tainted": false
                    },
                    "deposed": [],
                    "provider": "provider.aws"
                },
                "aws_security_group.dmz_bastion_sg": {
                    "type": "aws_security_group",
                    "depends_on": [
                        "aws_vpc.dmz_vpc"
                    ],
                    "primary": {
                        "id": "sg-0db12d92cc672e907",
                        "attributes": {
                            "arn": "arn:aws:ec2:eu-central-1:364050630688:security-group/sg-0db12d92cc672e907",
                            "description": "Used forBastion",
                            "egress.#": "1",
                            "egress.482069346.cidr_blocks.#": "1",
                            "egress.482069346.cidr_blocks.0": "0.0.0.0/0",
                            "egress.482069346.description": "",
                            "egress.482069346.from_port": "0",
                            "egress.482069346.ipv6_cidr_blocks.#": "0",
                            "egress.482069346.prefix_list_ids.#": "0",
                            "egress.482069346.protocol": "-1",
                            "egress.482069346.security_groups.#": "0",
                            "egress.482069346.self": "false",
                            "egress.482069346.to_port": "0",
                            "id": "sg-0db12d92cc672e907",
                            "ingress.#": "1",
                            "ingress.2996269034.cidr_blocks.#": "6",
                            "ingress.2996269034.cidr_blocks.0": "213.30.18.1/32",
                            "ingress.2996269034.cidr_blocks.1": "85.246.181.205/32",
                            "ingress.2996269034.cidr_blocks.2": "10.20.32.0/19",
                            "ingress.2996269034.cidr_blocks.3": "88.157.199.114/32",
                            "ingress.2996269034.cidr_blocks.4": "192.168.90.169/32",
                            "ingress.2996269034.cidr_blocks.5": "172.16.0.0/22",
                            "ingress.2996269034.description": "",
                            "ingress.2996269034.from_port": "22",
                            "ingress.2996269034.ipv6_cidr_blocks.#": "0",
                            "ingress.2996269034.prefix_list_ids.#": "0",
                            "ingress.2996269034.protocol": "tcp",
                            "ingress.2996269034.security_groups.#": "0",
                            "ingress.2996269034.self": "false",
                            "ingress.2996269034.to_port": "22",
                            "name": "dmz_bastion_sg",
                            "owner_id": "364050630688",
                            "revoke_rules_on_delete": "false",
                            "tags.%": "1",
                            "tags.Name": "Bastion SG T",
                            "vpc_id": "vpc-05366d91597ec4cb4"
                        },
                        "meta": {
                            "e2bfb730-ecaa-11e6-8f88-34363bc7c4c0": {
                                "create": 600000000000,
                                "delete": 600000000000
                            },
                            "schema_version": "1"
                        },
                        "tainted": false
                    },
                    "deposed": [],
                    "provider": "provider.aws"
                },
                "aws_security_group.dmz_cluster_sg": {
                    "type": "aws_security_group",
                    "depends_on": [
                        "aws_vpc.dmz_vpc"
                    ],
                    "primary": {
                        "id": "sg-0c0f3f7feeef0cf2e",
                        "attributes": {
                            "arn": "arn:aws:ec2:eu-central-1:364050630688:security-group/sg-0c0f3f7feeef0cf2e",
                            "description": "utilizado para o cluster",
                            "egress.#": "1",
                            "egress.482069346.cidr_blocks.#": "1",
                            "egress.482069346.cidr_blocks.0": "0.0.0.0/0",
                            "egress.482069346.description": "",
                            "egress.482069346.from_port": "0",
                            "egress.482069346.ipv6_cidr_blocks.#": "0",
                            "egress.482069346.prefix_list_ids.#": "0",
                            "egress.482069346.protocol": "-1",
                            "egress.482069346.security_groups.#": "0",
                            "egress.482069346.self": "false",
                            "egress.482069346.to_port": "0",
                            "id": "sg-0c0f3f7feeef0cf2e",
                            "ingress.#": "1",
                            "ingress.3861124268.cidr_blocks.#": "3",
                            "ingress.3861124268.cidr_blocks.0": "10.233.104.0/26",
                            "ingress.3861124268.cidr_blocks.1": "192.168.90.169/32",
                            "ingress.3861124268.cidr_blocks.2": "172.16.0.0/22",
                            "ingress.3861124268.description": "",
                            "ingress.3861124268.from_port": "0",
                            "ingress.3861124268.ipv6_cidr_blocks.#": "0",
                            "ingress.3861124268.prefix_list_ids.#": "0",
                            "ingress.3861124268.protocol": "-1",
                            "ingress.3861124268.security_groups.#": "0",
                            "ingress.3861124268.self": "false",
                            "ingress.3861124268.to_port": "0",
                            "name": "dmz_cluster_sg",
                            "owner_id": "364050630688",
                            "revoke_rules_on_delete": "false",
                            "tags.%": "1",
                            "tags.Name": "Cluster SG T",
                            "vpc_id": "vpc-05366d91597ec4cb4"
                        },
                        "meta": {
                            "e2bfb730-ecaa-11e6-8f88-34363bc7c4c0": {
                                "create": 600000000000,
                                "delete": 600000000000
                            },
                            "schema_version": "1"
                        },
                        "tainted": false
                    },
                    "deposed": [],
                    "provider": "provider.aws"
                },
                "aws_security_group.dmz_elb1_sg": {
                    "type": "aws_security_group",
                    "depends_on": [
                        "aws_vpc.dmz_vpc"
                    ],
                    "primary": {
                        "id": "sg-0b0e8e34967afe851",
                        "attributes": {
                            "arn": "arn:aws:ec2:eu-central-1:364050630688:security-group/sg-0b0e8e34967afe851",
                            "description": "Used for public ELB1",
                            "egress.#": "1",
                            "egress.482069346.cidr_blocks.#": "1",
                            "egress.482069346.cidr_blocks.0": "0.0.0.0/0",
                            "egress.482069346.description": "",
                            "egress.482069346.from_port": "0",
                            "egress.482069346.ipv6_cidr_blocks.#": "0",
                            "egress.482069346.prefix_list_ids.#": "0",
                            "egress.482069346.protocol": "-1",
                            "egress.482069346.security_groups.#": "0",
                            "egress.482069346.self": "false",
                            "egress.482069346.to_port": "0",
                            "id": "sg-0b0e8e34967afe851",
                            "ingress.#": "2",
                            "ingress.2214680975.cidr_blocks.#": "1",
                            "ingress.2214680975.cidr_blocks.0": "0.0.0.0/0",
                            "ingress.2214680975.description": "",
                            "ingress.2214680975.from_port": "80",
                            "ingress.2214680975.ipv6_cidr_blocks.#": "0",
                            "ingress.2214680975.prefix_list_ids.#": "0",
                            "ingress.2214680975.protocol": "tcp",
                            "ingress.2214680975.security_groups.#": "0",
                            "ingress.2214680975.self": "false",
                            "ingress.2214680975.to_port": "80",
                            "ingress.516175195.cidr_blocks.#": "1",
                            "ingress.516175195.cidr_blocks.0": "0.0.0.0/0",
                            "ingress.516175195.description": "",
                            "ingress.516175195.from_port": "8080",
                            "ingress.516175195.ipv6_cidr_blocks.#": "0",
                            "ingress.516175195.prefix_list_ids.#": "0",
                            "ingress.516175195.protocol": "tcp",
                            "ingress.516175195.security_groups.#": "0",
                            "ingress.516175195.self": "false",
                            "ingress.516175195.to_port": "8080",
                            "name": "dmz_elb1_sg",
                            "owner_id": "364050630688",
                            "revoke_rules_on_delete": "false",
                            "tags.%": "1",
                            "tags.Name": "ELB1 SG T",
                            "vpc_id": "vpc-05366d91597ec4cb4"
                        },
                        "meta": {
                            "e2bfb730-ecaa-11e6-8f88-34363bc7c4c0": {
                                "create": 600000000000,
                                "delete": 600000000000
                            },
                            "schema_version": "1"
                        },
                        "tainted": false
                    },
                    "deposed": [],
                    "provider": "provider.aws"
                },
                "aws_security_group.dmz_master_sg": {
                    "type": "aws_security_group",
                    "depends_on": [
                        "aws_vpc.dmz_vpc"
                    ],
                    "primary": {
                        "id": "sg-005f34153858d73d3",
                        "attributes": {
                            "arn": "arn:aws:ec2:eu-central-1:364050630688:security-group/sg-005f34153858d73d3",
                            "description": "Utilizado para o Master",
                            "egress.#": "1",
                            "egress.482069346.cidr_blocks.#": "1",
                            "egress.482069346.cidr_blocks.0": "0.0.0.0/0",
                            "egress.482069346.description": "",
                            "egress.482069346.from_port": "0",
                            "egress.482069346.ipv6_cidr_blocks.#": "0",
                            "egress.482069346.prefix_list_ids.#": "0",
                            "egress.482069346.protocol": "-1",
                            "egress.482069346.security_groups.#": "0",
                            "egress.482069346.self": "false",
                            "egress.482069346.to_port": "0",
                            "id": "sg-005f34153858d73d3",
                            "ingress.#": "1",
                            "ingress.3861124268.cidr_blocks.#": "3",
                            "ingress.3861124268.cidr_blocks.0": "10.233.104.0/26",
                            "ingress.3861124268.cidr_blocks.1": "192.168.90.169/32",
                            "ingress.3861124268.cidr_blocks.2": "172.16.0.0/22",
                            "ingress.3861124268.description": "",
                            "ingress.3861124268.from_port": "0",
                            "ingress.3861124268.ipv6_cidr_blocks.#": "0",
                            "ingress.3861124268.prefix_list_ids.#": "0",
                            "ingress.3861124268.protocol": "-1",
                            "ingress.3861124268.security_groups.#": "0",
                            "ingress.3861124268.self": "false",
                            "ingress.3861124268.to_port": "0",
                            "name": "dmz_master_sg",
                            "owner_id": "364050630688",
                            "revoke_rules_on_delete": "false",
                            "tags.%": "1",
                            "tags.Name": "Master SG T",
                            "vpc_id": "vpc-05366d91597ec4cb4"
                        },
                        "meta": {
                            "e2bfb730-ecaa-11e6-8f88-34363bc7c4c0": {
                                "create": 600000000000,
                                "delete": 600000000000
                            },
                            "schema_version": "1"
                        },
                        "tainted": false
                    },
                    "deposed": [],
                    "provider": "provider.aws"
                },
                "aws_subnet.dmz_public1_subnet": {
                    "type": "aws_subnet",
                    "depends_on": [
                        "aws_vpc.dmz_vpc",
                        "data.aws_availability_zones.available"
                    ],
                    "primary": {
                        "id": "subnet-04d5696bf8040fe83",
                        "attributes": {
                            "arn": "arn:aws:ec2:eu-central-1:364050630688:subnet/subnet-04d5696bf8040fe83",
                            "assign_ipv6_address_on_creation": "false",
                            "availability_zone": "eu-central-1a",
                            "availability_zone_id": "euc1-az2",
                            "cidr_block": "10.233.104.0/28",
                            "id": "subnet-04d5696bf8040fe83",
                            "ipv6_cidr_block": "",
                            "ipv6_cidr_block_association_id": "",
                            "map_public_ip_on_launch": "true",
                            "owner_id": "364050630688",
                            "tags.%": "1",
                            "tags.Name": "dmz_public1",
                            "vpc_id": "vpc-05366d91597ec4cb4"
                        },
                        "meta": {
                            "e2bfb730-ecaa-11e6-8f88-34363bc7c4c0": {
                                "create": 600000000000,
                                "delete": 600000000000
                            },
                            "schema_version": "1"
                        },
                        "tainted": false
                    },
                    "deposed": [],
                    "provider": "provider.aws"
                },
                "aws_subnet.dmz_public2_subnet": {
                    "type": "aws_subnet",
                    "depends_on": [
                        "aws_vpc.dmz_vpc",
                        "data.aws_availability_zones.available"
                    ],
                    "primary": {
                        "id": "subnet-09021d3b1aae5b2fa",
                        "attributes": {
                            "arn": "arn:aws:ec2:eu-central-1:364050630688:subnet/subnet-09021d3b1aae5b2fa",
                            "assign_ipv6_address_on_creation": "false",
                            "availability_zone": "eu-central-1b",
                            "availability_zone_id": "euc1-az3",
                            "cidr_block": "10.233.104.112/28",
                            "id": "subnet-09021d3b1aae5b2fa",
                            "ipv6_cidr_block": "",
                            "ipv6_cidr_block_association_id": "",
                            "map_public_ip_on_launch": "true",
                            "owner_id": "364050630688",
                            "tags.%": "1",
                            "tags.Name": "dmz_public2",
                            "vpc_id": "vpc-05366d91597ec4cb4"
                        },
                        "meta": {
                            "e2bfb730-ecaa-11e6-8f88-34363bc7c4c0": {
                                "create": 600000000000,
                                "delete": 600000000000
                            },
                            "schema_version": "1"
                        },
                        "tainted": false
                    },
                    "deposed": [],
                    "provider": "provider.aws"
                },
                "aws_subnet.priv_master1_subnet": {
                    "type": "aws_subnet",
                    "depends_on": [
                        "aws_vpc.dmz_vpc",
                        "data.aws_availability_zones.available"
                    ],
                    "primary": {
                        "id": "subnet-0cb2d5a4c2fd4702d",
                        "attributes": {
                            "arn": "arn:aws:ec2:eu-central-1:364050630688:subnet/subnet-0cb2d5a4c2fd4702d",
                            "assign_ipv6_address_on_creation": "false",
                            "availability_zone": "eu-central-1a",
                            "availability_zone_id": "euc1-az2",
                            "cidr_block": "10.233.104.16/28",
                            "id": "subnet-0cb2d5a4c2fd4702d",
                            "ipv6_cidr_block": "",
                            "ipv6_cidr_block_association_id": "",
                            "map_public_ip_on_launch": "false",
                            "owner_id": "364050630688",
                            "tags.%": "1",
                            "tags.Name": "priv_master1",
                            "vpc_id": "vpc-05366d91597ec4cb4"
                        },
                        "meta": {
                            "e2bfb730-ecaa-11e6-8f88-34363bc7c4c0": {
                                "create": 600000000000,
                                "delete": 600000000000
                            },
                            "schema_version": "1"
                        },
                        "tainted": false
                    },
                    "deposed": [],
                    "provider": "provider.aws"
                },
                "aws_subnet.priv_master2_subnet": {
                    "type": "aws_subnet",
                    "depends_on": [
                        "aws_vpc.dmz_vpc",
                        "data.aws_availability_zones.available"
                    ],
                    "primary": {
                        "id": "subnet-0d066b5420f6529d5",
                        "attributes": {
                            "arn": "arn:aws:ec2:eu-central-1:364050630688:subnet/subnet-0d066b5420f6529d5",
                            "assign_ipv6_address_on_creation": "false",
                            "availability_zone": "eu-central-1b",
                            "availability_zone_id": "euc1-az3",
                            "cidr_block": "10.233.104.32/28",
                            "id": "subnet-0d066b5420f6529d5",
                            "ipv6_cidr_block": "",
                            "ipv6_cidr_block_association_id": "",
                            "map_public_ip_on_launch": "false",
                            "owner_id": "364050630688",
                            "tags.%": "1",
                            "tags.Name": "priv_master2",
                            "vpc_id": "vpc-05366d91597ec4cb4"
                        },
                        "meta": {
                            "e2bfb730-ecaa-11e6-8f88-34363bc7c4c0": {
                                "create": 600000000000,
                                "delete": 600000000000
                            },
                            "schema_version": "1"
                        },
                        "tainted": false
                    },
                    "deposed": [],
                    "provider": "provider.aws"
                },
                "aws_subnet.priv_master3_subnet": {
                    "type": "aws_subnet",
                    "depends_on": [
                        "aws_vpc.dmz_vpc",
                        "data.aws_availability_zones.available"
                    ],
                    "primary": {
                        "id": "subnet-0b7e4893dac41a3ff",
                        "attributes": {
                            "arn": "arn:aws:ec2:eu-central-1:364050630688:subnet/subnet-0b7e4893dac41a3ff",
                            "assign_ipv6_address_on_creation": "false",
                            "availability_zone": "eu-central-1c",
                            "availability_zone_id": "euc1-az1",
                            "cidr_block": "10.233.104.48/28",
                            "id": "subnet-0b7e4893dac41a3ff",
                            "ipv6_cidr_block": "",
                            "ipv6_cidr_block_association_id": "",
                            "map_public_ip_on_launch": "false",
                            "owner_id": "364050630688",
                            "tags.%": "1",
                            "tags.Name": "priv_master3",
                            "vpc_id": "vpc-05366d91597ec4cb4"
                        },
                        "meta": {
                            "e2bfb730-ecaa-11e6-8f88-34363bc7c4c0": {
                                "create": 600000000000,
                                "delete": 600000000000
                            },
                            "schema_version": "1"
                        },
                        "tainted": false
                    },
                    "deposed": [],
                    "provider": "provider.aws"
                },
                "aws_subnet.priv_worker1_subnet": {
                    "type": "aws_subnet",
                    "depends_on": [
                        "aws_vpc.dmz_vpc",
                        "data.aws_availability_zones.available"
                    ],
                    "primary": {
                        "id": "subnet-0f02a1be4ca38505b",
                        "attributes": {
                            "arn": "arn:aws:ec2:eu-central-1:364050630688:subnet/subnet-0f02a1be4ca38505b",
                            "assign_ipv6_address_on_creation": "false",
                            "availability_zone": "eu-central-1a",
                            "availability_zone_id": "euc1-az2",
                            "cidr_block": "10.233.104.64/28",
                            "id": "subnet-0f02a1be4ca38505b",
                            "ipv6_cidr_block": "",
                            "ipv6_cidr_block_association_id": "",
                            "map_public_ip_on_launch": "false",
                            "owner_id": "364050630688",
                            "tags.%": "1",
                            "tags.Name": "priv_worker1",
                            "vpc_id": "vpc-05366d91597ec4cb4"
                        },
                        "meta": {
                            "e2bfb730-ecaa-11e6-8f88-34363bc7c4c0": {
                                "create": 600000000000,
                                "delete": 600000000000
                            },
                            "schema_version": "1"
                        },
                        "tainted": false
                    },
                    "deposed": [],
                    "provider": "provider.aws"
                },
                "aws_subnet.priv_worker2_subnet": {
                    "type": "aws_subnet",
                    "depends_on": [
                        "aws_vpc.dmz_vpc",
                        "data.aws_availability_zones.available"
                    ],
                    "primary": {
                        "id": "subnet-0a8b85c81d5aaa633",
                        "attributes": {
                            "arn": "arn:aws:ec2:eu-central-1:364050630688:subnet/subnet-0a8b85c81d5aaa633",
                            "assign_ipv6_address_on_creation": "false",
                            "availability_zone": "eu-central-1b",
                            "availability_zone_id": "euc1-az3",
                            "cidr_block": "10.233.104.80/28",
                            "id": "subnet-0a8b85c81d5aaa633",
                            "ipv6_cidr_block": "",
                            "ipv6_cidr_block_association_id": "",
                            "map_public_ip_on_launch": "false",
                            "owner_id": "364050630688",
                            "tags.%": "1",
                            "tags.Name": "priv_worker2",
                            "vpc_id": "vpc-05366d91597ec4cb4"
                        },
                        "meta": {
                            "e2bfb730-ecaa-11e6-8f88-34363bc7c4c0": {
                                "create": 600000000000,
                                "delete": 600000000000
                            },
                            "schema_version": "1"
                        },
                        "tainted": false
                    },
                    "deposed": [],
                    "provider": "provider.aws"
                },
                "aws_subnet.priv_worker3_subnet": {
                    "type": "aws_subnet",
                    "depends_on": [
                        "aws_vpc.dmz_vpc",
                        "data.aws_availability_zones.available"
                    ],
                    "primary": {
                        "id": "subnet-0b6d7f43a4a55489f",
                        "attributes": {
                            "arn": "arn:aws:ec2:eu-central-1:364050630688:subnet/subnet-0b6d7f43a4a55489f",
                            "assign_ipv6_address_on_creation": "false",
                            "availability_zone": "eu-central-1c",
                            "availability_zone_id": "euc1-az1",
                            "cidr_block": "10.233.104.96/28",
                            "id": "subnet-0b6d7f43a4a55489f",
                            "ipv6_cidr_block": "",
                            "ipv6_cidr_block_association_id": "",
                            "map_public_ip_on_launch": "false",
                            "owner_id": "364050630688",
                            "tags.%": "1",
                            "tags.Name": "priv_worker3",
                            "vpc_id": "vpc-05366d91597ec4cb4"
                        },
                        "meta": {
                            "e2bfb730-ecaa-11e6-8f88-34363bc7c4c0": {
                                "create": 600000000000,
                                "delete": 600000000000
                            },
                            "schema_version": "1"
                        },
                        "tainted": false
                    },
                    "deposed": [],
                    "provider": "provider.aws"
                },
                "aws_vpc.dmz_vpc": {
                    "type": "aws_vpc",
                    "depends_on": [],
                    "primary": {
                        "id": "vpc-05366d91597ec4cb4",
                        "attributes": {
                            "arn": "arn:aws:ec2:eu-central-1:364050630688:vpc/vpc-05366d91597ec4cb4",
                            "assign_generated_ipv6_cidr_block": "false",
                            "cidr_block": "10.233.104.0/24",
                            "default_network_acl_id": "acl-0d6e69905d06dc99e",
                            "default_route_table_id": "rtb-07d898ddb11688924",
                            "default_security_group_id": "sg-09713ed65ef78a8bc",
                            "dhcp_options_id": "dopt-94a0ebff",
                            "enable_dns_hostnames": "true",
                            "enable_dns_support": "true",
                            "id": "vpc-05366d91597ec4cb4",
                            "instance_tenancy": "default",
                            "ipv6_association_id": "",
                            "ipv6_cidr_block": "",
                            "main_route_table_id": "rtb-07d898ddb11688924",
                            "owner_id": "364050630688",
                            "tags.%": "1",
                            "tags.Name": "dmz_vpc"
                        },
                        "meta": {
                            "schema_version": "1"
                        },
                        "tainted": false
                    },
                    "deposed": [],
                    "provider": "provider.aws"
                },
                "aws_vpn_gateway_attachment.vpn_attachment": {
                    "type": "aws_vpn_gateway_attachment",
                    "depends_on": [
                        "aws_vpc.dmz_vpc"
                    ],
                    "primary": {
                        "id": "vpn-attachment-92378eb2",
                        "attributes": {
                            "id": "vpn-attachment-92378eb2",
                            "vpc_id": "vpc-05366d91597ec4cb4",
                            "vpn_gateway_id": "vgw-0b823046bd444cd7d"
                        },
                        "meta": {},
                        "tainted": false
                    },
                    "deposed": [],
                    "provider": "provider.aws"
                },
                "data.aws_availability_zones.available": {
                    "type": "aws_availability_zones",
                    "depends_on": [],
                    "primary": {
                        "id": "2019-01-16 15:57:10.5692709 +0000 UTC",
                        "attributes": {
                            "id": "2019-01-16 15:57:10.5692709 +0000 UTC",
                            "names.#": "3",
                            "names.0": "eu-central-1a",
                            "names.1": "eu-central-1b",
                            "names.2": "eu-central-1c",
                            "zone_ids.#": "3",
                            "zone_ids.0": "euc1-az2",
                            "zone_ids.1": "euc1-az3",
                            "zone_ids.2": "euc1-az1"
                        },
                        "meta": {},
                        "tainted": false
                    },
                    "deposed": [],
                    "provider": "provider.aws"
                },
                "data.aws_caller_identity.app": {
                    "type": "aws_caller_identity",
                    "depends_on": [],
                    "primary": {
                        "id": "2019-01-16 15:57:10.4388778 +0000 UTC",
                        "attributes": {
                            "account_id": "364050630688",
                            "arn": "arn:aws:iam::364050630688:user/Auto_CelFocus",
                            "id": "2019-01-16 15:57:10.4388778 +0000 UTC",
                            "user_id": "AIDAJ7B4SVYLSUAMV7POY"
                        },
                        "meta": {},
                        "tainted": false
                    },
                    "deposed": [],
                    "provider": "provider.aws"
                },
                "data.aws_caller_identity.prod": {
                    "type": "aws_caller_identity",
                    "depends_on": [],
                    "primary": {
                        "id": "2019-01-16 15:57:10.4385022 +0000 UTC",
                        "attributes": {
                            "account_id": "161646829058",
                            "arn": "arn:aws:iam::161646829058:user/Auto_Celfocus_prod",
                            "id": "2019-01-16 15:57:10.4385022 +0000 UTC",
                            "user_id": "AIDAJ4MSOSCRJIGFMF45Y"
                        },
                        "meta": {},
                        "tainted": false
                    },
                    "deposed": [],
                    "provider": "provider.aws.accepter"
                }
            },
            "depends_on": []
        },
        {
            "path": [
                "root",
                "DNS"
            ],
            "outputs": {},
            "resources": {
                "aws_instance.instance": {
                    "type": "aws_instance",
                    "depends_on": [],
                    "primary": {
                        "id": "i-07d438cbc1705f35c",
                        "attributes": {
                            "ami": "ami-034fffcc6a0063961",
                            "arn": "arn:aws:ec2:eu-central-1:364050630688:instance/i-07d438cbc1705f35c",
                            "associate_public_ip_address": "false",
                            "availability_zone": "eu-central-1a",
                            "cpu_core_count": "1",
                            "cpu_threads_per_core": "1",
                            "credit_specification.#": "1",
                            "credit_specification.0.cpu_credits": "standard",
                            "disable_api_termination": "false",
                            "ebs_block_device.#": "0",
                            "ebs_optimized": "false",
                            "ephemeral_block_device.#": "0",
                            "get_password_data": "false",
                            "iam_instance_profile": "",
                            "id": "i-07d438cbc1705f35c",
                            "instance_state": "running",
                            "instance_type": "t2.micro",
                            "ipv6_addresses.#": "0",
                            "key_name": "VDF-DE-TEST",
                            "monitoring": "false",
                            "network_interface.#": "0",
                            "network_interface_id": "eni-0e73b457b379a68ce",
                            "password_data": "",
                            "placement_group": "",
                            "primary_network_interface_id": "eni-0e73b457b379a68ce",
                            "private_dns": "ip-10-233-104-25.eu-central-1.compute.internal",
                            "private_ip": "10.233.104.25",
                            "public_dns": "",
                            "public_ip": "",
                            "root_block_device.#": "1",
                            "root_block_device.0.delete_on_termination": "true",
                            "root_block_device.0.iops": "100",
                            "root_block_device.0.volume_id": "vol-040cfc3479eaabf08",
                            "root_block_device.0.volume_size": "8",
                            "root_block_device.0.volume_type": "gp2",
                            "security_groups.#": "0",
                            "source_dest_check": "true",
                            "subnet_id": "subnet-0cb2d5a4c2fd4702d",
                            "tags.%": "2",
                            "tags.Env": "tool",
                            "tags.Name": "automation",
                            "tenancy": "default",
                            "user_data": "239b656b5e4694814cf59a92e1f99eed215111f5",
                            "volume_tags.%": "0",
                            "vpc_security_group_ids.#": "1",
                            "vpc_security_group_ids.2740105547": "sg-005f34153858d73d3"
                        },
                        "meta": {
                            "e2bfb730-ecaa-11e6-8f88-34363bc7c4c0": {
                                "create": 600000000000,
                                "delete": 1200000000000,
                                "update": 600000000000
                            },
                            "schema_version": "1"
                        },
                        "tainted": false
                    },
                    "deposed": [],
                    "provider": "provider.aws"
                }
            },
            "depends_on": []
        },
        {
            "path": [
                "root",
                "app-vpc"
            ],
            "outputs": {
                "app_private_rt": {
                    "sensitive": false,
                    "type": "string",
                    "value": "rtb-044555c547b18c21b"
                },
                "app_public_rt": {
                    "sensitive": false,
                    "type": "string",
                    "value": "rtb-0c91a5f587c66803b"
                },
                "subnet_pub1_ids": {
                    "sensitive": false,
                    "type": "string",
                    "value": "subnet-0875e352138e3a302"
                },
                "subnet_pub2_ids": {
                    "sensitive": false,
                    "type": "string",
                    "value": "subnet-08936c604ae8fd0b0"
                },
                "vpc_app_id": {
                    "sensitive": false,
                    "type": "string",
                    "value": "vpc-0bd933304c28e3a01"
                }
            },
            "resources": {
                "aws_default_route_table.app_private_rt": {
                    "type": "aws_default_route_table",
                    "depends_on": [
                        "aws_nat_gateway.nat",
                        "aws_vpc.app_vpc"
                    ],
                    "primary": {
                        "id": "rtb-044555c547b18c21b",
                        "attributes": {
                            "default_route_table_id": "rtb-044555c547b18c21b",
                            "id": "rtb-044555c547b18c21b",
                            "owner_id": "364050630688",
                            "propagating_vgws.#": "0",
                            "route.#": "1",
                            "route.1608118780.cidr_block": "0.0.0.0/0",
                            "route.1608118780.egress_only_gateway_id": "",
                            "route.1608118780.gateway_id": "",
                            "route.1608118780.instance_id": "",
                            "route.1608118780.ipv6_cidr_block": "",
                            "route.1608118780.nat_gateway_id": "nat-0d3e04fc4b67b11f5",
                            "route.1608118780.network_interface_id": "",
                            "route.1608118780.transit_gateway_id": "",
                            "route.1608118780.vpc_peering_connection_id": "",
                            "tags.%": "1",
                            "tags.Name": "app_private",
                            "vpc_id": "vpc-0bd933304c28e3a01"
                        },
                        "meta": {},
                        "tainted": false
                    },
                    "deposed": [],
                    "provider": "provider.aws"
                },
                "aws_eip.app_nat_eip": {
                    "type": "aws_eip",
                    "depends_on": [],
                    "primary": {
                        "id": "eipalloc-035e1d5d2cc665ad4",
                        "attributes": {
                            "association_id": "eipassoc-10934dca",
                            "domain": "vpc",
                            "id": "eipalloc-035e1d5d2cc665ad4",
                            "instance": "",
                            "network_interface": "eni-098c8c8c108d39089",
                            "private_ip": "10.233.105.121",
                            "public_ip": "18.184.29.1",
                            "public_ipv4_pool": "amazon",
                            "tags.%": "0",
                            "vpc": "true"
                        },
                        "meta": {
                            "e2bfb730-ecaa-11e6-8f88-34363bc7c4c0": {
                                "delete": 180000000000,
                                "read": 900000000000,
                                "update": 300000000000
                            }
                        },
                        "tainted": false
                    },
                    "deposed": [],
                    "provider": "provider.aws"
                },
                "aws_internet_gateway.app_internet_gateway": {
                    "type": "aws_internet_gateway",
                    "depends_on": [
                        "aws_vpc.app_vpc"
                    ],
                    "primary": {
                        "id": "igw-0acbc45c337a0651a",
                        "attributes": {
                            "id": "igw-0acbc45c337a0651a",
                            "owner_id": "364050630688",
                            "tags.%": "1",
                            "tags.Name": "app_igw",
                            "vpc_id": "vpc-0bd933304c28e3a01"
                        },
                        "meta": {},
                        "tainted": false
                    },
                    "deposed": [],
                    "provider": "provider.aws"
                },
                "aws_nat_gateway.nat": {
                    "type": "aws_nat_gateway",
                    "depends_on": [
                        "aws_eip.app_nat_eip",
                        "aws_subnet.app_public2_subnet"
                    ],
                    "primary": {
                        "id": "nat-0d3e04fc4b67b11f5",
                        "attributes": {
                            "allocation_id": "eipalloc-035e1d5d2cc665ad4",
                            "id": "nat-0d3e04fc4b67b11f5",
                            "network_interface_id": "eni-098c8c8c108d39089",
                            "private_ip": "10.233.105.121",
                            "public_ip": "18.184.29.1",
                            "subnet_id": "subnet-08936c604ae8fd0b0",
                            "tags.%": "0"
                        },
                        "meta": {},
                        "tainted": false
                    },
                    "deposed": [],
                    "provider": "provider.aws"
                },
                "aws_route_table.app_public_rt": {
                    "type": "aws_route_table",
                    "depends_on": [
                        "aws_internet_gateway.app_internet_gateway",
                        "aws_vpc.app_vpc"
                    ],
                    "primary": {
                        "id": "rtb-0c91a5f587c66803b",
                        "attributes": {
                            "id": "rtb-0c91a5f587c66803b",
                            "owner_id": "364050630688",
                            "propagating_vgws.#": "0",
                            "route.#": "1",
                            "route.3252899845.cidr_block": "0.0.0.0/0",
                            "route.3252899845.egress_only_gateway_id": "",
                            "route.3252899845.gateway_id": "igw-0acbc45c337a0651a",
                            "route.3252899845.instance_id": "",
                            "route.3252899845.ipv6_cidr_block": "",
                            "route.3252899845.nat_gateway_id": "",
                            "route.3252899845.network_interface_id": "",
                            "route.3252899845.transit_gateway_id": "",
                            "route.3252899845.vpc_peering_connection_id": "",
                            "tags.%": "1",
                            "tags.Name": "app_public",
                            "vpc_id": "vpc-0bd933304c28e3a01"
                        },
                        "meta": {},
                        "tainted": false
                    },
                    "deposed": [],
                    "provider": "provider.aws"
                },
                "aws_route_table_association.private_assoc": {
                    "type": "aws_route_table_association",
                    "depends_on": [
                        "aws_default_route_table.app_private_rt",
                        "aws_subnet.priv_worker1_subnet"
                    ],
                    "primary": {
                        "id": "rtbassoc-0cf1ca1dfb39f244b",
                        "attributes": {
                            "id": "rtbassoc-0cf1ca1dfb39f244b",
                            "route_table_id": "rtb-044555c547b18c21b",
                            "subnet_id": "subnet-0b3ca0b662796a094"
                        },
                        "meta": {},
                        "tainted": false
                    },
                    "deposed": [],
                    "provider": "provider.aws"
                },
                "aws_route_table_association.public1_assoc": {
                    "type": "aws_route_table_association",
                    "depends_on": [
                        "aws_route_table.app_public_rt",
                        "aws_subnet.app_public1_subnet"
                    ],
                    "primary": {
                        "id": "rtbassoc-05d59fd4ddbf37a82",
                        "attributes": {
                            "id": "rtbassoc-05d59fd4ddbf37a82",
                            "route_table_id": "rtb-0c91a5f587c66803b",
                            "subnet_id": "subnet-0875e352138e3a302"
                        },
                        "meta": {},
                        "tainted": false
                    },
                    "deposed": [],
                    "provider": "provider.aws"
                },
                "aws_route_table_association.public2_assoc": {
                    "type": "aws_route_table_association",
                    "depends_on": [
                        "aws_route_table.app_public_rt",
                        "aws_subnet.app_public2_subnet"
                    ],
                    "primary": {
                        "id": "rtbassoc-0f5950e9db5d3be0b",
                        "attributes": {
                            "id": "rtbassoc-0f5950e9db5d3be0b",
                            "route_table_id": "rtb-0c91a5f587c66803b",
                            "subnet_id": "subnet-08936c604ae8fd0b0"
                        },
                        "meta": {},
                        "tainted": false
                    },
                    "deposed": [],
                    "provider": "provider.aws"
                },
                "aws_security_group.app_cluster_sg": {
                    "type": "aws_security_group",
                    "depends_on": [
                        "aws_vpc.app_vpc"
                    ],
                    "primary": {
                        "id": "sg-0fde17ddb559a51cf",
                        "attributes": {
                            "arn": "arn:aws:ec2:eu-central-1:364050630688:security-group/sg-0fde17ddb559a51cf",
                            "description": "utilizado para o cluster",
                            "egress.#": "1",
                            "egress.482069346.cidr_blocks.#": "1",
                            "egress.482069346.cidr_blocks.0": "0.0.0.0/0",
                            "egress.482069346.description": "",
                            "egress.482069346.from_port": "0",
                            "egress.482069346.ipv6_cidr_blocks.#": "0",
                            "egress.482069346.prefix_list_ids.#": "0",
                            "egress.482069346.protocol": "-1",
                            "egress.482069346.security_groups.#": "0",
                            "egress.482069346.self": "false",
                            "egress.482069346.to_port": "0",
                            "id": "sg-0fde17ddb559a51cf",
                            "ingress.#": "1",
                            "ingress.2829917957.cidr_blocks.#": "3",
                            "ingress.2829917957.cidr_blocks.0": "10.233.105.0/26",
                            "ingress.2829917957.cidr_blocks.1": "192.168.90.169/32",
                            "ingress.2829917957.cidr_blocks.2": "172.16.0.0/22",
                            "ingress.2829917957.description": "",
                            "ingress.2829917957.from_port": "0",
                            "ingress.2829917957.ipv6_cidr_blocks.#": "0",
                            "ingress.2829917957.prefix_list_ids.#": "0",
                            "ingress.2829917957.protocol": "-1",
                            "ingress.2829917957.security_groups.#": "0",
                            "ingress.2829917957.self": "false",
                            "ingress.2829917957.to_port": "0",
                            "name": "app_cluster_sg",
                            "owner_id": "364050630688",
                            "revoke_rules_on_delete": "false",
                            "tags.%": "1",
                            "tags.Name": "Cluster SG T",
                            "vpc_id": "vpc-0bd933304c28e3a01"
                        },
                        "meta": {
                            "e2bfb730-ecaa-11e6-8f88-34363bc7c4c0": {
                                "create": 600000000000,
                                "delete": 600000000000
                            },
                            "schema_version": "1"
                        },
                        "tainted": false
                    },
                    "deposed": [],
                    "provider": "provider.aws"
                },
                "aws_security_group.app_elb1_sg": {
                    "type": "aws_security_group",
                    "depends_on": [
                        "aws_vpc.app_vpc"
                    ],
                    "primary": {
                        "id": "sg-0f05e34fb6b71784c",
                        "attributes": {
                            "arn": "arn:aws:ec2:eu-central-1:364050630688:security-group/sg-0f05e34fb6b71784c",
                            "description": "Used for public ELB1",
                            "egress.#": "1",
                            "egress.482069346.cidr_blocks.#": "1",
                            "egress.482069346.cidr_blocks.0": "0.0.0.0/0",
                            "egress.482069346.description": "",
                            "egress.482069346.from_port": "0",
                            "egress.482069346.ipv6_cidr_blocks.#": "0",
                            "egress.482069346.prefix_list_ids.#": "0",
                            "egress.482069346.protocol": "-1",
                            "egress.482069346.security_groups.#": "0",
                            "egress.482069346.self": "false",
                            "egress.482069346.to_port": "0",
                            "id": "sg-0f05e34fb6b71784c",
                            "ingress.#": "2",
                            "ingress.2214680975.cidr_blocks.#": "1",
                            "ingress.2214680975.cidr_blocks.0": "0.0.0.0/0",
                            "ingress.2214680975.description": "",
                            "ingress.2214680975.from_port": "80",
                            "ingress.2214680975.ipv6_cidr_blocks.#": "0",
                            "ingress.2214680975.prefix_list_ids.#": "0",
                            "ingress.2214680975.protocol": "tcp",
                            "ingress.2214680975.security_groups.#": "0",
                            "ingress.2214680975.self": "false",
                            "ingress.2214680975.to_port": "80",
                            "ingress.516175195.cidr_blocks.#": "1",
                            "ingress.516175195.cidr_blocks.0": "0.0.0.0/0",
                            "ingress.516175195.description": "",
                            "ingress.516175195.from_port": "8080",
                            "ingress.516175195.ipv6_cidr_blocks.#": "0",
                            "ingress.516175195.prefix_list_ids.#": "0",
                            "ingress.516175195.protocol": "tcp",
                            "ingress.516175195.security_groups.#": "0",
                            "ingress.516175195.self": "false",
                            "ingress.516175195.to_port": "8080",
                            "name": "app_elb1_sg",
                            "owner_id": "364050630688",
                            "revoke_rules_on_delete": "false",
                            "tags.%": "1",
                            "tags.Name": "ELB1 SG T",
                            "vpc_id": "vpc-0bd933304c28e3a01"
                        },
                        "meta": {
                            "e2bfb730-ecaa-11e6-8f88-34363bc7c4c0": {
                                "create": 600000000000,
                                "delete": 600000000000
                            },
                            "schema_version": "1"
                        },
                        "tainted": false
                    },
                    "deposed": [],
                    "provider": "provider.aws"
                },
                "aws_subnet.app_public1_subnet": {
                    "type": "aws_subnet",
                    "depends_on": [
                        "aws_vpc.app_vpc",
                        "data.aws_availability_zones.available"
                    ],
                    "primary": {
                        "id": "subnet-0875e352138e3a302",
                        "attributes": {
                            "arn": "arn:aws:ec2:eu-central-1:364050630688:subnet/subnet-0875e352138e3a302",
                            "assign_ipv6_address_on_creation": "false",
                            "availability_zone": "eu-central-1a",
                            "availability_zone_id": "euc1-az2",
                            "cidr_block": "10.233.105.0/28",
                            "id": "subnet-0875e352138e3a302",
                            "ipv6_cidr_block": "",
                            "ipv6_cidr_block_association_id": "",
                            "map_public_ip_on_launch": "true",
                            "owner_id": "364050630688",
                            "tags.%": "1",
                            "tags.Name": "app_public1",
                            "vpc_id": "vpc-0bd933304c28e3a01"
                        },
                        "meta": {
                            "e2bfb730-ecaa-11e6-8f88-34363bc7c4c0": {
                                "create": 600000000000,
                                "delete": 600000000000
                            },
                            "schema_version": "1"
                        },
                        "tainted": false
                    },
                    "deposed": [],
                    "provider": "provider.aws"
                },
                "aws_subnet.app_public2_subnet": {
                    "type": "aws_subnet",
                    "depends_on": [
                        "aws_vpc.app_vpc",
                        "data.aws_availability_zones.available"
                    ],
                    "primary": {
                        "id": "subnet-08936c604ae8fd0b0",
                        "attributes": {
                            "arn": "arn:aws:ec2:eu-central-1:364050630688:subnet/subnet-08936c604ae8fd0b0",
                            "assign_ipv6_address_on_creation": "false",
                            "availability_zone": "eu-central-1b",
                            "availability_zone_id": "euc1-az3",
                            "cidr_block": "10.233.105.112/28",
                            "id": "subnet-08936c604ae8fd0b0",
                            "ipv6_cidr_block": "",
                            "ipv6_cidr_block_association_id": "",
                            "map_public_ip_on_launch": "true",
                            "owner_id": "364050630688",
                            "tags.%": "1",
                            "tags.Name": "app_public2",
                            "vpc_id": "vpc-0bd933304c28e3a01"
                        },
                        "meta": {
                            "e2bfb730-ecaa-11e6-8f88-34363bc7c4c0": {
                                "create": 600000000000,
                                "delete": 600000000000
                            },
                            "schema_version": "1"
                        },
                        "tainted": false
                    },
                    "deposed": [],
                    "provider": "provider.aws"
                },
                "aws_subnet.priv_worker1_subnet": {
                    "type": "aws_subnet",
                    "depends_on": [
                        "aws_vpc.app_vpc",
                        "data.aws_availability_zones.available"
                    ],
                    "primary": {
                        "id": "subnet-0b3ca0b662796a094",
                        "attributes": {
                            "arn": "arn:aws:ec2:eu-central-1:364050630688:subnet/subnet-0b3ca0b662796a094",
                            "assign_ipv6_address_on_creation": "false",
                            "availability_zone": "eu-central-1a",
                            "availability_zone_id": "euc1-az2",
                            "cidr_block": "10.233.105.64/28",
                            "id": "subnet-0b3ca0b662796a094",
                            "ipv6_cidr_block": "",
                            "ipv6_cidr_block_association_id": "",
                            "map_public_ip_on_launch": "false",
                            "owner_id": "364050630688",
                            "tags.%": "1",
                            "tags.Name": "priv_worker1",
                            "vpc_id": "vpc-0bd933304c28e3a01"
                        },
                        "meta": {
                            "e2bfb730-ecaa-11e6-8f88-34363bc7c4c0": {
                                "create": 600000000000,
                                "delete": 600000000000
                            },
                            "schema_version": "1"
                        },
                        "tainted": false
                    },
                    "deposed": [],
                    "provider": "provider.aws"
                },
                "aws_subnet.priv_worker2_subnet": {
                    "type": "aws_subnet",
                    "depends_on": [
                        "aws_vpc.app_vpc",
                        "data.aws_availability_zones.available"
                    ],
                    "primary": {
                        "id": "subnet-01564390b7c20f2d3",
                        "attributes": {
                            "arn": "arn:aws:ec2:eu-central-1:364050630688:subnet/subnet-01564390b7c20f2d3",
                            "assign_ipv6_address_on_creation": "false",
                            "availability_zone": "eu-central-1b",
                            "availability_zone_id": "euc1-az3",
                            "cidr_block": "10.233.105.80/28",
                            "id": "subnet-01564390b7c20f2d3",
                            "ipv6_cidr_block": "",
                            "ipv6_cidr_block_association_id": "",
                            "map_public_ip_on_launch": "false",
                            "owner_id": "364050630688",
                            "tags.%": "1",
                            "tags.Name": "priv_worker2",
                            "vpc_id": "vpc-0bd933304c28e3a01"
                        },
                        "meta": {
                            "e2bfb730-ecaa-11e6-8f88-34363bc7c4c0": {
                                "create": 600000000000,
                                "delete": 600000000000
                            },
                            "schema_version": "1"
                        },
                        "tainted": false
                    },
                    "deposed": [],
                    "provider": "provider.aws"
                },
                "aws_vpc.app_vpc": {
                    "type": "aws_vpc",
                    "depends_on": [],
                    "primary": {
                        "id": "vpc-0bd933304c28e3a01",
                        "attributes": {
                            "arn": "arn:aws:ec2:eu-central-1:364050630688:vpc/vpc-0bd933304c28e3a01",
                            "assign_generated_ipv6_cidr_block": "false",
                            "cidr_block": "10.233.105.0/24",
                            "default_network_acl_id": "acl-088aafef791a0a572",
                            "default_route_table_id": "rtb-044555c547b18c21b",
                            "default_security_group_id": "sg-022eb4e3d89b8414f",
                            "dhcp_options_id": "dopt-94a0ebff",
                            "enable_dns_hostnames": "true",
                            "enable_dns_support": "true",
                            "id": "vpc-0bd933304c28e3a01",
                            "instance_tenancy": "default",
                            "ipv6_association_id": "",
                            "ipv6_cidr_block": "",
                            "main_route_table_id": "rtb-044555c547b18c21b",
                            "owner_id": "364050630688",
                            "tags.%": "1",
                            "tags.Name": "app_vpc"
                        },
                        "meta": {
                            "schema_version": "1"
                        },
                        "tainted": false
                    },
                    "deposed": [],
                    "provider": "provider.aws"
                },
                "data.aws_availability_zones.available": {
                    "type": "aws_availability_zones",
                    "depends_on": [],
                    "primary": {
                        "id": "2019-01-16 15:57:09.8427859 +0000 UTC",
                        "attributes": {
                            "id": "2019-01-16 15:57:09.8427859 +0000 UTC",
                            "names.#": "3",
                            "names.0": "eu-central-1a",
                            "names.1": "eu-central-1b",
                            "names.2": "eu-central-1c",
                            "zone_ids.#": "3",
                            "zone_ids.0": "euc1-az2",
                            "zone_ids.1": "euc1-az3",
                            "zone_ids.2": "euc1-az1"
                        },
                        "meta": {},
                        "tainted": false
                    },
                    "deposed": [],
                    "provider": "provider.aws"
                }
            },
            "depends_on": []
        },
        {
            "path": [
                "root",
                "bastion"
            ],
            "outputs": {},
            "resources": {
                "aws_instance.instance": {
                    "type": "aws_instance",
                    "depends_on": [],
                    "primary": {
                        "id": "i-0890cf3beca58888e",
                        "attributes": {
                            "ami": "ami-034fffcc6a0063961",
                            "arn": "arn:aws:ec2:eu-central-1:364050630688:instance/i-0890cf3beca58888e",
                            "associate_public_ip_address": "false",
                            "availability_zone": "eu-central-1a",
                            "cpu_core_count": "1",
                            "cpu_threads_per_core": "1",
                            "credit_specification.#": "1",
                            "credit_specification.0.cpu_credits": "standard",
                            "disable_api_termination": "false",
                            "ebs_block_device.#": "0",
                            "ebs_optimized": "false",
                            "ephemeral_block_device.#": "0",
                            "get_password_data": "false",
                            "iam_instance_profile": "",
                            "id": "i-0890cf3beca58888e",
                            "instance_state": "running",
                            "instance_type": "t2.micro",
                            "ipv6_addresses.#": "0",
                            "key_name": "VDF-DE-TEST",
                            "monitoring": "false",
                            "network_interface.#": "0",
                            "network_interface_id": "eni-0c9835baabaac122e",
                            "password_data": "",
                            "placement_group": "",
                            "primary_network_interface_id": "eni-0c9835baabaac122e",
                            "private_dns": "ip-10-233-104-6.eu-central-1.compute.internal",
                            "private_ip": "10.233.104.6",
                            "public_dns": "",
                            "public_ip": "",
                            "root_block_device.#": "1",
                            "root_block_device.0.delete_on_termination": "true",
                            "root_block_device.0.iops": "100",
                            "root_block_device.0.volume_id": "vol-0640f05a124231493",
                            "root_block_device.0.volume_size": "8",
                            "root_block_device.0.volume_type": "gp2",
                            "security_groups.#": "0",
                            "source_dest_check": "true",
                            "subnet_id": "subnet-04d5696bf8040fe83",
                            "tags.%": "2",
                            "tags.Env": "tool",
                            "tags.Name": "bastion",
                            "tenancy": "default",
                            "user_data": "dcb7595f0d9984f94998eaafa704c03e3b75ced7",
                            "volume_tags.%": "0",
                            "vpc_security_group_ids.#": "1",
                            "vpc_security_group_ids.3914130459": "sg-0db12d92cc672e907"
                        },
                        "meta": {
                            "e2bfb730-ecaa-11e6-8f88-34363bc7c4c0": {
                                "create": 600000000000,
                                "delete": 1200000000000,
                                "update": 600000000000
                            },
                            "schema_version": "1"
                        },
                        "tainted": false
                    },
                    "deposed": [],
                    "provider": "provider.aws"
                }
            },
            "depends_on": []
        },
        {
            "path": [
                "root",
                "dtr01"
            ],
            "outputs": {
                "id": {
                    "sensitive": false,
                    "type": "string",
                    "value": "$aws.instance_compute.id"
                }
            },
            "resources": {
                "aws_instance.compute": {
                    "type": "aws_instance",
                    "depends_on": [
                        "data.aws_ami.rhe7_5"
                    ],
                    "primary": {
                        "id": "i-0aa6e8db029b62029",
                        "attributes": {
                            "ami": "ami-0e258161",
                            "arn": "arn:aws:ec2:eu-central-1:364050630688:instance/i-0aa6e8db029b62029",
                            "associate_public_ip_address": "false",
                            "availability_zone": "eu-central-1a",
                            "cpu_core_count": "2",
                            "cpu_threads_per_core": "1",
                            "credit_specification.#": "1",
                            "credit_specification.0.cpu_credits": "standard",
                            "disable_api_termination": "false",
                            "ebs_block_device.#": "1",
                            "ebs_block_device.2671853018.delete_on_termination": "true",
                            "ebs_block_device.2671853018.device_name": "/dev/sdg",
                            "ebs_block_device.2671853018.encrypted": "false",
                            "ebs_block_device.2671853018.iops": "600",
                            "ebs_block_device.2671853018.snapshot_id": "",
                            "ebs_block_device.2671853018.volume_id": "vol-072fee1aad203c3de",
                            "ebs_block_device.2671853018.volume_size": "200",
                            "ebs_block_device.2671853018.volume_type": "gp2",
                            "ebs_optimized": "false",
                            "ephemeral_block_device.#": "0",
                            "get_password_data": "false",
                            "iam_instance_profile": "",
                            "id": "i-0aa6e8db029b62029",
                            "instance_state": "running",
                            "instance_type": "t2.large",
                            "ipv6_addresses.#": "0",
                            "key_name": "VDF-DE-TEST",
                            "monitoring": "false",
                            "network_interface.#": "0",
                            "network_interface_id": "eni-02852692c8c62bcc5",
                            "password_data": "",
                            "placement_group": "",
                            "primary_network_interface_id": "eni-02852692c8c62bcc5",
                            "private_dns": "ip-10-233-104-20.eu-central-1.compute.internal",
                            "private_ip": "10.233.104.20",
                            "public_dns": "",
                            "public_ip": "",
                            "root_block_device.#": "1",
                            "root_block_device.0.delete_on_termination": "true",
                            "root_block_device.0.iops": "105",
                            "root_block_device.0.volume_id": "vol-0ccaa8a4a23b79da8",
                            "root_block_device.0.volume_size": "35",
                            "root_block_device.0.volume_type": "gp2",
                            "security_groups.#": "0",
                            "source_dest_check": "true",
                            "subnet_id": "subnet-0cb2d5a4c2fd4702d",
                            "tags.%": "2",
                            "tags.Env": "dmz",
                            "tags.Name": "dtr01",
                            "tenancy": "default",
                            "user_data": "116a731df15fa16a67a18c9f7de12d2f12bcd36c",
                            "volume_tags.%": "0",
                            "vpc_security_group_ids.#": "1",
                            "vpc_security_group_ids.2740105547": "sg-005f34153858d73d3"
                        },
                        "meta": {
                            "e2bfb730-ecaa-11e6-8f88-34363bc7c4c0": {
                                "create": 600000000000,
                                "delete": 1200000000000,
                                "update": 600000000000
                            },
                            "schema_version": "1"
                        },
                        "tainted": false
                    },
                    "deposed": [],
                    "provider": "provider.aws"
                },
                "data.aws_ami.rhe7_5": {
                    "type": "aws_ami",
                    "depends_on": [],
                    "primary": {
                        "id": "ami-0e258161",
                        "attributes": {
                            "architecture": "x86_64",
                            "block_device_mappings.#": "1",
                            "block_device_mappings.309099847.device_name": "/dev/sda1",
                            "block_device_mappings.309099847.ebs.%": "6",
                            "block_device_mappings.309099847.ebs.delete_on_termination": "true",
                            "block_device_mappings.309099847.ebs.encrypted": "false",
                            "block_device_mappings.309099847.ebs.iops": "0",
                            "block_device_mappings.309099847.ebs.snapshot_id": "snap-0ee6629e3f7784ca8",
                            "block_device_mappings.309099847.ebs.volume_size": "10",
                            "block_device_mappings.309099847.ebs.volume_type": "gp2",
                            "block_device_mappings.309099847.no_device": "",
                            "block_device_mappings.309099847.virtual_name": "",
                            "creation_date": "2017-06-14T21:07:02.000Z",
                            "description": "Provided by Red Hat, Inc.",
                            "filter.#": "3",
                            "filter.1281954306.name": "root-device-type",
                            "filter.1281954306.values.#": "1",
                            "filter.1281954306.values.0": "ebs",
                            "filter.3386043752.name": "architecture",
                            "filter.3386043752.values.#": "1",
                            "filter.3386043752.values.0": "x86_64",
                            "filter.3878650734.name": "name",
                            "filter.3878650734.values.#": "1",
                            "filter.3878650734.values.0": "RHEL-7.3_HVM-*",
                            "hypervisor": "xen",
                            "id": "ami-0e258161",
                            "image_id": "ami-0e258161",
                            "image_location": "309956199498/RHEL-7.3_HVM-20170613-x86_64-4-Hourly2-GP2",
                            "image_type": "machine",
                            "most_recent": "true",
                            "name": "RHEL-7.3_HVM-20170613-x86_64-4-Hourly2-GP2",
                            "owner_id": "309956199498",
                            "owners.#": "1",
                            "owners.0": "309956199498",
                            "product_codes.#": "0",
                            "public": "true",
                            "root_device_name": "/dev/sda1",
                            "root_device_type": "ebs",
                            "root_snapshot_id": "snap-0ee6629e3f7784ca8",
                            "sriov_net_support": "simple",
                            "state": "available",
                            "state_reason.%": "2",
                            "state_reason.code": "UNSET",
                            "state_reason.message": "UNSET",
                            "tags.%": "0",
                            "virtualization_type": "hvm"
                        },
                        "meta": {},
                        "tainted": false
                    },
                    "deposed": [],
                    "provider": "provider.aws"
                }
            },
            "depends_on": []
        },
        {
            "path": [
                "root",
                "dtr02"
            ],
            "outputs": {
                "id": {
                    "sensitive": false,
                    "type": "string",
                    "value": "$aws.instance_compute.id"
                }
            },
            "resources": {
                "aws_instance.compute": {
                    "type": "aws_instance",
                    "depends_on": [
                        "data.aws_ami.rhe7_5"
                    ],
                    "primary": {
                        "id": "i-0d3805dd0458b3c30",
                        "attributes": {
                            "ami": "ami-0e258161",
                            "arn": "arn:aws:ec2:eu-central-1:364050630688:instance/i-0d3805dd0458b3c30",
                            "associate_public_ip_address": "false",
                            "availability_zone": "eu-central-1b",
                            "cpu_core_count": "2",
                            "cpu_threads_per_core": "1",
                            "credit_specification.#": "1",
                            "credit_specification.0.cpu_credits": "standard",
                            "disable_api_termination": "false",
                            "ebs_block_device.#": "1",
                            "ebs_block_device.2671853018.delete_on_termination": "true",
                            "ebs_block_device.2671853018.device_name": "/dev/sdg",
                            "ebs_block_device.2671853018.encrypted": "false",
                            "ebs_block_device.2671853018.iops": "600",
                            "ebs_block_device.2671853018.snapshot_id": "",
                            "ebs_block_device.2671853018.volume_id": "vol-09d93d6db7e3cade7",
                            "ebs_block_device.2671853018.volume_size": "200",
                            "ebs_block_device.2671853018.volume_type": "gp2",
                            "ebs_optimized": "false",
                            "ephemeral_block_device.#": "0",
                            "get_password_data": "false",
                            "iam_instance_profile": "",
                            "id": "i-0d3805dd0458b3c30",
                            "instance_state": "running",
                            "instance_type": "t2.large",
                            "ipv6_addresses.#": "0",
                            "key_name": "VDF-DE-TEST",
                            "monitoring": "false",
                            "network_interface.#": "0",
                            "network_interface_id": "eni-003a1be492f1bb4c5",
                            "password_data": "",
                            "placement_group": "",
                            "primary_network_interface_id": "eni-003a1be492f1bb4c5",
                            "private_dns": "ip-10-233-104-36.eu-central-1.compute.internal",
                            "private_ip": "10.233.104.36",
                            "public_dns": "",
                            "public_ip": "",
                            "root_block_device.#": "1",
                            "root_block_device.0.delete_on_termination": "true",
                            "root_block_device.0.iops": "105",
                            "root_block_device.0.volume_id": "vol-08a4a46d045038f2e",
                            "root_block_device.0.volume_size": "35",
                            "root_block_device.0.volume_type": "gp2",
                            "security_groups.#": "0",
                            "source_dest_check": "true",
                            "subnet_id": "subnet-0d066b5420f6529d5",
                            "tags.%": "2",
                            "tags.Env": "tool",
                            "tags.Name": "dtr02",
                            "tenancy": "default",
                            "user_data": "116a731df15fa16a67a18c9f7de12d2f12bcd36c",
                            "volume_tags.%": "0",
                            "vpc_security_group_ids.#": "1",
                            "vpc_security_group_ids.2740105547": "sg-005f34153858d73d3"
                        },
                        "meta": {
                            "e2bfb730-ecaa-11e6-8f88-34363bc7c4c0": {
                                "create": 600000000000,
                                "delete": 1200000000000,
                                "update": 600000000000
                            },
                            "schema_version": "1"
                        },
                        "tainted": false
                    },
                    "deposed": [],
                    "provider": "provider.aws"
                },
                "data.aws_ami.rhe7_5": {
                    "type": "aws_ami",
                    "depends_on": [],
                    "primary": {
                        "id": "ami-0e258161",
                        "attributes": {
                            "architecture": "x86_64",
                            "block_device_mappings.#": "1",
                            "block_device_mappings.309099847.device_name": "/dev/sda1",
                            "block_device_mappings.309099847.ebs.%": "6",
                            "block_device_mappings.309099847.ebs.delete_on_termination": "true",
                            "block_device_mappings.309099847.ebs.encrypted": "false",
                            "block_device_mappings.309099847.ebs.iops": "0",
                            "block_device_mappings.309099847.ebs.snapshot_id": "snap-0ee6629e3f7784ca8",
                            "block_device_mappings.309099847.ebs.volume_size": "10",
                            "block_device_mappings.309099847.ebs.volume_type": "gp2",
                            "block_device_mappings.309099847.no_device": "",
                            "block_device_mappings.309099847.virtual_name": "",
                            "creation_date": "2017-06-14T21:07:02.000Z",
                            "description": "Provided by Red Hat, Inc.",
                            "filter.#": "3",
                            "filter.1281954306.name": "root-device-type",
                            "filter.1281954306.values.#": "1",
                            "filter.1281954306.values.0": "ebs",
                            "filter.3386043752.name": "architecture",
                            "filter.3386043752.values.#": "1",
                            "filter.3386043752.values.0": "x86_64",
                            "filter.3878650734.name": "name",
                            "filter.3878650734.values.#": "1",
                            "filter.3878650734.values.0": "RHEL-7.3_HVM-*",
                            "hypervisor": "xen",
                            "id": "ami-0e258161",
                            "image_id": "ami-0e258161",
                            "image_location": "309956199498/RHEL-7.3_HVM-20170613-x86_64-4-Hourly2-GP2",
                            "image_type": "machine",
                            "most_recent": "true",
                            "name": "RHEL-7.3_HVM-20170613-x86_64-4-Hourly2-GP2",
                            "owner_id": "309956199498",
                            "owners.#": "1",
                            "owners.0": "309956199498",
                            "product_codes.#": "0",
                            "public": "true",
                            "root_device_name": "/dev/sda1",
                            "root_device_type": "ebs",
                            "root_snapshot_id": "snap-0ee6629e3f7784ca8",
                            "sriov_net_support": "simple",
                            "state": "available",
                            "state_reason.%": "2",
                            "state_reason.code": "UNSET",
                            "state_reason.message": "UNSET",
                            "tags.%": "0",
                            "virtualization_type": "hvm"
                        },
                        "meta": {},
                        "tainted": false
                    },
                    "deposed": [],
                    "provider": "provider.aws"
                }
            },
            "depends_on": []
        },
        {
            "path": [
                "root",
                "dtr03"
            ],
            "outputs": {
                "id": {
                    "sensitive": false,
                    "type": "string",
                    "value": "$aws.instance_compute.id"
                }
            },
            "resources": {
                "aws_instance.compute": {
                    "type": "aws_instance",
                    "depends_on": [
                        "data.aws_ami.rhe7_5"
                    ],
                    "primary": {
                        "id": "i-01ad845da32a08a05",
                        "attributes": {
                            "ami": "ami-0e258161",
                            "arn": "arn:aws:ec2:eu-central-1:364050630688:instance/i-01ad845da32a08a05",
                            "associate_public_ip_address": "false",
                            "availability_zone": "eu-central-1c",
                            "cpu_core_count": "2",
                            "cpu_threads_per_core": "1",
                            "credit_specification.#": "1",
                            "credit_specification.0.cpu_credits": "standard",
                            "disable_api_termination": "false",
                            "ebs_block_device.#": "1",
                            "ebs_block_device.2671853018.delete_on_termination": "true",
                            "ebs_block_device.2671853018.device_name": "/dev/sdg",
                            "ebs_block_device.2671853018.encrypted": "false",
                            "ebs_block_device.2671853018.iops": "600",
                            "ebs_block_device.2671853018.snapshot_id": "",
                            "ebs_block_device.2671853018.volume_id": "vol-08e9017b670f03560",
                            "ebs_block_device.2671853018.volume_size": "200",
                            "ebs_block_device.2671853018.volume_type": "gp2",
                            "ebs_optimized": "false",
                            "ephemeral_block_device.#": "0",
                            "get_password_data": "false",
                            "iam_instance_profile": "",
                            "id": "i-01ad845da32a08a05",
                            "instance_state": "running",
                            "instance_type": "t2.large",
                            "ipv6_addresses.#": "0",
                            "key_name": "VDF-DE-TEST",
                            "monitoring": "false",
                            "network_interface.#": "0",
                            "network_interface_id": "eni-039464f184cc1e99f",
                            "password_data": "",
                            "placement_group": "",
                            "primary_network_interface_id": "eni-039464f184cc1e99f",
                            "private_dns": "ip-10-233-104-52.eu-central-1.compute.internal",
                            "private_ip": "10.233.104.52",
                            "public_dns": "",
                            "public_ip": "",
                            "root_block_device.#": "1",
                            "root_block_device.0.delete_on_termination": "true",
                            "root_block_device.0.iops": "105",
                            "root_block_device.0.volume_id": "vol-0e6f5265e57a2a571",
                            "root_block_device.0.volume_size": "35",
                            "root_block_device.0.volume_type": "gp2",
                            "security_groups.#": "0",
                            "source_dest_check": "true",
                            "subnet_id": "subnet-0b7e4893dac41a3ff",
                            "tags.%": "2",
                            "tags.Env": "tool",
                            "tags.Name": "dtr03",
                            "tenancy": "default",
                            "user_data": "116a731df15fa16a67a18c9f7de12d2f12bcd36c",
                            "volume_tags.%": "0",
                            "vpc_security_group_ids.#": "1",
                            "vpc_security_group_ids.2740105547": "sg-005f34153858d73d3"
                        },
                        "meta": {
                            "e2bfb730-ecaa-11e6-8f88-34363bc7c4c0": {
                                "create": 600000000000,
                                "delete": 1200000000000,
                                "update": 600000000000
                            },
                            "schema_version": "1"
                        },
                        "tainted": false
                    },
                    "deposed": [],
                    "provider": "provider.aws"
                },
                "data.aws_ami.rhe7_5": {
                    "type": "aws_ami",
                    "depends_on": [],
                    "primary": {
                        "id": "ami-0e258161",
                        "attributes": {
                            "architecture": "x86_64",
                            "block_device_mappings.#": "1",
                            "block_device_mappings.309099847.device_name": "/dev/sda1",
                            "block_device_mappings.309099847.ebs.%": "6",
                            "block_device_mappings.309099847.ebs.delete_on_termination": "true",
                            "block_device_mappings.309099847.ebs.encrypted": "false",
                            "block_device_mappings.309099847.ebs.iops": "0",
                            "block_device_mappings.309099847.ebs.snapshot_id": "snap-0ee6629e3f7784ca8",
                            "block_device_mappings.309099847.ebs.volume_size": "10",
                            "block_device_mappings.309099847.ebs.volume_type": "gp2",
                            "block_device_mappings.309099847.no_device": "",
                            "block_device_mappings.309099847.virtual_name": "",
                            "creation_date": "2017-06-14T21:07:02.000Z",
                            "description": "Provided by Red Hat, Inc.",
                            "filter.#": "3",
                            "filter.1281954306.name": "root-device-type",
                            "filter.1281954306.values.#": "1",
                            "filter.1281954306.values.0": "ebs",
                            "filter.3386043752.name": "architecture",
                            "filter.3386043752.values.#": "1",
                            "filter.3386043752.values.0": "x86_64",
                            "filter.3878650734.name": "name",
                            "filter.3878650734.values.#": "1",
                            "filter.3878650734.values.0": "RHEL-7.3_HVM-*",
                            "hypervisor": "xen",
                            "id": "ami-0e258161",
                            "image_id": "ami-0e258161",
                            "image_location": "309956199498/RHEL-7.3_HVM-20170613-x86_64-4-Hourly2-GP2",
                            "image_type": "machine",
                            "most_recent": "true",
                            "name": "RHEL-7.3_HVM-20170613-x86_64-4-Hourly2-GP2",
                            "owner_id": "309956199498",
                            "owners.#": "1",
                            "owners.0": "309956199498",
                            "product_codes.#": "0",
                            "public": "true",
                            "root_device_name": "/dev/sda1",
                            "root_device_type": "ebs",
                            "root_snapshot_id": "snap-0ee6629e3f7784ca8",
                            "sriov_net_support": "simple",
                            "state": "available",
                            "state_reason.%": "2",
                            "state_reason.code": "UNSET",
                            "state_reason.message": "UNSET",
                            "tags.%": "0",
                            "virtualization_type": "hvm"
                        },
                        "meta": {},
                        "tainted": false
                    },
                    "deposed": [],
                    "provider": "provider.aws"
                }
            },
            "depends_on": []
        },
        {
            "path": [
                "root",
                "elb_ucp"
            ],
            "outputs": {
                "alb_ucp-dns_name": {
                    "sensitive": false,
                    "type": "string",
                    "value": "internal-elbucp-1427413207.eu-central-1.elb.amazonaws.com"
                },
                "elb_ucp": {
                    "sensitive": false,
                    "type": "string",
                    "value": "arn:aws:elasticloadbalancing:eu-central-1:364050630688:loadbalancer/app/elbucp/c8549e580415fb35"
                },
                "elb_ucp-zone_id": {
                    "sensitive": false,
                    "type": "string",
                    "value": "Z215JYRZR1TBD5"
                }
            },
            "resources": {
                "aws_alb.elb_ucp": {
                    "type": "aws_alb",
                    "depends_on": [],
                    "primary": {
                        "id": "arn:aws:elasticloadbalancing:eu-central-1:364050630688:loadbalancer/app/elbucp/c8549e580415fb35",
                        "attributes": {
                            "access_logs.#": "0",
                            "arn": "arn:aws:elasticloadbalancing:eu-central-1:364050630688:loadbalancer/app/elbucp/c8549e580415fb35",
                            "arn_suffix": "app/elbucp/c8549e580415fb35",
                            "dns_name": "internal-elbucp-1427413207.eu-central-1.elb.amazonaws.com",
                            "enable_deletion_protection": "false",
                            "enable_http2": "true",
                            "id": "arn:aws:elasticloadbalancing:eu-central-1:364050630688:loadbalancer/app/elbucp/c8549e580415fb35",
                            "idle_timeout": "60",
                            "internal": "true",
                            "ip_address_type": "ipv4",
                            "load_balancer_type": "application",
                            "name": "elbucp",
                            "security_groups.#": "1",
                            "security_groups.846273032": "sg-0b0e8e34967afe851",
                            "subnet_mapping.#": "0",
                            "subnets.#": "3",
                            "subnets.1834537439": "subnet-0b7e4893dac41a3ff",
                            "subnets.2114669754": "subnet-0cb2d5a4c2fd4702d",
                            "subnets.3334173537": "subnet-0d066b5420f6529d5",
                            "tags.%": "0",
                            "vpc_id": "vpc-05366d91597ec4cb4",
                            "zone_id": "Z215JYRZR1TBD5"
                        },
                        "meta": {
                            "e2bfb730-ecaa-11e6-8f88-34363bc7c4c0": {
                                "create": 600000000000,
                                "delete": 600000000000,
                                "update": 600000000000
                            }
                        },
                        "tainted": false
                    },
                    "deposed": [],
                    "provider": "provider.aws"
                },
                "aws_alb_listener.alb_front_https": {
                    "type": "aws_alb_listener",
                    "depends_on": [
                        "aws_alb.elb_ucp",
                        "aws_alb_target_group.alb_ucp_master"
                    ],
                    "primary": {
                        "id": "arn:aws:elasticloadbalancing:eu-central-1:364050630688:listener/app/elbucp/c8549e580415fb35/6896390c818d5365",
                        "attributes": {
                            "arn": "arn:aws:elasticloadbalancing:eu-central-1:364050630688:listener/app/elbucp/c8549e580415fb35/6896390c818d5365",
                            "default_action.#": "1",
                            "default_action.0.authenticate_cognito.#": "0",
                            "default_action.0.authenticate_oidc.#": "0",
                            "default_action.0.fixed_response.#": "0",
                            "default_action.0.order": "1",
                            "default_action.0.redirect.#": "0",
                            "default_action.0.target_group_arn": "arn:aws:elasticloadbalancing:eu-central-1:364050630688:targetgroup/albucpmaster/a32f9d6e63ca233a",
                            "default_action.0.type": "forward",
                            "id": "arn:aws:elasticloadbalancing:eu-central-1:364050630688:listener/app/elbucp/c8549e580415fb35/6896390c818d5365",
                            "load_balancer_arn": "arn:aws:elasticloadbalancing:eu-central-1:364050630688:loadbalancer/app/elbucp/c8549e580415fb35",
                            "port": "80",
                            "protocol": "HTTP",
                            "ssl_policy": ""
                        },
                        "meta": {
                            "e2bfb730-ecaa-11e6-8f88-34363bc7c4c0": {
                                "read": 600000000000
                            }
                        },
                        "tainted": false
                    },
                    "deposed": [],
                    "provider": "provider.aws"
                },
                "aws_alb_target_group.alb_ucp_master": {
                    "type": "aws_alb_target_group",
                    "depends_on": [],
                    "primary": {
                        "id": "arn:aws:elasticloadbalancing:eu-central-1:364050630688:targetgroup/albucpmaster/a32f9d6e63ca233a",
                        "attributes": {
                            "arn": "arn:aws:elasticloadbalancing:eu-central-1:364050630688:targetgroup/albucpmaster/a32f9d6e63ca233a",
                            "arn_suffix": "targetgroup/albucpmaster/a32f9d6e63ca233a",
                            "deregistration_delay": "300",
                            "health_check.#": "1",
                            "health_check.0.healthy_threshold": "2",
                            "health_check.0.interval": "5",
                            "health_check.0.matcher": "200-308",
                            "health_check.0.path": "/",
                            "health_check.0.port": "443",
                            "health_check.0.protocol": "HTTPS",
                            "health_check.0.timeout": "4",
                            "health_check.0.unhealthy_threshold": "2",
                            "id": "arn:aws:elasticloadbalancing:eu-central-1:364050630688:targetgroup/albucpmaster/a32f9d6e63ca233a",
                            "name": "albucpmaster",
                            "port": "443",
                            "protocol": "HTTPS",
                            "proxy_protocol_v2": "false",
                            "slow_start": "0",
                            "stickiness.#": "1",
                            "stickiness.0.cookie_duration": "86400",
                            "stickiness.0.enabled": "false",
                            "stickiness.0.type": "lb_cookie",
                            "tags.%": "0",
                            "target_type": "ip",
                            "vpc_id": "vpc-05366d91597ec4cb4"
                        },
                        "meta": {},
                        "tainted": false
                    },
                    "deposed": [],
                    "provider": "provider.aws"
                },
                "aws_alb_target_group_attachment.alb_backend-01_http": {
                    "type": "aws_alb_target_group_attachment",
                    "depends_on": [
                        "aws_alb_target_group.alb_ucp_master"
                    ],
                    "primary": {
                        "id": "arn:aws:elasticloadbalancing:eu-central-1:364050630688:targetgroup/albucpmaster/a32f9d6e63ca233a-20190115105610217300000002",
                        "attributes": {
                            "id": "arn:aws:elasticloadbalancing:eu-central-1:364050630688:targetgroup/albucpmaster/a32f9d6e63ca233a-20190115105610217300000002",
                            "port": "443",
                            "target_group_arn": "arn:aws:elasticloadbalancing:eu-central-1:364050630688:targetgroup/albucpmaster/a32f9d6e63ca233a",
                            "target_id": "10.233.104.21"
                        },
                        "meta": {},
                        "tainted": false
                    },
                    "deposed": [],
                    "provider": "provider.aws"
                },
                "aws_alb_target_group_attachment.alb_backend-02_http": {
                    "type": "aws_alb_target_group_attachment",
                    "depends_on": [
                        "aws_alb_target_group.alb_ucp_master"
                    ],
                    "primary": {
                        "id": "arn:aws:elasticloadbalancing:eu-central-1:364050630688:targetgroup/albucpmaster/a32f9d6e63ca233a-20190115105615267500000004",
                        "attributes": {
                            "id": "arn:aws:elasticloadbalancing:eu-central-1:364050630688:targetgroup/albucpmaster/a32f9d6e63ca233a-20190115105615267500000004",
                            "port": "443",
                            "target_group_arn": "arn:aws:elasticloadbalancing:eu-central-1:364050630688:targetgroup/albucpmaster/a32f9d6e63ca233a",
                            "target_id": "10.233.104.37"
                        },
                        "meta": {},
                        "tainted": false
                    },
                    "deposed": [],
                    "provider": "provider.aws"
                },
                "aws_alb_target_group_attachment.alb_backend-03_http": {
                    "type": "aws_alb_target_group_attachment",
                    "depends_on": [
                        "aws_alb_target_group.alb_ucp_master"
                    ],
                    "primary": {
                        "id": "arn:aws:elasticloadbalancing:eu-central-1:364050630688:targetgroup/albucpmaster/a32f9d6e63ca233a-20190115105615204900000003",
                        "attributes": {
                            "id": "arn:aws:elasticloadbalancing:eu-central-1:364050630688:targetgroup/albucpmaster/a32f9d6e63ca233a-20190115105615204900000003",
                            "port": "443",
                            "target_group_arn": "arn:aws:elasticloadbalancing:eu-central-1:364050630688:targetgroup/albucpmaster/a32f9d6e63ca233a",
                            "target_id": "10.233.104.53"
                        },
                        "meta": {},
                        "tainted": false
                    },
                    "deposed": [],
                    "provider": "provider.aws"
                }
            },
            "depends_on": []
        },
        {
            "path": [
                "root",
                "master01"
            ],
            "outputs": {
                "id": {
                    "sensitive": false,
                    "type": "string",
                    "value": "$aws.instance_compute.id"
                }
            },
            "resources": {
                "aws_instance.compute": {
                    "type": "aws_instance",
                    "depends_on": [
                        "data.aws_ami.rhe7_5"
                    ],
                    "primary": {
                        "id": "i-0749a965acb33b3a4",
                        "attributes": {
                            "ami": "ami-0e258161",
                            "arn": "arn:aws:ec2:eu-central-1:364050630688:instance/i-0749a965acb33b3a4",
                            "associate_public_ip_address": "false",
                            "availability_zone": "eu-central-1a",
                            "cpu_core_count": "2",
                            "cpu_threads_per_core": "1",
                            "credit_specification.#": "1",
                            "credit_specification.0.cpu_credits": "standard",
                            "disable_api_termination": "false",
                            "ebs_block_device.#": "1",
                            "ebs_block_device.2671853018.delete_on_termination": "true",
                            "ebs_block_device.2671853018.device_name": "/dev/sdg",
                            "ebs_block_device.2671853018.encrypted": "false",
                            "ebs_block_device.2671853018.iops": "600",
                            "ebs_block_device.2671853018.snapshot_id": "",
                            "ebs_block_device.2671853018.volume_id": "vol-06be32d4cf727670c",
                            "ebs_block_device.2671853018.volume_size": "200",
                            "ebs_block_device.2671853018.volume_type": "gp2",
                            "ebs_optimized": "false",
                            "ephemeral_block_device.#": "0",
                            "get_password_data": "false",
                            "iam_instance_profile": "",
                            "id": "i-0749a965acb33b3a4",
                            "instance_state": "running",
                            "instance_type": "t2.large",
                            "ipv6_addresses.#": "0",
                            "key_name": "VDF-DE-TEST",
                            "monitoring": "false",
                            "network_interface.#": "0",
                            "network_interface_id": "eni-0b1a37df2c95fea2b",
                            "password_data": "",
                            "placement_group": "",
                            "primary_network_interface_id": "eni-0b1a37df2c95fea2b",
                            "private_dns": "ip-10-233-104-21.eu-central-1.compute.internal",
                            "private_ip": "10.233.104.21",
                            "public_dns": "",
                            "public_ip": "",
                            "root_block_device.#": "1",
                            "root_block_device.0.delete_on_termination": "true",
                            "root_block_device.0.iops": "105",
                            "root_block_device.0.volume_id": "vol-00b85b7fd13ee9b0e",
                            "root_block_device.0.volume_size": "35",
                            "root_block_device.0.volume_type": "gp2",
                            "security_groups.#": "0",
                            "source_dest_check": "true",
                            "subnet_id": "subnet-0cb2d5a4c2fd4702d",
                            "tags.%": "2",
                            "tags.Env": "dmz",
                            "tags.Name": "master01",
                            "tenancy": "default",
                            "user_data": "4065b84a098f8f1c2763b8605de5909e6c796443",
                            "volume_tags.%": "0",
                            "vpc_security_group_ids.#": "1",
                            "vpc_security_group_ids.2740105547": "sg-005f34153858d73d3"
                        },
                        "meta": {
                            "e2bfb730-ecaa-11e6-8f88-34363bc7c4c0": {
                                "create": 600000000000,
                                "delete": 1200000000000,
                                "update": 600000000000
                            },
                            "schema_version": "1"
                        },
                        "tainted": false
                    },
                    "deposed": [],
                    "provider": "provider.aws"
                },
                "data.aws_ami.rhe7_5": {
                    "type": "aws_ami",
                    "depends_on": [],
                    "primary": {
                        "id": "ami-0e258161",
                        "attributes": {
                            "architecture": "x86_64",
                            "block_device_mappings.#": "1",
                            "block_device_mappings.309099847.device_name": "/dev/sda1",
                            "block_device_mappings.309099847.ebs.%": "6",
                            "block_device_mappings.309099847.ebs.delete_on_termination": "true",
                            "block_device_mappings.309099847.ebs.encrypted": "false",
                            "block_device_mappings.309099847.ebs.iops": "0",
                            "block_device_mappings.309099847.ebs.snapshot_id": "snap-0ee6629e3f7784ca8",
                            "block_device_mappings.309099847.ebs.volume_size": "10",
                            "block_device_mappings.309099847.ebs.volume_type": "gp2",
                            "block_device_mappings.309099847.no_device": "",
                            "block_device_mappings.309099847.virtual_name": "",
                            "creation_date": "2017-06-14T21:07:02.000Z",
                            "description": "Provided by Red Hat, Inc.",
                            "filter.#": "3",
                            "filter.1281954306.name": "root-device-type",
                            "filter.1281954306.values.#": "1",
                            "filter.1281954306.values.0": "ebs",
                            "filter.3386043752.name": "architecture",
                            "filter.3386043752.values.#": "1",
                            "filter.3386043752.values.0": "x86_64",
                            "filter.3878650734.name": "name",
                            "filter.3878650734.values.#": "1",
                            "filter.3878650734.values.0": "RHEL-7.3_HVM-*",
                            "hypervisor": "xen",
                            "id": "ami-0e258161",
                            "image_id": "ami-0e258161",
                            "image_location": "309956199498/RHEL-7.3_HVM-20170613-x86_64-4-Hourly2-GP2",
                            "image_type": "machine",
                            "most_recent": "true",
                            "name": "RHEL-7.3_HVM-20170613-x86_64-4-Hourly2-GP2",
                            "owner_id": "309956199498",
                            "owners.#": "1",
                            "owners.0": "309956199498",
                            "product_codes.#": "0",
                            "public": "true",
                            "root_device_name": "/dev/sda1",
                            "root_device_type": "ebs",
                            "root_snapshot_id": "snap-0ee6629e3f7784ca8",
                            "sriov_net_support": "simple",
                            "state": "available",
                            "state_reason.%": "2",
                            "state_reason.code": "UNSET",
                            "state_reason.message": "UNSET",
                            "tags.%": "0",
                            "virtualization_type": "hvm"
                        },
                        "meta": {},
                        "tainted": false
                    },
                    "deposed": [],
                    "provider": "provider.aws"
                }
            },
            "depends_on": []
        },
        {
            "path": [
                "root",
                "master02"
            ],
            "outputs": {
                "id": {
                    "sensitive": false,
                    "type": "string",
                    "value": "$aws.instance_compute.id"
                }
            },
            "resources": {
                "aws_instance.compute": {
                    "type": "aws_instance",
                    "depends_on": [
                        "data.aws_ami.rhe7_5"
                    ],
                    "primary": {
                        "id": "i-03847df8192c021a9",
                        "attributes": {
                            "ami": "ami-0e258161",
                            "arn": "arn:aws:ec2:eu-central-1:364050630688:instance/i-03847df8192c021a9",
                            "associate_public_ip_address": "false",
                            "availability_zone": "eu-central-1b",
                            "cpu_core_count": "2",
                            "cpu_threads_per_core": "1",
                            "credit_specification.#": "1",
                            "credit_specification.0.cpu_credits": "standard",
                            "disable_api_termination": "false",
                            "ebs_block_device.#": "1",
                            "ebs_block_device.2671853018.delete_on_termination": "true",
                            "ebs_block_device.2671853018.device_name": "/dev/sdg",
                            "ebs_block_device.2671853018.encrypted": "false",
                            "ebs_block_device.2671853018.iops": "600",
                            "ebs_block_device.2671853018.snapshot_id": "",
                            "ebs_block_device.2671853018.volume_id": "vol-04705b86cb472e2e8",
                            "ebs_block_device.2671853018.volume_size": "200",
                            "ebs_block_device.2671853018.volume_type": "gp2",
                            "ebs_optimized": "false",
                            "ephemeral_block_device.#": "0",
                            "get_password_data": "false",
                            "iam_instance_profile": "",
                            "id": "i-03847df8192c021a9",
                            "instance_state": "running",
                            "instance_type": "t2.large",
                            "ipv6_addresses.#": "0",
                            "key_name": "VDF-DE-TEST",
                            "monitoring": "false",
                            "network_interface.#": "0",
                            "network_interface_id": "eni-021493448611fa36c",
                            "password_data": "",
                            "placement_group": "",
                            "primary_network_interface_id": "eni-021493448611fa36c",
                            "private_dns": "ip-10-233-104-37.eu-central-1.compute.internal",
                            "private_ip": "10.233.104.37",
                            "public_dns": "",
                            "public_ip": "",
                            "root_block_device.#": "1",
                            "root_block_device.0.delete_on_termination": "true",
                            "root_block_device.0.iops": "105",
                            "root_block_device.0.volume_id": "vol-03ab5eaa403b4ed09",
                            "root_block_device.0.volume_size": "35",
                            "root_block_device.0.volume_type": "gp2",
                            "security_groups.#": "0",
                            "source_dest_check": "true",
                            "subnet_id": "subnet-0d066b5420f6529d5",
                            "tags.%": "2",
                            "tags.Env": "tool",
                            "tags.Name": "master02",
                            "tenancy": "default",
                            "user_data": "116a731df15fa16a67a18c9f7de12d2f12bcd36c",
                            "volume_tags.%": "0",
                            "vpc_security_group_ids.#": "1",
                            "vpc_security_group_ids.2740105547": "sg-005f34153858d73d3"
                        },
                        "meta": {
                            "e2bfb730-ecaa-11e6-8f88-34363bc7c4c0": {
                                "create": 600000000000,
                                "delete": 1200000000000,
                                "update": 600000000000
                            },
                            "schema_version": "1"
                        },
                        "tainted": false
                    },
                    "deposed": [],
                    "provider": "provider.aws"
                },
                "data.aws_ami.rhe7_5": {
                    "type": "aws_ami",
                    "depends_on": [],
                    "primary": {
                        "id": "ami-0e258161",
                        "attributes": {
                            "architecture": "x86_64",
                            "block_device_mappings.#": "1",
                            "block_device_mappings.309099847.device_name": "/dev/sda1",
                            "block_device_mappings.309099847.ebs.%": "6",
                            "block_device_mappings.309099847.ebs.delete_on_termination": "true",
                            "block_device_mappings.309099847.ebs.encrypted": "false",
                            "block_device_mappings.309099847.ebs.iops": "0",
                            "block_device_mappings.309099847.ebs.snapshot_id": "snap-0ee6629e3f7784ca8",
                            "block_device_mappings.309099847.ebs.volume_size": "10",
                            "block_device_mappings.309099847.ebs.volume_type": "gp2",
                            "block_device_mappings.309099847.no_device": "",
                            "block_device_mappings.309099847.virtual_name": "",
                            "creation_date": "2017-06-14T21:07:02.000Z",
                            "description": "Provided by Red Hat, Inc.",
                            "filter.#": "3",
                            "filter.1281954306.name": "root-device-type",
                            "filter.1281954306.values.#": "1",
                            "filter.1281954306.values.0": "ebs",
                            "filter.3386043752.name": "architecture",
                            "filter.3386043752.values.#": "1",
                            "filter.3386043752.values.0": "x86_64",
                            "filter.3878650734.name": "name",
                            "filter.3878650734.values.#": "1",
                            "filter.3878650734.values.0": "RHEL-7.3_HVM-*",
                            "hypervisor": "xen",
                            "id": "ami-0e258161",
                            "image_id": "ami-0e258161",
                            "image_location": "309956199498/RHEL-7.3_HVM-20170613-x86_64-4-Hourly2-GP2",
                            "image_type": "machine",
                            "most_recent": "true",
                            "name": "RHEL-7.3_HVM-20170613-x86_64-4-Hourly2-GP2",
                            "owner_id": "309956199498",
                            "owners.#": "1",
                            "owners.0": "309956199498",
                            "product_codes.#": "0",
                            "public": "true",
                            "root_device_name": "/dev/sda1",
                            "root_device_type": "ebs",
                            "root_snapshot_id": "snap-0ee6629e3f7784ca8",
                            "sriov_net_support": "simple",
                            "state": "available",
                            "state_reason.%": "2",
                            "state_reason.code": "UNSET",
                            "state_reason.message": "UNSET",
                            "tags.%": "0",
                            "virtualization_type": "hvm"
                        },
                        "meta": {},
                        "tainted": false
                    },
                    "deposed": [],
                    "provider": "provider.aws"
                }
            },
            "depends_on": []
        },
        {
            "path": [
                "root",
                "master03"
            ],
            "outputs": {
                "id": {
                    "sensitive": false,
                    "type": "string",
                    "value": "$aws.instance_compute.id"
                }
            },
            "resources": {
                "aws_instance.compute": {
                    "type": "aws_instance",
                    "depends_on": [
                        "data.aws_ami.rhe7_5"
                    ],
                    "primary": {
                        "id": "i-093535c692904e0c1",
                        "attributes": {
                            "ami": "ami-0e258161",
                            "arn": "arn:aws:ec2:eu-central-1:364050630688:instance/i-093535c692904e0c1",
                            "associate_public_ip_address": "false",
                            "availability_zone": "eu-central-1c",
                            "cpu_core_count": "2",
                            "cpu_threads_per_core": "1",
                            "credit_specification.#": "1",
                            "credit_specification.0.cpu_credits": "standard",
                            "disable_api_termination": "false",
                            "ebs_block_device.#": "1",
                            "ebs_block_device.2671853018.delete_on_termination": "true",
                            "ebs_block_device.2671853018.device_name": "/dev/sdg",
                            "ebs_block_device.2671853018.encrypted": "false",
                            "ebs_block_device.2671853018.iops": "600",
                            "ebs_block_device.2671853018.snapshot_id": "",
                            "ebs_block_device.2671853018.volume_id": "vol-0d0d7d0701d9d028e",
                            "ebs_block_device.2671853018.volume_size": "200",
                            "ebs_block_device.2671853018.volume_type": "gp2",
                            "ebs_optimized": "false",
                            "ephemeral_block_device.#": "0",
                            "get_password_data": "false",
                            "iam_instance_profile": "",
                            "id": "i-093535c692904e0c1",
                            "instance_state": "running",
                            "instance_type": "t2.large",
                            "ipv6_addresses.#": "0",
                            "key_name": "VDF-DE-TEST",
                            "monitoring": "false",
                            "network_interface.#": "0",
                            "network_interface_id": "eni-01d037cb5b3aaf4e2",
                            "password_data": "",
                            "placement_group": "",
                            "primary_network_interface_id": "eni-01d037cb5b3aaf4e2",
                            "private_dns": "ip-10-233-104-53.eu-central-1.compute.internal",
                            "private_ip": "10.233.104.53",
                            "public_dns": "",
                            "public_ip": "",
                            "root_block_device.#": "1",
                            "root_block_device.0.delete_on_termination": "true",
                            "root_block_device.0.iops": "105",
                            "root_block_device.0.volume_id": "vol-04fd8e5bdb70d7c3a",
                            "root_block_device.0.volume_size": "35",
                            "root_block_device.0.volume_type": "gp2",
                            "security_groups.#": "0",
                            "source_dest_check": "true",
                            "subnet_id": "subnet-0b7e4893dac41a3ff",
                            "tags.%": "2",
                            "tags.Env": "tool",
                            "tags.Name": "master03",
                            "tenancy": "default",
                            "user_data": "116a731df15fa16a67a18c9f7de12d2f12bcd36c",
                            "volume_tags.%": "0",
                            "vpc_security_group_ids.#": "1",
                            "vpc_security_group_ids.2740105547": "sg-005f34153858d73d3"
                        },
                        "meta": {
                            "e2bfb730-ecaa-11e6-8f88-34363bc7c4c0": {
                                "create": 600000000000,
                                "delete": 1200000000000,
                                "update": 600000000000
                            },
                            "schema_version": "1"
                        },
                        "tainted": false
                    },
                    "deposed": [],
                    "provider": "provider.aws"
                },
                "data.aws_ami.rhe7_5": {
                    "type": "aws_ami",
                    "depends_on": [],
                    "primary": {
                        "id": "ami-0e258161",
                        "attributes": {
                            "architecture": "x86_64",
                            "block_device_mappings.#": "1",
                            "block_device_mappings.309099847.device_name": "/dev/sda1",
                            "block_device_mappings.309099847.ebs.%": "6",
                            "block_device_mappings.309099847.ebs.delete_on_termination": "true",
                            "block_device_mappings.309099847.ebs.encrypted": "false",
                            "block_device_mappings.309099847.ebs.iops": "0",
                            "block_device_mappings.309099847.ebs.snapshot_id": "snap-0ee6629e3f7784ca8",
                            "block_device_mappings.309099847.ebs.volume_size": "10",
                            "block_device_mappings.309099847.ebs.volume_type": "gp2",
                            "block_device_mappings.309099847.no_device": "",
                            "block_device_mappings.309099847.virtual_name": "",
                            "creation_date": "2017-06-14T21:07:02.000Z",
                            "description": "Provided by Red Hat, Inc.",
                            "filter.#": "3",
                            "filter.1281954306.name": "root-device-type",
                            "filter.1281954306.values.#": "1",
                            "filter.1281954306.values.0": "ebs",
                            "filter.3386043752.name": "architecture",
                            "filter.3386043752.values.#": "1",
                            "filter.3386043752.values.0": "x86_64",
                            "filter.3878650734.name": "name",
                            "filter.3878650734.values.#": "1",
                            "filter.3878650734.values.0": "RHEL-7.3_HVM-*",
                            "hypervisor": "xen",
                            "id": "ami-0e258161",
                            "image_id": "ami-0e258161",
                            "image_location": "309956199498/RHEL-7.3_HVM-20170613-x86_64-4-Hourly2-GP2",
                            "image_type": "machine",
                            "most_recent": "true",
                            "name": "RHEL-7.3_HVM-20170613-x86_64-4-Hourly2-GP2",
                            "owner_id": "309956199498",
                            "owners.#": "1",
                            "owners.0": "309956199498",
                            "product_codes.#": "0",
                            "public": "true",
                            "root_device_name": "/dev/sda1",
                            "root_device_type": "ebs",
                            "root_snapshot_id": "snap-0ee6629e3f7784ca8",
                            "sriov_net_support": "simple",
                            "state": "available",
                            "state_reason.%": "2",
                            "state_reason.code": "UNSET",
                            "state_reason.message": "UNSET",
                            "tags.%": "0",
                            "virtualization_type": "hvm"
                        },
                        "meta": {},
                        "tainted": false
                    },
                    "deposed": [],
                    "provider": "provider.aws"
                }
            },
            "depends_on": []
        },
        {
            "path": [
                "root",
                "peer-vpc-app"
            ],
            "outputs": {
                "vpc_peer": {
                    "sensitive": false,
                    "type": "string",
                    "value": "pcx-0b949f69419263f9d"
                }
            },
            "resources": {
                "aws_vpc_peering_connection.peer": {
                    "type": "aws_vpc_peering_connection",
                    "depends_on": [],
                    "primary": {
                        "id": "pcx-0b949f69419263f9d",
                        "attributes": {
                            "accept_status": "active",
                            "accepter.#": "1",
                            "accepter.3244290774.allow_classic_link_to_remote_vpc": "false",
                            "accepter.3244290774.allow_remote_vpc_dns_resolution": "false",
                            "accepter.3244290774.allow_vpc_to_remote_classic_link": "false",
                            "auto_accept": "true",
                            "id": "pcx-0b949f69419263f9d",
                            "peer_owner_id": "364050630688",
                            "peer_region": "eu-central-1",
                            "peer_vpc_id": "vpc-0bd933304c28e3a01",
                            "requester.#": "1",
                            "requester.1102046665.allow_classic_link_to_remote_vpc": "false",
                            "requester.1102046665.allow_remote_vpc_dns_resolution": "true",
                            "requester.1102046665.allow_vpc_to_remote_classic_link": "false",
                            "tags.%": "1",
                            "tags.SideR": "Requester",
                            "vpc_id": "vpc-05366d91597ec4cb4"
                        },
                        "meta": {
                            "e2bfb730-ecaa-11e6-8f88-34363bc7c4c0": {
                                "create": 60000000000,
                                "delete": 60000000000,
                                "update": 60000000000
                            }
                        },
                        "tainted": false
                    },
                    "deposed": [],
                    "provider": "provider.aws"
                },
                "aws_vpc_peering_connection_accepter.peer": {
                    "type": "aws_vpc_peering_connection_accepter",
                    "depends_on": [
                        "aws_vpc_peering_connection.peer"
                    ],
                    "primary": {
                        "id": "pcx-0b949f69419263f9d",
                        "attributes": {
                            "accept_status": "active",
                            "accepter.#": "1",
                            "accepter.3244290774.allow_classic_link_to_remote_vpc": "false",
                            "accepter.3244290774.allow_remote_vpc_dns_resolution": "false",
                            "accepter.3244290774.allow_vpc_to_remote_classic_link": "false",
                            "auto_accept": "true",
                            "id": "pcx-0b949f69419263f9d",
                            "peer_owner_id": "364050630688",
                            "peer_region": "eu-central-1",
                            "peer_vpc_id": "vpc-0bd933304c28e3a01",
                            "requester.#": "1",
                            "requester.1102046665.allow_classic_link_to_remote_vpc": "false",
                            "requester.1102046665.allow_remote_vpc_dns_resolution": "true",
                            "requester.1102046665.allow_vpc_to_remote_classic_link": "false",
                            "tags.%": "0",
                            "vpc_id": "vpc-05366d91597ec4cb4",
                            "vpc_peering_connection_id": "pcx-0b949f69419263f9d"
                        },
                        "meta": {},
                        "tainted": false
                    },
                    "deposed": [],
                    "provider": "provider.aws"
                },
                "aws_vpc_peering_connection_options.requester": {
                    "type": "aws_vpc_peering_connection_options",
                    "depends_on": [
                        "aws_vpc_peering_connection_accepter.peer"
                    ],
                    "primary": {
                        "id": "pcx-0b949f69419263f9d",
                        "attributes": {
                            "accepter.#": "1",
                            "accepter.3244290774.allow_classic_link_to_remote_vpc": "false",
                            "accepter.3244290774.allow_remote_vpc_dns_resolution": "false",
                            "accepter.3244290774.allow_vpc_to_remote_classic_link": "false",
                            "id": "pcx-0b949f69419263f9d",
                            "requester.#": "1",
                            "requester.1102046665.allow_classic_link_to_remote_vpc": "false",
                            "requester.1102046665.allow_remote_vpc_dns_resolution": "true",
                            "requester.1102046665.allow_vpc_to_remote_classic_link": "false",
                            "vpc_peering_connection_id": "pcx-0b949f69419263f9d"
                        },
                        "meta": {},
                        "tainted": false
                    },
                    "deposed": [],
                    "provider": "provider.aws"
                }
            },
            "depends_on": []
        },
        {
            "path": [
                "root",
                "peer-vpc-prod"
            ],
            "outputs": {
                "vpc_peer": {
                    "sensitive": false,
                    "type": "string",
                    "value": "pcx-05d4bc202021a121b"
                }
            },
            "resources": {
                "aws_vpc_peering_connection.peer": {
                    "type": "aws_vpc_peering_connection",
                    "depends_on": [],
                    "primary": {
                        "id": "pcx-05d4bc202021a121b",
                        "attributes": {
                            "accept_status": "active",
                            "accepter.#": "0",
                            "auto_accept": "false",
                            "id": "pcx-05d4bc202021a121b",
                            "peer_owner_id": "161646829058",
                            "peer_region": "eu-central-1",
                            "peer_vpc_id": "vpc-0d3a493254bc9f89d",
                            "requester.#": "1",
                            "requester.1102046665.allow_classic_link_to_remote_vpc": "false",
                            "requester.1102046665.allow_remote_vpc_dns_resolution": "true",
                            "requester.1102046665.allow_vpc_to_remote_classic_link": "false",
                            "tags.%": "1",
                            "tags.SideR": "Requester",
                            "vpc_id": "vpc-05366d91597ec4cb4"
                        },
                        "meta": {
                            "e2bfb730-ecaa-11e6-8f88-34363bc7c4c0": {
                                "create": 60000000000,
                                "delete": 60000000000,
                                "update": 60000000000
                            }
                        },
                        "tainted": false
                    },
                    "deposed": [],
                    "provider": "provider.aws"
                },
                "aws_vpc_peering_connection_accepter.peer": {
                    "type": "aws_vpc_peering_connection_accepter",
                    "depends_on": [
                        "aws_vpc_peering_connection.peer"
                    ],
                    "primary": {
                        "id": "pcx-05d4bc202021a121b",
                        "attributes": {
                            "accept_status": "active",
                            "accepter.#": "1",
                            "accepter.1102046665.allow_classic_link_to_remote_vpc": "false",
                            "accepter.1102046665.allow_remote_vpc_dns_resolution": "true",
                            "accepter.1102046665.allow_vpc_to_remote_classic_link": "false",
                            "auto_accept": "true",
                            "id": "pcx-05d4bc202021a121b",
                            "peer_owner_id": "364050630688",
                            "peer_region": "eu-central-1",
                            "peer_vpc_id": "vpc-05366d91597ec4cb4",
                            "requester.#": "0",
                            "tags.%": "1",
                            "tags.SideA": "Accepter",
                            "vpc_id": "vpc-0d3a493254bc9f89d",
                            "vpc_peering_connection_id": "pcx-05d4bc202021a121b"
                        },
                        "meta": {},
                        "tainted": false
                    },
                    "deposed": [],
                    "provider": "provider.aws.accepter"
                },
                "aws_vpc_peering_connection_options.accepter": {
                    "type": "aws_vpc_peering_connection_options",
                    "depends_on": [
                        "aws_vpc_peering_connection_accepter.peer"
                    ],
                    "primary": {
                        "id": "pcx-05d4bc202021a121b",
                        "attributes": {
                            "accepter.#": "1",
                            "accepter.1102046665.allow_classic_link_to_remote_vpc": "false",
                            "accepter.1102046665.allow_remote_vpc_dns_resolution": "true",
                            "accepter.1102046665.allow_vpc_to_remote_classic_link": "false",
                            "id": "pcx-05d4bc202021a121b",
                            "requester.#": "0",
                            "vpc_peering_connection_id": "pcx-05d4bc202021a121b"
                        },
                        "meta": {},
                        "tainted": false
                    },
                    "deposed": [],
                    "provider": "provider.aws.accepter"
                },
                "aws_vpc_peering_connection_options.requester": {
                    "type": "aws_vpc_peering_connection_options",
                    "depends_on": [
                        "aws_vpc_peering_connection_accepter.peer"
                    ],
                    "primary": {
                        "id": "pcx-05d4bc202021a121b",
                        "attributes": {
                            "accepter.#": "0",
                            "id": "pcx-05d4bc202021a121b",
                            "requester.#": "1",
                            "requester.1102046665.allow_classic_link_to_remote_vpc": "false",
                            "requester.1102046665.allow_remote_vpc_dns_resolution": "true",
                            "requester.1102046665.allow_vpc_to_remote_classic_link": "false",
                            "vpc_peering_connection_id": "pcx-05d4bc202021a121b"
                        },
                        "meta": {},
                        "tainted": false
                    },
                    "deposed": [],
                    "provider": "provider.aws"
                }
            },
            "depends_on": []
        },
        {
            "path": [
                "root",
                "prod-vpc"
            ],
            "outputs": {
                "prod_private_rt": {
                    "sensitive": false,
                    "type": "string",
                    "value": "rtb-0f336c727fdd2a9f3"
                },
                "prod_public_rt": {
                    "sensitive": false,
                    "type": "string",
                    "value": "rtb-0c73139f98b3f1656"
                },
                "subnet_pub1_ids": {
                    "sensitive": false,
                    "type": "string",
                    "value": "subnet-08bb2ca6deae22e83"
                },
                "subnet_pub2_ids": {
                    "sensitive": false,
                    "type": "string",
                    "value": "subnet-01df8e3337a167e2c"
                },
                "vpc_prod_id": {
                    "sensitive": false,
                    "type": "string",
                    "value": "vpc-0d3a493254bc9f89d"
                }
            },
            "resources": {
                "aws_default_route_table.prod_private_rt": {
                    "type": "aws_default_route_table",
                    "depends_on": [
                        "aws_nat_gateway.nat",
                        "aws_vpc.prod_vpc"
                    ],
                    "primary": {
                        "id": "rtb-0f336c727fdd2a9f3",
                        "attributes": {
                            "default_route_table_id": "rtb-0f336c727fdd2a9f3",
                            "id": "rtb-0f336c727fdd2a9f3",
                            "owner_id": "161646829058",
                            "propagating_vgws.#": "0",
                            "route.#": "1",
                            "route.134708583.cidr_block": "0.0.0.0/0",
                            "route.134708583.egress_only_gateway_id": "",
                            "route.134708583.gateway_id": "",
                            "route.134708583.instance_id": "",
                            "route.134708583.ipv6_cidr_block": "",
                            "route.134708583.nat_gateway_id": "nat-0c852245696813cab",
                            "route.134708583.network_interface_id": "",
                            "route.134708583.transit_gateway_id": "",
                            "route.134708583.vpc_peering_connection_id": "",
                            "tags.%": "1",
                            "tags.Name": "prod_private",
                            "vpc_id": "vpc-0d3a493254bc9f89d"
                        },
                        "meta": {},
                        "tainted": false
                    },
                    "deposed": [],
                    "provider": "provider.aws.accepter"
                },
                "aws_eip.prod_nat_eip": {
                    "type": "aws_eip",
                    "depends_on": [],
                    "primary": {
                        "id": "eipalloc-028bb98bbb1094f1e",
                        "attributes": {
                            "association_id": "eipassoc-8086585a",
                            "domain": "vpc",
                            "id": "eipalloc-028bb98bbb1094f1e",
                            "instance": "",
                            "network_interface": "eni-013504d66ea9c6ac5",
                            "private_ip": "10.233.106.126",
                            "public_ip": "3.121.168.73",
                            "public_ipv4_pool": "amazon",
                            "tags.%": "0",
                            "vpc": "true"
                        },
                        "meta": {
                            "e2bfb730-ecaa-11e6-8f88-34363bc7c4c0": {
                                "delete": 180000000000,
                                "read": 900000000000,
                                "update": 300000000000
                            }
                        },
                        "tainted": false
                    },
                    "deposed": [],
                    "provider": "provider.aws.accepter"
                },
                "aws_internet_gateway.prod_internet_gateway": {
                    "type": "aws_internet_gateway",
                    "depends_on": [
                        "aws_vpc.prod_vpc"
                    ],
                    "primary": {
                        "id": "igw-0bcc49b9d2bf3c1d0",
                        "attributes": {
                            "id": "igw-0bcc49b9d2bf3c1d0",
                            "owner_id": "161646829058",
                            "tags.%": "1",
                            "tags.Name": "prod_igw",
                            "vpc_id": "vpc-0d3a493254bc9f89d"
                        },
                        "meta": {},
                        "tainted": false
                    },
                    "deposed": [],
                    "provider": "provider.aws.accepter"
                },
                "aws_nat_gateway.nat": {
                    "type": "aws_nat_gateway",
                    "depends_on": [
                        "aws_eip.prod_nat_eip",
                        "aws_subnet.prod_public2_subnet"
                    ],
                    "primary": {
                        "id": "nat-0c852245696813cab",
                        "attributes": {
                            "allocation_id": "eipalloc-028bb98bbb1094f1e",
                            "id": "nat-0c852245696813cab",
                            "network_interface_id": "eni-013504d66ea9c6ac5",
                            "private_ip": "10.233.106.126",
                            "public_ip": "3.121.168.73",
                            "subnet_id": "subnet-01df8e3337a167e2c",
                            "tags.%": "0"
                        },
                        "meta": {},
                        "tainted": false
                    },
                    "deposed": [],
                    "provider": "provider.aws.accepter"
                },
                "aws_route_table.prod_public_rt": {
                    "type": "aws_route_table",
                    "depends_on": [
                        "aws_internet_gateway.prod_internet_gateway",
                        "aws_vpc.prod_vpc"
                    ],
                    "primary": {
                        "id": "rtb-0c73139f98b3f1656",
                        "attributes": {
                            "id": "rtb-0c73139f98b3f1656",
                            "owner_id": "161646829058",
                            "propagating_vgws.#": "0",
                            "route.#": "1",
                            "route.2732813865.cidr_block": "0.0.0.0/0",
                            "route.2732813865.egress_only_gateway_id": "",
                            "route.2732813865.gateway_id": "igw-0bcc49b9d2bf3c1d0",
                            "route.2732813865.instance_id": "",
                            "route.2732813865.ipv6_cidr_block": "",
                            "route.2732813865.nat_gateway_id": "",
                            "route.2732813865.network_interface_id": "",
                            "route.2732813865.transit_gateway_id": "",
                            "route.2732813865.vpc_peering_connection_id": "",
                            "tags.%": "1",
                            "tags.Name": "prod_public",
                            "vpc_id": "vpc-0d3a493254bc9f89d"
                        },
                        "meta": {},
                        "tainted": false
                    },
                    "deposed": [],
                    "provider": "provider.aws.accepter"
                },
                "aws_route_table_association.private_assoc": {
                    "type": "aws_route_table_association",
                    "depends_on": [
                        "aws_default_route_table.prod_private_rt",
                        "aws_subnet.priv_worker1_subnet"
                    ],
                    "primary": {
                        "id": "rtbassoc-0f81e945f0ae81a20",
                        "attributes": {
                            "id": "rtbassoc-0f81e945f0ae81a20",
                            "route_table_id": "rtb-0f336c727fdd2a9f3",
                            "subnet_id": "subnet-047a8f96865cd5ec8"
                        },
                        "meta": {},
                        "tainted": false
                    },
                    "deposed": [],
                    "provider": "provider.aws.accepter"
                },
                "aws_route_table_association.public1_assoc": {
                    "type": "aws_route_table_association",
                    "depends_on": [
                        "aws_route_table.prod_public_rt",
                        "aws_subnet.prod_public1_subnet"
                    ],
                    "primary": {
                        "id": "rtbassoc-05f1069b3b1fb1c08",
                        "attributes": {
                            "id": "rtbassoc-05f1069b3b1fb1c08",
                            "route_table_id": "rtb-0c73139f98b3f1656",
                            "subnet_id": "subnet-08bb2ca6deae22e83"
                        },
                        "meta": {},
                        "tainted": false
                    },
                    "deposed": [],
                    "provider": "provider.aws.accepter"
                },
                "aws_route_table_association.public2_assoc": {
                    "type": "aws_route_table_association",
                    "depends_on": [
                        "aws_route_table.prod_public_rt",
                        "aws_subnet.prod_public2_subnet"
                    ],
                    "primary": {
                        "id": "rtbassoc-088d03f869be0a2b3",
                        "attributes": {
                            "id": "rtbassoc-088d03f869be0a2b3",
                            "route_table_id": "rtb-0c73139f98b3f1656",
                            "subnet_id": "subnet-01df8e3337a167e2c"
                        },
                        "meta": {},
                        "tainted": false
                    },
                    "deposed": [],
                    "provider": "provider.aws.accepter"
                },
                "aws_security_group.prod_cluster_sg": {
                    "type": "aws_security_group",
                    "depends_on": [
                        "aws_vpc.prod_vpc"
                    ],
                    "primary": {
                        "id": "sg-035d2f5ad030efdf5",
                        "attributes": {
                            "arn": "arn:aws:ec2:eu-central-1:161646829058:security-group/sg-035d2f5ad030efdf5",
                            "description": "utilizado para o cluster",
                            "egress.#": "1",
                            "egress.482069346.cidr_blocks.#": "1",
                            "egress.482069346.cidr_blocks.0": "0.0.0.0/0",
                            "egress.482069346.description": "",
                            "egress.482069346.from_port": "0",
                            "egress.482069346.ipv6_cidr_blocks.#": "0",
                            "egress.482069346.prefix_list_ids.#": "0",
                            "egress.482069346.protocol": "-1",
                            "egress.482069346.security_groups.#": "0",
                            "egress.482069346.self": "false",
                            "egress.482069346.to_port": "0",
                            "id": "sg-035d2f5ad030efdf5",
                            "ingress.#": "1",
                            "ingress.2829917957.cidr_blocks.#": "3",
                            "ingress.2829917957.cidr_blocks.0": "10.233.105.0/26",
                            "ingress.2829917957.cidr_blocks.1": "192.168.90.169/32",
                            "ingress.2829917957.cidr_blocks.2": "172.16.0.0/22",
                            "ingress.2829917957.description": "",
                            "ingress.2829917957.from_port": "0",
                            "ingress.2829917957.ipv6_cidr_blocks.#": "0",
                            "ingress.2829917957.prefix_list_ids.#": "0",
                            "ingress.2829917957.protocol": "-1",
                            "ingress.2829917957.security_groups.#": "0",
                            "ingress.2829917957.self": "false",
                            "ingress.2829917957.to_port": "0",
                            "name": "prod_cluster_sg",
                            "owner_id": "161646829058",
                            "revoke_rules_on_delete": "false",
                            "tags.%": "1",
                            "tags.Name": "Cluster SG T",
                            "vpc_id": "vpc-0d3a493254bc9f89d"
                        },
                        "meta": {
                            "e2bfb730-ecaa-11e6-8f88-34363bc7c4c0": {
                                "create": 600000000000,
                                "delete": 600000000000
                            },
                            "schema_version": "1"
                        },
                        "tainted": false
                    },
                    "deposed": [],
                    "provider": "provider.aws.accepter"
                },
                "aws_security_group.prod_elb1_sg": {
                    "type": "aws_security_group",
                    "depends_on": [
                        "aws_vpc.prod_vpc"
                    ],
                    "primary": {
                        "id": "sg-0abaee2736e4e5c87",
                        "attributes": {
                            "arn": "arn:aws:ec2:eu-central-1:161646829058:security-group/sg-0abaee2736e4e5c87",
                            "description": "Used for public ELB1",
                            "egress.#": "1",
                            "egress.482069346.cidr_blocks.#": "1",
                            "egress.482069346.cidr_blocks.0": "0.0.0.0/0",
                            "egress.482069346.description": "",
                            "egress.482069346.from_port": "0",
                            "egress.482069346.ipv6_cidr_blocks.#": "0",
                            "egress.482069346.prefix_list_ids.#": "0",
                            "egress.482069346.protocol": "-1",
                            "egress.482069346.security_groups.#": "0",
                            "egress.482069346.self": "false",
                            "egress.482069346.to_port": "0",
                            "id": "sg-0abaee2736e4e5c87",
                            "ingress.#": "2",
                            "ingress.2214680975.cidr_blocks.#": "1",
                            "ingress.2214680975.cidr_blocks.0": "0.0.0.0/0",
                            "ingress.2214680975.description": "",
                            "ingress.2214680975.from_port": "80",
                            "ingress.2214680975.ipv6_cidr_blocks.#": "0",
                            "ingress.2214680975.prefix_list_ids.#": "0",
                            "ingress.2214680975.protocol": "tcp",
                            "ingress.2214680975.security_groups.#": "0",
                            "ingress.2214680975.self": "false",
                            "ingress.2214680975.to_port": "80",
                            "ingress.516175195.cidr_blocks.#": "1",
                            "ingress.516175195.cidr_blocks.0": "0.0.0.0/0",
                            "ingress.516175195.description": "",
                            "ingress.516175195.from_port": "8080",
                            "ingress.516175195.ipv6_cidr_blocks.#": "0",
                            "ingress.516175195.prefix_list_ids.#": "0",
                            "ingress.516175195.protocol": "tcp",
                            "ingress.516175195.security_groups.#": "0",
                            "ingress.516175195.self": "false",
                            "ingress.516175195.to_port": "8080",
                            "name": "prod_elb1_sg",
                            "owner_id": "161646829058",
                            "revoke_rules_on_delete": "false",
                            "tags.%": "1",
                            "tags.Name": "ELB1 SG T",
                            "vpc_id": "vpc-0d3a493254bc9f89d"
                        },
                        "meta": {
                            "e2bfb730-ecaa-11e6-8f88-34363bc7c4c0": {
                                "create": 600000000000,
                                "delete": 600000000000
                            },
                            "schema_version": "1"
                        },
                        "tainted": false
                    },
                    "deposed": [],
                    "provider": "provider.aws.accepter"
                },
                "aws_subnet.priv_worker1_subnet": {
                    "type": "aws_subnet",
                    "depends_on": [
                        "aws_vpc.prod_vpc",
                        "data.aws_availability_zones.available"
                    ],
                    "primary": {
                        "id": "subnet-047a8f96865cd5ec8",
                        "attributes": {
                            "arn": "arn:aws:ec2:eu-central-1:161646829058:subnet/subnet-047a8f96865cd5ec8",
                            "assign_ipv6_address_on_creation": "false",
                            "availability_zone": "eu-central-1a",
                            "availability_zone_id": "euc1-az2",
                            "cidr_block": "10.233.106.64/28",
                            "id": "subnet-047a8f96865cd5ec8",
                            "ipv6_cidr_block": "",
                            "ipv6_cidr_block_association_id": "",
                            "map_public_ip_on_launch": "false",
                            "owner_id": "161646829058",
                            "tags.%": "1",
                            "tags.Name": "priv_worker1",
                            "vpc_id": "vpc-0d3a493254bc9f89d"
                        },
                        "meta": {
                            "e2bfb730-ecaa-11e6-8f88-34363bc7c4c0": {
                                "create": 600000000000,
                                "delete": 600000000000
                            },
                            "schema_version": "1"
                        },
                        "tainted": false
                    },
                    "deposed": [],
                    "provider": "provider.aws.accepter"
                },
                "aws_subnet.priv_worker2_subnet": {
                    "type": "aws_subnet",
                    "depends_on": [
                        "aws_vpc.prod_vpc",
                        "data.aws_availability_zones.available"
                    ],
                    "primary": {
                        "id": "subnet-089977338ccdaff9e",
                        "attributes": {
                            "arn": "arn:aws:ec2:eu-central-1:161646829058:subnet/subnet-089977338ccdaff9e",
                            "assign_ipv6_address_on_creation": "false",
                            "availability_zone": "eu-central-1b",
                            "availability_zone_id": "euc1-az3",
                            "cidr_block": "10.233.106.80/28",
                            "id": "subnet-089977338ccdaff9e",
                            "ipv6_cidr_block": "",
                            "ipv6_cidr_block_association_id": "",
                            "map_public_ip_on_launch": "false",
                            "owner_id": "161646829058",
                            "tags.%": "1",
                            "tags.Name": "priv_worker2",
                            "vpc_id": "vpc-0d3a493254bc9f89d"
                        },
                        "meta": {
                            "e2bfb730-ecaa-11e6-8f88-34363bc7c4c0": {
                                "create": 600000000000,
                                "delete": 600000000000
                            },
                            "schema_version": "1"
                        },
                        "tainted": false
                    },
                    "deposed": [],
                    "provider": "provider.aws.accepter"
                },
                "aws_subnet.priv_worker3_subnet": {
                    "type": "aws_subnet",
                    "depends_on": [
                        "aws_vpc.prod_vpc",
                        "data.aws_availability_zones.available"
                    ],
                    "primary": {
                        "id": "subnet-0792454b2342c23c2",
                        "attributes": {
                            "arn": "arn:aws:ec2:eu-central-1:161646829058:subnet/subnet-0792454b2342c23c2",
                            "assign_ipv6_address_on_creation": "false",
                            "availability_zone": "eu-central-1c",
                            "availability_zone_id": "euc1-az1",
                            "cidr_block": "10.233.106.96/28",
                            "id": "subnet-0792454b2342c23c2",
                            "ipv6_cidr_block": "",
                            "ipv6_cidr_block_association_id": "",
                            "map_public_ip_on_launch": "false",
                            "owner_id": "161646829058",
                            "tags.%": "1",
                            "tags.Name": "priv_worker3",
                            "vpc_id": "vpc-0d3a493254bc9f89d"
                        },
                        "meta": {
                            "e2bfb730-ecaa-11e6-8f88-34363bc7c4c0": {
                                "create": 600000000000,
                                "delete": 600000000000
                            },
                            "schema_version": "1"
                        },
                        "tainted": false
                    },
                    "deposed": [],
                    "provider": "provider.aws.accepter"
                },
                "aws_subnet.prod_public1_subnet": {
                    "type": "aws_subnet",
                    "depends_on": [
                        "aws_vpc.prod_vpc",
                        "data.aws_availability_zones.available"
                    ],
                    "primary": {
                        "id": "subnet-08bb2ca6deae22e83",
                        "attributes": {
                            "arn": "arn:aws:ec2:eu-central-1:161646829058:subnet/subnet-08bb2ca6deae22e83",
                            "assign_ipv6_address_on_creation": "false",
                            "availability_zone": "eu-central-1a",
                            "availability_zone_id": "euc1-az2",
                            "cidr_block": "10.233.106.0/28",
                            "id": "subnet-08bb2ca6deae22e83",
                            "ipv6_cidr_block": "",
                            "ipv6_cidr_block_association_id": "",
                            "map_public_ip_on_launch": "true",
                            "owner_id": "161646829058",
                            "tags.%": "1",
                            "tags.Name": "prod_public1",
                            "vpc_id": "vpc-0d3a493254bc9f89d"
                        },
                        "meta": {
                            "e2bfb730-ecaa-11e6-8f88-34363bc7c4c0": {
                                "create": 600000000000,
                                "delete": 600000000000
                            },
                            "schema_version": "1"
                        },
                        "tainted": false
                    },
                    "deposed": [],
                    "provider": "provider.aws.accepter"
                },
                "aws_subnet.prod_public2_subnet": {
                    "type": "aws_subnet",
                    "depends_on": [
                        "aws_vpc.prod_vpc",
                        "data.aws_availability_zones.available"
                    ],
                    "primary": {
                        "id": "subnet-01df8e3337a167e2c",
                        "attributes": {
                            "arn": "arn:aws:ec2:eu-central-1:161646829058:subnet/subnet-01df8e3337a167e2c",
                            "assign_ipv6_address_on_creation": "false",
                            "availability_zone": "eu-central-1b",
                            "availability_zone_id": "euc1-az3",
                            "cidr_block": "10.233.106.112/28",
                            "id": "subnet-01df8e3337a167e2c",
                            "ipv6_cidr_block": "",
                            "ipv6_cidr_block_association_id": "",
                            "map_public_ip_on_launch": "true",
                            "owner_id": "161646829058",
                            "tags.%": "1",
                            "tags.Name": "prod_public2",
                            "vpc_id": "vpc-0d3a493254bc9f89d"
                        },
                        "meta": {
                            "e2bfb730-ecaa-11e6-8f88-34363bc7c4c0": {
                                "create": 600000000000,
                                "delete": 600000000000
                            },
                            "schema_version": "1"
                        },
                        "tainted": false
                    },
                    "deposed": [],
                    "provider": "provider.aws.accepter"
                },
                "aws_vpc.prod_vpc": {
                    "type": "aws_vpc",
                    "depends_on": [],
                    "primary": {
                        "id": "vpc-0d3a493254bc9f89d",
                        "attributes": {
                            "arn": "arn:aws:ec2:eu-central-1:161646829058:vpc/vpc-0d3a493254bc9f89d",
                            "assign_generated_ipv6_cidr_block": "false",
                            "cidr_block": "10.233.106.0/24",
                            "default_network_acl_id": "acl-0de09b9e0376fba18",
                            "default_route_table_id": "rtb-0f336c727fdd2a9f3",
                            "default_security_group_id": "sg-03539f0bc8c79c859",
                            "dhcp_options_id": "dopt-7c1d5217",
                            "enable_dns_hostnames": "true",
                            "enable_dns_support": "true",
                            "id": "vpc-0d3a493254bc9f89d",
                            "instance_tenancy": "default",
                            "ipv6_association_id": "",
                            "ipv6_cidr_block": "",
                            "main_route_table_id": "rtb-0f336c727fdd2a9f3",
                            "owner_id": "161646829058",
                            "tags.%": "1",
                            "tags.Name": "prod_vpc"
                        },
                        "meta": {
                            "schema_version": "1"
                        },
                        "tainted": false
                    },
                    "deposed": [],
                    "provider": "provider.aws.accepter"
                },
                "data.aws_availability_zones.available": {
                    "type": "aws_availability_zones",
                    "depends_on": [],
                    "primary": {
                        "id": "2019-01-16 15:57:09.8166522 +0000 UTC",
                        "attributes": {
                            "id": "2019-01-16 15:57:09.8166522 +0000 UTC",
                            "names.#": "3",
                            "names.0": "eu-central-1a",
                            "names.1": "eu-central-1b",
                            "names.2": "eu-central-1c",
                            "zone_ids.#": "3",
                            "zone_ids.0": "euc1-az2",
                            "zone_ids.1": "euc1-az3",
                            "zone_ids.2": "euc1-az1"
                        },
                        "meta": {},
                        "tainted": false
                    },
                    "deposed": [],
                    "provider": "provider.aws.accepter"
                }
            },
            "depends_on": []
        },
        {
            "path": [
                "root",
                "route53"
            ],
            "outputs": {
                "zone_id": {
                    "sensitive": false,
                    "type": "string",
                    "value": "Z3ICHOHBXO9172"
                }
            },
            "resources": {
                "aws_route53_record.UCP": {
                    "type": "aws_route53_record",
                    "depends_on": [
                        "aws_route53_zone.tooling"
                    ],
                    "primary": {
                        "id": "Z3ICHOHBXO9172_www.ucp_A",
                        "attributes": {
                            "alias.#": "1",
                            "alias.3626715655.evaluate_target_health": "true",
                            "alias.3626715655.name": "internal-elbucp-1427413207.eu-central-1.elb.amazonaws.com",
                            "alias.3626715655.zone_id": "Z215JYRZR1TBD5",
                            "allow_overwrite": "true",
                            "fqdn": "www.ucp.tooling.com",
                            "health_check_id": "",
                            "id": "Z3ICHOHBXO9172_www.ucp_A",
                            "name": "www.ucp",
                            "records.#": "0",
                            "set_identifier": "",
                            "ttl": "0",
                            "type": "A",
                            "zone_id": "Z3ICHOHBXO9172"
                        },
                        "meta": {
                            "schema_version": "2"
                        },
                        "tainted": false
                    },
                    "deposed": [],
                    "provider": "provider.aws"
                },
                "aws_route53_zone.tooling": {
                    "type": "aws_route53_zone",
                    "depends_on": [
                        "local.description"
                    ],
                    "primary": {
                        "id": "Z3ICHOHBXO9172",
                        "attributes": {
                            "comment": "Private zone for tooling.com",
                            "delegation_set_id": "",
                            "force_destroy": "false",
                            "id": "Z3ICHOHBXO9172",
                            "name": "tooling.com.",
                            "name_servers.#": "4",
                            "name_servers.0": "ns-0.awsdns-00.com.",
                            "name_servers.1": "ns-1024.awsdns-00.org.",
                            "name_servers.2": "ns-1536.awsdns-00.co.uk.",
                            "name_servers.3": "ns-512.awsdns-00.net.",
                            "tags.%": "4",
                            "tags.Environment": "tool",
                            "tags.ManagedBy": "Terraform",
                            "tags.Name": "tooling.com",
                            "tags.ProductDomain": "de",
                            "vpc.#": "1",
                            "vpc.3775249614.vpc_id": "vpc-05366d91597ec4cb4",
                            "vpc.3775249614.vpc_region": "eu-central-1",
                            "vpc_id": "vpc-05366d91597ec4cb4",
                            "vpc_region": "eu-central-1",
                            "zone_id": "Z3ICHOHBXO9172"
                        },
                        "meta": {},
                        "tainted": false
                    },
                    "deposed": [],
                    "provider": "provider.aws"
                }
            },
            "depends_on": []
        },
        {
            "path": [
                "root",
                "worker01"
            ],
            "outputs": {
                "id": {
                    "sensitive": false,
                    "type": "string",
                    "value": "$aws.instance_compute.id"
                }
            },
            "resources": {
                "aws_instance.compute": {
                    "type": "aws_instance",
                    "depends_on": [
                        "data.aws_ami.rhe7_5"
                    ],
                    "primary": {
                        "id": "i-0e3b5133126432035",
                        "attributes": {
                            "ami": "ami-0e258161",
                            "arn": "arn:aws:ec2:eu-central-1:364050630688:instance/i-0e3b5133126432035",
                            "associate_public_ip_address": "false",
                            "availability_zone": "eu-central-1a",
                            "cpu_core_count": "2",
                            "cpu_threads_per_core": "1",
                            "credit_specification.#": "1",
                            "credit_specification.0.cpu_credits": "standard",
                            "disable_api_termination": "false",
                            "ebs_block_device.#": "1",
                            "ebs_block_device.2671853018.delete_on_termination": "true",
                            "ebs_block_device.2671853018.device_name": "/dev/sdg",
                            "ebs_block_device.2671853018.encrypted": "false",
                            "ebs_block_device.2671853018.iops": "600",
                            "ebs_block_device.2671853018.snapshot_id": "",
                            "ebs_block_device.2671853018.volume_id": "vol-090953907d6fffc56",
                            "ebs_block_device.2671853018.volume_size": "200",
                            "ebs_block_device.2671853018.volume_type": "gp2",
                            "ebs_optimized": "false",
                            "ephemeral_block_device.#": "0",
                            "get_password_data": "false",
                            "iam_instance_profile": "",
                            "id": "i-0e3b5133126432035",
                            "instance_state": "running",
                            "instance_type": "t2.medium",
                            "ipv6_addresses.#": "0",
                            "key_name": "VDF-DE-TEST",
                            "monitoring": "false",
                            "network_interface.#": "0",
                            "network_interface_id": "eni-0bdc098807a33522f",
                            "password_data": "",
                            "placement_group": "",
                            "primary_network_interface_id": "eni-0bdc098807a33522f",
                            "private_dns": "ip-10-233-104-68.eu-central-1.compute.internal",
                            "private_ip": "10.233.104.68",
                            "public_dns": "",
                            "public_ip": "",
                            "root_block_device.#": "1",
                            "root_block_device.0.delete_on_termination": "true",
                            "root_block_device.0.iops": "105",
                            "root_block_device.0.volume_id": "vol-0cb508e6be7ef0186",
                            "root_block_device.0.volume_size": "35",
                            "root_block_device.0.volume_type": "gp2",
                            "security_groups.#": "0",
                            "source_dest_check": "true",
                            "subnet_id": "subnet-0f02a1be4ca38505b",
                            "tags.%": "2",
                            "tags.Env": "dmz",
                            "tags.Name": "worker01",
                            "tenancy": "default",
                            "user_data": "0aae5a6c71b6eb38be40bab44cc2a3464b858ecd",
                            "volume_tags.%": "0",
                            "vpc_security_group_ids.#": "1",
                            "vpc_security_group_ids.1288310176": "sg-0c0f3f7feeef0cf2e"
                        },
                        "meta": {
                            "e2bfb730-ecaa-11e6-8f88-34363bc7c4c0": {
                                "create": 600000000000,
                                "delete": 1200000000000,
                                "update": 600000000000
                            },
                            "schema_version": "1"
                        },
                        "tainted": false
                    },
                    "deposed": [],
                    "provider": "provider.aws"
                },
                "data.aws_ami.rhe7_5": {
                    "type": "aws_ami",
                    "depends_on": [],
                    "primary": {
                        "id": "ami-0e258161",
                        "attributes": {
                            "architecture": "x86_64",
                            "block_device_mappings.#": "1",
                            "block_device_mappings.309099847.device_name": "/dev/sda1",
                            "block_device_mappings.309099847.ebs.%": "6",
                            "block_device_mappings.309099847.ebs.delete_on_termination": "true",
                            "block_device_mappings.309099847.ebs.encrypted": "false",
                            "block_device_mappings.309099847.ebs.iops": "0",
                            "block_device_mappings.309099847.ebs.snapshot_id": "snap-0ee6629e3f7784ca8",
                            "block_device_mappings.309099847.ebs.volume_size": "10",
                            "block_device_mappings.309099847.ebs.volume_type": "gp2",
                            "block_device_mappings.309099847.no_device": "",
                            "block_device_mappings.309099847.virtual_name": "",
                            "creation_date": "2017-06-14T21:07:02.000Z",
                            "description": "Provided by Red Hat, Inc.",
                            "filter.#": "3",
                            "filter.1281954306.name": "root-device-type",
                            "filter.1281954306.values.#": "1",
                            "filter.1281954306.values.0": "ebs",
                            "filter.3386043752.name": "architecture",
                            "filter.3386043752.values.#": "1",
                            "filter.3386043752.values.0": "x86_64",
                            "filter.3878650734.name": "name",
                            "filter.3878650734.values.#": "1",
                            "filter.3878650734.values.0": "RHEL-7.3_HVM-*",
                            "hypervisor": "xen",
                            "id": "ami-0e258161",
                            "image_id": "ami-0e258161",
                            "image_location": "309956199498/RHEL-7.3_HVM-20170613-x86_64-4-Hourly2-GP2",
                            "image_type": "machine",
                            "most_recent": "true",
                            "name": "RHEL-7.3_HVM-20170613-x86_64-4-Hourly2-GP2",
                            "owner_id": "309956199498",
                            "owners.#": "1",
                            "owners.0": "309956199498",
                            "product_codes.#": "0",
                            "public": "true",
                            "root_device_name": "/dev/sda1",
                            "root_device_type": "ebs",
                            "root_snapshot_id": "snap-0ee6629e3f7784ca8",
                            "sriov_net_support": "simple",
                            "state": "available",
                            "state_reason.%": "2",
                            "state_reason.code": "UNSET",
                            "state_reason.message": "UNSET",
                            "tags.%": "0",
                            "virtualization_type": "hvm"
                        },
                        "meta": {},
                        "tainted": false
                    },
                    "deposed": [],
                    "provider": "provider.aws"
                }
            },
            "depends_on": []
        },
        {
            "path": [
                "root",
                "worker02"
            ],
            "outputs": {
                "id": {
                    "sensitive": false,
                    "type": "string",
                    "value": "$aws.instance_compute.id"
                }
            },
            "resources": {
                "aws_instance.compute": {
                    "type": "aws_instance",
                    "depends_on": [
                        "data.aws_ami.rhe7_5"
                    ],
                    "primary": {
                        "id": "i-08c125e073e5f1028",
                        "attributes": {
                            "ami": "ami-0e258161",
                            "arn": "arn:aws:ec2:eu-central-1:364050630688:instance/i-08c125e073e5f1028",
                            "associate_public_ip_address": "false",
                            "availability_zone": "eu-central-1b",
                            "cpu_core_count": "2",
                            "cpu_threads_per_core": "1",
                            "credit_specification.#": "1",
                            "credit_specification.0.cpu_credits": "standard",
                            "disable_api_termination": "false",
                            "ebs_block_device.#": "1",
                            "ebs_block_device.2671853018.delete_on_termination": "true",
                            "ebs_block_device.2671853018.device_name": "/dev/sdg",
                            "ebs_block_device.2671853018.encrypted": "false",
                            "ebs_block_device.2671853018.iops": "600",
                            "ebs_block_device.2671853018.snapshot_id": "",
                            "ebs_block_device.2671853018.volume_id": "vol-03f7712a6cd9c00d6",
                            "ebs_block_device.2671853018.volume_size": "200",
                            "ebs_block_device.2671853018.volume_type": "gp2",
                            "ebs_optimized": "false",
                            "ephemeral_block_device.#": "0",
                            "get_password_data": "false",
                            "iam_instance_profile": "",
                            "id": "i-08c125e073e5f1028",
                            "instance_state": "running",
                            "instance_type": "t2.medium",
                            "ipv6_addresses.#": "0",
                            "key_name": "VDF-DE-TEST",
                            "monitoring": "false",
                            "network_interface.#": "0",
                            "network_interface_id": "eni-0f2bbb9504bc6c180",
                            "password_data": "",
                            "placement_group": "",
                            "primary_network_interface_id": "eni-0f2bbb9504bc6c180",
                            "private_dns": "ip-10-233-104-85.eu-central-1.compute.internal",
                            "private_ip": "10.233.104.85",
                            "public_dns": "",
                            "public_ip": "",
                            "root_block_device.#": "1",
                            "root_block_device.0.delete_on_termination": "true",
                            "root_block_device.0.iops": "105",
                            "root_block_device.0.volume_id": "vol-09bdf23e7a9a80a01",
                            "root_block_device.0.volume_size": "35",
                            "root_block_device.0.volume_type": "gp2",
                            "security_groups.#": "0",
                            "source_dest_check": "true",
                            "subnet_id": "subnet-0a8b85c81d5aaa633",
                            "tags.%": "2",
                            "tags.Env": "tool",
                            "tags.Name": "worker02",
                            "tenancy": "default",
                            "user_data": "0aae5a6c71b6eb38be40bab44cc2a3464b858ecd",
                            "volume_tags.%": "0",
                            "vpc_security_group_ids.#": "1",
                            "vpc_security_group_ids.1288310176": "sg-0c0f3f7feeef0cf2e"
                        },
                        "meta": {
                            "e2bfb730-ecaa-11e6-8f88-34363bc7c4c0": {
                                "create": 600000000000,
                                "delete": 1200000000000,
                                "update": 600000000000
                            },
                            "schema_version": "1"
                        },
                        "tainted": false
                    },
                    "deposed": [],
                    "provider": "provider.aws"
                },
                "data.aws_ami.rhe7_5": {
                    "type": "aws_ami",
                    "depends_on": [],
                    "primary": {
                        "id": "ami-0e258161",
                        "attributes": {
                            "architecture": "x86_64",
                            "block_device_mappings.#": "1",
                            "block_device_mappings.309099847.device_name": "/dev/sda1",
                            "block_device_mappings.309099847.ebs.%": "6",
                            "block_device_mappings.309099847.ebs.delete_on_termination": "true",
                            "block_device_mappings.309099847.ebs.encrypted": "false",
                            "block_device_mappings.309099847.ebs.iops": "0",
                            "block_device_mappings.309099847.ebs.snapshot_id": "snap-0ee6629e3f7784ca8",
                            "block_device_mappings.309099847.ebs.volume_size": "10",
                            "block_device_mappings.309099847.ebs.volume_type": "gp2",
                            "block_device_mappings.309099847.no_device": "",
                            "block_device_mappings.309099847.virtual_name": "",
                            "creation_date": "2017-06-14T21:07:02.000Z",
                            "description": "Provided by Red Hat, Inc.",
                            "filter.#": "3",
                            "filter.1281954306.name": "root-device-type",
                            "filter.1281954306.values.#": "1",
                            "filter.1281954306.values.0": "ebs",
                            "filter.3386043752.name": "architecture",
                            "filter.3386043752.values.#": "1",
                            "filter.3386043752.values.0": "x86_64",
                            "filter.3878650734.name": "name",
                            "filter.3878650734.values.#": "1",
                            "filter.3878650734.values.0": "RHEL-7.3_HVM-*",
                            "hypervisor": "xen",
                            "id": "ami-0e258161",
                            "image_id": "ami-0e258161",
                            "image_location": "309956199498/RHEL-7.3_HVM-20170613-x86_64-4-Hourly2-GP2",
                            "image_type": "machine",
                            "most_recent": "true",
                            "name": "RHEL-7.3_HVM-20170613-x86_64-4-Hourly2-GP2",
                            "owner_id": "309956199498",
                            "owners.#": "1",
                            "owners.0": "309956199498",
                            "product_codes.#": "0",
                            "public": "true",
                            "root_device_name": "/dev/sda1",
                            "root_device_type": "ebs",
                            "root_snapshot_id": "snap-0ee6629e3f7784ca8",
                            "sriov_net_support": "simple",
                            "state": "available",
                            "state_reason.%": "2",
                            "state_reason.code": "UNSET",
                            "state_reason.message": "UNSET",
                            "tags.%": "0",
                            "virtualization_type": "hvm"
                        },
                        "meta": {},
                        "tainted": false
                    },
                    "deposed": [],
                    "provider": "provider.aws"
                }
            },
            "depends_on": []
        },
        {
            "path": [
                "root",
                "worker03"
            ],
            "outputs": {
                "id": {
                    "sensitive": false,
                    "type": "string",
                    "value": "$aws.instance_compute.id"
                }
            },
            "resources": {
                "aws_instance.compute": {
                    "type": "aws_instance",
                    "depends_on": [
                        "data.aws_ami.rhe7_5"
                    ],
                    "primary": {
                        "id": "i-01b8cf2a973176bd9",
                        "attributes": {
                            "ami": "ami-0e258161",
                            "arn": "arn:aws:ec2:eu-central-1:364050630688:instance/i-01b8cf2a973176bd9",
                            "associate_public_ip_address": "false",
                            "availability_zone": "eu-central-1c",
                            "cpu_core_count": "2",
                            "cpu_threads_per_core": "1",
                            "credit_specification.#": "1",
                            "credit_specification.0.cpu_credits": "standard",
                            "disable_api_termination": "false",
                            "ebs_block_device.#": "1",
                            "ebs_block_device.2671853018.delete_on_termination": "true",
                            "ebs_block_device.2671853018.device_name": "/dev/sdg",
                            "ebs_block_device.2671853018.encrypted": "false",
                            "ebs_block_device.2671853018.iops": "600",
                            "ebs_block_device.2671853018.snapshot_id": "",
                            "ebs_block_device.2671853018.volume_id": "vol-01830eec046a7f538",
                            "ebs_block_device.2671853018.volume_size": "200",
                            "ebs_block_device.2671853018.volume_type": "gp2",
                            "ebs_optimized": "false",
                            "ephemeral_block_device.#": "0",
                            "get_password_data": "false",
                            "iam_instance_profile": "",
                            "id": "i-01b8cf2a973176bd9",
                            "instance_state": "running",
                            "instance_type": "t2.medium",
                            "ipv6_addresses.#": "0",
                            "key_name": "VDF-DE-TEST",
                            "monitoring": "false",
                            "network_interface.#": "0",
                            "network_interface_id": "eni-081bdae9bca6381f4",
                            "password_data": "",
                            "placement_group": "",
                            "primary_network_interface_id": "eni-081bdae9bca6381f4",
                            "private_dns": "ip-10-233-104-101.eu-central-1.compute.internal",
                            "private_ip": "10.233.104.101",
                            "public_dns": "",
                            "public_ip": "",
                            "root_block_device.#": "1",
                            "root_block_device.0.delete_on_termination": "true",
                            "root_block_device.0.iops": "105",
                            "root_block_device.0.volume_id": "vol-0971c055823c1c89a",
                            "root_block_device.0.volume_size": "35",
                            "root_block_device.0.volume_type": "gp2",
                            "security_groups.#": "0",
                            "source_dest_check": "true",
                            "subnet_id": "subnet-0b6d7f43a4a55489f",
                            "tags.%": "2",
                            "tags.Env": "tool",
                            "tags.Name": "worker03",
                            "tenancy": "default",
                            "user_data": "0aae5a6c71b6eb38be40bab44cc2a3464b858ecd",
                            "volume_tags.%": "0",
                            "vpc_security_group_ids.#": "1",
                            "vpc_security_group_ids.1288310176": "sg-0c0f3f7feeef0cf2e"
                        },
                        "meta": {
                            "e2bfb730-ecaa-11e6-8f88-34363bc7c4c0": {
                                "create": 600000000000,
                                "delete": 1200000000000,
                                "update": 600000000000
                            },
                            "schema_version": "1"
                        },
                        "tainted": false
                    },
                    "deposed": [],
                    "provider": "provider.aws"
                },
                "data.aws_ami.rhe7_5": {
                    "type": "aws_ami",
                    "depends_on": [],
                    "primary": {
                        "id": "ami-0e258161",
                        "attributes": {
                            "architecture": "x86_64",
                            "block_device_mappings.#": "1",
                            "block_device_mappings.309099847.device_name": "/dev/sda1",
                            "block_device_mappings.309099847.ebs.%": "6",
                            "block_device_mappings.309099847.ebs.delete_on_termination": "true",
                            "block_device_mappings.309099847.ebs.encrypted": "false",
                            "block_device_mappings.309099847.ebs.iops": "0",
                            "block_device_mappings.309099847.ebs.snapshot_id": "snap-0ee6629e3f7784ca8",
                            "block_device_mappings.309099847.ebs.volume_size": "10",
                            "block_device_mappings.309099847.ebs.volume_type": "gp2",
                            "block_device_mappings.309099847.no_device": "",
                            "block_device_mappings.309099847.virtual_name": "",
                            "creation_date": "2017-06-14T21:07:02.000Z",
                            "description": "Provided by Red Hat, Inc.",
                            "filter.#": "3",
                            "filter.1281954306.name": "root-device-type",
                            "filter.1281954306.values.#": "1",
                            "filter.1281954306.values.0": "ebs",
                            "filter.3386043752.name": "architecture",
                            "filter.3386043752.values.#": "1",
                            "filter.3386043752.values.0": "x86_64",
                            "filter.3878650734.name": "name",
                            "filter.3878650734.values.#": "1",
                            "filter.3878650734.values.0": "RHEL-7.3_HVM-*",
                            "hypervisor": "xen",
                            "id": "ami-0e258161",
                            "image_id": "ami-0e258161",
                            "image_location": "309956199498/RHEL-7.3_HVM-20170613-x86_64-4-Hourly2-GP2",
                            "image_type": "machine",
                            "most_recent": "true",
                            "name": "RHEL-7.3_HVM-20170613-x86_64-4-Hourly2-GP2",
                            "owner_id": "309956199498",
                            "owners.#": "1",
                            "owners.0": "309956199498",
                            "product_codes.#": "0",
                            "public": "true",
                            "root_device_name": "/dev/sda1",
                            "root_device_type": "ebs",
                            "root_snapshot_id": "snap-0ee6629e3f7784ca8",
                            "sriov_net_support": "simple",
                            "state": "available",
                            "state_reason.%": "2",
                            "state_reason.code": "UNSET",
                            "state_reason.message": "UNSET",
                            "tags.%": "0",
                            "virtualization_type": "hvm"
                        },
                        "meta": {},
                        "tainted": false
                    },
                    "deposed": [],
                    "provider": "provider.aws"
                }
            },
            "depends_on": []
        },
        {
            "path": [
                "root",
                "app-vpc",
                "worker01"
            ],
            "outputs": {
                "id": {
                    "sensitive": false,
                    "type": "string",
                    "value": "$aws.instance_compute.id"
                }
            },
            "resources": {
                "aws_instance.compute": {
                    "type": "aws_instance",
                    "depends_on": [
                        "data.aws_ami.rhe7_5"
                    ],
                    "primary": {
                        "id": "i-03bd43be06a0f0847",
                        "attributes": {
                            "ami": "ami-0e258161",
                            "arn": "arn:aws:ec2:eu-central-1:364050630688:instance/i-03bd43be06a0f0847",
                            "associate_public_ip_address": "false",
                            "availability_zone": "eu-central-1a",
                            "cpu_core_count": "2",
                            "cpu_threads_per_core": "1",
                            "credit_specification.#": "1",
                            "credit_specification.0.cpu_credits": "standard",
                            "disable_api_termination": "false",
                            "ebs_block_device.#": "1",
                            "ebs_block_device.2671853018.delete_on_termination": "true",
                            "ebs_block_device.2671853018.device_name": "/dev/sdg",
                            "ebs_block_device.2671853018.encrypted": "false",
                            "ebs_block_device.2671853018.iops": "600",
                            "ebs_block_device.2671853018.snapshot_id": "",
                            "ebs_block_device.2671853018.volume_id": "vol-0676c2aa4d829574d",
                            "ebs_block_device.2671853018.volume_size": "200",
                            "ebs_block_device.2671853018.volume_type": "gp2",
                            "ebs_optimized": "false",
                            "ephemeral_block_device.#": "0",
                            "get_password_data": "false",
                            "iam_instance_profile": "",
                            "id": "i-03bd43be06a0f0847",
                            "instance_state": "running",
                            "instance_type": "t2.large",
                            "ipv6_addresses.#": "0",
                            "key_name": "VDF-DE-TEST",
                            "monitoring": "false",
                            "network_interface.#": "0",
                            "network_interface_id": "eni-093c3e50793bdd706",
                            "password_data": "",
                            "placement_group": "",
                            "primary_network_interface_id": "eni-093c3e50793bdd706",
                            "private_dns": "ip-10-233-105-68.eu-central-1.compute.internal",
                            "private_ip": "10.233.105.68",
                            "public_dns": "",
                            "public_ip": "",
                            "root_block_device.#": "1",
                            "root_block_device.0.delete_on_termination": "true",
                            "root_block_device.0.iops": "105",
                            "root_block_device.0.volume_id": "vol-05b3eadbdbc1fb417",
                            "root_block_device.0.volume_size": "35",
                            "root_block_device.0.volume_type": "gp2",
                            "security_groups.#": "0",
                            "source_dest_check": "true",
                            "subnet_id": "subnet-0b3ca0b662796a094",
                            "tags.%": "2",
                            "tags.Env": "app",
                            "tags.Name": "app_worker01",
                            "tenancy": "default",
                            "user_data": "0aae5a6c71b6eb38be40bab44cc2a3464b858ecd",
                            "volume_tags.%": "0",
                            "vpc_security_group_ids.#": "1",
                            "vpc_security_group_ids.993640969": "sg-0fde17ddb559a51cf"
                        },
                        "meta": {
                            "e2bfb730-ecaa-11e6-8f88-34363bc7c4c0": {
                                "create": 600000000000,
                                "delete": 1200000000000,
                                "update": 600000000000
                            },
                            "schema_version": "1"
                        },
                        "tainted": false
                    },
                    "deposed": [],
                    "provider": "provider.aws"
                },
                "data.aws_ami.rhe7_5": {
                    "type": "aws_ami",
                    "depends_on": [],
                    "primary": {
                        "id": "ami-0e258161",
                        "attributes": {
                            "architecture": "x86_64",
                            "block_device_mappings.#": "1",
                            "block_device_mappings.309099847.device_name": "/dev/sda1",
                            "block_device_mappings.309099847.ebs.%": "6",
                            "block_device_mappings.309099847.ebs.delete_on_termination": "true",
                            "block_device_mappings.309099847.ebs.encrypted": "false",
                            "block_device_mappings.309099847.ebs.iops": "0",
                            "block_device_mappings.309099847.ebs.snapshot_id": "snap-0ee6629e3f7784ca8",
                            "block_device_mappings.309099847.ebs.volume_size": "10",
                            "block_device_mappings.309099847.ebs.volume_type": "gp2",
                            "block_device_mappings.309099847.no_device": "",
                            "block_device_mappings.309099847.virtual_name": "",
                            "creation_date": "2017-06-14T21:07:02.000Z",
                            "description": "Provided by Red Hat, Inc.",
                            "filter.#": "3",
                            "filter.1281954306.name": "root-device-type",
                            "filter.1281954306.values.#": "1",
                            "filter.1281954306.values.0": "ebs",
                            "filter.3386043752.name": "architecture",
                            "filter.3386043752.values.#": "1",
                            "filter.3386043752.values.0": "x86_64",
                            "filter.3878650734.name": "name",
                            "filter.3878650734.values.#": "1",
                            "filter.3878650734.values.0": "RHEL-7.3_HVM-*",
                            "hypervisor": "xen",
                            "id": "ami-0e258161",
                            "image_id": "ami-0e258161",
                            "image_location": "309956199498/RHEL-7.3_HVM-20170613-x86_64-4-Hourly2-GP2",
                            "image_type": "machine",
                            "most_recent": "true",
                            "name": "RHEL-7.3_HVM-20170613-x86_64-4-Hourly2-GP2",
                            "owner_id": "309956199498",
                            "owners.#": "1",
                            "owners.0": "309956199498",
                            "product_codes.#": "0",
                            "public": "true",
                            "root_device_name": "/dev/sda1",
                            "root_device_type": "ebs",
                            "root_snapshot_id": "snap-0ee6629e3f7784ca8",
                            "sriov_net_support": "simple",
                            "state": "available",
                            "state_reason.%": "2",
                            "state_reason.code": "UNSET",
                            "state_reason.message": "UNSET",
                            "tags.%": "0",
                            "virtualization_type": "hvm"
                        },
                        "meta": {},
                        "tainted": false
                    },
                    "deposed": [],
                    "provider": "provider.aws"
                }
            },
            "depends_on": []
        },
        {
            "path": [
                "root",
                "app-vpc",
                "worker02"
            ],
            "outputs": {
                "id": {
                    "sensitive": false,
                    "type": "string",
                    "value": "$aws.instance_compute.id"
                }
            },
            "resources": {
                "aws_instance.compute": {
                    "type": "aws_instance",
                    "depends_on": [
                        "data.aws_ami.rhe7_5"
                    ],
                    "primary": {
                        "id": "i-0b1783a58adb1cf84",
                        "attributes": {
                            "ami": "ami-0e258161",
                            "arn": "arn:aws:ec2:eu-central-1:364050630688:instance/i-0b1783a58adb1cf84",
                            "associate_public_ip_address": "false",
                            "availability_zone": "eu-central-1b",
                            "cpu_core_count": "2",
                            "cpu_threads_per_core": "1",
                            "credit_specification.#": "1",
                            "credit_specification.0.cpu_credits": "standard",
                            "disable_api_termination": "false",
                            "ebs_block_device.#": "1",
                            "ebs_block_device.2671853018.delete_on_termination": "true",
                            "ebs_block_device.2671853018.device_name": "/dev/sdg",
                            "ebs_block_device.2671853018.encrypted": "false",
                            "ebs_block_device.2671853018.iops": "600",
                            "ebs_block_device.2671853018.snapshot_id": "",
                            "ebs_block_device.2671853018.volume_id": "vol-0e85be870a45296e2",
                            "ebs_block_device.2671853018.volume_size": "200",
                            "ebs_block_device.2671853018.volume_type": "gp2",
                            "ebs_optimized": "false",
                            "ephemeral_block_device.#": "0",
                            "get_password_data": "false",
                            "iam_instance_profile": "",
                            "id": "i-0b1783a58adb1cf84",
                            "instance_state": "running",
                            "instance_type": "t2.large",
                            "ipv6_addresses.#": "0",
                            "key_name": "VDF-DE-TEST",
                            "monitoring": "false",
                            "network_interface.#": "0",
                            "network_interface_id": "eni-0e8bca38f6c70dc34",
                            "password_data": "",
                            "placement_group": "",
                            "primary_network_interface_id": "eni-0e8bca38f6c70dc34",
                            "private_dns": "ip-10-233-105-85.eu-central-1.compute.internal",
                            "private_ip": "10.233.105.85",
                            "public_dns": "",
                            "public_ip": "",
                            "root_block_device.#": "1",
                            "root_block_device.0.delete_on_termination": "true",
                            "root_block_device.0.iops": "105",
                            "root_block_device.0.volume_id": "vol-0eb05c1bac320a84c",
                            "root_block_device.0.volume_size": "35",
                            "root_block_device.0.volume_type": "gp2",
                            "security_groups.#": "0",
                            "source_dest_check": "true",
                            "subnet_id": "subnet-01564390b7c20f2d3",
                            "tags.%": "2",
                            "tags.Env": "tool",
                            "tags.Name": "app_worker02",
                            "tenancy": "default",
                            "user_data": "0aae5a6c71b6eb38be40bab44cc2a3464b858ecd",
                            "volume_tags.%": "0",
                            "vpc_security_group_ids.#": "1",
                            "vpc_security_group_ids.993640969": "sg-0fde17ddb559a51cf"
                        },
                        "meta": {
                            "e2bfb730-ecaa-11e6-8f88-34363bc7c4c0": {
                                "create": 600000000000,
                                "delete": 1200000000000,
                                "update": 600000000000
                            },
                            "schema_version": "1"
                        },
                        "tainted": false
                    },
                    "deposed": [],
                    "provider": "provider.aws"
                },
                "data.aws_ami.rhe7_5": {
                    "type": "aws_ami",
                    "depends_on": [],
                    "primary": {
                        "id": "ami-0e258161",
                        "attributes": {
                            "architecture": "x86_64",
                            "block_device_mappings.#": "1",
                            "block_device_mappings.309099847.device_name": "/dev/sda1",
                            "block_device_mappings.309099847.ebs.%": "6",
                            "block_device_mappings.309099847.ebs.delete_on_termination": "true",
                            "block_device_mappings.309099847.ebs.encrypted": "false",
                            "block_device_mappings.309099847.ebs.iops": "0",
                            "block_device_mappings.309099847.ebs.snapshot_id": "snap-0ee6629e3f7784ca8",
                            "block_device_mappings.309099847.ebs.volume_size": "10",
                            "block_device_mappings.309099847.ebs.volume_type": "gp2",
                            "block_device_mappings.309099847.no_device": "",
                            "block_device_mappings.309099847.virtual_name": "",
                            "creation_date": "2017-06-14T21:07:02.000Z",
                            "description": "Provided by Red Hat, Inc.",
                            "filter.#": "3",
                            "filter.1281954306.name": "root-device-type",
                            "filter.1281954306.values.#": "1",
                            "filter.1281954306.values.0": "ebs",
                            "filter.3386043752.name": "architecture",
                            "filter.3386043752.values.#": "1",
                            "filter.3386043752.values.0": "x86_64",
                            "filter.3878650734.name": "name",
                            "filter.3878650734.values.#": "1",
                            "filter.3878650734.values.0": "RHEL-7.3_HVM-*",
                            "hypervisor": "xen",
                            "id": "ami-0e258161",
                            "image_id": "ami-0e258161",
                            "image_location": "309956199498/RHEL-7.3_HVM-20170613-x86_64-4-Hourly2-GP2",
                            "image_type": "machine",
                            "most_recent": "true",
                            "name": "RHEL-7.3_HVM-20170613-x86_64-4-Hourly2-GP2",
                            "owner_id": "309956199498",
                            "owners.#": "1",
                            "owners.0": "309956199498",
                            "product_codes.#": "0",
                            "public": "true",
                            "root_device_name": "/dev/sda1",
                            "root_device_type": "ebs",
                            "root_snapshot_id": "snap-0ee6629e3f7784ca8",
                            "sriov_net_support": "simple",
                            "state": "available",
                            "state_reason.%": "2",
                            "state_reason.code": "UNSET",
                            "state_reason.message": "UNSET",
                            "tags.%": "0",
                            "virtualization_type": "hvm"
                        },
                        "meta": {},
                        "tainted": false
                    },
                    "deposed": [],
                    "provider": "provider.aws"
                }
            },
            "depends_on": []
        },
        {
            "path": [
                "root",
                "prod-vpc",
                "worker01"
            ],
            "outputs": {
                "id": {
                    "sensitive": false,
                    "type": "string",
                    "value": "$aws.instance_compute.id"
                }
            },
            "resources": {
                "aws_instance.compute": {
                    "type": "aws_instance",
                    "depends_on": [
                        "data.aws_ami.rhe7_5"
                    ],
                    "primary": {
                        "id": "i-095f67f66f4405de0",
                        "attributes": {
                            "ami": "ami-0e258161",
                            "arn": "arn:aws:ec2:eu-central-1:161646829058:instance/i-095f67f66f4405de0",
                            "associate_public_ip_address": "false",
                            "availability_zone": "eu-central-1a",
                            "cpu_core_count": "2",
                            "cpu_threads_per_core": "1",
                            "credit_specification.#": "1",
                            "credit_specification.0.cpu_credits": "standard",
                            "disable_api_termination": "false",
                            "ebs_block_device.#": "1",
                            "ebs_block_device.2671853018.delete_on_termination": "true",
                            "ebs_block_device.2671853018.device_name": "/dev/sdg",
                            "ebs_block_device.2671853018.encrypted": "false",
                            "ebs_block_device.2671853018.iops": "600",
                            "ebs_block_device.2671853018.snapshot_id": "",
                            "ebs_block_device.2671853018.volume_id": "vol-0f8c303180152c22d",
                            "ebs_block_device.2671853018.volume_size": "200",
                            "ebs_block_device.2671853018.volume_type": "gp2",
                            "ebs_optimized": "false",
                            "ephemeral_block_device.#": "0",
                            "get_password_data": "false",
                            "iam_instance_profile": "",
                            "id": "i-095f67f66f4405de0",
                            "instance_state": "running",
                            "instance_type": "t2.large",
                            "ipv6_addresses.#": "0",
                            "key_name": "VDF-DE-TEST",
                            "monitoring": "false",
                            "network_interface.#": "0",
                            "network_interface_id": "eni-076deb4bc3ee46b2c",
                            "password_data": "",
                            "placement_group": "",
                            "primary_network_interface_id": "eni-076deb4bc3ee46b2c",
                            "private_dns": "ip-10-233-106-68.eu-central-1.compute.internal",
                            "private_ip": "10.233.106.68",
                            "public_dns": "",
                            "public_ip": "",
                            "root_block_device.#": "1",
                            "root_block_device.0.delete_on_termination": "true",
                            "root_block_device.0.iops": "105",
                            "root_block_device.0.volume_id": "vol-03ff4b7be37c95735",
                            "root_block_device.0.volume_size": "35",
                            "root_block_device.0.volume_type": "gp2",
                            "security_groups.#": "0",
                            "source_dest_check": "true",
                            "subnet_id": "subnet-047a8f96865cd5ec8",
                            "tags.%": "2",
                            "tags.Env": "prod",
                            "tags.Name": "prod_worker01",
                            "tenancy": "default",
                            "user_data": "0aae5a6c71b6eb38be40bab44cc2a3464b858ecd",
                            "volume_tags.%": "0",
                            "vpc_security_group_ids.#": "1",
                            "vpc_security_group_ids.3492198170": "sg-035d2f5ad030efdf5"
                        },
                        "meta": {
                            "e2bfb730-ecaa-11e6-8f88-34363bc7c4c0": {
                                "create": 600000000000,
                                "delete": 1200000000000,
                                "update": 600000000000
                            },
                            "schema_version": "1"
                        },
                        "tainted": false
                    },
                    "deposed": [],
                    "provider": "provider.aws.accepter"
                },
                "data.aws_ami.rhe7_5": {
                    "type": "aws_ami",
                    "depends_on": [],
                    "primary": {
                        "id": "ami-0e258161",
                        "attributes": {
                            "architecture": "x86_64",
                            "block_device_mappings.#": "1",
                            "block_device_mappings.309099847.device_name": "/dev/sda1",
                            "block_device_mappings.309099847.ebs.%": "6",
                            "block_device_mappings.309099847.ebs.delete_on_termination": "true",
                            "block_device_mappings.309099847.ebs.encrypted": "false",
                            "block_device_mappings.309099847.ebs.iops": "0",
                            "block_device_mappings.309099847.ebs.snapshot_id": "snap-0ee6629e3f7784ca8",
                            "block_device_mappings.309099847.ebs.volume_size": "10",
                            "block_device_mappings.309099847.ebs.volume_type": "gp2",
                            "block_device_mappings.309099847.no_device": "",
                            "block_device_mappings.309099847.virtual_name": "",
                            "creation_date": "2017-06-14T21:07:02.000Z",
                            "description": "Provided by Red Hat, Inc.",
                            "filter.#": "3",
                            "filter.1281954306.name": "root-device-type",
                            "filter.1281954306.values.#": "1",
                            "filter.1281954306.values.0": "ebs",
                            "filter.3386043752.name": "architecture",
                            "filter.3386043752.values.#": "1",
                            "filter.3386043752.values.0": "x86_64",
                            "filter.3878650734.name": "name",
                            "filter.3878650734.values.#": "1",
                            "filter.3878650734.values.0": "RHEL-7.3_HVM-*",
                            "hypervisor": "xen",
                            "id": "ami-0e258161",
                            "image_id": "ami-0e258161",
                            "image_location": "309956199498/RHEL-7.3_HVM-20170613-x86_64-4-Hourly2-GP2",
                            "image_type": "machine",
                            "most_recent": "true",
                            "name": "RHEL-7.3_HVM-20170613-x86_64-4-Hourly2-GP2",
                            "owner_id": "309956199498",
                            "owners.#": "1",
                            "owners.0": "309956199498",
                            "product_codes.#": "0",
                            "public": "true",
                            "root_device_name": "/dev/sda1",
                            "root_device_type": "ebs",
                            "root_snapshot_id": "snap-0ee6629e3f7784ca8",
                            "sriov_net_support": "simple",
                            "state": "available",
                            "state_reason.%": "2",
                            "state_reason.code": "UNSET",
                            "state_reason.message": "UNSET",
                            "tags.%": "0",
                            "virtualization_type": "hvm"
                        },
                        "meta": {},
                        "tainted": false
                    },
                    "deposed": [],
                    "provider": "provider.aws.accepter"
                }
            },
            "depends_on": []
        },
        {
            "path": [
                "root",
                "prod-vpc",
                "worker02"
            ],
            "outputs": {
                "id": {
                    "sensitive": false,
                    "type": "string",
                    "value": "$aws.instance_compute.id"
                }
            },
            "resources": {
                "aws_instance.compute": {
                    "type": "aws_instance",
                    "depends_on": [
                        "data.aws_ami.rhe7_5"
                    ],
                    "primary": {
                        "id": "i-0e4bb8552e8d15d5e",
                        "attributes": {
                            "ami": "ami-0e258161",
                            "arn": "arn:aws:ec2:eu-central-1:161646829058:instance/i-0e4bb8552e8d15d5e",
                            "associate_public_ip_address": "false",
                            "availability_zone": "eu-central-1b",
                            "cpu_core_count": "2",
                            "cpu_threads_per_core": "1",
                            "credit_specification.#": "1",
                            "credit_specification.0.cpu_credits": "standard",
                            "disable_api_termination": "false",
                            "ebs_block_device.#": "1",
                            "ebs_block_device.2671853018.delete_on_termination": "true",
                            "ebs_block_device.2671853018.device_name": "/dev/sdg",
                            "ebs_block_device.2671853018.encrypted": "false",
                            "ebs_block_device.2671853018.iops": "600",
                            "ebs_block_device.2671853018.snapshot_id": "",
                            "ebs_block_device.2671853018.volume_id": "vol-0efb159a257aa828b",
                            "ebs_block_device.2671853018.volume_size": "200",
                            "ebs_block_device.2671853018.volume_type": "gp2",
                            "ebs_optimized": "false",
                            "ephemeral_block_device.#": "0",
                            "get_password_data": "false",
                            "iam_instance_profile": "",
                            "id": "i-0e4bb8552e8d15d5e",
                            "instance_state": "running",
                            "instance_type": "t2.large",
                            "ipv6_addresses.#": "0",
                            "key_name": "VDF-DE-TEST",
                            "monitoring": "false",
                            "network_interface.#": "0",
                            "network_interface_id": "eni-0922dbd11f0e5eeb8",
                            "password_data": "",
                            "placement_group": "",
                            "primary_network_interface_id": "eni-0922dbd11f0e5eeb8",
                            "private_dns": "ip-10-233-106-85.eu-central-1.compute.internal",
                            "private_ip": "10.233.106.85",
                            "public_dns": "",
                            "public_ip": "",
                            "root_block_device.#": "1",
                            "root_block_device.0.delete_on_termination": "true",
                            "root_block_device.0.iops": "105",
                            "root_block_device.0.volume_id": "vol-0514a1d0846b894e4",
                            "root_block_device.0.volume_size": "35",
                            "root_block_device.0.volume_type": "gp2",
                            "security_groups.#": "0",
                            "source_dest_check": "true",
                            "subnet_id": "subnet-089977338ccdaff9e",
                            "tags.%": "2",
                            "tags.Env": "tool",
                            "tags.Name": "prod_worker02",
                            "tenancy": "default",
                            "user_data": "0aae5a6c71b6eb38be40bab44cc2a3464b858ecd",
                            "volume_tags.%": "0",
                            "vpc_security_group_ids.#": "1",
                            "vpc_security_group_ids.3492198170": "sg-035d2f5ad030efdf5"
                        },
                        "meta": {
                            "e2bfb730-ecaa-11e6-8f88-34363bc7c4c0": {
                                "create": 600000000000,
                                "delete": 1200000000000,
                                "update": 600000000000
                            },
                            "schema_version": "1"
                        },
                        "tainted": false
                    },
                    "deposed": [],
                    "provider": "provider.aws.accepter"
                },
                "data.aws_ami.rhe7_5": {
                    "type": "aws_ami",
                    "depends_on": [],
                    "primary": {
                        "id": "ami-0e258161",
                        "attributes": {
                            "architecture": "x86_64",
                            "block_device_mappings.#": "1",
                            "block_device_mappings.309099847.device_name": "/dev/sda1",
                            "block_device_mappings.309099847.ebs.%": "6",
                            "block_device_mappings.309099847.ebs.delete_on_termination": "true",
                            "block_device_mappings.309099847.ebs.encrypted": "false",
                            "block_device_mappings.309099847.ebs.iops": "0",
                            "block_device_mappings.309099847.ebs.snapshot_id": "snap-0ee6629e3f7784ca8",
                            "block_device_mappings.309099847.ebs.volume_size": "10",
                            "block_device_mappings.309099847.ebs.volume_type": "gp2",
                            "block_device_mappings.309099847.no_device": "",
                            "block_device_mappings.309099847.virtual_name": "",
                            "creation_date": "2017-06-14T21:07:02.000Z",
                            "description": "Provided by Red Hat, Inc.",
                            "filter.#": "3",
                            "filter.1281954306.name": "root-device-type",
                            "filter.1281954306.values.#": "1",
                            "filter.1281954306.values.0": "ebs",
                            "filter.3386043752.name": "architecture",
                            "filter.3386043752.values.#": "1",
                            "filter.3386043752.values.0": "x86_64",
                            "filter.3878650734.name": "name",
                            "filter.3878650734.values.#": "1",
                            "filter.3878650734.values.0": "RHEL-7.3_HVM-*",
                            "hypervisor": "xen",
                            "id": "ami-0e258161",
                            "image_id": "ami-0e258161",
                            "image_location": "309956199498/RHEL-7.3_HVM-20170613-x86_64-4-Hourly2-GP2",
                            "image_type": "machine",
                            "most_recent": "true",
                            "name": "RHEL-7.3_HVM-20170613-x86_64-4-Hourly2-GP2",
                            "owner_id": "309956199498",
                            "owners.#": "1",
                            "owners.0": "309956199498",
                            "product_codes.#": "0",
                            "public": "true",
                            "root_device_name": "/dev/sda1",
                            "root_device_type": "ebs",
                            "root_snapshot_id": "snap-0ee6629e3f7784ca8",
                            "sriov_net_support": "simple",
                            "state": "available",
                            "state_reason.%": "2",
                            "state_reason.code": "UNSET",
                            "state_reason.message": "UNSET",
                            "tags.%": "0",
                            "virtualization_type": "hvm"
                        },
                        "meta": {},
                        "tainted": false
                    },
                    "deposed": [],
                    "provider": "provider.aws.accepter"
                }
            },
            "depends_on": []
        },
        {
            "path": [
                "root",
                "prod-vpc",
                "worker03"
            ],
            "outputs": {
                "id": {
                    "sensitive": false,
                    "type": "string",
                    "value": "$aws.instance_compute.id"
                }
            },
            "resources": {
                "aws_instance.compute": {
                    "type": "aws_instance",
                    "depends_on": [
                        "data.aws_ami.rhe7_5"
                    ],
                    "primary": {
                        "id": "i-04fa9e175ca8d62c7",
                        "attributes": {
                            "ami": "ami-0e258161",
                            "arn": "arn:aws:ec2:eu-central-1:161646829058:instance/i-04fa9e175ca8d62c7",
                            "associate_public_ip_address": "false",
                            "availability_zone": "eu-central-1c",
                            "cpu_core_count": "2",
                            "cpu_threads_per_core": "1",
                            "credit_specification.#": "1",
                            "credit_specification.0.cpu_credits": "standard",
                            "disable_api_termination": "false",
                            "ebs_block_device.#": "1",
                            "ebs_block_device.2671853018.delete_on_termination": "true",
                            "ebs_block_device.2671853018.device_name": "/dev/sdg",
                            "ebs_block_device.2671853018.encrypted": "false",
                            "ebs_block_device.2671853018.iops": "600",
                            "ebs_block_device.2671853018.snapshot_id": "",
                            "ebs_block_device.2671853018.volume_id": "vol-052aaa289e11698d4",
                            "ebs_block_device.2671853018.volume_size": "200",
                            "ebs_block_device.2671853018.volume_type": "gp2",
                            "ebs_optimized": "false",
                            "ephemeral_block_device.#": "0",
                            "get_password_data": "false",
                            "iam_instance_profile": "",
                            "id": "i-04fa9e175ca8d62c7",
                            "instance_state": "running",
                            "instance_type": "t2.large",
                            "ipv6_addresses.#": "0",
                            "key_name": "VDF-DE-TEST",
                            "monitoring": "false",
                            "network_interface.#": "0",
                            "network_interface_id": "eni-035a087763a90589c",
                            "password_data": "",
                            "placement_group": "",
                            "primary_network_interface_id": "eni-035a087763a90589c",
                            "private_dns": "ip-10-233-106-101.eu-central-1.compute.internal",
                            "private_ip": "10.233.106.101",
                            "public_dns": "",
                            "public_ip": "",
                            "root_block_device.#": "1",
                            "root_block_device.0.delete_on_termination": "true",
                            "root_block_device.0.iops": "105",
                            "root_block_device.0.volume_id": "vol-0fd8a48c6cdf6d85e",
                            "root_block_device.0.volume_size": "35",
                            "root_block_device.0.volume_type": "gp2",
                            "security_groups.#": "0",
                            "source_dest_check": "true",
                            "subnet_id": "subnet-0792454b2342c23c2",
                            "tags.%": "2",
                            "tags.Env": "tool",
                            "tags.Name": "prod_worker03",
                            "tenancy": "default",
                            "user_data": "0aae5a6c71b6eb38be40bab44cc2a3464b858ecd",
                            "volume_tags.%": "0",
                            "vpc_security_group_ids.#": "1",
                            "vpc_security_group_ids.3492198170": "sg-035d2f5ad030efdf5"
                        },
                        "meta": {
                            "e2bfb730-ecaa-11e6-8f88-34363bc7c4c0": {
                                "create": 600000000000,
                                "delete": 1200000000000,
                                "update": 600000000000
                            },
                            "schema_version": "1"
                        },
                        "tainted": false
                    },
                    "deposed": [],
                    "provider": "provider.aws.accepter"
                },
                "data.aws_ami.rhe7_5": {
                    "type": "aws_ami",
                    "depends_on": [],
                    "primary": {
                        "id": "ami-0e258161",
                        "attributes": {
                            "architecture": "x86_64",
                            "block_device_mappings.#": "1",
                            "block_device_mappings.309099847.device_name": "/dev/sda1",
                            "block_device_mappings.309099847.ebs.%": "6",
                            "block_device_mappings.309099847.ebs.delete_on_termination": "true",
                            "block_device_mappings.309099847.ebs.encrypted": "false",
                            "block_device_mappings.309099847.ebs.iops": "0",
                            "block_device_mappings.309099847.ebs.snapshot_id": "snap-0ee6629e3f7784ca8",
                            "block_device_mappings.309099847.ebs.volume_size": "10",
                            "block_device_mappings.309099847.ebs.volume_type": "gp2",
                            "block_device_mappings.309099847.no_device": "",
                            "block_device_mappings.309099847.virtual_name": "",
                            "creation_date": "2017-06-14T21:07:02.000Z",
                            "description": "Provided by Red Hat, Inc.",
                            "filter.#": "3",
                            "filter.1281954306.name": "root-device-type",
                            "filter.1281954306.values.#": "1",
                            "filter.1281954306.values.0": "ebs",
                            "filter.3386043752.name": "architecture",
                            "filter.3386043752.values.#": "1",
                            "filter.3386043752.values.0": "x86_64",
                            "filter.3878650734.name": "name",
                            "filter.3878650734.values.#": "1",
                            "filter.3878650734.values.0": "RHEL-7.3_HVM-*",
                            "hypervisor": "xen",
                            "id": "ami-0e258161",
                            "image_id": "ami-0e258161",
                            "image_location": "309956199498/RHEL-7.3_HVM-20170613-x86_64-4-Hourly2-GP2",
                            "image_type": "machine",
                            "most_recent": "true",
                            "name": "RHEL-7.3_HVM-20170613-x86_64-4-Hourly2-GP2",
                            "owner_id": "309956199498",
                            "owners.#": "1",
                            "owners.0": "309956199498",
                            "product_codes.#": "0",
                            "public": "true",
                            "root_device_name": "/dev/sda1",
                            "root_device_type": "ebs",
                            "root_snapshot_id": "snap-0ee6629e3f7784ca8",
                            "sriov_net_support": "simple",
                            "state": "available",
                            "state_reason.%": "2",
                            "state_reason.code": "UNSET",
                            "state_reason.message": "UNSET",
                            "tags.%": "0",
                            "virtualization_type": "hvm"
                        },
                        "meta": {},
                        "tainted": false
                    },
                    "deposed": [],
                    "provider": "provider.aws.accepter"
                }
            },
            "depends_on": []
        }
    ]
}
